{
  "version": 4,
  "terraform_version": "1.8.1",
  "serial": 84,
  "lineage": "fc4af678-e744-d67e-d602-a5fc3e414cee",
  "outputs": {
    "configure_kubectl": {
      "value": "aws eks --region us-east-1 update-kubeconfig --name voice-kuberay-cluster",
      "type": "string"
    }
  },
  "resources": [
    {
      "mode": "data",
      "type": "aws_availability_zones",
      "name": "available",
      "provider": "provider[\"registry.terraform.io/hashicorp/aws\"]",
      "instances": [
        {
          "schema_version": 0,
          "attributes": {
            "all_availability_zones": null,
            "exclude_names": null,
            "exclude_zone_ids": null,
            "filter": null,
            "group_names": [
              "us-east-1-zg-1"
            ],
            "id": "us-east-1",
            "names": [
              "us-east-1a",
              "us-east-1b",
              "us-east-1c",
              "us-east-1d",
              "us-east-1e",
              "us-east-1f"
            ],
            "state": null,
            "timeouts": null,
            "zone_ids": [
              "use1-az2",
              "use1-az4",
              "use1-az6",
              "use1-az1",
              "use1-az3",
              "use1-az5"
            ]
          },
          "sensitive_attributes": []
        }
      ]
    },
    {
      "mode": "data",
      "type": "aws_ecrpublic_authorization_token",
      "name": "token",
      "provider": "provider[\"registry.terraform.io/hashicorp/aws\"].ecr_public_region",
      "instances": [
        {
          "schema_version": 0,
          "attributes": {
            "authorization_token": "QVdTOmV5SndZWGxzYjJGa0lqb2lUM1kwUkcxQ05VeExXbEE0YVhsT1puSkVaVU5wWnpZelUzbHVURVZQYzBwMFFucE5NV0o0UTBjelJsVm1UM1V4UlVwMGR6TXJhRUV2Y21kSVEzcE5hMHBQWVhKUFFqY3dlSEl6TDBsUFJteE5iVm8xU214S2JrWXlkVU5NUVc4eldGZENZMVUzTm1nMk1GcExhMnhCV25sUFIybFlUelF5UWpCbFZHOVFiRUZDU0M5RFNXZDFZbGR6YUU1SEsyRnRjWEkyTXpCTk5tOTZNRGxwZEhrMFZqWnpWVGwyYkVaU04xcGtUV1JQZFhobmIzaEhVbFUyTW5Sa01IVnZZVlZ4VkhKR1pVeHhhWFpIY2xwS09YZ3dTbmhJUWpWdGEyVjBkVWRoWkdzdlZuTlNXbXQ2Tml0SGNtUXpVRElyYVdvMVFWVlJUVXQxUTI4MFJYWkJjVFlyWVRoVE5FWTFRMFJWU25KYU1FMDJZVzFDVkU5MllrVkZSbEJEYVVaYWJVNXVkamMzUkhKRFVsbHdhRGsyTkZoWVpVZDFWa3gwYXpSWU1HSmtabWN2VVhKTU5FMXFVQzlYYmpKNU1VZExZMkpQZW5GNk4zVnNPRlZ6ZDFoMGJHSkxjRnBOVFRsQlpGSTNOVGhYVUVoTFQyRkZRekIxZERSeE5VazNiRlpUVmtOSlpGbFlNak5JWlc5NE5VZHlOVU5tUkVOaE1IWkpka1o0TWk5blNXSjVWVE5xTTIxME5XSXhRMk5YVW1oNlQyVXhXa1ozY0RWclVpc3hiM2RQTnpFdk9HdFRTRzAyUTNCM1VXMTRVMnhCTmpJNGQwWkhlVWx5TlV4bWJISkxWR2xOYnpoWFFVZG9PWFU0UWpReE1tdzVaMDQxYVVkRVUwRktkSGhsTkdkT2NqbERVMUZoU0M4d2FtbEVjbEppYjBwQlZGRjRiSE01Y0ZwaWNVTldXRUpvVkhFNFR6QndUMFk1ZDBKSmRWTmtWMkpUUkdNNVpGVnFWR1ZCTVhwRmFVVXJaVkppTkhwSlNXTTJibVZ4TUU4MlQzcFBVRXR0TVZaa2R6RkNaWFZqSzJ0a1QwWjRVR1pDVm5GSVduQnpNV3R2VWtacFZERnJZMHRsTjFndmRXdHViMVY2Wm1aUlRESnlVbmhMVTFaeWRIbHpXbTFVVTJsUmFYRTVNbVJrUkhGSlVHSkdTVUYxZWxCSU5rZHlaR1U0V1hWbmJqVXZRblpSVkdsSlNWWTBSRmRRV0ZVdlRsRXlRazlvUjFwRlQxcHdZMkV5WjB0RFJWZFFabTh6WkhvelN6QllOblI1YjJsNU9VWm1jVE5PVHpoRVNVVkhhREJYZHpseldYVmtaSFJYUnl0clRWUXdRMjV3V1dWQlpsSlZabGREVVdsUGNEVndaalpPU3l0TFduaHdiMjlFTW5wNGQyNXliREFyY1hobWNFZFhPV1p0YTFwbGRteEpVRTAwYjJkWVlYSjRjQzlQUVVaalZHTm5ZVEJJWjAxUFQwWndWMUZIVERad016WTVRbFZ3TUUxbE1GVm1OR1ZuWmtVd04xWXphakJpY1RWM2VrWTRXbkZMYkVsbWVrbzVkRXRyYUhsTUwyeGFWR3gzVWtKaFFuRlZUVUl3Y2prM00wOHpRWEE1ZFZjNVVVNXhZakJ3Ym1salZXTktibmg2YldzNVJsTm9SMlV5Tm5KQ1RHYzBZbmMxUmpSaVExaHRRVE56ZWtsdVV6SklNazgzVFdjeGNIWlJhVUZXY21zMlZIbHZhM0l5TkVkaFZUVndlbTlRUWxOWE1XRjBPSFp0VTFsVE1HaHBVMDlhT0daWlluQkxWalJSYkVOWFFVSkVMM0ZTTjBsRmRscHdVa04xT1c1ck4yeGhZMk5XZEZCa1VUSTVRVTUxYmpaRGVYRXZUakJ3V2pCb1ZrVXpjVXRDTVhOdlp6bHlOWHBYVUVkT1kxSllZVTAzVFRKTWVtRTNZVTA1WlRrMWFscFhZWFZRYjNKM1lqaEVaVUZvTkVWS09YSkhiRGd6T1hkb1pFcHRjRXgxY2tkSVpqRkpURnBTWlZsVmJWY3ZWbXhrTVVkSk9FRmpUbmhTUVhNdmFIbFFaRE5WTVVrck4yWlNhR2dyTm01RldqTkpPRWxHUjJKalQxRjBiV1pvVlhoR2RUWjNlRVJNUjBoaFdWWXlNamxyVlRrMlJYZG1SR3d6WjJoak0ybGlNMWsxTlRoRGNHODRTMmMzUVZacFJrcFZjamxUTjJ0bFRXOVdWRzUxTURsaWJqQTVjSGw1WlRoV2FuaDJNak5pZFRaWmNXWllZa0pFVVRSMGNrNUxaRUpOTHpKMVZUaFBPRE5zVW1GTGJrNHdZbWRDVFRCbU1XdDFPWEZPSzIxb1VucHBZbXcxZG1remRsZGFkMUoxVjBoclUxRk9kbUYyVmsxaWMwSmpabWhVUXpCSFdYUkZjbTFsV0ZKbWVrRTlQU0lzSW1SaGRHRnJaWGtpT2lKbGVVcFJVa1puYVU5cFNsQmhWbkJHVXpKc1NWSkhWa0pUZW1oSlZGWkthRTVVWkdsWmJrcE9ZbGhhYTA1R1VuQmplWFJRU3pOU1ZGTnJPVEJsYkZwM1lqSm9TMDF0VmxCU01XeEpWMjVTVGxveVVsRmxRM1JIVXpCMFNHTkVWbTVUVkVwV1QxWnNXbVZ0VmpSTmF6VlNZMGRLV2xGNldtOVRhbWhhV1hwV1lWSllWak5VUmxwQ1RUQkdOazV1YUVka1J6bEhVa1pPUmxkcVVsVmFiVnBvVkZaa1VGRlZNVEJrYmxaUVRqTkdTMlJYU21GaVJrSkRXakJzZDJKV1pFMWtiRVV6U3pCR01VOUlXbEpVVkZKdVl6RktTVmx0ZEhOVVJUbHVUbFZhV2xFeWJFWmhNamwyVEhwc2VWUXlPVmRTUjJSWFRURldTMW96VlRCWFJHeHNWVWhHUldNelRuQk9SMWx5V25wT1IxRnJjSEpXVm1oUVlWaFNOazF1UWtKa1JUbElZekE1ZFdGWVkzSlpNbWhwWkVkWk1WRnNaRXBVVm1SVFZXNW9TV0Z0V2xWalJXZDZVbXR2TkdJeGNIaGtNalZPVTBkb1MxcEljRmRTUmtFMFl6SndUV050ZEVST1ZXUk1WVzB4VG1SWVJsUmhSbXR5VjBSR2NWRXdhekZaYWtZMFRUQlNVazF0VVRSa2FrNXNZVmh3Vmxac1dsTmxSWEI1V2pGQmRsUlZiM0ppYTFaWVZWVkdTa3d6WkZWWFNHaEZaVlZyTkZaclRYaE9iazVMWkVoc00xTlRPWEpPVkd4TVVXNWtTRmx0WXpsUVUwbHpTV3RzUWxKRFNUWkpiV3hGVFZoR2MxTkhPVmhTYXpWb1pWZHdNMDR3YkcxUlZXUkdaRlJzTkZKdVRuZGxWR1J2Vkd0d2NtSnNhRTFTVkU1b1pHcGFRMWt5Y0d4VlZ6bHZTekZXTW1OclpFOVhhMDEzWVROa1dGbHRkSFZVZWxGNldtNU9ibGRVYkU1TmJYUldaREJLVGs1NU9XMVZTRXBzVjBSS2RGbDZiREZrTTBKQ1VtMTBTR1JYTlc5U1ZHeENUVlprU2xaRVRrTmtWazUyVFd4Uk1WUlhXbXhUVjFKQ1lXdHJjbFF5U1ROVWExcFJZa1pPTmxKRVNUVlVhWFJMVm01c1RGZEhTbGhUUjNRMlVXMDBlVm93Um5sbGJYaHVZMjFTYTJOdE9WWmpTRlpxVW0xS1dsRjVkRFZMTUZwTFZGVjBkRTR5TlhaaVZHUjJVek5WY2xWV1p6SlhWM2cwV210S2ExVXdaRXBOYXpsdFZUTmtVMlZzUW1wTGVUaDNVVlUxTUZsWGF6QlhWRTUyVkZkNGVtRXhSazFaZWs0d1RVTjBlbHBWTlVaVE1sSmFWMFp3VEZGVVNrMWthemwwVDBkR2VXSkZWVEZOVjNSd1RsaGtjV1JxU21oVmJXUktVbGRLYW1KV1VubFZiRnBOV2pCVk1tSlhlSE5OYld4SVZHMWtVVnBZVms5alZsSnhVMVpzTlZwNU9XcGtiVTV0V1hwa2JVMUdWWGxQVjNSVVZERkdkRlpYVm01VmJGWjJXako0YWxGVk9XdGlWV1F5U3pOamVXRkdhM2xWVmxaTVQwYzRNbFJ1WkhSYWVqQTVTVzR3UFNJc0luWmxjbk5wYjI0aU9pSXpJaXdpZEhsd1pTSTZJa1JCVkVGZlMwVlpJaXdpWlhod2FYSmhkR2x2YmlJNk1UYzBNalV5TXpjeE5IMD0=",
            "expires_at": "2025-03-21T02:21:54Z",
            "id": "us-east-1",
            "password": "eyJwYXlsb2FkIjoiT3Y0RG1CNUxLWlA4aXlOZnJEZUNpZzYzU3luTEVPc0p0QnpNMWJ4Q0czRlVmT3UxRUp0dzMraEEvcmdIQ3pNa0pPYXJPQjcweHIzL0lPRmxNbVo1SmxKbkYydUNMQW8zWFdCY1U3Nmg2MFpLa2xBWnlPR2lYTzQyQjBlVG9QbEFCSC9DSWd1YldzaE5HK2FtcXI2MzBNNm96MDlpdHk0VjZzVTl2bEZSN1pkTWRPdXhnb3hHUlU2MnRkMHVvYVVxVHJGZUxxaXZHclpKOXgwSnhIQjVta2V0dUdhZGsvVnNSWmt6NitHcmQzUDIraWo1QVVRTUt1Q280RXZBcTYrYThTNEY1Q0RVSnJaME02YW1CVE92YkVFRlBDaUZabU5udjc3RHJDUllwaDk2NFhYZUd1Vkx0azRYMGJkZmcvUXJMNE1qUC9XbjJ5MUdLY2JPenF6N3VsOFVzd1h0bGJLcFpNTTlBZFI3NThXUEhLT2FFQzB1dDRxNUk3bFZTVkNJZFlYMjNIZW94NUdyNUNmRENhMHZJdkZ4Mi9nSWJ5VTNqM210NWIxQ2NXUmh6T2UxWkZ3cDVrUisxb3dPNzEvOGtTSG02Q3B3UW14U2xBNjI4d0ZHeUlyNUxmbHJLVGlNbzhXQUdoOXU4QjQxMmw5Z041aUdEU0FKdHhlNGdOcjlDU1FhSC8wamlEclJib0pBVFF4bHM5cFpicUNWWEJoVHE4TzBwT0Y5d0JJdVNkV2JTRGM5ZFVqVGVBMXpFaUUrZVJiNHpJSWM2bmVxME82T3pPUEttMVZkdzFCZXVjK2tkT0Z4UGZCVnFIWnBzMWtvUkZpVDFrY0tlN1gvdWtub1V6ZmZRTDJyUnhLU1ZydHlzWm1UU2lRaXE5MmRkRHFJUGJGSUF1elBINkdyZGU4WXVnbjUvQnZRVGlJSVY0RFdQWFUvTlEyQk9oR1pFT1pwY2EyZ0tDRVdQZm8zZHozSzBYNnR5b2l5OUZmcTNOTzhESUVHaDBXdzlzWXVkZHRXRytrTVQwQ25wWWVBZlJVZldDUWlPcDVwZjZOSytLWnhwb29EMnp4d25ybDArcXhmcEdXOWZta1pldmxJUE00b2dYYXJ4cC9PQUZjVGNnYTBIZ01PT0ZwV1FHTDZwMzY5QlVwME1lMFVmNGVnZkUwN1YzajBicTV3ekY4WnFLbElmeko5dEtraHlML2xaVGx3UkJhQnFVTUIwcjk3M08zQXA5dVc5UU5xYjBwbmljVWNKbnh6bWs5RlNoR2UyNnJCTGc0Ync1RjRiQ1htQTNzekluUzJIMk83TWcxcHZRaUFWcms2VHlva3IyNEdhVTVwem9QQlNXMWF0OHZtU1lTMGhpU09aOGZZYnBLVjRRbENXQUJEL3FSN0lFdlpwUkN1OW5rN2xhY2NWdFBkUTI5QU51bjZDeXEvTjBwWjBoVkUzcUtCMXNvZzlyNXpXUEdOY1JYYU03TTJMemE3YU05ZTk1alpXYXVQb3J3YjhEZUFoNEVKOXJHbDgzOXdoZEptcEx1ckdIZjFJTFpSZVlVbVcvVmxkMUdJOEFjTnhSQXMvaHlQZDNVMUkrN2ZSaGgrNm5FWjNJOElGR2JjT1F0bWZoVXhGdTZ3eERMR0hhWVYyMjlrVTk2RXdmRGwzZ2hjM2liM1k1NThDcG84S2c3QVZpRkpVcjlTN2tlTW9WVG51MDlibjA5cHl5ZThWanh2MjNidTZZcWZYYkJEUTR0ck5LZEJNLzJ1VThPODNsUmFLbk4wYmdCTTBmMWt1OXFOK21oUnppYmw1dmkzdldad1J1V0hrU1FOdmF2Vk1ic0JjZmhUQzBHWXRFcm1lWFJmekE9PSIsImRhdGFrZXkiOiJleUpRUkZnaU9pSlBhVnBGUzJsSVJHVkJTemhJVFZKaE5UZGlZbkpOYlhaa05GUnBjeXRQSzNSVFNrOTBlbFp3YjJoS01tVlBSMWxJV25STloyUlFlQ3RHUzB0SGNEVm5TVEpWT1ZsWmVtVjRNazVSY0dKWlF6Wm9TamhaWXpWYVJYVjNURlpCTTBGNk5uaEdkRzlHUkZORldqUlVabVpoVFZkUFFVMTBkblZQTjNGS2RXSmFiRkJDWjBsd2JWZE1kbEUzSzBGMU9IWlJUVFJuYzFKSVltdHNURTluTlVaWlEybEZhMjl2THpseVQyOVdSR2RXTTFWS1ozVTBXRGxsVUhGRWMzTnBOR1lyWnpOR1FrcHJWVmhQYVhSNk1uQkJkRTlIYzA5dWFYY3JZMmhpZEdZMVFsZEpUVmRTVW5oSWFtWlVjRWd6UmtvNGIxcHhkMjVOU0doS1pIcFdSRkE0YzJwTWNtdEROVWRMVW0xTmRYRlRhRmtyV0RGcVEwazFZakY0TTBSUk1tUTRkak5sYVhwVlZsWlNlRXB5WjFBdlRVb3Jia1ZYVVVGSkwzZFVXSGhFZVVrNFZrTXhObk5LZEhsM1NTOXJOVGxMUW5kSFltYzlQU0lzSWtsQlJDSTZJbWxFTVhGc1NHOVhSazVoZVdwM04wbG1RVWRGZFRsNFJuTndlVGRvVGtwcmJsaE1SVE5oZGpaQ1kycGxVVzlvSzFWMmNrZE9Xa013YTNkWFltdHVUelF6Wm5ObldUbE5NbXRWZDBKTk55OW1VSEpsV0RKdFl6bDFkM0JCUm10SGRXNW9SVGxCTVZkSlZETkNkVk52TWxRMVRXWmxTV1JCYWtrclQySTNUa1pRYkZONlJESTVUaXRLVm5sTFdHSlhTR3Q2UW00eVowRnllbXhuY21Sa2NtOVZjSFZqUm1KWlF5dDVLMFpLVFV0dE4yNXZiVGR2UzNVclVWZzJXV3g0WmtKa1UwZEpNazltVTNkU2VsQmpLeTh3UVU1MFlXazBXVE52VFd4emExRk1Zek4wTUN0elpVNUZTMlJaV0ZwTFFUSk1kazl0T0dGeWJFVTFNV3RwTlhkcWRqSmhVbWRKUldKamJWUnlVbFpNWjBVMmJXeHNNbWxIVG1kUVpYVk9jVlJxU1ZsNVp5OWpkbU5tWXpkbU1GVXlPV3RUVDFGdFZXVm5VbFZ2WjJ4alFVOWtiVWQySzNjeWFGa3lVVlZMT0c4MlRuZHRaejA5SW4wPSIsInZlcnNpb24iOiIzIiwidHlwZSI6IkRBVEFfS0VZIiwiZXhwaXJhdGlvbiI6MTc0MjUyMzcxNH0=",
            "user_name": "AWS"
          },
          "sensitive_attributes": [
            [
              {
                "type": "get_attr",
                "value": "password"
              }
            ],
            [
              {
                "type": "get_attr",
                "value": "authorization_token"
              }
            ]
          ]
        }
      ]
    },
    {
      "mode": "data",
      "type": "aws_eks_cluster_auth",
      "name": "this",
      "provider": "provider[\"registry.terraform.io/hashicorp/aws\"]",
      "instances": [
        {
          "schema_version": 0,
          "attributes": {
            "id": "voice-kuberay-cluster",
            "name": "voice-kuberay-cluster",
            "token": "k8s-aws-v1.aHR0cHM6Ly9zdHMudXMtZWFzdC0xLmFtYXpvbmF3cy5jb20vP0FjdGlvbj1HZXRDYWxsZXJJZGVudGl0eSZWZXJzaW9uPTIwMTEtMDYtMTUmWC1BbXotQWxnb3JpdGhtPUFXUzQtSE1BQy1TSEEyNTYmWC1BbXotQ3JlZGVudGlhbD1BU0lBNkdFQUdWVENHWVA1TlRZNCUyRjIwMjUwMzIwJTJGdXMtZWFzdC0xJTJGc3RzJTJGYXdzNF9yZXF1ZXN0JlgtQW16LURhdGU9MjAyNTAzMjBUMTQyMTU1WiZYLUFtei1FeHBpcmVzPTAmWC1BbXotU2VjdXJpdHktVG9rZW49SVFvSmIzSnBaMmx1WDJWakVEY2FDWFZ6TFdWaGMzUXRNU0pITUVVQ0lBR3BpcTVpSTl1amFkOWxMVldnJTJGYzVuTmFrJTJCRkFxdER3MXNUS2NYcGh4TUFpRUFqOUtBbU0xREQ2TzRzVDRmd0Z6M01lbVYwaUhLb0VmaGN5TEoyTHJCM0xvcWpBTUlqJTJGJTJGJTJGJTJGJTJGJTJGJTJGJTJGJTJGJTJGJTJGQVJBQkdndzVOelV5TWpZME5Ea3dPVElpREY0V3plQ1lEd3YxNFVqbWF5cmdBcHkzUDAxMGEzVkhGclhXTnZ4RVdheTVlYnNiSVl1Z25td1pXNGNuQXZNR25TU3AlMkZ5Y0hFamlhazBxM1NwdjRwSTZLc0Z0ViUyQnNuTlpqVGhEdWI4dlVaeUFEYUkwZnFXSjdqSCUyRno1TUoxSEJzZjlTVnJQNm43TmJ0U1RZZjlhWlg2dm5IUjF6RlQ4d1E4OGNoenRKcFRBZ2ZHM0p0bnhCY0dHSXd3M3NIa2FPMSUyRmNYa1NIekJjUFh3blhtS0VsOUVqWmdZalVPWEwlMkZHR3hwR3lha2ZkMWxFMlpMTDVrUWFmbVBRNkR1TTBTY3g1SjhjNEl1bnVPT2hlcjljVjdQWkpLd2ozZVU4SnJxUkMzYkNrM2NnNmsyd1RkUVpLSGVHSkNYS1lDRDdhSHp5QVhXc2J5TG9vTVZ2Q0VNMWd5T3VhZXdBZjJHMHZsektpJTJCbEpuTHJpMXBVcXd0M0JmSXolMkJxJTJCM0pPM203Ykl4cWx1cGpsMiUyQms0MXJJcVFyOFRkV3h1RXFVYUtSR3BqSktIM2pZOUtqSXQ0dmsxSVNoQWxUWDhTWEMlMkZ3WSUyQk5xb05TdmVqUUpKNjgzMEx0SFFRcjNxYSUyQkUlMkYlMkJCNWJDSmR1VmxxMkY4WVRMWGJnd3VzZnd2Z1k2cGdGV2tHVVZQYXdrazkxY2hiS3NlS0lzTW1Ic2JsSmUlMkZNdEZhVjFDTFBTdDBvejFGaGkxbXB0UXNMJTJCaHlFanAxaUpvd0RiVzlmUWh3enNxaXJxTWg1WnJmYXoyUkEwQzJRN3M4MUhXNG9hdmR3bFEzV0F4dVZNZzdGY29DOUlXSWI0ZkxMcjQ5elVGVnJCNExCY29UN3k1cUtMekJraDczTzBlME9seFFGUGkwRHp6TmRpbGxOa1hsZUtuY2FLSlZLbUZVRWFuMTRtSUMzOGt6ZG1hWkolMkZET1RnMkJ2a3cmWC1BbXotU2lnbmVkSGVhZGVycz1ob3N0JTNCeC1rOHMtYXdzLWlkJlgtQW16LVNpZ25hdHVyZT0yN2RjNjBkNDEyOTA1MWE2M2M0M2UwZjdmMjQ2YWZhNzZmN2I1MTY3M2ZkNjJmODMxZDA0M2VhMGQyNTdjZmVh"
          },
          "sensitive_attributes": [
            [
              {
                "type": "get_attr",
                "value": "token"
              }
            ]
          ]
        }
      ]
    },
    {
      "mode": "managed",
      "type": "kubectl_manifest",
      "name": "karpenter_gpu_node_class",
      "provider": "provider[\"registry.terraform.io/alekc/kubectl\"]",
      "instances": [
        {
          "schema_version": 1,
          "attributes": {
            "api_version": "eks.amazonaws.com/v1",
            "apply_only": false,
            "delete_cascade": null,
            "field_manager": "kubectl",
            "force_conflicts": false,
            "force_new": false,
            "id": "/apis/eks.amazonaws.com/v1/nodeclasses/gpu",
            "ignore_fields": null,
            "kind": "NodeClass",
            "live_manifest_incluster": "apiVersion=91d5e94c2aadbf7425dd39729e51c16951764da5c55273181c97e124b68a52de\nkind=ba70cfa9eeecbf9f63890fbf567e2c77a0ffbc602bdb125f45b1ce0790280dde\nmetadata.name=e3c5ba51dba85ab0c990db5e309f4d7bdb282470fb02aee75b9022c1399e91c8\nspec.ephemeralStorage.iops=a176eeb31e601c3877c87c2843a2f584968975269e369d5c86788b4c2f92d2a2\nspec.ephemeralStorage.size=8fbcf6d21c3e0df00a4eb18df1216acc7958093ced06b28c64d6816bc394d768\nspec.ephemeralStorage.throughput=0f8ef3377b30fc47f96b48247f463a726a802f62f3faa03d56403751d2f66c67\nspec.role=d48a4a738123734089f72ff286f9b21afa3854e5bcdc8c26712c84cf1e3b7aec\nspec.securityGroupSelectorTerms.#=6b86b273ff34fce19d6b804eff5a3f5747ada4eaa22f1d49c01e52ddb7875b4b\nspec.securityGroupSelectorTerms.0.id=f1d44e507ac670e32988a2ba8a1994fc5cf5b01c2430523c48ee532e03f71f78\nspec.subnetSelectorTerms.#=6b86b273ff34fce19d6b804eff5a3f5747ada4eaa22f1d49c01e52ddb7875b4b\nspec.subnetSelectorTerms.0.tags.kubernetes.io/role/internal-elb=6b86b273ff34fce19d6b804eff5a3f5747ada4eaa22f1d49c01e52ddb7875b4b",
            "live_uid": "ca1f219e-95ba-4f44-89f1-a47fa4c8cb64",
            "name": "gpu",
            "namespace": null,
            "override_namespace": null,
            "sensitive_fields": null,
            "server_side_apply": false,
            "timeouts": null,
            "uid": "ca1f219e-95ba-4f44-89f1-a47fa4c8cb64",
            "validate_schema": true,
            "wait": null,
            "wait_for": [],
            "wait_for_rollout": true,
            "yaml_body": "apiVersion: eks.amazonaws.com/v1\nkind: NodeClass\nmetadata:\n  name: gpu\nspec:\n  role: voice-kuberay-cluster-eks-auto-20250320142247604500000003\n  securityGroupSelectorTerms:\n  - id: sg-01cece07593a6dfdc \n  subnetSelectorTerms:\n  - tags:\n      kubernetes.io/role/internal-elb: \"1\"\n  ephemeralStorage:\n    size: \"150Gi\"    # Range: 1-59000Gi or 1-64000G or 1-58Ti or 1-64T\n    iops: 3000      # Range: 3000-16000\n    throughput: 125 # Range: 125-1000\n",
            "yaml_body_parsed": "apiVersion: eks.amazonaws.com/v1\nkind: NodeClass\nmetadata:\n  name: gpu\nspec:\n  ephemeralStorage:\n    iops: 3000\n    size: 150Gi\n    throughput: 125\n  role: voice-kuberay-cluster-eks-auto-20250320142247604500000003\n  securityGroupSelectorTerms:\n  - id: sg-01cece07593a6dfdc\n  subnetSelectorTerms:\n  - tags:\n      kubernetes.io/role/internal-elb: \"1\"\n",
            "yaml_incluster": "apiVersion=91d5e94c2aadbf7425dd39729e51c16951764da5c55273181c97e124b68a52de\nkind=ba70cfa9eeecbf9f63890fbf567e2c77a0ffbc602bdb125f45b1ce0790280dde\nmetadata.name=e3c5ba51dba85ab0c990db5e309f4d7bdb282470fb02aee75b9022c1399e91c8\nspec.ephemeralStorage.iops=a176eeb31e601c3877c87c2843a2f584968975269e369d5c86788b4c2f92d2a2\nspec.ephemeralStorage.size=8fbcf6d21c3e0df00a4eb18df1216acc7958093ced06b28c64d6816bc394d768\nspec.ephemeralStorage.throughput=0f8ef3377b30fc47f96b48247f463a726a802f62f3faa03d56403751d2f66c67\nspec.role=d48a4a738123734089f72ff286f9b21afa3854e5bcdc8c26712c84cf1e3b7aec\nspec.securityGroupSelectorTerms.#=6b86b273ff34fce19d6b804eff5a3f5747ada4eaa22f1d49c01e52ddb7875b4b\nspec.securityGroupSelectorTerms.0.id=f1d44e507ac670e32988a2ba8a1994fc5cf5b01c2430523c48ee532e03f71f78\nspec.subnetSelectorTerms.#=6b86b273ff34fce19d6b804eff5a3f5747ada4eaa22f1d49c01e52ddb7875b4b\nspec.subnetSelectorTerms.0.tags.kubernetes.io/role/internal-elb=6b86b273ff34fce19d6b804eff5a3f5747ada4eaa22f1d49c01e52ddb7875b4b"
          },
          "sensitive_attributes": [
            [
              {
                "type": "get_attr",
                "value": "live_manifest_incluster"
              }
            ],
            [
              {
                "type": "get_attr",
                "value": "yaml_body"
              }
            ],
            [
              {
                "type": "get_attr",
                "value": "yaml_incluster"
              }
            ]
          ],
          "private": "eyJlMmJmYjczMC1lY2FhLTExZTYtOGY4OC0zNDM2M2JjN2M0YzAiOnsiY3JlYXRlIjo2MDAwMDAwMDAwMDB9LCJzY2hlbWFfdmVyc2lvbiI6IjEifQ==",
          "dependencies": [
            "data.aws_availability_zones.available",
            "module.eks.aws_cloudwatch_log_group.this",
            "module.eks.aws_eks_access_entry.this",
            "module.eks.aws_eks_access_policy_association.this",
            "module.eks.aws_eks_cluster.this",
            "module.eks.aws_iam_policy.cni_ipv6_policy",
            "module.eks.aws_iam_role.eks_auto",
            "module.eks.aws_iam_role.this",
            "module.eks.aws_iam_role_policy_attachment.this",
            "module.eks.aws_security_group.cluster",
            "module.eks.aws_security_group.node",
            "module.eks.aws_security_group_rule.cluster",
            "module.eks.aws_security_group_rule.node",
            "module.eks.data.aws_caller_identity.current",
            "module.eks.data.aws_iam_policy_document.assume_role_policy",
            "module.eks.data.aws_iam_policy_document.cni_ipv6_policy",
            "module.eks.data.aws_iam_policy_document.node_assume_role_policy",
            "module.eks.data.aws_iam_session_context.current",
            "module.eks.data.aws_partition.current",
            "module.eks.module.kms.aws_kms_external_key.this",
            "module.eks.module.kms.aws_kms_key.this",
            "module.eks.module.kms.aws_kms_replica_external_key.this",
            "module.eks.module.kms.aws_kms_replica_key.this",
            "module.eks.module.kms.data.aws_caller_identity.current",
            "module.eks.module.kms.data.aws_iam_policy_document.this",
            "module.eks.module.kms.data.aws_partition.current",
            "module.vpc.aws_subnet.private",
            "module.vpc.aws_vpc.this",
            "module.vpc.aws_vpc_ipv4_cidr_block_association.this"
          ]
        }
      ]
    },
    {
      "mode": "managed",
      "type": "kubectl_manifest",
      "name": "karpenter_gpu_node_pool",
      "provider": "provider[\"registry.terraform.io/alekc/kubectl\"]",
      "instances": [
        {
          "schema_version": 1,
          "attributes": {
            "api_version": "karpenter.sh/v1",
            "apply_only": false,
            "delete_cascade": null,
            "field_manager": "kubectl",
            "force_conflicts": false,
            "force_new": false,
            "id": "/apis/karpenter.sh/v1/nodepools/gpu",
            "ignore_fields": null,
            "kind": "NodePool",
            "live_manifest_incluster": "apiVersion=655f11e0f816671198b2df610c8b392424f17638e263672ac63d0b3142c7dae0\nkind=f217bed130bc260d0520291a0f5ca135a7babe28f3bd00645fef434e14196155\nmetadata.name=e3c5ba51dba85ab0c990db5e309f4d7bdb282470fb02aee75b9022c1399e91c8\nspec.disruption.consolidateAfter=75115139fbbd6ff16c71a0b03bb0493b223a294a3f69621a9ea01a6aa0ccd8ab\nspec.disruption.consolidationPolicy=cf339912303acd83948432409a266f412ec7947afca12bc8c2c49d06bc1614f6\nspec.limits.cpu=79439000eb8508c7491106239bfd76f5f69a95717af75a4d762320ab8952c9e0\nspec.limits.memory=238ee7ffa0d03f3fd23585bd7e1f23942156a1d2e1699abd1672f0b11df29c36\nspec.limits.nvidia.com/gpu=1a6562590ef19d1045d06c4055742d38288e9e6dcd71ccde5cee80f1d5a774eb\nspec.template.spec.nodeClassRef.group=bb31540503751b8c10dc23706628ad48a7a9f44ef620dfd8ebb80716be62d05d\nspec.template.spec.nodeClassRef.kind=ba70cfa9eeecbf9f63890fbf567e2c77a0ffbc602bdb125f45b1ce0790280dde\nspec.template.spec.nodeClassRef.name=37a8eec1ce19687d132fe29051dca629d164e2c4958ba141d5f4133a33f0688f\nspec.template.spec.requirements.#=7902699be42c8a8e46fbbb4501726517e86b22c56a189f7625a6da49081b2451\nspec.template.spec.requirements.0.key=a510ed177e958679040369da52fc5c33b04283632a8fe54fbacc72460d4a3f85\nspec.template.spec.requirements.0.operator=8bc1d53cc57c24b79bf7c260b1f3b29973caab7b8f501c33016b321ebfc274f1\nspec.template.spec.requirements.0.values.#=6b86b273ff34fce19d6b804eff5a3f5747ada4eaa22f1d49c01e52ddb7875b4b\nspec.template.spec.requirements.0.values.0=5861314d7fccb39c2192173240eab44fa35ca66426201ca2acd0630a6258dd51\nspec.template.spec.requirements.1.key=ea3099a10cf2e06c81ea2b198f3d71fa96ae0aff72d4e1cca9d2e393f5613123\nspec.template.spec.requirements.1.operator=8bc1d53cc57c24b79bf7c260b1f3b29973caab7b8f501c33016b321ebfc274f1\nspec.template.spec.requirements.1.values.#=6b86b273ff34fce19d6b804eff5a3f5747ada4eaa22f1d49c01e52ddb7875b4b\nspec.template.spec.requirements.1.values.0=cd0aa9856147b6c5b4ff2b7dfee5da20aa38253099ef1b4a64aced233c9afe29\nspec.template.spec.requirements.2.key=8f17cbead591c4e0b83ca428b73fb69dd119255d8b196d07329f71f0976ad564\nspec.template.spec.requirements.2.operator=12b5d558bcfd8f1cc854180e96ca7b795c52649f48fd7a285e0ac36b39e64ac2\nspec.template.spec.requirements.2.values.#=6b86b273ff34fce19d6b804eff5a3f5747ada4eaa22f1d49c01e52ddb7875b4b\nspec.template.spec.requirements.2.values.0=4b227777d4dd1fc61c6f884f48641d02b4d121d3fd328cb08b5531fcacdabf8a\nspec.template.spec.requirements.3.key=9eafc8c274b33e6dcb72c3a214098573ef21110bfd4b73af16a5478c18dde6a5\nspec.template.spec.requirements.3.operator=8bc1d53cc57c24b79bf7c260b1f3b29973caab7b8f501c33016b321ebfc274f1\nspec.template.spec.requirements.3.values.#=4e07408562bedb8b60ce05c1decfe3ad16b72230967de01f640b7e4729b49fce\nspec.template.spec.requirements.3.values.0=4b227777d4dd1fc61c6f884f48641d02b4d121d3fd328cb08b5531fcacdabf8a\nspec.template.spec.requirements.3.values.1=2c624232cdd221771294dfbb310aca000a0df6ac8b66b696d90ef06fdefb64a3\nspec.template.spec.requirements.3.values.2=b17ef6d19c7a5b1ee83b907c595526dcb1eb06db8227d650d5dda0a9f4ce8cd9\nspec.template.spec.requirements.4.key=eccead3a3cdbd1e0daae6f68b478ad14ff6f57583232b8d87981c131f667f0eb\nspec.template.spec.requirements.4.operator=8bc1d53cc57c24b79bf7c260b1f3b29973caab7b8f501c33016b321ebfc274f1\nspec.template.spec.requirements.4.values.#=6b86b273ff34fce19d6b804eff5a3f5747ada4eaa22f1d49c01e52ddb7875b4b\nspec.template.spec.requirements.4.values.0=caf90169eefa5f807d577486b9f795ab86ae2983c5c20806cff959117e90af18\nspec.template.spec.requirements.5.key=d26ba3a6c4fcf2b72755b5a23fee0a5994a39b71bdc9db6ef6d083a22a001353\nspec.template.spec.requirements.5.operator=8bc1d53cc57c24b79bf7c260b1f3b29973caab7b8f501c33016b321ebfc274f1\nspec.template.spec.requirements.5.values.#=4e07408562bedb8b60ce05c1decfe3ad16b72230967de01f640b7e4729b49fce\nspec.template.spec.requirements.5.values.0=bcc3edcc1ecf38f75c2d62a8a50c99337509bd80a7f42db062efcda148bf6ff7\nspec.template.spec.requirements.5.values.1=a8afda343597cec862c346040b356fd76f08d67a39a5ba1f86c7d286c44ab40b\nspec.template.spec.requirements.5.values.2=3779bd2b1c61cd365b3ffd3f5ab1e558b380137fb9992f7a1d5a71797448e5d0\nspec.template.spec.requirements.6.key=c66e7fc76cb6d71d214ba30d3d5b9a36f264cf5295b283feacf826651105d739\nspec.template.spec.requirements.6.operator=8bc1d53cc57c24b79bf7c260b1f3b29973caab7b8f501c33016b321ebfc274f1\nspec.template.spec.requirements.6.values.#=6b86b273ff34fce19d6b804eff5a3f5747ada4eaa22f1d49c01e52ddb7875b4b\nspec.template.spec.requirements.6.values.0=1b760162484c0095dc5f51e350f33dc792046e97dcb6b510d3f47c5ca51286a5\nspec.template.spec.taints.#=6b86b273ff34fce19d6b804eff5a3f5747ada4eaa22f1d49c01e52ddb7875b4b\nspec.template.spec.taints.0.effect=58b963c0f3664571fc55b39788ce9ec0338e132fb27f8933f839e1dfa1d76d73\nspec.template.spec.taints.0.key=295cd1410100edb7c9b10e833ee138b089de556cdd2cd6cf3231bad56302b6ef\nspec.template.spec.taints.0.value=87eba76e7f3164534045ba922e7770fb58bbd14ad732bbf5ba6f11cc56989e6e",
            "live_uid": "787770ab-846c-46f6-a0ac-ab50891054a3",
            "name": "gpu",
            "namespace": null,
            "override_namespace": null,
            "sensitive_fields": null,
            "server_side_apply": false,
            "timeouts": null,
            "uid": "787770ab-846c-46f6-a0ac-ab50891054a3",
            "validate_schema": true,
            "wait": null,
            "wait_for": [],
            "wait_for_rollout": true,
            "yaml_body": "apiVersion: karpenter.sh/v1\nkind: NodePool\nmetadata:\n  name: gpu\nspec:\n  disruption:\n    consolidateAfter: 60m\n    consolidationPolicy: WhenEmpty\n  limits:\n    cpu: 1k\n    memory: 1000Gi\n    nvidia.com/gpu: 50\n  template:\n    spec:\n      nodeClassRef:\n        group: eks.amazonaws.com\n        name: default\n        kind: NodeClass\n      requirements:\n      - key: kubernetes.io/arch\n        operator: In\n        values: [\"amd64\"]\n      - key: eks.amazonaws.com/instance-category\n        operator: In\n        values: [\"g\"]\n      - key: eks.amazonaws.com/instance-generation\n        operator: Gt\n        values: [\"4\"]\n      - key: \"eks.amazonaws.com/instance-cpu\"\n        operator: In\n        values: [\"4\", \"8\", \"16\"]\n      - key: kubernetes.io/os\n        operator: In\n        values: [\"linux\"]\n      - key: \"topology.kubernetes.io/zone\"\n        operator: In\n        values: [\"us-east-1a\",\"us-east-1b\",\"us-east-1c\"]\n      - key: karpenter.sh/capacity-type\n        operator: In\n        values: [\"on-demand\"]\n      taints:\n      - effect: NoSchedule\n        key: ray.io/node-type\n        value: worker\n",
            "yaml_body_parsed": "apiVersion: karpenter.sh/v1\nkind: NodePool\nmetadata:\n  name: gpu\nspec:\n  disruption:\n    consolidateAfter: 60m\n    consolidationPolicy: WhenEmpty\n  limits:\n    cpu: 1k\n    memory: 1000Gi\n    nvidia.com/gpu: 50\n  template:\n    spec:\n      nodeClassRef:\n        group: eks.amazonaws.com\n        kind: NodeClass\n        name: default\n      requirements:\n      - key: kubernetes.io/arch\n        operator: In\n        values:\n        - amd64\n      - key: eks.amazonaws.com/instance-category\n        operator: In\n        values:\n        - g\n      - key: eks.amazonaws.com/instance-generation\n        operator: Gt\n        values:\n        - \"4\"\n      - key: eks.amazonaws.com/instance-cpu\n        operator: In\n        values:\n        - \"4\"\n        - \"8\"\n        - \"16\"\n      - key: kubernetes.io/os\n        operator: In\n        values:\n        - linux\n      - key: topology.kubernetes.io/zone\n        operator: In\n        values:\n        - us-east-1a\n        - us-east-1b\n        - us-east-1c\n      - key: karpenter.sh/capacity-type\n        operator: In\n        values:\n        - on-demand\n      taints:\n      - effect: NoSchedule\n        key: ray.io/node-type\n        value: worker\n",
            "yaml_incluster": "apiVersion=655f11e0f816671198b2df610c8b392424f17638e263672ac63d0b3142c7dae0\nkind=f217bed130bc260d0520291a0f5ca135a7babe28f3bd00645fef434e14196155\nmetadata.name=e3c5ba51dba85ab0c990db5e309f4d7bdb282470fb02aee75b9022c1399e91c8\nspec.disruption.consolidateAfter=75115139fbbd6ff16c71a0b03bb0493b223a294a3f69621a9ea01a6aa0ccd8ab\nspec.disruption.consolidationPolicy=cf339912303acd83948432409a266f412ec7947afca12bc8c2c49d06bc1614f6\nspec.limits.cpu=79439000eb8508c7491106239bfd76f5f69a95717af75a4d762320ab8952c9e0\nspec.limits.memory=238ee7ffa0d03f3fd23585bd7e1f23942156a1d2e1699abd1672f0b11df29c36\nspec.limits.nvidia.com/gpu=1a6562590ef19d1045d06c4055742d38288e9e6dcd71ccde5cee80f1d5a774eb\nspec.template.spec.nodeClassRef.group=bb31540503751b8c10dc23706628ad48a7a9f44ef620dfd8ebb80716be62d05d\nspec.template.spec.nodeClassRef.kind=ba70cfa9eeecbf9f63890fbf567e2c77a0ffbc602bdb125f45b1ce0790280dde\nspec.template.spec.nodeClassRef.name=37a8eec1ce19687d132fe29051dca629d164e2c4958ba141d5f4133a33f0688f\nspec.template.spec.requirements.#=7902699be42c8a8e46fbbb4501726517e86b22c56a189f7625a6da49081b2451\nspec.template.spec.requirements.0.key=a510ed177e958679040369da52fc5c33b04283632a8fe54fbacc72460d4a3f85\nspec.template.spec.requirements.0.operator=8bc1d53cc57c24b79bf7c260b1f3b29973caab7b8f501c33016b321ebfc274f1\nspec.template.spec.requirements.0.values.#=6b86b273ff34fce19d6b804eff5a3f5747ada4eaa22f1d49c01e52ddb7875b4b\nspec.template.spec.requirements.0.values.0=5861314d7fccb39c2192173240eab44fa35ca66426201ca2acd0630a6258dd51\nspec.template.spec.requirements.1.key=ea3099a10cf2e06c81ea2b198f3d71fa96ae0aff72d4e1cca9d2e393f5613123\nspec.template.spec.requirements.1.operator=8bc1d53cc57c24b79bf7c260b1f3b29973caab7b8f501c33016b321ebfc274f1\nspec.template.spec.requirements.1.values.#=6b86b273ff34fce19d6b804eff5a3f5747ada4eaa22f1d49c01e52ddb7875b4b\nspec.template.spec.requirements.1.values.0=cd0aa9856147b6c5b4ff2b7dfee5da20aa38253099ef1b4a64aced233c9afe29\nspec.template.spec.requirements.2.key=8f17cbead591c4e0b83ca428b73fb69dd119255d8b196d07329f71f0976ad564\nspec.template.spec.requirements.2.operator=12b5d558bcfd8f1cc854180e96ca7b795c52649f48fd7a285e0ac36b39e64ac2\nspec.template.spec.requirements.2.values.#=6b86b273ff34fce19d6b804eff5a3f5747ada4eaa22f1d49c01e52ddb7875b4b\nspec.template.spec.requirements.2.values.0=4b227777d4dd1fc61c6f884f48641d02b4d121d3fd328cb08b5531fcacdabf8a\nspec.template.spec.requirements.3.key=9eafc8c274b33e6dcb72c3a214098573ef21110bfd4b73af16a5478c18dde6a5\nspec.template.spec.requirements.3.operator=8bc1d53cc57c24b79bf7c260b1f3b29973caab7b8f501c33016b321ebfc274f1\nspec.template.spec.requirements.3.values.#=4e07408562bedb8b60ce05c1decfe3ad16b72230967de01f640b7e4729b49fce\nspec.template.spec.requirements.3.values.0=4b227777d4dd1fc61c6f884f48641d02b4d121d3fd328cb08b5531fcacdabf8a\nspec.template.spec.requirements.3.values.1=2c624232cdd221771294dfbb310aca000a0df6ac8b66b696d90ef06fdefb64a3\nspec.template.spec.requirements.3.values.2=b17ef6d19c7a5b1ee83b907c595526dcb1eb06db8227d650d5dda0a9f4ce8cd9\nspec.template.spec.requirements.4.key=eccead3a3cdbd1e0daae6f68b478ad14ff6f57583232b8d87981c131f667f0eb\nspec.template.spec.requirements.4.operator=8bc1d53cc57c24b79bf7c260b1f3b29973caab7b8f501c33016b321ebfc274f1\nspec.template.spec.requirements.4.values.#=6b86b273ff34fce19d6b804eff5a3f5747ada4eaa22f1d49c01e52ddb7875b4b\nspec.template.spec.requirements.4.values.0=caf90169eefa5f807d577486b9f795ab86ae2983c5c20806cff959117e90af18\nspec.template.spec.requirements.5.key=d26ba3a6c4fcf2b72755b5a23fee0a5994a39b71bdc9db6ef6d083a22a001353\nspec.template.spec.requirements.5.operator=8bc1d53cc57c24b79bf7c260b1f3b29973caab7b8f501c33016b321ebfc274f1\nspec.template.spec.requirements.5.values.#=4e07408562bedb8b60ce05c1decfe3ad16b72230967de01f640b7e4729b49fce\nspec.template.spec.requirements.5.values.0=bcc3edcc1ecf38f75c2d62a8a50c99337509bd80a7f42db062efcda148bf6ff7\nspec.template.spec.requirements.5.values.1=a8afda343597cec862c346040b356fd76f08d67a39a5ba1f86c7d286c44ab40b\nspec.template.spec.requirements.5.values.2=3779bd2b1c61cd365b3ffd3f5ab1e558b380137fb9992f7a1d5a71797448e5d0\nspec.template.spec.requirements.6.key=c66e7fc76cb6d71d214ba30d3d5b9a36f264cf5295b283feacf826651105d739\nspec.template.spec.requirements.6.operator=8bc1d53cc57c24b79bf7c260b1f3b29973caab7b8f501c33016b321ebfc274f1\nspec.template.spec.requirements.6.values.#=6b86b273ff34fce19d6b804eff5a3f5747ada4eaa22f1d49c01e52ddb7875b4b\nspec.template.spec.requirements.6.values.0=1b760162484c0095dc5f51e350f33dc792046e97dcb6b510d3f47c5ca51286a5\nspec.template.spec.taints.#=6b86b273ff34fce19d6b804eff5a3f5747ada4eaa22f1d49c01e52ddb7875b4b\nspec.template.spec.taints.0.effect=58b963c0f3664571fc55b39788ce9ec0338e132fb27f8933f839e1dfa1d76d73\nspec.template.spec.taints.0.key=295cd1410100edb7c9b10e833ee138b089de556cdd2cd6cf3231bad56302b6ef\nspec.template.spec.taints.0.value=87eba76e7f3164534045ba922e7770fb58bbd14ad732bbf5ba6f11cc56989e6e"
          },
          "sensitive_attributes": [
            [
              {
                "type": "get_attr",
                "value": "yaml_incluster"
              }
            ],
            [
              {
                "type": "get_attr",
                "value": "yaml_body"
              }
            ],
            [
              {
                "type": "get_attr",
                "value": "live_manifest_incluster"
              }
            ]
          ],
          "private": "eyJlMmJmYjczMC1lY2FhLTExZTYtOGY4OC0zNDM2M2JjN2M0YzAiOnsiY3JlYXRlIjo2MDAwMDAwMDAwMDB9LCJzY2hlbWFfdmVyc2lvbiI6IjEifQ==",
          "dependencies": [
            "data.aws_availability_zones.available",
            "module.eks.aws_cloudwatch_log_group.this",
            "module.eks.aws_eks_access_entry.this",
            "module.eks.aws_eks_access_policy_association.this",
            "module.eks.aws_eks_cluster.this",
            "module.eks.aws_iam_policy.cni_ipv6_policy",
            "module.eks.aws_iam_role.eks_auto",
            "module.eks.aws_iam_role.this",
            "module.eks.aws_iam_role_policy_attachment.this",
            "module.eks.aws_security_group.cluster",
            "module.eks.aws_security_group.node",
            "module.eks.aws_security_group_rule.cluster",
            "module.eks.aws_security_group_rule.node",
            "module.eks.data.aws_caller_identity.current",
            "module.eks.data.aws_iam_policy_document.assume_role_policy",
            "module.eks.data.aws_iam_policy_document.cni_ipv6_policy",
            "module.eks.data.aws_iam_policy_document.node_assume_role_policy",
            "module.eks.data.aws_iam_session_context.current",
            "module.eks.data.aws_partition.current",
            "module.eks.module.kms.aws_kms_external_key.this",
            "module.eks.module.kms.aws_kms_key.this",
            "module.eks.module.kms.aws_kms_replica_external_key.this",
            "module.eks.module.kms.aws_kms_replica_key.this",
            "module.eks.module.kms.data.aws_caller_identity.current",
            "module.eks.module.kms.data.aws_iam_policy_document.this",
            "module.eks.module.kms.data.aws_partition.current",
            "module.vpc.aws_subnet.private",
            "module.vpc.aws_vpc.this",
            "module.vpc.aws_vpc_ipv4_cidr_block_association.this"
          ]
        }
      ]
    },
    {
      "mode": "managed",
      "type": "kubernetes_secret",
      "name": "pyannote_auth_token",
      "provider": "provider[\"registry.terraform.io/hashicorp/kubernetes\"]",
      "instances": [
        {
          "schema_version": 0,
          "attributes": {
            "binary_data": null,
            "binary_data_wo": null,
            "binary_data_wo_revision": null,
            "data": {
              "token": "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"
            },
            "data_wo": null,
            "data_wo_revision": null,
            "id": "default/hf-token",
            "immutable": false,
            "metadata": [
              {
                "annotations": null,
                "generate_name": "",
                "generation": 0,
                "labels": null,
                "name": "hf-token",
                "namespace": "default",
                "resource_version": "1820",
                "uid": "f58f3e55-134d-4c69-a627-73a3d6017446"
              }
            ],
            "timeouts": null,
            "type": "Opaque",
            "wait_for_service_account_token": true
          },
          "sensitive_attributes": [
            [
              {
                "type": "get_attr",
                "value": "data"
              }
            ],
            [
              {
                "type": "get_attr",
                "value": "data"
              },
              {
                "type": "index",
                "value": {
                  "value": "token",
                  "type": "string"
                }
              }
            ],
            [
              {
                "type": "get_attr",
                "value": "binary_data"
              }
            ]
          ],
          "private": "eyJlMmJmYjczMC1lY2FhLTExZTYtOGY4OC0zNDM2M2JjN2M0YzAiOnsiY3JlYXRlIjo2MDAwMDAwMDAwMH19",
          "dependencies": [
            "data.aws_availability_zones.available",
            "data.aws_eks_cluster_auth.this",
            "module.eks.aws_cloudwatch_log_group.this",
            "module.eks.aws_ec2_tag.cluster_primary_security_group",
            "module.eks.aws_eks_access_entry.this",
            "module.eks.aws_eks_access_policy_association.this",
            "module.eks.aws_eks_addon.before_compute",
            "module.eks.aws_eks_addon.this",
            "module.eks.aws_eks_cluster.this",
            "module.eks.aws_eks_identity_provider_config.this",
            "module.eks.aws_iam_openid_connect_provider.oidc_provider",
            "module.eks.aws_iam_policy.cluster_encryption",
            "module.eks.aws_iam_policy.cni_ipv6_policy",
            "module.eks.aws_iam_policy.custom",
            "module.eks.aws_iam_role.eks_auto",
            "module.eks.aws_iam_role.this",
            "module.eks.aws_iam_role_policy_attachment.additional",
            "module.eks.aws_iam_role_policy_attachment.cluster_encryption",
            "module.eks.aws_iam_role_policy_attachment.custom",
            "module.eks.aws_iam_role_policy_attachment.eks_auto",
            "module.eks.aws_iam_role_policy_attachment.eks_auto_additional",
            "module.eks.aws_iam_role_policy_attachment.this",
            "module.eks.aws_security_group.cluster",
            "module.eks.aws_security_group.node",
            "module.eks.aws_security_group_rule.cluster",
            "module.eks.aws_security_group_rule.node",
            "module.eks.data.aws_caller_identity.current",
            "module.eks.data.aws_eks_addon_version.this",
            "module.eks.data.aws_iam_policy_document.assume_role_policy",
            "module.eks.data.aws_iam_policy_document.cni_ipv6_policy",
            "module.eks.data.aws_iam_policy_document.custom",
            "module.eks.data.aws_iam_policy_document.node_assume_role_policy",
            "module.eks.data.aws_iam_session_context.current",
            "module.eks.data.aws_partition.current",
            "module.eks.data.tls_certificate.this",
            "module.eks.module.eks_managed_node_group.aws_autoscaling_schedule.this",
            "module.eks.module.eks_managed_node_group.aws_eks_node_group.this",
            "module.eks.module.eks_managed_node_group.aws_iam_role.this",
            "module.eks.module.eks_managed_node_group.aws_iam_role_policy.this",
            "module.eks.module.eks_managed_node_group.aws_iam_role_policy_attachment.additional",
            "module.eks.module.eks_managed_node_group.aws_iam_role_policy_attachment.this",
            "module.eks.module.eks_managed_node_group.aws_launch_template.this",
            "module.eks.module.eks_managed_node_group.aws_placement_group.this",
            "module.eks.module.eks_managed_node_group.data.aws_caller_identity.current",
            "module.eks.module.eks_managed_node_group.data.aws_ec2_instance_type.this",
            "module.eks.module.eks_managed_node_group.data.aws_ec2_instance_type_offerings.this",
            "module.eks.module.eks_managed_node_group.data.aws_iam_policy_document.assume_role_policy",
            "module.eks.module.eks_managed_node_group.data.aws_iam_policy_document.role",
            "module.eks.module.eks_managed_node_group.data.aws_partition.current",
            "module.eks.module.eks_managed_node_group.data.aws_ssm_parameter.ami",
            "module.eks.module.eks_managed_node_group.data.aws_subnets.placement_group",
            "module.eks.module.eks_managed_node_group.module.user_data.data.cloudinit_config.al2023_eks_managed_node_group",
            "module.eks.module.eks_managed_node_group.module.user_data.data.cloudinit_config.linux_eks_managed_node_group",
            "module.eks.module.eks_managed_node_group.module.user_data.null_resource.validate_cluster_service_cidr",
            "module.eks.module.fargate_profile.aws_eks_fargate_profile.this",
            "module.eks.module.fargate_profile.aws_iam_role.this",
            "module.eks.module.fargate_profile.aws_iam_role_policy.this",
            "module.eks.module.fargate_profile.aws_iam_role_policy_attachment.additional",
            "module.eks.module.fargate_profile.aws_iam_role_policy_attachment.this",
            "module.eks.module.fargate_profile.data.aws_caller_identity.current",
            "module.eks.module.fargate_profile.data.aws_iam_policy_document.assume_role_policy",
            "module.eks.module.fargate_profile.data.aws_iam_policy_document.role",
            "module.eks.module.fargate_profile.data.aws_partition.current",
            "module.eks.module.fargate_profile.data.aws_region.current",
            "module.eks.module.kms.aws_kms_alias.this",
            "module.eks.module.kms.aws_kms_external_key.this",
            "module.eks.module.kms.aws_kms_grant.this",
            "module.eks.module.kms.aws_kms_key.this",
            "module.eks.module.kms.aws_kms_replica_external_key.this",
            "module.eks.module.kms.aws_kms_replica_key.this",
            "module.eks.module.kms.data.aws_caller_identity.current",
            "module.eks.module.kms.data.aws_iam_policy_document.this",
            "module.eks.module.kms.data.aws_partition.current",
            "module.eks.module.self_managed_node_group.aws_autoscaling_group.this",
            "module.eks.module.self_managed_node_group.aws_autoscaling_schedule.this",
            "module.eks.module.self_managed_node_group.aws_eks_access_entry.this",
            "module.eks.module.self_managed_node_group.aws_iam_instance_profile.this",
            "module.eks.module.self_managed_node_group.aws_iam_role.this",
            "module.eks.module.self_managed_node_group.aws_iam_role_policy.this",
            "module.eks.module.self_managed_node_group.aws_iam_role_policy_attachment.additional",
            "module.eks.module.self_managed_node_group.aws_iam_role_policy_attachment.this",
            "module.eks.module.self_managed_node_group.aws_launch_template.this",
            "module.eks.module.self_managed_node_group.aws_placement_group.this",
            "module.eks.module.self_managed_node_group.data.aws_caller_identity.current",
            "module.eks.module.self_managed_node_group.data.aws_ec2_instance_type.this",
            "module.eks.module.self_managed_node_group.data.aws_ec2_instance_type_offerings.this",
            "module.eks.module.self_managed_node_group.data.aws_iam_policy_document.assume_role_policy",
            "module.eks.module.self_managed_node_group.data.aws_iam_policy_document.role",
            "module.eks.module.self_managed_node_group.data.aws_partition.current",
            "module.eks.module.self_managed_node_group.data.aws_ssm_parameter.ami",
            "module.eks.module.self_managed_node_group.data.aws_subnets.placement_group",
            "module.eks.module.self_managed_node_group.module.user_data.data.cloudinit_config.al2023_eks_managed_node_group",
            "module.eks.module.self_managed_node_group.module.user_data.data.cloudinit_config.linux_eks_managed_node_group",
            "module.eks.module.self_managed_node_group.module.user_data.null_resource.validate_cluster_service_cidr",
            "module.eks.time_sleep.this",
            "module.vpc.aws_subnet.private",
            "module.vpc.aws_vpc.this",
            "module.vpc.aws_vpc_ipv4_cidr_block_association.this"
          ]
        }
      ]
    },
    {
      "module": "module.eks",
      "mode": "data",
      "type": "aws_caller_identity",
      "name": "current",
      "provider": "provider[\"registry.terraform.io/hashicorp/aws\"]",
      "instances": [
        {
          "index_key": 0,
          "schema_version": 0,
          "attributes": {
            "account_id": "975226449092",
            "arn": "arn:aws:sts::975226449092:assumed-role/AWSReservedSSO_PowerUserWithIAMFullAccess_58bf2ba1f2dd6d16/rohit@onebyzero.ai",
            "id": "975226449092",
            "user_id": "AROA6GEAGVTCK5ZXANT5N:rohit@onebyzero.ai"
          },
          "sensitive_attributes": []
        }
      ]
    },
    {
      "module": "module.eks",
      "mode": "data",
      "type": "aws_iam_policy_document",
      "name": "assume_role_policy",
      "provider": "provider[\"registry.terraform.io/hashicorp/aws\"]",
      "instances": [
        {
          "index_key": 0,
          "schema_version": 0,
          "attributes": {
            "id": "2830595799",
            "json": "{\n  \"Version\": \"2012-10-17\",\n  \"Statement\": [\n    {\n      \"Sid\": \"EKSClusterAssumeRole\",\n      \"Effect\": \"Allow\",\n      \"Action\": [\n        \"sts:TagSession\",\n        \"sts:AssumeRole\"\n      ],\n      \"Principal\": {\n        \"Service\": \"eks.amazonaws.com\"\n      }\n    }\n  ]\n}",
            "minified_json": "{\"Version\":\"2012-10-17\",\"Statement\":[{\"Sid\":\"EKSClusterAssumeRole\",\"Effect\":\"Allow\",\"Action\":[\"sts:TagSession\",\"sts:AssumeRole\"],\"Principal\":{\"Service\":\"eks.amazonaws.com\"}}]}",
            "override_json": null,
            "override_policy_documents": null,
            "policy_id": null,
            "source_json": null,
            "source_policy_documents": null,
            "statement": [
              {
                "actions": [
                  "sts:AssumeRole",
                  "sts:TagSession"
                ],
                "condition": [],
                "effect": "Allow",
                "not_actions": [],
                "not_principals": [],
                "not_resources": [],
                "principals": [
                  {
                    "identifiers": [
                      "eks.amazonaws.com"
                    ],
                    "type": "Service"
                  }
                ],
                "resources": [],
                "sid": "EKSClusterAssumeRole"
              }
            ],
            "version": "2012-10-17"
          },
          "sensitive_attributes": []
        }
      ]
    },
    {
      "module": "module.eks",
      "mode": "data",
      "type": "aws_iam_policy_document",
      "name": "custom",
      "provider": "provider[\"registry.terraform.io/hashicorp/aws\"]",
      "instances": [
        {
          "index_key": 0,
          "schema_version": 0,
          "attributes": {
            "id": "513122117",
            "json": "{\n  \"Version\": \"2012-10-17\",\n  \"Statement\": [\n    {\n      \"Sid\": \"Compute\",\n      \"Effect\": \"Allow\",\n      \"Action\": [\n        \"ec2:RunInstances\",\n        \"ec2:CreateLaunchTemplate\",\n        \"ec2:CreateFleet\"\n      ],\n      \"Resource\": \"*\",\n      \"Condition\": {\n        \"StringEquals\": {\n          \"aws:RequestTag/eks:eks-cluster-name\": \"${aws:PrincipalTag/eks:eks-cluster-name}\"\n        },\n        \"StringLike\": {\n          \"aws:RequestTag/eks:kubernetes-node-class-name\": \"*\",\n          \"aws:RequestTag/eks:kubernetes-node-pool-name\": \"*\"\n        }\n      }\n    },\n    {\n      \"Sid\": \"Storage\",\n      \"Effect\": \"Allow\",\n      \"Action\": [\n        \"ec2:CreateVolume\",\n        \"ec2:CreateSnapshot\"\n      ],\n      \"Resource\": [\n        \"arn:aws:ec2:*:*:volume/*\",\n        \"arn:aws:ec2:*:*:snapshot/*\"\n      ],\n      \"Condition\": {\n        \"StringEquals\": {\n          \"aws:RequestTag/eks:eks-cluster-name\": \"${aws:PrincipalTag/eks:eks-cluster-name}\"\n        }\n      }\n    },\n    {\n      \"Sid\": \"Networking\",\n      \"Effect\": \"Allow\",\n      \"Action\": \"ec2:CreateNetworkInterface\",\n      \"Resource\": \"*\",\n      \"Condition\": {\n        \"StringEquals\": {\n          \"aws:RequestTag/eks:eks-cluster-name\": \"${aws:PrincipalTag/eks:eks-cluster-name}\",\n          \"aws:RequestTag/eks:kubernetes-cni-node-name\": \"*\"\n        }\n      }\n    },\n    {\n      \"Sid\": \"LoadBalancer\",\n      \"Effect\": \"Allow\",\n      \"Action\": [\n        \"elasticloadbalancing:CreateTargetGroup\",\n        \"elasticloadbalancing:CreateRule\",\n        \"elasticloadbalancing:CreateLoadBalancer\",\n        \"elasticloadbalancing:CreateListener\",\n        \"ec2:CreateSecurityGroup\"\n      ],\n      \"Resource\": \"*\",\n      \"Condition\": {\n        \"StringEquals\": {\n          \"aws:RequestTag/eks:eks-cluster-name\": \"${aws:PrincipalTag/eks:eks-cluster-name}\"\n        }\n      }\n    },\n    {\n      \"Sid\": \"ShieldProtection\",\n      \"Effect\": \"Allow\",\n      \"Action\": \"shield:CreateProtection\",\n      \"Resource\": \"*\",\n      \"Condition\": {\n        \"StringEquals\": {\n          \"aws:RequestTag/eks:eks-cluster-name\": \"${aws:PrincipalTag/eks:eks-cluster-name}\"\n        }\n      }\n    },\n    {\n      \"Sid\": \"ShieldTagResource\",\n      \"Effect\": \"Allow\",\n      \"Action\": \"shield:TagResource\",\n      \"Resource\": \"arn:aws:shield::*:protection/*\",\n      \"Condition\": {\n        \"StringEquals\": {\n          \"aws:RequestTag/eks:eks-cluster-name\": \"${aws:PrincipalTag/eks:eks-cluster-name}\"\n        }\n      }\n    }\n  ]\n}",
            "minified_json": "{\"Version\":\"2012-10-17\",\"Statement\":[{\"Sid\":\"Compute\",\"Effect\":\"Allow\",\"Action\":[\"ec2:RunInstances\",\"ec2:CreateLaunchTemplate\",\"ec2:CreateFleet\"],\"Resource\":\"*\",\"Condition\":{\"StringEquals\":{\"aws:RequestTag/eks:eks-cluster-name\":\"${aws:PrincipalTag/eks:eks-cluster-name}\"},\"StringLike\":{\"aws:RequestTag/eks:kubernetes-node-class-name\":\"*\",\"aws:RequestTag/eks:kubernetes-node-pool-name\":\"*\"}}},{\"Sid\":\"Storage\",\"Effect\":\"Allow\",\"Action\":[\"ec2:CreateVolume\",\"ec2:CreateSnapshot\"],\"Resource\":[\"arn:aws:ec2:*:*:volume/*\",\"arn:aws:ec2:*:*:snapshot/*\"],\"Condition\":{\"StringEquals\":{\"aws:RequestTag/eks:eks-cluster-name\":\"${aws:PrincipalTag/eks:eks-cluster-name}\"}}},{\"Sid\":\"Networking\",\"Effect\":\"Allow\",\"Action\":\"ec2:CreateNetworkInterface\",\"Resource\":\"*\",\"Condition\":{\"StringEquals\":{\"aws:RequestTag/eks:eks-cluster-name\":\"${aws:PrincipalTag/eks:eks-cluster-name}\",\"aws:RequestTag/eks:kubernetes-cni-node-name\":\"*\"}}},{\"Sid\":\"LoadBalancer\",\"Effect\":\"Allow\",\"Action\":[\"elasticloadbalancing:CreateTargetGroup\",\"elasticloadbalancing:CreateRule\",\"elasticloadbalancing:CreateLoadBalancer\",\"elasticloadbalancing:CreateListener\",\"ec2:CreateSecurityGroup\"],\"Resource\":\"*\",\"Condition\":{\"StringEquals\":{\"aws:RequestTag/eks:eks-cluster-name\":\"${aws:PrincipalTag/eks:eks-cluster-name}\"}}},{\"Sid\":\"ShieldProtection\",\"Effect\":\"Allow\",\"Action\":\"shield:CreateProtection\",\"Resource\":\"*\",\"Condition\":{\"StringEquals\":{\"aws:RequestTag/eks:eks-cluster-name\":\"${aws:PrincipalTag/eks:eks-cluster-name}\"}}},{\"Sid\":\"ShieldTagResource\",\"Effect\":\"Allow\",\"Action\":\"shield:TagResource\",\"Resource\":\"arn:aws:shield::*:protection/*\",\"Condition\":{\"StringEquals\":{\"aws:RequestTag/eks:eks-cluster-name\":\"${aws:PrincipalTag/eks:eks-cluster-name}\"}}}]}",
            "override_json": null,
            "override_policy_documents": null,
            "policy_id": null,
            "source_json": null,
            "source_policy_documents": null,
            "statement": [
              {
                "actions": [
                  "ec2:CreateFleet",
                  "ec2:CreateLaunchTemplate",
                  "ec2:RunInstances"
                ],
                "condition": [
                  {
                    "test": "StringEquals",
                    "values": [
                      "${aws:PrincipalTag/eks:eks-cluster-name}"
                    ],
                    "variable": "aws:RequestTag/eks:eks-cluster-name"
                  },
                  {
                    "test": "StringLike",
                    "values": [
                      "*"
                    ],
                    "variable": "aws:RequestTag/eks:kubernetes-node-class-name"
                  },
                  {
                    "test": "StringLike",
                    "values": [
                      "*"
                    ],
                    "variable": "aws:RequestTag/eks:kubernetes-node-pool-name"
                  }
                ],
                "effect": "Allow",
                "not_actions": [],
                "not_principals": [],
                "not_resources": [],
                "principals": [],
                "resources": [
                  "*"
                ],
                "sid": "Compute"
              },
              {
                "actions": [
                  "ec2:CreateSnapshot",
                  "ec2:CreateVolume"
                ],
                "condition": [
                  {
                    "test": "StringEquals",
                    "values": [
                      "${aws:PrincipalTag/eks:eks-cluster-name}"
                    ],
                    "variable": "aws:RequestTag/eks:eks-cluster-name"
                  }
                ],
                "effect": "Allow",
                "not_actions": [],
                "not_principals": [],
                "not_resources": [],
                "principals": [],
                "resources": [
                  "arn:aws:ec2:*:*:snapshot/*",
                  "arn:aws:ec2:*:*:volume/*"
                ],
                "sid": "Storage"
              },
              {
                "actions": [
                  "ec2:CreateNetworkInterface"
                ],
                "condition": [
                  {
                    "test": "StringEquals",
                    "values": [
                      "${aws:PrincipalTag/eks:eks-cluster-name}"
                    ],
                    "variable": "aws:RequestTag/eks:eks-cluster-name"
                  },
                  {
                    "test": "StringEquals",
                    "values": [
                      "*"
                    ],
                    "variable": "aws:RequestTag/eks:kubernetes-cni-node-name"
                  }
                ],
                "effect": "Allow",
                "not_actions": [],
                "not_principals": [],
                "not_resources": [],
                "principals": [],
                "resources": [
                  "*"
                ],
                "sid": "Networking"
              },
              {
                "actions": [
                  "ec2:CreateSecurityGroup",
                  "elasticloadbalancing:CreateListener",
                  "elasticloadbalancing:CreateLoadBalancer",
                  "elasticloadbalancing:CreateRule",
                  "elasticloadbalancing:CreateTargetGroup"
                ],
                "condition": [
                  {
                    "test": "StringEquals",
                    "values": [
                      "${aws:PrincipalTag/eks:eks-cluster-name}"
                    ],
                    "variable": "aws:RequestTag/eks:eks-cluster-name"
                  }
                ],
                "effect": "Allow",
                "not_actions": [],
                "not_principals": [],
                "not_resources": [],
                "principals": [],
                "resources": [
                  "*"
                ],
                "sid": "LoadBalancer"
              },
              {
                "actions": [
                  "shield:CreateProtection"
                ],
                "condition": [
                  {
                    "test": "StringEquals",
                    "values": [
                      "${aws:PrincipalTag/eks:eks-cluster-name}"
                    ],
                    "variable": "aws:RequestTag/eks:eks-cluster-name"
                  }
                ],
                "effect": "Allow",
                "not_actions": [],
                "not_principals": [],
                "not_resources": [],
                "principals": [],
                "resources": [
                  "*"
                ],
                "sid": "ShieldProtection"
              },
              {
                "actions": [
                  "shield:TagResource"
                ],
                "condition": [
                  {
                    "test": "StringEquals",
                    "values": [
                      "${aws:PrincipalTag/eks:eks-cluster-name}"
                    ],
                    "variable": "aws:RequestTag/eks:eks-cluster-name"
                  }
                ],
                "effect": "Allow",
                "not_actions": [],
                "not_principals": [],
                "not_resources": [],
                "principals": [],
                "resources": [
                  "arn:aws:shield::*:protection/*"
                ],
                "sid": "ShieldTagResource"
              }
            ],
            "version": "2012-10-17"
          },
          "sensitive_attributes": []
        }
      ]
    },
    {
      "module": "module.eks",
      "mode": "data",
      "type": "aws_iam_policy_document",
      "name": "node_assume_role_policy",
      "provider": "provider[\"registry.terraform.io/hashicorp/aws\"]",
      "instances": [
        {
          "index_key": 0,
          "schema_version": 0,
          "attributes": {
            "id": "3518401652",
            "json": "{\n  \"Version\": \"2012-10-17\",\n  \"Statement\": [\n    {\n      \"Sid\": \"EKSAutoNodeAssumeRole\",\n      \"Effect\": \"Allow\",\n      \"Action\": [\n        \"sts:TagSession\",\n        \"sts:AssumeRole\"\n      ],\n      \"Principal\": {\n        \"Service\": \"ec2.amazonaws.com\"\n      }\n    }\n  ]\n}",
            "minified_json": "{\"Version\":\"2012-10-17\",\"Statement\":[{\"Sid\":\"EKSAutoNodeAssumeRole\",\"Effect\":\"Allow\",\"Action\":[\"sts:TagSession\",\"sts:AssumeRole\"],\"Principal\":{\"Service\":\"ec2.amazonaws.com\"}}]}",
            "override_json": null,
            "override_policy_documents": null,
            "policy_id": null,
            "source_json": null,
            "source_policy_documents": null,
            "statement": [
              {
                "actions": [
                  "sts:AssumeRole",
                  "sts:TagSession"
                ],
                "condition": [],
                "effect": "Allow",
                "not_actions": [],
                "not_principals": [],
                "not_resources": [],
                "principals": [
                  {
                    "identifiers": [
                      "ec2.amazonaws.com"
                    ],
                    "type": "Service"
                  }
                ],
                "resources": [],
                "sid": "EKSAutoNodeAssumeRole"
              }
            ],
            "version": "2012-10-17"
          },
          "sensitive_attributes": []
        }
      ]
    },
    {
      "module": "module.eks",
      "mode": "data",
      "type": "aws_iam_session_context",
      "name": "current",
      "provider": "provider[\"registry.terraform.io/hashicorp/aws\"]",
      "instances": [
        {
          "index_key": 0,
          "schema_version": 0,
          "attributes": {
            "arn": "arn:aws:sts::975226449092:assumed-role/AWSReservedSSO_PowerUserWithIAMFullAccess_58bf2ba1f2dd6d16/rohit@onebyzero.ai",
            "id": "arn:aws:sts::975226449092:assumed-role/AWSReservedSSO_PowerUserWithIAMFullAccess_58bf2ba1f2dd6d16/rohit@onebyzero.ai",
            "issuer_arn": "arn:aws:iam::975226449092:role/aws-reserved/sso.amazonaws.com/AWSReservedSSO_PowerUserWithIAMFullAccess_58bf2ba1f2dd6d16",
            "issuer_id": "AROA6GEAGVTCK5ZXANT5N",
            "issuer_name": "AWSReservedSSO_PowerUserWithIAMFullAccess_58bf2ba1f2dd6d16",
            "session_name": "rohit@onebyzero.ai"
          },
          "sensitive_attributes": []
        }
      ]
    },
    {
      "module": "module.eks",
      "mode": "data",
      "type": "aws_partition",
      "name": "current",
      "provider": "provider[\"registry.terraform.io/hashicorp/aws\"]",
      "instances": [
        {
          "index_key": 0,
          "schema_version": 0,
          "attributes": {
            "dns_suffix": "amazonaws.com",
            "id": "aws",
            "partition": "aws",
            "reverse_dns_prefix": "com.amazonaws"
          },
          "sensitive_attributes": []
        }
      ]
    },
    {
      "module": "module.eks",
      "mode": "data",
      "type": "tls_certificate",
      "name": "this",
      "provider": "provider[\"registry.terraform.io/hashicorp/tls\"]",
      "instances": [
        {
          "index_key": 0,
          "schema_version": 0,
          "attributes": {
            "certificates": [
              {
                "cert_pem": "-----BEGIN CERTIFICATE-----\nMIIEdTCCA12gAwIBAgIJAKcOSkw0grd/MA0GCSqGSIb3DQEBCwUAMGgxCzAJBgNV\nBAYTAlVTMSUwIwYDVQQKExxTdGFyZmllbGQgVGVjaG5vbG9naWVzLCBJbmMuMTIw\nMAYDVQQLEylTdGFyZmllbGQgQ2xhc3MgMiBDZXJ0aWZpY2F0aW9uIEF1dGhvcml0\neTAeFw0wOTA5MDIwMDAwMDBaFw0zNDA2MjgxNzM5MTZaMIGYMQswCQYDVQQGEwJV\nUzEQMA4GA1UECBMHQXJpem9uYTETMBEGA1UEBxMKU2NvdHRzZGFsZTElMCMGA1UE\nChMcU3RhcmZpZWxkIFRlY2hub2xvZ2llcywgSW5jLjE7MDkGA1UEAxMyU3RhcmZp\nZWxkIFNlcnZpY2VzIFJvb3QgQ2VydGlmaWNhdGUgQXV0aG9yaXR5IC0gRzIwggEi\nMA0GCSqGSIb3DQEBAQUAA4IBDwAwggEKAoIBAQDVDDrEKvlO4vW+GZdfjohTsR8/\ny8+fIBNtKTrID30892t2OGPZNmCom15cAICyL1l/9of5JUOG52kbUpqQ4XHj2C0N\nTm/2yEnZtvMaVq4rtnQU68/7JuMauh2WLmo7WJSJR1b/JaCTcFOD2oR0FMNnngRo\nOt+OQFodSk7PQ5E751bWAHDLUu57fa4657wx+UX2wmDPE1kCK4DMNEffud6QZW0C\nzyyRpqbn3oUYSXxmTqM6bam17jQuug0DuDPfR+uxa40l2ZvOgdFFRjKWcIfeAg5J\nQ4W2bHO7ZOphQazJ1FTfhy/HIrImzJ9ZVGif/L4qL8RVHHVAYBeFAlU5i38FAgMB\nAAGjgfAwge0wDwYDVR0TAQH/BAUwAwEB/zAOBgNVHQ8BAf8EBAMCAYYwHQYDVR0O\nBBYEFJxfAN+qAdcwKziIorhtSpzyEZGDMB8GA1UdIwQYMBaAFL9ft9HO3R+G9FtV\nrNzXEMIOqYjnME8GCCsGAQUFBwEBBEMwQTAcBggrBgEFBQcwAYYQaHR0cDovL28u\nc3MyLnVzLzAhBggrBgEFBQcwAoYVaHR0cDovL3guc3MyLnVzL3guY2VyMCYGA1Ud\nHwQfMB0wG6AZoBeGFWh0dHA6Ly9zLnNzMi51cy9yLmNybDARBgNVHSAECjAIMAYG\nBFUdIAAwDQYJKoZIhvcNAQELBQADggEBACMd44pXyn3pF3lM8R5V/cxTbj5HD9/G\nVfKyBDbtgB9TxF00KGu+x1X8Z+rLP3+QsjPNG1gQggL4+C/1E2DUBc7xgQjB3ad1\nl08YuW3e95ORCLp+QCztweq7dp4zBncdDQh/U90bZKuCJ/Fp1U1ervShw3WnWEQt\n8jxwmKy6abaVd38PMV4s/KCHOkdp8Hlf9BRUpJVeEXgSYCfOn8J3/yNTd126/+pZ\n59vPr5KW7ySaNRB6nJHGDn2Z9j8Z3/VyVOEVqQdZe4O/Ui5GjLIAZHYcSNPYeehu\nVsyuLAOQ1xk4meTKCRlb/weWsKh/NEnfVqn3sF/tM+2MR7cwA130A4w=\n-----END CERTIFICATE-----\n",
                "is_ca": true,
                "issuer": "OU=Starfield Class 2 Certification Authority,O=Starfield Technologies\\, Inc.,C=US",
                "not_after": "2034-06-28T17:39:16Z",
                "not_before": "2009-09-02T00:00:00Z",
                "public_key_algorithm": "RSA",
                "serial_number": "12037640545166866303",
                "sha1_fingerprint": "9e99a48a9960b14926bb7f3b02e22da2b0ab7280",
                "signature_algorithm": "SHA256-RSA",
                "subject": "CN=Starfield Services Root Certificate Authority - G2,O=Starfield Technologies\\, Inc.,L=Scottsdale,ST=Arizona,C=US",
                "version": 3
              },
              {
                "cert_pem": "-----BEGIN CERTIFICATE-----\nMIIEkjCCA3qgAwIBAgITBn+USionzfP6wq4rAfkI7rnExjANBgkqhkiG9w0BAQsF\nADCBmDELMAkGA1UEBhMCVVMxEDAOBgNVBAgTB0FyaXpvbmExEzARBgNVBAcTClNj\nb3R0c2RhbGUxJTAjBgNVBAoTHFN0YXJmaWVsZCBUZWNobm9sb2dpZXMsIEluYy4x\nOzA5BgNVBAMTMlN0YXJmaWVsZCBTZXJ2aWNlcyBSb290IENlcnRpZmljYXRlIEF1\ndGhvcml0eSAtIEcyMB4XDTE1MDUyNTEyMDAwMFoXDTM3MTIzMTAxMDAwMFowOTEL\nMAkGA1UEBhMCVVMxDzANBgNVBAoTBkFtYXpvbjEZMBcGA1UEAxMQQW1hem9uIFJv\nb3QgQ0EgMTCCASIwDQYJKoZIhvcNAQEBBQADggEPADCCAQoCggEBALJ4gHHKeNXj\nca9HgFB0fW7Y14h29Jlo91ghYPl0hAEvrAIthtOgQ3pOsqTQNroBvo3bSMgHFzZM\n9O6II8c+6zf1tRn4SWiw3te5djgdYZ6k/oI2peVKVuRF4fn9tBb6dNqcmzU5L/qw\nIFAGbHrQgLKm+a/sRxmPUDgH3KKHOVj4utWp+UhnMJbulHheb4mjUcAwhmahRWa6\nVOujw5H5SNz/0egwLX0tdHA114gk957EWW67c4cX8jJGKLhD+rcdqsq08p8kDi1L\n93FcXmn/6pUCyziKrlA4b9v7LWIbxcceVOF34GfID5yHI9Y/QCB/IIDEgEw+OyQm\njgSubJrIqg0CAwEAAaOCATEwggEtMA8GA1UdEwEB/wQFMAMBAf8wDgYDVR0PAQH/\nBAQDAgGGMB0GA1UdDgQWBBSEGMyFNOy8DJSULghZnMeyEE4KCDAfBgNVHSMEGDAW\ngBScXwDfqgHXMCs4iKK4bUqc8hGRgzB4BggrBgEFBQcBAQRsMGowLgYIKwYBBQUH\nMAGGImh0dHA6Ly9vY3NwLnJvb3RnMi5hbWF6b250cnVzdC5jb20wOAYIKwYBBQUH\nMAKGLGh0dHA6Ly9jcnQucm9vdGcyLmFtYXpvbnRydXN0LmNvbS9yb290ZzIuY2Vy\nMD0GA1UdHwQ2MDQwMqAwoC6GLGh0dHA6Ly9jcmwucm9vdGcyLmFtYXpvbnRydXN0\nLmNvbS9yb290ZzIuY3JsMBEGA1UdIAQKMAgwBgYEVR0gADANBgkqhkiG9w0BAQsF\nAAOCAQEAYjdCXLwQtT6LLOkMm2xF4gcAevnFWAu5CIw+7bMlPLVvUOTNNWqnkzSW\nMiGpSESrnO09tKpzbeR/FoCJbM8oAxiDR3mjEH4wW6w7sGDgd9QIpuEdfF7Au/ma\neyKdpwAJfqxGF4PcnCZXmTA5YpaP7dreqsXMGz7KQ2hsVxa81Q4gLv7/wmpdLqBK\nbRRYh5TmOTFffHPLkIhqhBGWJ6bt2YFGpn6jcgAKUj6DiAdjd4lpFw85hdKrCEVN\n0FE6/V1dN2RMfjCyVSRCnTawXZwXgWHxyvkQAiSr6w10kY17RSlQOYiypok1JR4U\nakcjMS9cmvqtmg5iUaQqqcT5NJ0hGA==\n-----END CERTIFICATE-----\n",
                "is_ca": true,
                "issuer": "CN=Starfield Services Root Certificate Authority - G2,O=Starfield Technologies\\, Inc.,L=Scottsdale,ST=Arizona,C=US",
                "not_after": "2037-12-31T01:00:00Z",
                "not_before": "2015-05-25T12:00:00Z",
                "public_key_algorithm": "RSA",
                "serial_number": "144918191876577076464031512351042010504348870",
                "sha1_fingerprint": "06b25927c42a721631c1efd9431e648fa62e1e39",
                "signature_algorithm": "SHA256-RSA",
                "subject": "CN=Amazon Root CA 1,O=Amazon,C=US",
                "version": 3
              },
              {
                "cert_pem": "-----BEGIN CERTIFICATE-----\nMIIEXjCCA0agAwIBAgITB3MSTNQG0mfAmRzdKZqfODF5hTANBgkqhkiG9w0BAQsF\nADA5MQswCQYDVQQGEwJVUzEPMA0GA1UEChMGQW1hem9uMRkwFwYDVQQDExBBbWF6\nb24gUm9vdCBDQSAxMB4XDTIyMDgyMzIyMjYwNFoXDTMwMDgyMzIyMjYwNFowPDEL\nMAkGA1UEBhMCVVMxDzANBgNVBAoTBkFtYXpvbjEcMBoGA1UEAxMTQW1hem9uIFJT\nQSAyMDQ4IE0wMzCCASIwDQYJKoZIhvcNAQEBBQADggEPADCCAQoCggEBALd/pVko\n8vuM475Tf45HV3BbCl/B9Jy89G1CRkFjcPY06WA9lS+7dWbUA7GtWUKoksr69hKM\nwcMsNpxlw7b3jeXFgxB09/nmalcAWtnLzF+LaDKEA5DQmvKzuh1nfIfqEiKCQSmX\nXh09Xs+dO7cm5qbaL2hhNJCSAejciwcvOFgFNgEMR42wm6KIFHsQW28jhA+1u/M0\np6fVwReuEgZfLfdx82Px0LJck3lST3EB/JfbdsdOzzzg5YkY1dfuqf8y5fUeZ7Cz\nWXbTjujwX/TovmeWKA36VLCz75azW6tDNuDn66FOpADZZ9omVaF6BqNJiLMVl6P3\n/c0OiUMC6Z5OfKcCAwEAAaOCAVowggFWMBIGA1UdEwEB/wQIMAYBAf8CAQAwDgYD\nVR0PAQH/BAQDAgGGMB0GA1UdJQQWMBQGCCsGAQUFBwMBBggrBgEFBQcDAjAdBgNV\nHQ4EFgQUVdkYX9IczAHhWLS+q9lVQgHXLgIwHwYDVR0jBBgwFoAUhBjMhTTsvAyU\nlC4IWZzHshBOCggwewYIKwYBBQUHAQEEbzBtMC8GCCsGAQUFBzABhiNodHRwOi8v\nb2NzcC5yb290Y2ExLmFtYXpvbnRydXN0LmNvbTA6BggrBgEFBQcwAoYuaHR0cDov\nL2NydC5yb290Y2ExLmFtYXpvbnRydXN0LmNvbS9yb290Y2ExLmNlcjA/BgNVHR8E\nODA2MDSgMqAwhi5odHRwOi8vY3JsLnJvb3RjYTEuYW1hem9udHJ1c3QuY29tL3Jv\nb3RjYTEuY3JsMBMGA1UdIAQMMAowCAYGZ4EMAQIBMA0GCSqGSIb3DQEBCwUAA4IB\nAQAGjeWm2cC+3z2MzSCnte46/7JZvj3iQZDY7EvODNdZF41n71Lrk9kbfNwerK0d\nVNzW36Wefr7j7ZSwBVg50W5ay65jNSN74TTQV1yt4WnSbVvN6KlMs1hiyOZdoHKs\nKDV2UGNxbdoBYCQNa2GYF8FQIWLugNp35aSOpMy6cFlymFQomIrnOQHwK1nvVY4q\nxDSJMU/gNJz17D8ArPN3ngnyZ2TwepJ0uBINz3G5te2rdFUF4i4Y3Bb7FUlHDYm4\nu8aIRGpk2ZpfXmxaoxnbIBZRvGLPSUuPwnwoUOMsJ8jirI5vs2dvchPb7MtI1rle\ni02f2ivH2vxkjDLltSpe2fiC\n-----END CERTIFICATE-----\n",
                "is_ca": true,
                "issuer": "CN=Amazon Root CA 1,O=Amazon,C=US",
                "not_after": "2030-08-23T22:26:04Z",
                "not_before": "2022-08-23T22:26:04Z",
                "public_key_algorithm": "RSA",
                "serial_number": "166129356476704345391986644047206454194698629",
                "sha1_fingerprint": "d9fe0a65fa00cabf61f5120d373a8135e1461f15",
                "signature_algorithm": "SHA256-RSA",
                "subject": "CN=Amazon RSA 2048 M03,O=Amazon,C=US",
                "version": 3
              },
              {
                "cert_pem": "-----BEGIN CERTIFICATE-----\nMIIF5zCCBM+gAwIBAgIQB8/B5LYdWaaSLNb9DZLprTANBgkqhkiG9w0BAQsFADA8\nMQswCQYDVQQGEwJVUzEPMA0GA1UEChMGQW1hem9uMRwwGgYDVQQDExNBbWF6b24g\nUlNBIDIwNDggTTAzMB4XDTI1MDIyNjAwMDAwMFoXDTI2MDMyNzIzNTk1OVowKDEm\nMCQGA1UEAwwdKi5la3MudXMtZWFzdC0xLmFtYXpvbmF3cy5jb20wggEiMA0GCSqG\nSIb3DQEBAQUAA4IBDwAwggEKAoIBAQCoHWcgrIv/D6CxSXSxAq0GuOPoCJqnVz6U\nMhp1YLE9OZs3jH8EfYlNpGtqOtLa1vZb8Lp4CZdATHTj1SoK01MwmXXIDm2Jj+Km\niQvZ0BBe5xroDWvf3r/LWG/WMkRtR4F+qPb9pVYlM9N3WZdSAKfTQTowGxebugLc\nM/+ZLvAxxdtaXK+LID6JRKRa2BIRHcfILiNJo7vIS/I+DOqXn9Rb0VFnkpYpGE+k\nm47kVkFFsToior7zlAwPv6VWsm+zZV9zNnCpu9FpJ3vkZE9OGHS6aChtSya2Qpyr\njyF98KIFTQ+FKtDZHf9XLHmV5v/IP2bWk7lzmPYW4PwcPhDUmC9PAgMBAAGjggL3\nMIIC8zAfBgNVHSMEGDAWgBRV2Rhf0hzMAeFYtL6r2VVCAdcuAjAdBgNVHQ4EFgQU\n6mCbzMC1FaJuw7tKpv7muQZDZrowKAYDVR0RBCEwH4IdKi5la3MudXMtZWFzdC0x\nLmFtYXpvbmF3cy5jb20wEwYDVR0gBAwwCjAIBgZngQwBAgEwDgYDVR0PAQH/BAQD\nAgWgMB0GA1UdJQQWMBQGCCsGAQUFBwMBBggrBgEFBQcDAjA7BgNVHR8ENDAyMDCg\nLqAshipodHRwOi8vY3JsLnIybTAzLmFtYXpvbnRydXN0LmNvbS9yMm0wMy5jcmww\ndQYIKwYBBQUHAQEEaTBnMC0GCCsGAQUFBzABhiFodHRwOi8vb2NzcC5yMm0wMy5h\nbWF6b250cnVzdC5jb20wNgYIKwYBBQUHMAKGKmh0dHA6Ly9jcnQucjJtMDMuYW1h\nem9udHJ1c3QuY29tL3IybTAzLmNlcjAMBgNVHRMBAf8EAjAAMIIBfwYKKwYBBAHW\neQIEAgSCAW8EggFrAWkAdgAOV5S8866pPjMbLJkHs/eQ35vCPXEyJd0hqSWsYcVO\nIQAAAZVBW4SGAAAEAwBHMEUCIQC+CghIdRNpEnK+JGxaeHOel/pYJSUsog1eklre\nLGmoTwIgAj1vm4d6u/93S7GVfw7qotajiMfgHeEf7lANQf0mxf4AdgBkEcRspBLs\np4kcogIuALyrTygH1B41J6vq/tUDyX3N8AAAAZVBW4Q1AAAEAwBHMEUCIAYyeDIv\nJD1IhUkb1E59cbCwTcAYChrSArEZOOAib3dJAiEAix8XjjqXhMNuji/u2fzLxeZ7\nc5PCtDHWx3Ky7QYBfCUAdwBJnJtp3h187Pw23s2HZKa4W68Kh4AZ0VVS++nrKd34\nwwAAAZVBW4RMAAAEAwBIMEYCIQCsj67XcK6jtETNJEPTYPaFqJOMlNtM0TeJwGhm\nBc81sQIhAJoirhaQzC4ydAzLvjpVqKYyuqLktiHkTqFq8IGxBAkIMA0GCSqGSIb3\nDQEBCwUAA4IBAQAjjE2au5fdV/DrlD3e5zZ5hTB4CicIARTWvJQ6EsQm/vbXPoUY\nSHRZkOodq0AJWEC/RImGu8bnVY8RzGsELkMzI4A8UxdlH2YGP8obg6MfP6yGZaHM\nnS4wLX05EnmrABaoRB/apt7tE4w+yRa7QoxUgiTPpFzaQVv1mTcGaWMG55U8tPg7\nLXm539O4OBukbP8HNvjBZ8+N0RYrtG0u0M4FMX1hMKG0bkjJiU6MVZfGJWcgp7I4\nbd5cj5SfE1EHL70P7ELaocXjnWKbys9Mc870aoRXVfAC4bZWU6F9Ke3O7ioXXd5L\n0mKQwrjkiglpYaXc247Qi8IUCdk6s13xHJ4e\n-----END CERTIFICATE-----\n",
                "is_ca": false,
                "issuer": "CN=Amazon RSA 2048 M03,O=Amazon,C=US",
                "not_after": "2026-03-27T23:59:59Z",
                "not_before": "2025-02-26T00:00:00Z",
                "public_key_algorithm": "RSA",
                "serial_number": "10383334045647432453656403708671617453",
                "sha1_fingerprint": "63462dda480d8b900e0a7dbfaf6238a62ba4fce0",
                "signature_algorithm": "SHA256-RSA",
                "subject": "CN=*.eks.us-east-1.amazonaws.com",
                "version": 3
              }
            ],
            "content": null,
            "id": "922877a0975ad078a65b8ff11ebc47b8311945c7",
            "url": "https://oidc.eks.us-east-1.amazonaws.com/id/99E02973D92F3B0EEAAE3808184B9830",
            "verify_chain": true
          },
          "sensitive_attributes": []
        }
      ]
    },
    {
      "module": "module.eks",
      "mode": "managed",
      "type": "aws_cloudwatch_log_group",
      "name": "this",
      "provider": "provider[\"registry.terraform.io/hashicorp/aws\"]",
      "instances": [
        {
          "index_key": 0,
          "schema_version": 0,
          "attributes": {
            "arn": "arn:aws:logs:us-east-1:975226449092:log-group:/aws/eks/voice-kuberay-cluster/cluster",
            "id": "/aws/eks/voice-kuberay-cluster/cluster",
            "kms_key_id": "",
            "log_group_class": "STANDARD",
            "name": "/aws/eks/voice-kuberay-cluster/cluster",
            "name_prefix": "",
            "retention_in_days": 90,
            "skip_destroy": false,
            "tags": {
              "Name": "/aws/eks/voice-kuberay-cluster/cluster"
            },
            "tags_all": {
              "Name": "/aws/eks/voice-kuberay-cluster/cluster"
            }
          },
          "sensitive_attributes": [],
          "private": "bnVsbA=="
        }
      ]
    },
    {
      "module": "module.eks",
      "mode": "managed",
      "type": "aws_eks_access_entry",
      "name": "this",
      "provider": "provider[\"registry.terraform.io/hashicorp/aws\"]",
      "instances": [
        {
          "index_key": "cluster_creator",
          "schema_version": 0,
          "attributes": {
            "access_entry_arn": "arn:aws:eks:us-east-1:975226449092:access-entry/voice-kuberay-cluster/role/975226449092/AWSReservedSSO_PowerUserWithIAMFullAccess_58bf2ba1f2dd6d16/e0cad9fd-c6d5-2214-5f1a-d432f7fd4aac",
            "cluster_name": "voice-kuberay-cluster",
            "created_at": "2025-03-20T14:36:02Z",
            "id": "voice-kuberay-cluster:arn:aws:iam::975226449092:role/aws-reserved/sso.amazonaws.com/AWSReservedSSO_PowerUserWithIAMFullAccess_58bf2ba1f2dd6d16",
            "kubernetes_groups": [],
            "modified_at": "2025-03-20T14:36:02Z",
            "principal_arn": "arn:aws:iam::975226449092:role/aws-reserved/sso.amazonaws.com/AWSReservedSSO_PowerUserWithIAMFullAccess_58bf2ba1f2dd6d16",
            "tags": null,
            "tags_all": {},
            "timeouts": null,
            "type": "STANDARD",
            "user_name": "arn:aws:sts::975226449092:assumed-role/AWSReservedSSO_PowerUserWithIAMFullAccess_58bf2ba1f2dd6d16/{{SessionName}}"
          },
          "sensitive_attributes": [],
          "private": "eyJlMmJmYjczMC1lY2FhLTExZTYtOGY4OC0zNDM2M2JjN2M0YzAiOnsiY3JlYXRlIjo2MDAwMDAwMDAwMDAsImRlbGV0ZSI6NjAwMDAwMDAwMDAwfX0=",
          "dependencies": [
            "data.aws_availability_zones.available",
            "module.eks.aws_cloudwatch_log_group.this",
            "module.eks.aws_eks_cluster.this",
            "module.eks.aws_iam_policy.cni_ipv6_policy",
            "module.eks.aws_iam_role.eks_auto",
            "module.eks.aws_iam_role.this",
            "module.eks.aws_iam_role_policy_attachment.this",
            "module.eks.aws_security_group.cluster",
            "module.eks.aws_security_group.node",
            "module.eks.aws_security_group_rule.cluster",
            "module.eks.aws_security_group_rule.node",
            "module.eks.data.aws_caller_identity.current",
            "module.eks.data.aws_iam_policy_document.assume_role_policy",
            "module.eks.data.aws_iam_policy_document.cni_ipv6_policy",
            "module.eks.data.aws_iam_policy_document.node_assume_role_policy",
            "module.eks.data.aws_iam_session_context.current",
            "module.eks.data.aws_partition.current",
            "module.eks.module.kms.aws_kms_external_key.this",
            "module.eks.module.kms.aws_kms_key.this",
            "module.eks.module.kms.aws_kms_replica_external_key.this",
            "module.eks.module.kms.aws_kms_replica_key.this",
            "module.eks.module.kms.data.aws_caller_identity.current",
            "module.eks.module.kms.data.aws_iam_policy_document.this",
            "module.eks.module.kms.data.aws_partition.current",
            "module.vpc.aws_subnet.private",
            "module.vpc.aws_vpc.this",
            "module.vpc.aws_vpc_ipv4_cidr_block_association.this"
          ]
        }
      ]
    },
    {
      "module": "module.eks",
      "mode": "managed",
      "type": "aws_eks_access_policy_association",
      "name": "this",
      "provider": "provider[\"registry.terraform.io/hashicorp/aws\"]",
      "instances": [
        {
          "index_key": "cluster_creator_admin",
          "schema_version": 0,
          "attributes": {
            "access_scope": [
              {
                "namespaces": null,
                "type": "cluster"
              }
            ],
            "associated_at": "2025-03-20 14:36:03.581 +0000 UTC",
            "cluster_name": "voice-kuberay-cluster",
            "id": "voice-kuberay-cluster#arn:aws:iam::975226449092:role/aws-reserved/sso.amazonaws.com/AWSReservedSSO_PowerUserWithIAMFullAccess_58bf2ba1f2dd6d16#arn:aws:eks::aws:cluster-access-policy/AmazonEKSClusterAdminPolicy",
            "modified_at": "2025-03-20 14:36:03.581 +0000 UTC",
            "policy_arn": "arn:aws:eks::aws:cluster-access-policy/AmazonEKSClusterAdminPolicy",
            "principal_arn": "arn:aws:iam::975226449092:role/aws-reserved/sso.amazonaws.com/AWSReservedSSO_PowerUserWithIAMFullAccess_58bf2ba1f2dd6d16",
            "timeouts": null
          },
          "sensitive_attributes": [],
          "private": "eyJlMmJmYjczMC1lY2FhLTExZTYtOGY4OC0zNDM2M2JjN2M0YzAiOnsiY3JlYXRlIjo2MDAwMDAwMDAwMDAsImRlbGV0ZSI6NjAwMDAwMDAwMDAwfX0=",
          "dependencies": [
            "data.aws_availability_zones.available",
            "module.eks.aws_cloudwatch_log_group.this",
            "module.eks.aws_eks_access_entry.this",
            "module.eks.aws_eks_cluster.this",
            "module.eks.aws_iam_policy.cni_ipv6_policy",
            "module.eks.aws_iam_role.eks_auto",
            "module.eks.aws_iam_role.this",
            "module.eks.aws_iam_role_policy_attachment.this",
            "module.eks.aws_security_group.cluster",
            "module.eks.aws_security_group.node",
            "module.eks.aws_security_group_rule.cluster",
            "module.eks.aws_security_group_rule.node",
            "module.eks.data.aws_caller_identity.current",
            "module.eks.data.aws_iam_policy_document.assume_role_policy",
            "module.eks.data.aws_iam_policy_document.cni_ipv6_policy",
            "module.eks.data.aws_iam_policy_document.node_assume_role_policy",
            "module.eks.data.aws_iam_session_context.current",
            "module.eks.data.aws_partition.current",
            "module.eks.module.kms.aws_kms_external_key.this",
            "module.eks.module.kms.aws_kms_key.this",
            "module.eks.module.kms.aws_kms_replica_external_key.this",
            "module.eks.module.kms.aws_kms_replica_key.this",
            "module.eks.module.kms.data.aws_caller_identity.current",
            "module.eks.module.kms.data.aws_iam_policy_document.this",
            "module.eks.module.kms.data.aws_partition.current",
            "module.vpc.aws_subnet.private",
            "module.vpc.aws_vpc.this",
            "module.vpc.aws_vpc_ipv4_cidr_block_association.this"
          ]
        }
      ]
    },
    {
      "module": "module.eks",
      "mode": "managed",
      "type": "aws_eks_cluster",
      "name": "this",
      "provider": "provider[\"registry.terraform.io/hashicorp/aws\"]",
      "instances": [
        {
          "index_key": 0,
          "schema_version": 1,
          "attributes": {
            "access_config": [
              {
                "authentication_mode": "API_AND_CONFIG_MAP",
                "bootstrap_cluster_creator_admin_permissions": false
              }
            ],
            "arn": "arn:aws:eks:us-east-1:975226449092:cluster/voice-kuberay-cluster",
            "bootstrap_self_managed_addons": false,
            "certificate_authority": [
              {
                "data": "LS0tLS1CRUdJTiBDRVJUSUZJQ0FURS0tLS0tCk1JSURCVENDQWUyZ0F3SUJBZ0lJV1l6UFlWVXdpNUV3RFFZSktvWklodmNOQVFFTEJRQXdGVEVUTUJFR0ExVUUKQXhNS2EzVmlaWEp1WlhSbGN6QWVGdzB5TlRBek1qQXhOREl6TlRoYUZ3MHpOVEF6TVRneE5ESTROVGhhTUJVeApFekFSQmdOVkJBTVRDbXQxWW1WeWJtVjBaWE13Z2dFaU1BMEdDU3FHU0liM0RRRUJBUVVBQTRJQkR3QXdnZ0VLCkFvSUJBUUMvanhodDBCcVd6emhhRTJRL3NVaXpDNTlUb0gvUDRIWnltUVNWaUxFM2pIc2h0VnRhbUdOUnNKVksKT1ZraEIwMU40ODZMT3JiQldZalRjT0p1eFFFekdkQ2t6MCswdjNXT1lmVnk4UFQyVERwZVVtQUw4Qkhkb1VqVApUWUFzbC9KeHJNUW9Bb2VnRUtWTUlpcUNLUExiUUcwWFVvWUFZaG9wM0VOYlZPQjIvZWFiTTRTMzBqM2oydjBICmkxSHFpQ2NLRnF0VnhoMDRabll1SHRLWUpQVUNOV3RaRU5McnJWdnY3WXNHWW52N2wwV0ZYWjBPbHcxVWsydDEKbE1rU0krcXJMYWIrRXdMV3BOYXMxR1c2L29pVjJlRXhrK281WmxFa1NwV3BDOVBZRUtnTHJ4Ui9ZQk94Nnl5bwpPY3YzaWVWWk1KemZrdXk0Y2hsUW12SGFwYzZ2QWdNQkFBR2pXVEJYTUE0R0ExVWREd0VCL3dRRUF3SUNwREFQCkJnTlZIUk1CQWY4RUJUQURBUUgvTUIwR0ExVWREZ1FXQkJSd0xYZkpWNWE0Rlc4bUZwbVNYRy9HZ1pXNkNqQVYKQmdOVkhSRUVEakFNZ2dwcmRXSmxjbTVsZEdWek1BMEdDU3FHU0liM0RRRUJDd1VBQTRJQkFRQjh0MThuVVBuTgpYZHQweEI0QzJCbWxHT0I4NmRaTkNPQWZlTEwyRkQySzhPbFBaa0djTmZMK1UyaThkSjh3c3VCTU56ZFJhUVNpCjk2eGRSRTVabVJtWG5LSERqVGVhMUc3UHFDUS9tQ25nQnBJbWNzaWdwZUoyS0VlMlBZZVlIVVJnKzFPeDJCMkUKaEhkR3pOSmp5VThaYkgwRWxMWHlyTXdOczNyb3ZEQmxQNVU3d1NaVkl0aEhhT0xIU1BCSVJibitLZWRPUnQyTgowazREa1VITkR0TldZM1lrVkM0azRRZ3FYZURLZVFJRkZNZnVod1N5d21pM095aHJ2eG1SYy9BY3A5eFJxZHY3ClJlN2hNRHp1Q0lrcHJnM3JJTVVabFd3Vkh6NkdJMWhURWdISURtbDFMUjhkM01EbFhHY0V2cEZPODNsUExHMzYKNm5aTTd3M1huM2hlCi0tLS0tRU5EIENFUlRJRklDQVRFLS0tLS0K"
              }
            ],
            "cluster_id": null,
            "compute_config": [
              {
                "enabled": true,
                "node_pools": [
                  "general-purpose",
                  "system"
                ],
                "node_role_arn": "arn:aws:iam::975226449092:role/voice-kuberay-cluster-eks-auto-20250320142247604500000003"
              }
            ],
            "created_at": "2025-03-20T14:23:26Z",
            "enabled_cluster_log_types": [
              "api",
              "audit",
              "authenticator"
            ],
            "encryption_config": [
              {
                "provider": [
                  {
                    "key_arn": "arn:aws:kms:us-east-1:975226449092:key/c1772a62-cf32-4843-a101-7fc347dbba6b"
                  }
                ],
                "resources": [
                  "secrets"
                ]
              }
            ],
            "endpoint": "https://99E02973D92F3B0EEAAE3808184B9830.gr7.us-east-1.eks.amazonaws.com",
            "id": "voice-kuberay-cluster",
            "identity": [
              {
                "oidc": [
                  {
                    "issuer": "https://oidc.eks.us-east-1.amazonaws.com/id/99E02973D92F3B0EEAAE3808184B9830"
                  }
                ]
              }
            ],
            "kubernetes_network_config": [
              {
                "elastic_load_balancing": [
                  {
                    "enabled": true
                  }
                ],
                "ip_family": "ipv4",
                "service_ipv4_cidr": "172.20.0.0/16",
                "service_ipv6_cidr": ""
              }
            ],
            "name": "voice-kuberay-cluster",
            "outpost_config": [],
            "platform_version": "eks.29",
            "remote_network_config": [],
            "role_arn": "arn:aws:iam::975226449092:role/voice-kuberay-cluster-cluster-20250320142247604100000001",
            "status": "ACTIVE",
            "storage_config": [
              {
                "block_storage": [
                  {
                    "enabled": true
                  }
                ]
              }
            ],
            "tags": {
              "terraform-aws-modules": "eks"
            },
            "tags_all": {
              "terraform-aws-modules": "eks"
            },
            "timeouts": {
              "create": null,
              "delete": null,
              "update": null
            },
            "upgrade_policy": [
              {
                "support_type": "EXTENDED"
              }
            ],
            "version": "1.30",
            "vpc_config": [
              {
                "cluster_security_group_id": "sg-01cece07593a6dfdc",
                "endpoint_private_access": true,
                "endpoint_public_access": true,
                "public_access_cidrs": [
                  "0.0.0.0/0"
                ],
                "security_group_ids": [
                  "sg-0c645dc023852e4ef"
                ],
                "subnet_ids": [
                  "subnet-034071dd35aae2a6a",
                  "subnet-0474e8a1b56d39f4a",
                  "subnet-0474ee32bc20b58e5",
                  "subnet-06bbf12bf06bbfbbc",
                  "subnet-0a8a4998e4d71e98e",
                  "subnet-0fdcd23fc790a05f1"
                ],
                "vpc_id": "vpc-0eae727a14fd4f9b0"
              }
            ],
            "zonal_shift_config": []
          },
          "sensitive_attributes": [],
          "private": "eyJlMmJmYjczMC1lY2FhLTExZTYtOGY4OC0zNDM2M2JjN2M0YzAiOnsiY3JlYXRlIjoxODAwMDAwMDAwMDAwLCJkZWxldGUiOjkwMDAwMDAwMDAwMCwidXBkYXRlIjozNjAwMDAwMDAwMDAwfSwic2NoZW1hX3ZlcnNpb24iOiIxIn0=",
          "dependencies": [
            "data.aws_availability_zones.available",
            "module.eks.aws_cloudwatch_log_group.this",
            "module.eks.aws_iam_policy.cni_ipv6_policy",
            "module.eks.aws_iam_role.eks_auto",
            "module.eks.aws_iam_role.this",
            "module.eks.aws_iam_role_policy_attachment.this",
            "module.eks.aws_security_group.cluster",
            "module.eks.aws_security_group.node",
            "module.eks.aws_security_group_rule.cluster",
            "module.eks.aws_security_group_rule.node",
            "module.eks.data.aws_caller_identity.current",
            "module.eks.data.aws_iam_policy_document.assume_role_policy",
            "module.eks.data.aws_iam_policy_document.cni_ipv6_policy",
            "module.eks.data.aws_iam_policy_document.node_assume_role_policy",
            "module.eks.data.aws_iam_session_context.current",
            "module.eks.data.aws_partition.current",
            "module.eks.module.kms.aws_kms_external_key.this",
            "module.eks.module.kms.aws_kms_key.this",
            "module.eks.module.kms.aws_kms_replica_external_key.this",
            "module.eks.module.kms.aws_kms_replica_key.this",
            "module.eks.module.kms.data.aws_caller_identity.current",
            "module.eks.module.kms.data.aws_iam_policy_document.this",
            "module.eks.module.kms.data.aws_partition.current",
            "module.vpc.aws_subnet.private",
            "module.vpc.aws_vpc.this",
            "module.vpc.aws_vpc_ipv4_cidr_block_association.this"
          ]
        }
      ]
    },
    {
      "module": "module.eks",
      "mode": "managed",
      "type": "aws_iam_openid_connect_provider",
      "name": "oidc_provider",
      "provider": "provider[\"registry.terraform.io/hashicorp/aws\"]",
      "instances": [
        {
          "index_key": 0,
          "schema_version": 0,
          "attributes": {
            "arn": "arn:aws:iam::975226449092:oidc-provider/oidc.eks.us-east-1.amazonaws.com/id/99E02973D92F3B0EEAAE3808184B9830",
            "client_id_list": [
              "sts.amazonaws.com"
            ],
            "id": "arn:aws:iam::975226449092:oidc-provider/oidc.eks.us-east-1.amazonaws.com/id/99E02973D92F3B0EEAAE3808184B9830",
            "tags": {
              "Name": "voice-kuberay-cluster-eks-irsa"
            },
            "tags_all": {
              "Name": "voice-kuberay-cluster-eks-irsa"
            },
            "thumbprint_list": [
              "9e99a48a9960b14926bb7f3b02e22da2b0ab7280"
            ],
            "url": "oidc.eks.us-east-1.amazonaws.com/id/99E02973D92F3B0EEAAE3808184B9830"
          },
          "sensitive_attributes": [],
          "private": "bnVsbA==",
          "dependencies": [
            "data.aws_availability_zones.available",
            "module.eks.aws_cloudwatch_log_group.this",
            "module.eks.aws_eks_cluster.this",
            "module.eks.aws_iam_policy.cni_ipv6_policy",
            "module.eks.aws_iam_role.eks_auto",
            "module.eks.aws_iam_role.this",
            "module.eks.aws_iam_role_policy_attachment.this",
            "module.eks.aws_security_group.cluster",
            "module.eks.aws_security_group.node",
            "module.eks.aws_security_group_rule.cluster",
            "module.eks.aws_security_group_rule.node",
            "module.eks.data.aws_caller_identity.current",
            "module.eks.data.aws_iam_policy_document.assume_role_policy",
            "module.eks.data.aws_iam_policy_document.cni_ipv6_policy",
            "module.eks.data.aws_iam_policy_document.node_assume_role_policy",
            "module.eks.data.aws_iam_session_context.current",
            "module.eks.data.aws_partition.current",
            "module.eks.data.tls_certificate.this",
            "module.eks.module.kms.aws_kms_external_key.this",
            "module.eks.module.kms.aws_kms_key.this",
            "module.eks.module.kms.aws_kms_replica_external_key.this",
            "module.eks.module.kms.aws_kms_replica_key.this",
            "module.eks.module.kms.data.aws_caller_identity.current",
            "module.eks.module.kms.data.aws_iam_policy_document.this",
            "module.eks.module.kms.data.aws_partition.current",
            "module.vpc.aws_subnet.private",
            "module.vpc.aws_vpc.this",
            "module.vpc.aws_vpc_ipv4_cidr_block_association.this"
          ]
        }
      ]
    },
    {
      "module": "module.eks",
      "mode": "managed",
      "type": "aws_iam_policy",
      "name": "cluster_encryption",
      "provider": "provider[\"registry.terraform.io/hashicorp/aws\"]",
      "instances": [
        {
          "index_key": 0,
          "schema_version": 0,
          "attributes": {
            "arn": "arn:aws:iam::975226449092:policy/voice-kuberay-cluster-cluster-ClusterEncryption20250320142319847300000011",
            "attachment_count": 0,
            "description": "Cluster encryption policy to allow cluster role to utilize CMK provided",
            "id": "arn:aws:iam::975226449092:policy/voice-kuberay-cluster-cluster-ClusterEncryption20250320142319847300000011",
            "name": "voice-kuberay-cluster-cluster-ClusterEncryption20250320142319847300000011",
            "name_prefix": "voice-kuberay-cluster-cluster-ClusterEncryption",
            "path": "/",
            "policy": "{\"Statement\":[{\"Action\":[\"kms:Encrypt\",\"kms:Decrypt\",\"kms:ListGrants\",\"kms:DescribeKey\"],\"Effect\":\"Allow\",\"Resource\":\"arn:aws:kms:us-east-1:975226449092:key/c1772a62-cf32-4843-a101-7fc347dbba6b\"}],\"Version\":\"2012-10-17\"}",
            "policy_id": "ANPA6GEAGVTCHBZZDL7E4",
            "tags": null,
            "tags_all": {}
          },
          "sensitive_attributes": [],
          "private": "bnVsbA==",
          "dependencies": [
            "module.eks.aws_iam_role.this",
            "module.eks.data.aws_caller_identity.current",
            "module.eks.data.aws_iam_policy_document.assume_role_policy",
            "module.eks.data.aws_iam_session_context.current",
            "module.eks.module.kms.aws_kms_external_key.this",
            "module.eks.module.kms.aws_kms_key.this",
            "module.eks.module.kms.aws_kms_replica_external_key.this",
            "module.eks.module.kms.aws_kms_replica_key.this",
            "module.eks.module.kms.data.aws_caller_identity.current",
            "module.eks.module.kms.data.aws_iam_policy_document.this",
            "module.eks.module.kms.data.aws_partition.current"
          ]
        }
      ]
    },
    {
      "module": "module.eks",
      "mode": "managed",
      "type": "aws_iam_policy",
      "name": "custom",
      "provider": "provider[\"registry.terraform.io/hashicorp/aws\"]",
      "instances": [
        {
          "index_key": 0,
          "schema_version": 0,
          "attributes": {
            "arn": "arn:aws:iam::975226449092:policy/voice-kuberay-cluster-cluster-20250320142247604700000004",
            "attachment_count": 0,
            "description": "",
            "id": "arn:aws:iam::975226449092:policy/voice-kuberay-cluster-cluster-20250320142247604700000004",
            "name": "voice-kuberay-cluster-cluster-20250320142247604700000004",
            "name_prefix": "voice-kuberay-cluster-cluster-",
            "path": "/",
            "policy": "{\"Statement\":[{\"Action\":[\"ec2:RunInstances\",\"ec2:CreateLaunchTemplate\",\"ec2:CreateFleet\"],\"Condition\":{\"StringEquals\":{\"aws:RequestTag/eks:eks-cluster-name\":\"${aws:PrincipalTag/eks:eks-cluster-name}\"},\"StringLike\":{\"aws:RequestTag/eks:kubernetes-node-class-name\":\"*\",\"aws:RequestTag/eks:kubernetes-node-pool-name\":\"*\"}},\"Effect\":\"Allow\",\"Resource\":\"*\",\"Sid\":\"Compute\"},{\"Action\":[\"ec2:CreateVolume\",\"ec2:CreateSnapshot\"],\"Condition\":{\"StringEquals\":{\"aws:RequestTag/eks:eks-cluster-name\":\"${aws:PrincipalTag/eks:eks-cluster-name}\"}},\"Effect\":\"Allow\",\"Resource\":[\"arn:aws:ec2:*:*:volume/*\",\"arn:aws:ec2:*:*:snapshot/*\"],\"Sid\":\"Storage\"},{\"Action\":\"ec2:CreateNetworkInterface\",\"Condition\":{\"StringEquals\":{\"aws:RequestTag/eks:eks-cluster-name\":\"${aws:PrincipalTag/eks:eks-cluster-name}\",\"aws:RequestTag/eks:kubernetes-cni-node-name\":\"*\"}},\"Effect\":\"Allow\",\"Resource\":\"*\",\"Sid\":\"Networking\"},{\"Action\":[\"elasticloadbalancing:CreateTargetGroup\",\"elasticloadbalancing:CreateRule\",\"elasticloadbalancing:CreateLoadBalancer\",\"elasticloadbalancing:CreateListener\",\"ec2:CreateSecurityGroup\"],\"Condition\":{\"StringEquals\":{\"aws:RequestTag/eks:eks-cluster-name\":\"${aws:PrincipalTag/eks:eks-cluster-name}\"}},\"Effect\":\"Allow\",\"Resource\":\"*\",\"Sid\":\"LoadBalancer\"},{\"Action\":\"shield:CreateProtection\",\"Condition\":{\"StringEquals\":{\"aws:RequestTag/eks:eks-cluster-name\":\"${aws:PrincipalTag/eks:eks-cluster-name}\"}},\"Effect\":\"Allow\",\"Resource\":\"*\",\"Sid\":\"ShieldProtection\"},{\"Action\":\"shield:TagResource\",\"Condition\":{\"StringEquals\":{\"aws:RequestTag/eks:eks-cluster-name\":\"${aws:PrincipalTag/eks:eks-cluster-name}\"}},\"Effect\":\"Allow\",\"Resource\":\"arn:aws:shield::*:protection/*\",\"Sid\":\"ShieldTagResource\"}],\"Version\":\"2012-10-17\"}",
            "policy_id": "ANPA6GEAGVTCIZAD7FXFP",
            "tags": null,
            "tags_all": {}
          },
          "sensitive_attributes": [],
          "private": "bnVsbA==",
          "dependencies": [
            "module.eks.data.aws_iam_policy_document.custom",
            "module.eks.data.aws_partition.current"
          ]
        }
      ]
    },
    {
      "module": "module.eks",
      "mode": "managed",
      "type": "aws_iam_role",
      "name": "eks_auto",
      "provider": "provider[\"registry.terraform.io/hashicorp/aws\"]",
      "instances": [
        {
          "index_key": 0,
          "schema_version": 0,
          "attributes": {
            "arn": "arn:aws:iam::975226449092:role/voice-kuberay-cluster-eks-auto-20250320142247604500000003",
            "assume_role_policy": "{\"Statement\":[{\"Action\":[\"sts:TagSession\",\"sts:AssumeRole\"],\"Effect\":\"Allow\",\"Principal\":{\"Service\":\"ec2.amazonaws.com\"},\"Sid\":\"EKSAutoNodeAssumeRole\"}],\"Version\":\"2012-10-17\"}",
            "create_date": "2025-03-20T14:22:48Z",
            "description": "",
            "force_detach_policies": true,
            "id": "voice-kuberay-cluster-eks-auto-20250320142247604500000003",
            "inline_policy": [],
            "managed_policy_arns": [],
            "max_session_duration": 3600,
            "name": "voice-kuberay-cluster-eks-auto-20250320142247604500000003",
            "name_prefix": "voice-kuberay-cluster-eks-auto-",
            "path": "/",
            "permissions_boundary": "",
            "tags": null,
            "tags_all": {},
            "unique_id": "AROA6GEAGVTCBZM6JNVI3"
          },
          "sensitive_attributes": [],
          "private": "bnVsbA==",
          "dependencies": [
            "module.eks.data.aws_iam_policy_document.node_assume_role_policy"
          ]
        }
      ]
    },
    {
      "module": "module.eks",
      "mode": "managed",
      "type": "aws_iam_role",
      "name": "this",
      "provider": "provider[\"registry.terraform.io/hashicorp/aws\"]",
      "instances": [
        {
          "index_key": 0,
          "schema_version": 0,
          "attributes": {
            "arn": "arn:aws:iam::975226449092:role/voice-kuberay-cluster-cluster-20250320142247604100000001",
            "assume_role_policy": "{\"Statement\":[{\"Action\":[\"sts:TagSession\",\"sts:AssumeRole\"],\"Effect\":\"Allow\",\"Principal\":{\"Service\":\"eks.amazonaws.com\"},\"Sid\":\"EKSClusterAssumeRole\"}],\"Version\":\"2012-10-17\"}",
            "create_date": "2025-03-20T14:22:48Z",
            "description": "",
            "force_detach_policies": true,
            "id": "voice-kuberay-cluster-cluster-20250320142247604100000001",
            "inline_policy": [],
            "managed_policy_arns": [],
            "max_session_duration": 3600,
            "name": "voice-kuberay-cluster-cluster-20250320142247604100000001",
            "name_prefix": "voice-kuberay-cluster-cluster-",
            "path": "/",
            "permissions_boundary": "",
            "tags": null,
            "tags_all": {},
            "unique_id": "AROA6GEAGVTCIWFKN6E7O"
          },
          "sensitive_attributes": [],
          "private": "bnVsbA==",
          "dependencies": [
            "module.eks.data.aws_iam_policy_document.assume_role_policy"
          ]
        }
      ]
    },
    {
      "module": "module.eks",
      "mode": "managed",
      "type": "aws_iam_role_policy_attachment",
      "name": "cluster_encryption",
      "provider": "provider[\"registry.terraform.io/hashicorp/aws\"]",
      "instances": [
        {
          "index_key": 0,
          "schema_version": 0,
          "attributes": {
            "id": "voice-kuberay-cluster-cluster-20250320142247604100000001-20250320142321184100000012",
            "policy_arn": "arn:aws:iam::975226449092:policy/voice-kuberay-cluster-cluster-ClusterEncryption20250320142319847300000011",
            "role": "voice-kuberay-cluster-cluster-20250320142247604100000001"
          },
          "sensitive_attributes": [],
          "private": "bnVsbA==",
          "dependencies": [
            "module.eks.aws_iam_policy.cluster_encryption",
            "module.eks.aws_iam_role.this",
            "module.eks.data.aws_caller_identity.current",
            "module.eks.data.aws_iam_policy_document.assume_role_policy",
            "module.eks.data.aws_iam_session_context.current",
            "module.eks.module.kms.aws_kms_external_key.this",
            "module.eks.module.kms.aws_kms_key.this",
            "module.eks.module.kms.aws_kms_replica_external_key.this",
            "module.eks.module.kms.aws_kms_replica_key.this",
            "module.eks.module.kms.data.aws_caller_identity.current",
            "module.eks.module.kms.data.aws_iam_policy_document.this",
            "module.eks.module.kms.data.aws_partition.current"
          ]
        }
      ]
    },
    {
      "module": "module.eks",
      "mode": "managed",
      "type": "aws_iam_role_policy_attachment",
      "name": "custom",
      "provider": "provider[\"registry.terraform.io/hashicorp/aws\"]",
      "instances": [
        {
          "index_key": 0,
          "schema_version": 0,
          "attributes": {
            "id": "voice-kuberay-cluster-cluster-20250320142247604100000001-20250320142250272100000008",
            "policy_arn": "arn:aws:iam::975226449092:policy/voice-kuberay-cluster-cluster-20250320142247604700000004",
            "role": "voice-kuberay-cluster-cluster-20250320142247604100000001"
          },
          "sensitive_attributes": [],
          "private": "bnVsbA==",
          "dependencies": [
            "module.eks.aws_iam_policy.custom",
            "module.eks.aws_iam_role.this",
            "module.eks.data.aws_iam_policy_document.assume_role_policy",
            "module.eks.data.aws_iam_policy_document.custom",
            "module.eks.data.aws_partition.current"
          ]
        }
      ]
    },
    {
      "module": "module.eks",
      "mode": "managed",
      "type": "aws_iam_role_policy_attachment",
      "name": "eks_auto",
      "provider": "provider[\"registry.terraform.io/hashicorp/aws\"]",
      "instances": [
        {
          "index_key": "AmazonEC2ContainerRegistryPullOnly",
          "schema_version": 0,
          "attributes": {
            "id": "voice-kuberay-cluster-eks-auto-20250320142247604500000003-20250320142250114600000007",
            "policy_arn": "arn:aws:iam::aws:policy/AmazonEC2ContainerRegistryPullOnly",
            "role": "voice-kuberay-cluster-eks-auto-20250320142247604500000003"
          },
          "sensitive_attributes": [],
          "private": "bnVsbA==",
          "dependencies": [
            "module.eks.aws_iam_role.eks_auto",
            "module.eks.data.aws_iam_policy_document.node_assume_role_policy",
            "module.eks.data.aws_partition.current"
          ]
        },
        {
          "index_key": "AmazonEKSWorkerNodeMinimalPolicy",
          "schema_version": 0,
          "attributes": {
            "id": "voice-kuberay-cluster-eks-auto-20250320142247604500000003-20250320142250107800000005",
            "policy_arn": "arn:aws:iam::aws:policy/AmazonEKSWorkerNodeMinimalPolicy",
            "role": "voice-kuberay-cluster-eks-auto-20250320142247604500000003"
          },
          "sensitive_attributes": [],
          "private": "bnVsbA==",
          "dependencies": [
            "module.eks.aws_iam_role.eks_auto",
            "module.eks.data.aws_iam_policy_document.node_assume_role_policy",
            "module.eks.data.aws_partition.current"
          ]
        }
      ]
    },
    {
      "module": "module.eks",
      "mode": "managed",
      "type": "aws_iam_role_policy_attachment",
      "name": "this",
      "provider": "provider[\"registry.terraform.io/hashicorp/aws\"]",
      "instances": [
        {
          "index_key": "AmazonEKSBlockStoragePolicy",
          "schema_version": 0,
          "attributes": {
            "id": "voice-kuberay-cluster-cluster-20250320142247604100000001-20250320142250464600000009",
            "policy_arn": "arn:aws:iam::aws:policy/AmazonEKSBlockStoragePolicy",
            "role": "voice-kuberay-cluster-cluster-20250320142247604100000001"
          },
          "sensitive_attributes": [],
          "private": "bnVsbA==",
          "dependencies": [
            "module.eks.aws_iam_role.this",
            "module.eks.data.aws_iam_policy_document.assume_role_policy",
            "module.eks.data.aws_partition.current"
          ]
        },
        {
          "index_key": "AmazonEKSClusterPolicy",
          "schema_version": 0,
          "attributes": {
            "id": "voice-kuberay-cluster-cluster-20250320142247604100000001-2025032014225046460000000b",
            "policy_arn": "arn:aws:iam::aws:policy/AmazonEKSClusterPolicy",
            "role": "voice-kuberay-cluster-cluster-20250320142247604100000001"
          },
          "sensitive_attributes": [],
          "private": "bnVsbA==",
          "dependencies": [
            "module.eks.aws_iam_role.this",
            "module.eks.data.aws_iam_policy_document.assume_role_policy",
            "module.eks.data.aws_partition.current"
          ]
        },
        {
          "index_key": "AmazonEKSComputePolicy",
          "schema_version": 0,
          "attributes": {
            "id": "voice-kuberay-cluster-cluster-20250320142247604100000001-2025032014225046480000000a",
            "policy_arn": "arn:aws:iam::aws:policy/AmazonEKSComputePolicy",
            "role": "voice-kuberay-cluster-cluster-20250320142247604100000001"
          },
          "sensitive_attributes": [],
          "private": "bnVsbA==",
          "dependencies": [
            "module.eks.aws_iam_role.this",
            "module.eks.data.aws_iam_policy_document.assume_role_policy",
            "module.eks.data.aws_partition.current"
          ]
        },
        {
          "index_key": "AmazonEKSLoadBalancingPolicy",
          "schema_version": 0,
          "attributes": {
            "id": "voice-kuberay-cluster-cluster-20250320142247604100000001-2025032014225067610000000c",
            "policy_arn": "arn:aws:iam::aws:policy/AmazonEKSLoadBalancingPolicy",
            "role": "voice-kuberay-cluster-cluster-20250320142247604100000001"
          },
          "sensitive_attributes": [],
          "private": "bnVsbA==",
          "dependencies": [
            "module.eks.aws_iam_role.this",
            "module.eks.data.aws_iam_policy_document.assume_role_policy",
            "module.eks.data.aws_partition.current"
          ]
        },
        {
          "index_key": "AmazonEKSNetworkingPolicy",
          "schema_version": 0,
          "attributes": {
            "id": "voice-kuberay-cluster-cluster-20250320142247604100000001-20250320142250112200000006",
            "policy_arn": "arn:aws:iam::aws:policy/AmazonEKSNetworkingPolicy",
            "role": "voice-kuberay-cluster-cluster-20250320142247604100000001"
          },
          "sensitive_attributes": [],
          "private": "bnVsbA==",
          "dependencies": [
            "module.eks.aws_iam_role.this",
            "module.eks.data.aws_iam_policy_document.assume_role_policy",
            "module.eks.data.aws_partition.current"
          ]
        }
      ]
    },
    {
      "module": "module.eks",
      "mode": "managed",
      "type": "aws_security_group",
      "name": "cluster",
      "provider": "provider[\"registry.terraform.io/hashicorp/aws\"]",
      "instances": [
        {
          "index_key": 0,
          "schema_version": 1,
          "attributes": {
            "arn": "arn:aws:ec2:us-east-1:975226449092:security-group/sg-0c645dc023852e4ef",
            "description": "EKS cluster security group",
            "egress": [],
            "id": "sg-0c645dc023852e4ef",
            "ingress": [],
            "name": "voice-kuberay-cluster-cluster-2025032014230335810000000e",
            "name_prefix": "voice-kuberay-cluster-cluster-",
            "owner_id": "975226449092",
            "revoke_rules_on_delete": false,
            "tags": {
              "Name": "voice-kuberay-cluster-cluster"
            },
            "tags_all": {
              "Name": "voice-kuberay-cluster-cluster"
            },
            "timeouts": null,
            "vpc_id": "vpc-0eae727a14fd4f9b0"
          },
          "sensitive_attributes": [],
          "private": "eyJlMmJmYjczMC1lY2FhLTExZTYtOGY4OC0zNDM2M2JjN2M0YzAiOnsiY3JlYXRlIjo2MDAwMDAwMDAwMDAsImRlbGV0ZSI6OTAwMDAwMDAwMDAwfSwic2NoZW1hX3ZlcnNpb24iOiIxIn0=",
          "dependencies": [
            "module.vpc.aws_vpc.this"
          ],
          "create_before_destroy": true
        }
      ]
    },
    {
      "module": "module.eks",
      "mode": "managed",
      "type": "aws_security_group",
      "name": "node",
      "provider": "provider[\"registry.terraform.io/hashicorp/aws\"]",
      "instances": [
        {
          "index_key": 0,
          "schema_version": 1,
          "attributes": {
            "arn": "arn:aws:ec2:us-east-1:975226449092:security-group/sg-0d062b9e407c6a23c",
            "description": "EKS node shared security group",
            "egress": [],
            "id": "sg-0d062b9e407c6a23c",
            "ingress": [],
            "name": "voice-kuberay-cluster-node-2025032014230335720000000d",
            "name_prefix": "voice-kuberay-cluster-node-",
            "owner_id": "975226449092",
            "revoke_rules_on_delete": false,
            "tags": {
              "Name": "voice-kuberay-cluster-node",
              "kubernetes.io/cluster/voice-kuberay-cluster": "owned"
            },
            "tags_all": {
              "Name": "voice-kuberay-cluster-node",
              "kubernetes.io/cluster/voice-kuberay-cluster": "owned"
            },
            "timeouts": null,
            "vpc_id": "vpc-0eae727a14fd4f9b0"
          },
          "sensitive_attributes": [],
          "private": "eyJlMmJmYjczMC1lY2FhLTExZTYtOGY4OC0zNDM2M2JjN2M0YzAiOnsiY3JlYXRlIjo2MDAwMDAwMDAwMDAsImRlbGV0ZSI6OTAwMDAwMDAwMDAwfSwic2NoZW1hX3ZlcnNpb24iOiIxIn0=",
          "dependencies": [
            "module.vpc.aws_vpc.this"
          ],
          "create_before_destroy": true
        }
      ]
    },
    {
      "module": "module.eks",
      "mode": "managed",
      "type": "aws_security_group_rule",
      "name": "cluster",
      "provider": "provider[\"registry.terraform.io/hashicorp/aws\"]",
      "instances": [
        {
          "index_key": "ingress_nodes_443",
          "schema_version": 2,
          "attributes": {
            "cidr_blocks": null,
            "description": "Node groups to cluster API",
            "from_port": 443,
            "id": "sgrule-887954392",
            "ipv6_cidr_blocks": null,
            "prefix_list_ids": null,
            "protocol": "tcp",
            "security_group_id": "sg-0c645dc023852e4ef",
            "security_group_rule_id": "sgr-0fa0e4fe3cf179cec",
            "self": false,
            "source_security_group_id": "sg-0d062b9e407c6a23c",
            "timeouts": null,
            "to_port": 443,
            "type": "ingress"
          },
          "sensitive_attributes": [],
          "private": "eyJlMmJmYjczMC1lY2FhLTExZTYtOGY4OC0zNDM2M2JjN2M0YzAiOnsiY3JlYXRlIjozMDAwMDAwMDAwMDB9LCJzY2hlbWFfdmVyc2lvbiI6IjIifQ==",
          "dependencies": [
            "module.eks.aws_security_group.cluster",
            "module.eks.aws_security_group.node",
            "module.vpc.aws_vpc.this"
          ]
        }
      ]
    },
    {
      "module": "module.eks",
      "mode": "managed",
      "type": "aws_security_group_rule",
      "name": "node",
      "provider": "provider[\"registry.terraform.io/hashicorp/aws\"]",
      "instances": [
        {
          "index_key": "egress_all",
          "schema_version": 2,
          "attributes": {
            "cidr_blocks": [
              "0.0.0.0/0"
            ],
            "description": "Allow all egress",
            "from_port": 0,
            "id": "sgrule-587353893",
            "ipv6_cidr_blocks": null,
            "prefix_list_ids": [],
            "protocol": "-1",
            "security_group_id": "sg-0d062b9e407c6a23c",
            "security_group_rule_id": "sgr-0f92a4bf8a2c483e3",
            "self": false,
            "source_security_group_id": null,
            "timeouts": null,
            "to_port": 0,
            "type": "egress"
          },
          "sensitive_attributes": [],
          "private": "eyJlMmJmYjczMC1lY2FhLTExZTYtOGY4OC0zNDM2M2JjN2M0YzAiOnsiY3JlYXRlIjozMDAwMDAwMDAwMDB9LCJzY2hlbWFfdmVyc2lvbiI6IjIifQ==",
          "dependencies": [
            "module.eks.aws_security_group.cluster",
            "module.eks.aws_security_group.node",
            "module.vpc.aws_vpc.this"
          ]
        },
        {
          "index_key": "ingress_cluster_443",
          "schema_version": 2,
          "attributes": {
            "cidr_blocks": null,
            "description": "Cluster API to node groups",
            "from_port": 443,
            "id": "sgrule-213994501",
            "ipv6_cidr_blocks": null,
            "prefix_list_ids": [],
            "protocol": "tcp",
            "security_group_id": "sg-0d062b9e407c6a23c",
            "security_group_rule_id": "sgr-0c995ddd1bff795ab",
            "self": false,
            "source_security_group_id": "sg-0c645dc023852e4ef",
            "timeouts": null,
            "to_port": 443,
            "type": "ingress"
          },
          "sensitive_attributes": [],
          "private": "eyJlMmJmYjczMC1lY2FhLTExZTYtOGY4OC0zNDM2M2JjN2M0YzAiOnsiY3JlYXRlIjozMDAwMDAwMDAwMDB9LCJzY2hlbWFfdmVyc2lvbiI6IjIifQ==",
          "dependencies": [
            "module.eks.aws_security_group.cluster",
            "module.eks.aws_security_group.node",
            "module.vpc.aws_vpc.this"
          ]
        },
        {
          "index_key": "ingress_cluster_4443_webhook",
          "schema_version": 2,
          "attributes": {
            "cidr_blocks": null,
            "description": "Cluster API to node 4443/tcp webhook",
            "from_port": 4443,
            "id": "sgrule-3578711128",
            "ipv6_cidr_blocks": null,
            "prefix_list_ids": [],
            "protocol": "tcp",
            "security_group_id": "sg-0d062b9e407c6a23c",
            "security_group_rule_id": "sgr-0657b90566a1e10b5",
            "self": false,
            "source_security_group_id": "sg-0c645dc023852e4ef",
            "timeouts": null,
            "to_port": 4443,
            "type": "ingress"
          },
          "sensitive_attributes": [],
          "private": "eyJlMmJmYjczMC1lY2FhLTExZTYtOGY4OC0zNDM2M2JjN2M0YzAiOnsiY3JlYXRlIjozMDAwMDAwMDAwMDB9LCJzY2hlbWFfdmVyc2lvbiI6IjIifQ==",
          "dependencies": [
            "module.eks.aws_security_group.cluster",
            "module.eks.aws_security_group.node",
            "module.vpc.aws_vpc.this"
          ]
        },
        {
          "index_key": "ingress_cluster_6443_webhook",
          "schema_version": 2,
          "attributes": {
            "cidr_blocks": null,
            "description": "Cluster API to node 6443/tcp webhook",
            "from_port": 6443,
            "id": "sgrule-470592462",
            "ipv6_cidr_blocks": null,
            "prefix_list_ids": [],
            "protocol": "tcp",
            "security_group_id": "sg-0d062b9e407c6a23c",
            "security_group_rule_id": "sgr-05f61b99df82bcc23",
            "self": false,
            "source_security_group_id": "sg-0c645dc023852e4ef",
            "timeouts": null,
            "to_port": 6443,
            "type": "ingress"
          },
          "sensitive_attributes": [],
          "private": "eyJlMmJmYjczMC1lY2FhLTExZTYtOGY4OC0zNDM2M2JjN2M0YzAiOnsiY3JlYXRlIjozMDAwMDAwMDAwMDB9LCJzY2hlbWFfdmVyc2lvbiI6IjIifQ==",
          "dependencies": [
            "module.eks.aws_security_group.cluster",
            "module.eks.aws_security_group.node",
            "module.vpc.aws_vpc.this"
          ]
        },
        {
          "index_key": "ingress_cluster_8443_webhook",
          "schema_version": 2,
          "attributes": {
            "cidr_blocks": null,
            "description": "Cluster API to node 8443/tcp webhook",
            "from_port": 8443,
            "id": "sgrule-256940015",
            "ipv6_cidr_blocks": null,
            "prefix_list_ids": [],
            "protocol": "tcp",
            "security_group_id": "sg-0d062b9e407c6a23c",
            "security_group_rule_id": "sgr-0c2e6eef876e5d00a",
            "self": false,
            "source_security_group_id": "sg-0c645dc023852e4ef",
            "timeouts": null,
            "to_port": 8443,
            "type": "ingress"
          },
          "sensitive_attributes": [],
          "private": "eyJlMmJmYjczMC1lY2FhLTExZTYtOGY4OC0zNDM2M2JjN2M0YzAiOnsiY3JlYXRlIjozMDAwMDAwMDAwMDB9LCJzY2hlbWFfdmVyc2lvbiI6IjIifQ==",
          "dependencies": [
            "module.eks.aws_security_group.cluster",
            "module.eks.aws_security_group.node",
            "module.vpc.aws_vpc.this"
          ]
        },
        {
          "index_key": "ingress_cluster_9443_webhook",
          "schema_version": 2,
          "attributes": {
            "cidr_blocks": null,
            "description": "Cluster API to node 9443/tcp webhook",
            "from_port": 9443,
            "id": "sgrule-1810998308",
            "ipv6_cidr_blocks": null,
            "prefix_list_ids": [],
            "protocol": "tcp",
            "security_group_id": "sg-0d062b9e407c6a23c",
            "security_group_rule_id": "sgr-06ef73a3256780659",
            "self": false,
            "source_security_group_id": "sg-0c645dc023852e4ef",
            "timeouts": null,
            "to_port": 9443,
            "type": "ingress"
          },
          "sensitive_attributes": [],
          "private": "eyJlMmJmYjczMC1lY2FhLTExZTYtOGY4OC0zNDM2M2JjN2M0YzAiOnsiY3JlYXRlIjozMDAwMDAwMDAwMDB9LCJzY2hlbWFfdmVyc2lvbiI6IjIifQ==",
          "dependencies": [
            "module.eks.aws_security_group.cluster",
            "module.eks.aws_security_group.node",
            "module.vpc.aws_vpc.this"
          ]
        },
        {
          "index_key": "ingress_cluster_kubelet",
          "schema_version": 2,
          "attributes": {
            "cidr_blocks": null,
            "description": "Cluster API to node kubelets",
            "from_port": 10250,
            "id": "sgrule-2357551712",
            "ipv6_cidr_blocks": null,
            "prefix_list_ids": [],
            "protocol": "tcp",
            "security_group_id": "sg-0d062b9e407c6a23c",
            "security_group_rule_id": "sgr-06b59bb5741354dfe",
            "self": false,
            "source_security_group_id": "sg-0c645dc023852e4ef",
            "timeouts": null,
            "to_port": 10250,
            "type": "ingress"
          },
          "sensitive_attributes": [],
          "private": "eyJlMmJmYjczMC1lY2FhLTExZTYtOGY4OC0zNDM2M2JjN2M0YzAiOnsiY3JlYXRlIjozMDAwMDAwMDAwMDB9LCJzY2hlbWFfdmVyc2lvbiI6IjIifQ==",
          "dependencies": [
            "module.eks.aws_security_group.cluster",
            "module.eks.aws_security_group.node",
            "module.vpc.aws_vpc.this"
          ]
        },
        {
          "index_key": "ingress_nodes_ephemeral",
          "schema_version": 2,
          "attributes": {
            "cidr_blocks": null,
            "description": "Node to node ingress on ephemeral ports",
            "from_port": 1025,
            "id": "sgrule-51629122",
            "ipv6_cidr_blocks": null,
            "prefix_list_ids": [],
            "protocol": "tcp",
            "security_group_id": "sg-0d062b9e407c6a23c",
            "security_group_rule_id": "sgr-0158f22d6d0aa5725",
            "self": true,
            "source_security_group_id": null,
            "timeouts": null,
            "to_port": 65535,
            "type": "ingress"
          },
          "sensitive_attributes": [],
          "private": "eyJlMmJmYjczMC1lY2FhLTExZTYtOGY4OC0zNDM2M2JjN2M0YzAiOnsiY3JlYXRlIjozMDAwMDAwMDAwMDB9LCJzY2hlbWFfdmVyc2lvbiI6IjIifQ==",
          "dependencies": [
            "module.eks.aws_security_group.cluster",
            "module.eks.aws_security_group.node",
            "module.vpc.aws_vpc.this"
          ]
        },
        {
          "index_key": "ingress_self_coredns_tcp",
          "schema_version": 2,
          "attributes": {
            "cidr_blocks": null,
            "description": "Node to node CoreDNS",
            "from_port": 53,
            "id": "sgrule-2383923642",
            "ipv6_cidr_blocks": null,
            "prefix_list_ids": [],
            "protocol": "tcp",
            "security_group_id": "sg-0d062b9e407c6a23c",
            "security_group_rule_id": "sgr-0a30c8b4445777637",
            "self": true,
            "source_security_group_id": null,
            "timeouts": null,
            "to_port": 53,
            "type": "ingress"
          },
          "sensitive_attributes": [],
          "private": "eyJlMmJmYjczMC1lY2FhLTExZTYtOGY4OC0zNDM2M2JjN2M0YzAiOnsiY3JlYXRlIjozMDAwMDAwMDAwMDB9LCJzY2hlbWFfdmVyc2lvbiI6IjIifQ==",
          "dependencies": [
            "module.eks.aws_security_group.cluster",
            "module.eks.aws_security_group.node",
            "module.vpc.aws_vpc.this"
          ]
        },
        {
          "index_key": "ingress_self_coredns_udp",
          "schema_version": 2,
          "attributes": {
            "cidr_blocks": null,
            "description": "Node to node CoreDNS UDP",
            "from_port": 53,
            "id": "sgrule-709388885",
            "ipv6_cidr_blocks": null,
            "prefix_list_ids": [],
            "protocol": "udp",
            "security_group_id": "sg-0d062b9e407c6a23c",
            "security_group_rule_id": "sgr-0b8ed53cb627f85c2",
            "self": true,
            "source_security_group_id": null,
            "timeouts": null,
            "to_port": 53,
            "type": "ingress"
          },
          "sensitive_attributes": [],
          "private": "eyJlMmJmYjczMC1lY2FhLTExZTYtOGY4OC0zNDM2M2JjN2M0YzAiOnsiY3JlYXRlIjozMDAwMDAwMDAwMDB9LCJzY2hlbWFfdmVyc2lvbiI6IjIifQ==",
          "dependencies": [
            "module.eks.aws_security_group.cluster",
            "module.eks.aws_security_group.node",
            "module.vpc.aws_vpc.this"
          ]
        }
      ]
    },
    {
      "module": "module.eks",
      "mode": "managed",
      "type": "time_sleep",
      "name": "this",
      "provider": "provider[\"registry.terraform.io/hashicorp/time\"]",
      "instances": [
        {
          "index_key": 0,
          "schema_version": 0,
          "attributes": {
            "create_duration": "30s",
            "destroy_duration": null,
            "id": "2025-03-20T14:36:31Z",
            "triggers": {
              "cluster_certificate_authority_data": "LS0tLS1CRUdJTiBDRVJUSUZJQ0FURS0tLS0tCk1JSURCVENDQWUyZ0F3SUJBZ0lJV1l6UFlWVXdpNUV3RFFZSktvWklodmNOQVFFTEJRQXdGVEVUTUJFR0ExVUUKQXhNS2EzVmlaWEp1WlhSbGN6QWVGdzB5TlRBek1qQXhOREl6TlRoYUZ3MHpOVEF6TVRneE5ESTROVGhhTUJVeApFekFSQmdOVkJBTVRDbXQxWW1WeWJtVjBaWE13Z2dFaU1BMEdDU3FHU0liM0RRRUJBUVVBQTRJQkR3QXdnZ0VLCkFvSUJBUUMvanhodDBCcVd6emhhRTJRL3NVaXpDNTlUb0gvUDRIWnltUVNWaUxFM2pIc2h0VnRhbUdOUnNKVksKT1ZraEIwMU40ODZMT3JiQldZalRjT0p1eFFFekdkQ2t6MCswdjNXT1lmVnk4UFQyVERwZVVtQUw4Qkhkb1VqVApUWUFzbC9KeHJNUW9Bb2VnRUtWTUlpcUNLUExiUUcwWFVvWUFZaG9wM0VOYlZPQjIvZWFiTTRTMzBqM2oydjBICmkxSHFpQ2NLRnF0VnhoMDRabll1SHRLWUpQVUNOV3RaRU5McnJWdnY3WXNHWW52N2wwV0ZYWjBPbHcxVWsydDEKbE1rU0krcXJMYWIrRXdMV3BOYXMxR1c2L29pVjJlRXhrK281WmxFa1NwV3BDOVBZRUtnTHJ4Ui9ZQk94Nnl5bwpPY3YzaWVWWk1KemZrdXk0Y2hsUW12SGFwYzZ2QWdNQkFBR2pXVEJYTUE0R0ExVWREd0VCL3dRRUF3SUNwREFQCkJnTlZIUk1CQWY4RUJUQURBUUgvTUIwR0ExVWREZ1FXQkJSd0xYZkpWNWE0Rlc4bUZwbVNYRy9HZ1pXNkNqQVYKQmdOVkhSRUVEakFNZ2dwcmRXSmxjbTVsZEdWek1BMEdDU3FHU0liM0RRRUJDd1VBQTRJQkFRQjh0MThuVVBuTgpYZHQweEI0QzJCbWxHT0I4NmRaTkNPQWZlTEwyRkQySzhPbFBaa0djTmZMK1UyaThkSjh3c3VCTU56ZFJhUVNpCjk2eGRSRTVabVJtWG5LSERqVGVhMUc3UHFDUS9tQ25nQnBJbWNzaWdwZUoyS0VlMlBZZVlIVVJnKzFPeDJCMkUKaEhkR3pOSmp5VThaYkgwRWxMWHlyTXdOczNyb3ZEQmxQNVU3d1NaVkl0aEhhT0xIU1BCSVJibitLZWRPUnQyTgowazREa1VITkR0TldZM1lrVkM0azRRZ3FYZURLZVFJRkZNZnVod1N5d21pM095aHJ2eG1SYy9BY3A5eFJxZHY3ClJlN2hNRHp1Q0lrcHJnM3JJTVVabFd3Vkh6NkdJMWhURWdISURtbDFMUjhkM01EbFhHY0V2cEZPODNsUExHMzYKNm5aTTd3M1huM2hlCi0tLS0tRU5EIENFUlRJRklDQVRFLS0tLS0K",
              "cluster_endpoint": "https://99E02973D92F3B0EEAAE3808184B9830.gr7.us-east-1.eks.amazonaws.com",
              "cluster_name": "voice-kuberay-cluster",
              "cluster_service_cidr": "172.20.0.0/16",
              "cluster_version": "1.30"
            }
          },
          "sensitive_attributes": [],
          "dependencies": [
            "data.aws_availability_zones.available",
            "module.eks.aws_cloudwatch_log_group.this",
            "module.eks.aws_eks_cluster.this",
            "module.eks.aws_iam_policy.cni_ipv6_policy",
            "module.eks.aws_iam_role.eks_auto",
            "module.eks.aws_iam_role.this",
            "module.eks.aws_iam_role_policy_attachment.this",
            "module.eks.aws_security_group.cluster",
            "module.eks.aws_security_group.node",
            "module.eks.aws_security_group_rule.cluster",
            "module.eks.aws_security_group_rule.node",
            "module.eks.data.aws_caller_identity.current",
            "module.eks.data.aws_iam_policy_document.assume_role_policy",
            "module.eks.data.aws_iam_policy_document.cni_ipv6_policy",
            "module.eks.data.aws_iam_policy_document.node_assume_role_policy",
            "module.eks.data.aws_iam_session_context.current",
            "module.eks.data.aws_partition.current",
            "module.eks.module.kms.aws_kms_external_key.this",
            "module.eks.module.kms.aws_kms_key.this",
            "module.eks.module.kms.aws_kms_replica_external_key.this",
            "module.eks.module.kms.aws_kms_replica_key.this",
            "module.eks.module.kms.data.aws_caller_identity.current",
            "module.eks.module.kms.data.aws_iam_policy_document.this",
            "module.eks.module.kms.data.aws_partition.current",
            "module.vpc.aws_subnet.private",
            "module.vpc.aws_vpc.this",
            "module.vpc.aws_vpc_ipv4_cidr_block_association.this"
          ]
        }
      ]
    },
    {
      "module": "module.eks.module.kms",
      "mode": "data",
      "type": "aws_caller_identity",
      "name": "current",
      "provider": "provider[\"registry.terraform.io/hashicorp/aws\"]",
      "instances": [
        {
          "index_key": 0,
          "schema_version": 0,
          "attributes": {
            "account_id": "975226449092",
            "arn": "arn:aws:sts::975226449092:assumed-role/AWSReservedSSO_PowerUserWithIAMFullAccess_58bf2ba1f2dd6d16/rohit@onebyzero.ai",
            "id": "975226449092",
            "user_id": "AROA6GEAGVTCK5ZXANT5N:rohit@onebyzero.ai"
          },
          "sensitive_attributes": []
        }
      ]
    },
    {
      "module": "module.eks.module.kms",
      "mode": "data",
      "type": "aws_iam_policy_document",
      "name": "this",
      "provider": "provider[\"registry.terraform.io/hashicorp/aws\"]",
      "instances": [
        {
          "index_key": 0,
          "schema_version": 0,
          "attributes": {
            "id": "1951599979",
            "json": "{\n  \"Version\": \"2012-10-17\",\n  \"Statement\": [\n    {\n      \"Sid\": \"Default\",\n      \"Effect\": \"Allow\",\n      \"Action\": \"kms:*\",\n      \"Resource\": \"*\",\n      \"Principal\": {\n        \"AWS\": \"arn:aws:iam::975226449092:root\"\n      }\n    },\n    {\n      \"Sid\": \"KeyAdministration\",\n      \"Effect\": \"Allow\",\n      \"Action\": [\n        \"kms:Update*\",\n        \"kms:UntagResource\",\n        \"kms:TagResource\",\n        \"kms:ScheduleKeyDeletion\",\n        \"kms:Revoke*\",\n        \"kms:ReplicateKey\",\n        \"kms:Put*\",\n        \"kms:List*\",\n        \"kms:ImportKeyMaterial\",\n        \"kms:Get*\",\n        \"kms:Enable*\",\n        \"kms:Disable*\",\n        \"kms:Describe*\",\n        \"kms:Delete*\",\n        \"kms:Create*\",\n        \"kms:CancelKeyDeletion\"\n      ],\n      \"Resource\": \"*\",\n      \"Principal\": {\n        \"AWS\": \"arn:aws:iam::975226449092:role/aws-reserved/sso.amazonaws.com/AWSReservedSSO_PowerUserWithIAMFullAccess_58bf2ba1f2dd6d16\"\n      }\n    },\n    {\n      \"Sid\": \"KeyUsage\",\n      \"Effect\": \"Allow\",\n      \"Action\": [\n        \"kms:ReEncrypt*\",\n        \"kms:GenerateDataKey*\",\n        \"kms:Encrypt\",\n        \"kms:DescribeKey\",\n        \"kms:Decrypt\"\n      ],\n      \"Resource\": \"*\",\n      \"Principal\": {\n        \"AWS\": \"arn:aws:iam::975226449092:role/voice-kuberay-cluster-cluster-20250320142247604100000001\"\n      }\n    }\n  ]\n}",
            "minified_json": "{\"Version\":\"2012-10-17\",\"Statement\":[{\"Sid\":\"Default\",\"Effect\":\"Allow\",\"Action\":\"kms:*\",\"Resource\":\"*\",\"Principal\":{\"AWS\":\"arn:aws:iam::975226449092:root\"}},{\"Sid\":\"KeyAdministration\",\"Effect\":\"Allow\",\"Action\":[\"kms:Update*\",\"kms:UntagResource\",\"kms:TagResource\",\"kms:ScheduleKeyDeletion\",\"kms:Revoke*\",\"kms:ReplicateKey\",\"kms:Put*\",\"kms:List*\",\"kms:ImportKeyMaterial\",\"kms:Get*\",\"kms:Enable*\",\"kms:Disable*\",\"kms:Describe*\",\"kms:Delete*\",\"kms:Create*\",\"kms:CancelKeyDeletion\"],\"Resource\":\"*\",\"Principal\":{\"AWS\":\"arn:aws:iam::975226449092:role/aws-reserved/sso.amazonaws.com/AWSReservedSSO_PowerUserWithIAMFullAccess_58bf2ba1f2dd6d16\"}},{\"Sid\":\"KeyUsage\",\"Effect\":\"Allow\",\"Action\":[\"kms:ReEncrypt*\",\"kms:GenerateDataKey*\",\"kms:Encrypt\",\"kms:DescribeKey\",\"kms:Decrypt\"],\"Resource\":\"*\",\"Principal\":{\"AWS\":\"arn:aws:iam::975226449092:role/voice-kuberay-cluster-cluster-20250320142247604100000001\"}}]}",
            "override_json": null,
            "override_policy_documents": null,
            "policy_id": null,
            "source_json": null,
            "source_policy_documents": null,
            "statement": [
              {
                "actions": [
                  "kms:*"
                ],
                "condition": [],
                "effect": "Allow",
                "not_actions": [],
                "not_principals": [],
                "not_resources": [],
                "principals": [
                  {
                    "identifiers": [
                      "arn:aws:iam::975226449092:root"
                    ],
                    "type": "AWS"
                  }
                ],
                "resources": [
                  "*"
                ],
                "sid": "Default"
              },
              {
                "actions": [
                  "kms:CancelKeyDeletion",
                  "kms:Create*",
                  "kms:Delete*",
                  "kms:Describe*",
                  "kms:Disable*",
                  "kms:Enable*",
                  "kms:Get*",
                  "kms:ImportKeyMaterial",
                  "kms:List*",
                  "kms:Put*",
                  "kms:ReplicateKey",
                  "kms:Revoke*",
                  "kms:ScheduleKeyDeletion",
                  "kms:TagResource",
                  "kms:UntagResource",
                  "kms:Update*"
                ],
                "condition": [],
                "effect": "Allow",
                "not_actions": [],
                "not_principals": [],
                "not_resources": [],
                "principals": [
                  {
                    "identifiers": [
                      "arn:aws:iam::975226449092:role/aws-reserved/sso.amazonaws.com/AWSReservedSSO_PowerUserWithIAMFullAccess_58bf2ba1f2dd6d16"
                    ],
                    "type": "AWS"
                  }
                ],
                "resources": [
                  "*"
                ],
                "sid": "KeyAdministration"
              },
              {
                "actions": [
                  "kms:Decrypt",
                  "kms:DescribeKey",
                  "kms:Encrypt",
                  "kms:GenerateDataKey*",
                  "kms:ReEncrypt*"
                ],
                "condition": [],
                "effect": "Allow",
                "not_actions": [],
                "not_principals": [],
                "not_resources": [],
                "principals": [
                  {
                    "identifiers": [
                      "arn:aws:iam::975226449092:role/voice-kuberay-cluster-cluster-20250320142247604100000001"
                    ],
                    "type": "AWS"
                  }
                ],
                "resources": [
                  "*"
                ],
                "sid": "KeyUsage"
              }
            ],
            "version": "2012-10-17"
          },
          "sensitive_attributes": []
        }
      ]
    },
    {
      "module": "module.eks.module.kms",
      "mode": "data",
      "type": "aws_partition",
      "name": "current",
      "provider": "provider[\"registry.terraform.io/hashicorp/aws\"]",
      "instances": [
        {
          "index_key": 0,
          "schema_version": 0,
          "attributes": {
            "dns_suffix": "amazonaws.com",
            "id": "aws",
            "partition": "aws",
            "reverse_dns_prefix": "com.amazonaws"
          },
          "sensitive_attributes": []
        }
      ]
    },
    {
      "module": "module.eks.module.kms",
      "mode": "managed",
      "type": "aws_kms_alias",
      "name": "this",
      "provider": "provider[\"registry.terraform.io/hashicorp/aws\"]",
      "instances": [
        {
          "index_key": "cluster",
          "schema_version": 0,
          "attributes": {
            "arn": "arn:aws:kms:us-east-1:975226449092:alias/eks/voice-kuberay-cluster",
            "id": "alias/eks/voice-kuberay-cluster",
            "name": "alias/eks/voice-kuberay-cluster",
            "name_prefix": "",
            "target_key_arn": "arn:aws:kms:us-east-1:975226449092:key/c1772a62-cf32-4843-a101-7fc347dbba6b",
            "target_key_id": "c1772a62-cf32-4843-a101-7fc347dbba6b"
          },
          "sensitive_attributes": [],
          "private": "bnVsbA==",
          "dependencies": [
            "module.eks.aws_iam_role.this",
            "module.eks.data.aws_caller_identity.current",
            "module.eks.data.aws_iam_policy_document.assume_role_policy",
            "module.eks.data.aws_iam_session_context.current",
            "module.eks.module.kms.aws_kms_external_key.this",
            "module.eks.module.kms.aws_kms_key.this",
            "module.eks.module.kms.aws_kms_replica_external_key.this",
            "module.eks.module.kms.aws_kms_replica_key.this",
            "module.eks.module.kms.data.aws_caller_identity.current",
            "module.eks.module.kms.data.aws_iam_policy_document.this",
            "module.eks.module.kms.data.aws_partition.current"
          ]
        }
      ]
    },
    {
      "module": "module.eks.module.kms",
      "mode": "managed",
      "type": "aws_kms_key",
      "name": "this",
      "provider": "provider[\"registry.terraform.io/hashicorp/aws\"]",
      "instances": [
        {
          "index_key": 0,
          "schema_version": 0,
          "attributes": {
            "arn": "arn:aws:kms:us-east-1:975226449092:key/c1772a62-cf32-4843-a101-7fc347dbba6b",
            "bypass_policy_lockout_safety_check": false,
            "custom_key_store_id": "",
            "customer_master_key_spec": "SYMMETRIC_DEFAULT",
            "deletion_window_in_days": null,
            "description": "voice-kuberay-cluster cluster encryption key",
            "enable_key_rotation": true,
            "id": "c1772a62-cf32-4843-a101-7fc347dbba6b",
            "is_enabled": true,
            "key_id": "c1772a62-cf32-4843-a101-7fc347dbba6b",
            "key_usage": "ENCRYPT_DECRYPT",
            "multi_region": false,
            "policy": "{\"Statement\":[{\"Action\":\"kms:*\",\"Effect\":\"Allow\",\"Principal\":{\"AWS\":\"arn:aws:iam::975226449092:root\"},\"Resource\":\"*\",\"Sid\":\"Default\"},{\"Action\":[\"kms:Update*\",\"kms:UntagResource\",\"kms:TagResource\",\"kms:ScheduleKeyDeletion\",\"kms:Revoke*\",\"kms:ReplicateKey\",\"kms:Put*\",\"kms:List*\",\"kms:ImportKeyMaterial\",\"kms:Get*\",\"kms:Enable*\",\"kms:Disable*\",\"kms:Describe*\",\"kms:Delete*\",\"kms:Create*\",\"kms:CancelKeyDeletion\"],\"Effect\":\"Allow\",\"Principal\":{\"AWS\":\"arn:aws:iam::975226449092:role/aws-reserved/sso.amazonaws.com/AWSReservedSSO_PowerUserWithIAMFullAccess_58bf2ba1f2dd6d16\"},\"Resource\":\"*\",\"Sid\":\"KeyAdministration\"},{\"Action\":[\"kms:ReEncrypt*\",\"kms:GenerateDataKey*\",\"kms:Encrypt\",\"kms:DescribeKey\",\"kms:Decrypt\"],\"Effect\":\"Allow\",\"Principal\":{\"AWS\":\"arn:aws:iam::975226449092:role/voice-kuberay-cluster-cluster-20250320142247604100000001\"},\"Resource\":\"*\",\"Sid\":\"KeyUsage\"}],\"Version\":\"2012-10-17\"}",
            "rotation_period_in_days": 365,
            "tags": {
              "terraform-aws-modules": "eks"
            },
            "tags_all": {
              "terraform-aws-modules": "eks"
            },
            "timeouts": null,
            "xks_key_id": ""
          },
          "sensitive_attributes": [],
          "private": "eyJlMmJmYjczMC1lY2FhLTExZTYtOGY4OC0zNDM2M2JjN2M0YzAiOnsiY3JlYXRlIjoxMjAwMDAwMDAwMDB9fQ==",
          "dependencies": [
            "module.eks.aws_iam_role.this",
            "module.eks.data.aws_caller_identity.current",
            "module.eks.data.aws_iam_policy_document.assume_role_policy",
            "module.eks.data.aws_iam_session_context.current",
            "module.eks.module.kms.data.aws_caller_identity.current",
            "module.eks.module.kms.data.aws_iam_policy_document.this",
            "module.eks.module.kms.data.aws_partition.current"
          ]
        }
      ]
    },
    {
      "module": "module.eks_blueprints_addons",
      "mode": "data",
      "type": "aws_caller_identity",
      "name": "current",
      "provider": "provider[\"registry.terraform.io/hashicorp/aws\"]",
      "instances": [
        {
          "schema_version": 0,
          "attributes": {
            "account_id": "975226449092",
            "arn": "arn:aws:sts::975226449092:assumed-role/AWSReservedSSO_PowerUserWithIAMFullAccess_58bf2ba1f2dd6d16/rohit@onebyzero.ai",
            "id": "975226449092",
            "user_id": "AROA6GEAGVTCK5ZXANT5N:rohit@onebyzero.ai"
          },
          "sensitive_attributes": []
        }
      ]
    },
    {
      "module": "module.eks_blueprints_addons",
      "mode": "data",
      "type": "aws_partition",
      "name": "current",
      "provider": "provider[\"registry.terraform.io/hashicorp/aws\"]",
      "instances": [
        {
          "schema_version": 0,
          "attributes": {
            "dns_suffix": "amazonaws.com",
            "id": "aws",
            "partition": "aws",
            "reverse_dns_prefix": "com.amazonaws"
          },
          "sensitive_attributes": []
        }
      ]
    },
    {
      "module": "module.eks_blueprints_addons",
      "mode": "data",
      "type": "aws_region",
      "name": "current",
      "provider": "provider[\"registry.terraform.io/hashicorp/aws\"]",
      "instances": [
        {
          "schema_version": 0,
          "attributes": {
            "description": "US East (N. Virginia)",
            "endpoint": "ec2.us-east-1.amazonaws.com",
            "id": "us-east-1",
            "name": "us-east-1"
          },
          "sensitive_attributes": []
        }
      ]
    },
    {
      "module": "module.eks_blueprints_addons",
      "mode": "managed",
      "type": "aws_cloudformation_stack",
      "name": "usage_telemetry",
      "provider": "provider[\"registry.terraform.io/hashicorp/aws\"]",
      "instances": [
        {
          "index_key": 0,
          "schema_version": 0,
          "attributes": {
            "capabilities": null,
            "disable_rollback": false,
            "iam_role_arn": "",
            "id": "arn:aws:cloudformation:us-east-1:975226449092:stack/voice-kuberay-cluster-9aeb/a7f7fb20-0598-11f0-a089-0affdc3634cd",
            "name": "voice-kuberay-cluster-9aeb",
            "notification_arns": null,
            "on_failure": "DO_NOTHING",
            "outputs": {},
            "parameters": {},
            "policy_body": null,
            "policy_url": null,
            "tags": null,
            "tags_all": {},
            "template_body": "{\"AWSTemplateFormatVersion\":\"2010-09-09\",\"Description\":\"Usage telemetry for EKS Blueprints. (qs-1ubotj5kl)\",\"Resources\":{\"EmptyResource\":{\"Type\":\"AWS::CloudFormation::WaitConditionHandle\"}}}",
            "template_url": null,
            "timeout_in_minutes": 0,
            "timeouts": null
          },
          "sensitive_attributes": [
            [
              {
                "type": "get_attr",
                "value": "name"
              }
            ]
          ],
          "private": "eyJlMmJmYjczMC1lY2FhLTExZTYtOGY4OC0zNDM2M2JjN2M0YzAiOnsiY3JlYXRlIjoxODAwMDAwMDAwMDAwLCJkZWxldGUiOjE4MDAwMDAwMDAwMDAsInVwZGF0ZSI6MTgwMDAwMDAwMDAwMH19",
          "dependencies": [
            "data.aws_availability_zones.available",
            "module.eks.aws_cloudwatch_log_group.this",
            "module.eks.aws_eks_access_entry.this",
            "module.eks.aws_eks_access_policy_association.this",
            "module.eks.aws_eks_cluster.this",
            "module.eks.aws_iam_policy.cni_ipv6_policy",
            "module.eks.aws_iam_role.eks_auto",
            "module.eks.aws_iam_role.this",
            "module.eks.aws_iam_role_policy_attachment.this",
            "module.eks.aws_security_group.cluster",
            "module.eks.aws_security_group.node",
            "module.eks.aws_security_group_rule.cluster",
            "module.eks.aws_security_group_rule.node",
            "module.eks.data.aws_caller_identity.current",
            "module.eks.data.aws_iam_policy_document.assume_role_policy",
            "module.eks.data.aws_iam_policy_document.cni_ipv6_policy",
            "module.eks.data.aws_iam_policy_document.node_assume_role_policy",
            "module.eks.data.aws_iam_session_context.current",
            "module.eks.data.aws_partition.current",
            "module.eks.module.kms.aws_kms_external_key.this",
            "module.eks.module.kms.aws_kms_key.this",
            "module.eks.module.kms.aws_kms_replica_external_key.this",
            "module.eks.module.kms.aws_kms_replica_key.this",
            "module.eks.module.kms.data.aws_caller_identity.current",
            "module.eks.module.kms.data.aws_iam_policy_document.this",
            "module.eks.module.kms.data.aws_partition.current",
            "module.eks_blueprints_addons.random_bytes.this",
            "module.vpc.aws_subnet.private",
            "module.vpc.aws_vpc.this",
            "module.vpc.aws_vpc_ipv4_cidr_block_association.this"
          ]
        }
      ]
    },
    {
      "module": "module.eks_blueprints_addons",
      "mode": "managed",
      "type": "helm_release",
      "name": "this",
      "provider": "provider[\"registry.terraform.io/hashicorp/helm\"]",
      "instances": [
        {
          "index_key": "kuberay-operator",
          "schema_version": 1,
          "attributes": {
            "atomic": false,
            "chart": "kuberay-operator",
            "cleanup_on_fail": false,
            "create_namespace": true,
            "dependency_update": false,
            "description": null,
            "devel": null,
            "disable_crd_hooks": false,
            "disable_openapi_validation": false,
            "disable_webhooks": false,
            "force_update": false,
            "id": "kuberay-operator",
            "keyring": null,
            "lint": false,
            "manifest": null,
            "max_history": 0,
            "metadata": [
              {
                "app_version": "",
                "chart": "kuberay-operator",
                "first_deployed": 1742481406,
                "last_deployed": 1742481406,
                "name": "kuberay-operator",
                "namespace": "kuberay-operator",
                "notes": "",
                "revision": 1,
                "values": "{}",
                "version": "1.2.2"
              }
            ],
            "name": "kuberay-operator",
            "namespace": "kuberay-operator",
            "pass_credentials": false,
            "postrender": [],
            "recreate_pods": false,
            "render_subchart_notes": true,
            "replace": false,
            "repository": "https://ray-project.github.io/kuberay-helm/",
            "repository_ca_file": null,
            "repository_cert_file": null,
            "repository_key_file": null,
            "repository_password": null,
            "repository_username": null,
            "reset_values": false,
            "reuse_values": false,
            "set": [],
            "set_list": [],
            "set_sensitive": [],
            "skip_crds": false,
            "status": "deployed",
            "timeout": 300,
            "upgrade_install": null,
            "values": [],
            "verify": false,
            "version": "1.2.2",
            "wait": false,
            "wait_for_jobs": false
          },
          "sensitive_attributes": [
            [
              {
                "type": "get_attr",
                "value": "repository_password"
              }
            ]
          ],
          "private": "eyJzY2hlbWFfdmVyc2lvbiI6IjEifQ==",
          "dependencies": [
            "data.aws_availability_zones.available",
            "module.eks.aws_cloudwatch_log_group.this",
            "module.eks.aws_eks_access_entry.this",
            "module.eks.aws_eks_access_policy_association.this",
            "module.eks.aws_eks_cluster.this",
            "module.eks.aws_iam_openid_connect_provider.oidc_provider",
            "module.eks.aws_iam_policy.cni_ipv6_policy",
            "module.eks.aws_iam_role.eks_auto",
            "module.eks.aws_iam_role.this",
            "module.eks.aws_iam_role_policy_attachment.this",
            "module.eks.aws_security_group.cluster",
            "module.eks.aws_security_group.node",
            "module.eks.aws_security_group_rule.cluster",
            "module.eks.aws_security_group_rule.node",
            "module.eks.data.aws_caller_identity.current",
            "module.eks.data.aws_iam_policy_document.assume_role_policy",
            "module.eks.data.aws_iam_policy_document.cni_ipv6_policy",
            "module.eks.data.aws_iam_policy_document.node_assume_role_policy",
            "module.eks.data.aws_iam_session_context.current",
            "module.eks.data.aws_partition.current",
            "module.eks.data.tls_certificate.this",
            "module.eks.module.kms.aws_kms_external_key.this",
            "module.eks.module.kms.aws_kms_key.this",
            "module.eks.module.kms.aws_kms_replica_external_key.this",
            "module.eks.module.kms.aws_kms_replica_key.this",
            "module.eks.module.kms.data.aws_caller_identity.current",
            "module.eks.module.kms.data.aws_iam_policy_document.this",
            "module.eks.module.kms.data.aws_partition.current",
            "module.eks_blueprints_addons.aws_eks_addon.this",
            "module.eks_blueprints_addons.data.aws_eks_addon_version.this",
            "module.eks_blueprints_addons.module.cert_manager.aws_iam_role.this",
            "module.eks_blueprints_addons.module.cert_manager.data.aws_caller_identity.current",
            "module.eks_blueprints_addons.module.cert_manager.data.aws_iam_policy_document.assume",
            "module.eks_blueprints_addons.module.cert_manager.data.aws_partition.current",
            "module.eks_blueprints_addons.module.cert_manager.helm_release.this",
            "module.eks_blueprints_addons.time_sleep.this",
            "module.vpc.aws_subnet.private",
            "module.vpc.aws_vpc.this",
            "module.vpc.aws_vpc_ipv4_cidr_block_association.this"
          ]
        }
      ]
    },
    {
      "module": "module.eks_blueprints_addons",
      "mode": "managed",
      "type": "random_bytes",
      "name": "this",
      "provider": "provider[\"registry.terraform.io/hashicorp/random\"]",
      "instances": [
        {
          "schema_version": 0,
          "attributes": {
            "base64": "mus=",
            "hex": "9aeb",
            "keepers": null,
            "length": 2
          },
          "sensitive_attributes": [
            [
              {
                "type": "get_attr",
                "value": "base64"
              }
            ],
            [
              {
                "type": "get_attr",
                "value": "hex"
              }
            ]
          ]
        }
      ]
    },
    {
      "module": "module.eks_blueprints_addons",
      "mode": "managed",
      "type": "time_sleep",
      "name": "this",
      "provider": "provider[\"registry.terraform.io/hashicorp/time\"]",
      "instances": [
        {
          "schema_version": 0,
          "attributes": {
            "create_duration": "30s",
            "destroy_duration": null,
            "id": "2025-03-20T14:36:34Z",
            "triggers": {
              "cluster_endpoint": "https://99E02973D92F3B0EEAAE3808184B9830.gr7.us-east-1.eks.amazonaws.com",
              "cluster_name": "voice-kuberay-cluster",
              "custom": "",
              "oidc_provider_arn": "arn:aws:iam::975226449092:oidc-provider/oidc.eks.us-east-1.amazonaws.com/id/99E02973D92F3B0EEAAE3808184B9830"
            }
          },
          "sensitive_attributes": [],
          "dependencies": [
            "data.aws_availability_zones.available",
            "module.eks.aws_cloudwatch_log_group.this",
            "module.eks.aws_eks_access_entry.this",
            "module.eks.aws_eks_access_policy_association.this",
            "module.eks.aws_eks_cluster.this",
            "module.eks.aws_iam_openid_connect_provider.oidc_provider",
            "module.eks.aws_iam_policy.cni_ipv6_policy",
            "module.eks.aws_iam_role.eks_auto",
            "module.eks.aws_iam_role.this",
            "module.eks.aws_iam_role_policy_attachment.this",
            "module.eks.aws_security_group.cluster",
            "module.eks.aws_security_group.node",
            "module.eks.aws_security_group_rule.cluster",
            "module.eks.aws_security_group_rule.node",
            "module.eks.data.aws_caller_identity.current",
            "module.eks.data.aws_iam_policy_document.assume_role_policy",
            "module.eks.data.aws_iam_policy_document.cni_ipv6_policy",
            "module.eks.data.aws_iam_policy_document.node_assume_role_policy",
            "module.eks.data.aws_iam_session_context.current",
            "module.eks.data.aws_partition.current",
            "module.eks.data.tls_certificate.this",
            "module.eks.module.kms.aws_kms_external_key.this",
            "module.eks.module.kms.aws_kms_key.this",
            "module.eks.module.kms.aws_kms_replica_external_key.this",
            "module.eks.module.kms.aws_kms_replica_key.this",
            "module.eks.module.kms.data.aws_caller_identity.current",
            "module.eks.module.kms.data.aws_iam_policy_document.this",
            "module.eks.module.kms.data.aws_partition.current",
            "module.vpc.aws_subnet.private",
            "module.vpc.aws_vpc.this",
            "module.vpc.aws_vpc_ipv4_cidr_block_association.this"
          ]
        }
      ]
    },
    {
      "module": "module.eks_blueprints_addons.module.kube_prometheus_stack",
      "mode": "managed",
      "type": "helm_release",
      "name": "this",
      "provider": "provider[\"registry.terraform.io/hashicorp/helm\"]",
      "instances": [
        {
          "index_key": 0,
          "schema_version": 1,
          "attributes": {
            "atomic": false,
            "chart": "kube-prometheus-stack",
            "cleanup_on_fail": false,
            "create_namespace": true,
            "dependency_update": false,
            "description": "A Helm chart to install the Kube Prometheus Stack",
            "devel": null,
            "disable_crd_hooks": false,
            "disable_openapi_validation": false,
            "disable_webhooks": false,
            "force_update": false,
            "id": "kube-prometheus-stack",
            "keyring": null,
            "lint": false,
            "manifest": null,
            "max_history": 0,
            "metadata": [
              {
                "app_version": "v0.66.0",
                "chart": "kube-prometheus-stack",
                "first_deployed": 1742481388,
                "last_deployed": 1742481388,
                "name": "kube-prometheus-stack",
                "namespace": "kube-prometheus-stack",
                "notes": "1. Get the application URL by running these commands:\n  export POD_NAME=$(kubectl get pods --namespace kube-prometheus-stack -l \"app.kubernetes.io/name=prometheus-node-exporter,app.kubernetes.io/instance=kube-prometheus-stack\" -o jsonpath=\"{.items[0].metadata.name}\")\n  echo \"Visit http://127.0.0.1:9100 to use your application\"\n  kubectl port-forward --namespace kube-prometheus-stack $POD_NAME 9100\n1. Get your 'admin' user password by running:\n\n   kubectl get secret --namespace kube-prometheus-stack kube-prometheus-stack-grafana -o jsonpath=\"{.data.admin-password}\" | base64 --decode ; echo\n\n\n2. The Grafana server can be accessed via port 80 on the following DNS name from within your cluster:\n\n   kube-prometheus-stack-grafana.kube-prometheus-stack.svc.cluster.local\n\n   Get the Grafana URL to visit by running these commands in the same shell:\n     export POD_NAME=$(kubectl get pods --namespace kube-prometheus-stack -l \"app.kubernetes.io/name=grafana,app.kubernetes.io/instance=kube-prometheus-stack\" -o jsonpath=\"{.items[0].metadata.name}\")\n     kubectl --namespace kube-prometheus-stack port-forward $POD_NAME 3000\n\n3. Login with the password from step 1 and the username: admin\n#################################################################################\n######   WARNING: Persistence is disabled!!! You will lose your data when   #####\n######            the Grafana pod is terminated.                            #####\n#################################################################################\n\nkube-state-metrics is a simple service that listens to the Kubernetes API server and generates metrics about the state of the objects.\nThe exposed metrics can be found here:\nhttps://github.com/kubernetes/kube-state-metrics/blob/master/docs/README.md#exposed-metrics\n\nThe metrics are exported on the HTTP endpoint /metrics on the listening port.\nIn your case, kube-prometheus-stack-kube-state-metrics.kube-prometheus-stack.svc.cluster.local:8080/metrics\n\nThey are served either as plaintext or protobuf depending on the Accept header.\nThey are designed to be consumed either by Prometheus itself or by a scraper that is compatible with scraping a Prometheus client endpoint.\n\nkube-prometheus-stack has been installed. Check its status by running:\n  kubectl --namespace kube-prometheus-stack get pods -l \"release=kube-prometheus-stack\"\n\nVisit https://github.com/prometheus-operator/kube-prometheus for instructions on how to create \u0026 configure Alertmanager and Prometheus instances using the Operator.\n",
                "revision": 1,
                "values": "{}",
                "version": "48.2.3"
              }
            ],
            "name": "kube-prometheus-stack",
            "namespace": "kube-prometheus-stack",
            "pass_credentials": false,
            "postrender": [],
            "recreate_pods": false,
            "render_subchart_notes": true,
            "replace": false,
            "repository": "https://prometheus-community.github.io/helm-charts",
            "repository_ca_file": null,
            "repository_cert_file": null,
            "repository_key_file": null,
            "repository_password": null,
            "repository_username": null,
            "reset_values": false,
            "reuse_values": false,
            "set": [],
            "set_list": [],
            "set_sensitive": [],
            "skip_crds": false,
            "status": "deployed",
            "timeout": 300,
            "upgrade_install": null,
            "values": [],
            "verify": false,
            "version": "48.2.3",
            "wait": false,
            "wait_for_jobs": false
          },
          "sensitive_attributes": [
            [
              {
                "type": "get_attr",
                "value": "repository_password"
              }
            ]
          ],
          "private": "eyJzY2hlbWFfdmVyc2lvbiI6IjEifQ==",
          "dependencies": [
            "data.aws_availability_zones.available",
            "module.eks.aws_cloudwatch_log_group.this",
            "module.eks.aws_eks_access_entry.this",
            "module.eks.aws_eks_access_policy_association.this",
            "module.eks.aws_eks_cluster.this",
            "module.eks.aws_iam_policy.cni_ipv6_policy",
            "module.eks.aws_iam_role.eks_auto",
            "module.eks.aws_iam_role.this",
            "module.eks.aws_iam_role_policy_attachment.this",
            "module.eks.aws_security_group.cluster",
            "module.eks.aws_security_group.node",
            "module.eks.aws_security_group_rule.cluster",
            "module.eks.aws_security_group_rule.node",
            "module.eks.data.aws_caller_identity.current",
            "module.eks.data.aws_iam_policy_document.assume_role_policy",
            "module.eks.data.aws_iam_policy_document.cni_ipv6_policy",
            "module.eks.data.aws_iam_policy_document.node_assume_role_policy",
            "module.eks.data.aws_iam_session_context.current",
            "module.eks.data.aws_partition.current",
            "module.eks.module.kms.aws_kms_external_key.this",
            "module.eks.module.kms.aws_kms_key.this",
            "module.eks.module.kms.aws_kms_replica_external_key.this",
            "module.eks.module.kms.aws_kms_replica_key.this",
            "module.eks.module.kms.data.aws_caller_identity.current",
            "module.eks.module.kms.data.aws_iam_policy_document.this",
            "module.eks.module.kms.data.aws_partition.current",
            "module.eks_blueprints_addons.module.kube_prometheus_stack.aws_iam_role.this",
            "module.eks_blueprints_addons.module.kube_prometheus_stack.data.aws_caller_identity.current",
            "module.eks_blueprints_addons.module.kube_prometheus_stack.data.aws_iam_policy_document.assume",
            "module.eks_blueprints_addons.module.kube_prometheus_stack.data.aws_partition.current",
            "module.vpc.aws_subnet.private",
            "module.vpc.aws_vpc.this",
            "module.vpc.aws_vpc_ipv4_cidr_block_association.this"
          ]
        }
      ]
    },
    {
      "module": "module.vpc",
      "mode": "data",
      "type": "aws_caller_identity",
      "name": "current",
      "provider": "provider[\"registry.terraform.io/hashicorp/aws\"]",
      "instances": [
        {
          "index_key": 0,
          "schema_version": 0,
          "attributes": {
            "account_id": "975226449092",
            "arn": "arn:aws:sts::975226449092:assumed-role/AWSReservedSSO_PowerUserWithIAMFullAccess_58bf2ba1f2dd6d16/rohit@onebyzero.ai",
            "id": "975226449092",
            "user_id": "AROA6GEAGVTCK5ZXANT5N:rohit@onebyzero.ai"
          },
          "sensitive_attributes": []
        }
      ]
    },
    {
      "module": "module.vpc",
      "mode": "data",
      "type": "aws_iam_policy_document",
      "name": "flow_log_cloudwatch_assume_role",
      "provider": "provider[\"registry.terraform.io/hashicorp/aws\"]",
      "instances": [
        {
          "index_key": 0,
          "schema_version": 0,
          "attributes": {
            "id": "1021377347",
            "json": "{\n  \"Version\": \"2012-10-17\",\n  \"Statement\": [\n    {\n      \"Sid\": \"AWSVPCFlowLogsAssumeRole\",\n      \"Effect\": \"Allow\",\n      \"Action\": \"sts:AssumeRole\",\n      \"Principal\": {\n        \"Service\": \"vpc-flow-logs.amazonaws.com\"\n      }\n    }\n  ]\n}",
            "minified_json": "{\"Version\":\"2012-10-17\",\"Statement\":[{\"Sid\":\"AWSVPCFlowLogsAssumeRole\",\"Effect\":\"Allow\",\"Action\":\"sts:AssumeRole\",\"Principal\":{\"Service\":\"vpc-flow-logs.amazonaws.com\"}}]}",
            "override_json": null,
            "override_policy_documents": null,
            "policy_id": null,
            "source_json": null,
            "source_policy_documents": null,
            "statement": [
              {
                "actions": [
                  "sts:AssumeRole"
                ],
                "condition": [],
                "effect": "Allow",
                "not_actions": [],
                "not_principals": [],
                "not_resources": [],
                "principals": [
                  {
                    "identifiers": [
                      "vpc-flow-logs.amazonaws.com"
                    ],
                    "type": "Service"
                  }
                ],
                "resources": [],
                "sid": "AWSVPCFlowLogsAssumeRole"
              }
            ],
            "version": "2012-10-17"
          },
          "sensitive_attributes": []
        }
      ]
    },
    {
      "module": "module.vpc",
      "mode": "data",
      "type": "aws_iam_policy_document",
      "name": "vpc_flow_log_cloudwatch",
      "provider": "provider[\"registry.terraform.io/hashicorp/aws\"]",
      "instances": [
        {
          "index_key": 0,
          "schema_version": 0,
          "attributes": {
            "id": "2707528453",
            "json": "{\n  \"Version\": \"2012-10-17\",\n  \"Statement\": [\n    {\n      \"Sid\": \"AWSVPCFlowLogsPushToCloudWatch\",\n      \"Effect\": \"Allow\",\n      \"Action\": [\n        \"logs:PutLogEvents\",\n        \"logs:DescribeLogStreams\",\n        \"logs:DescribeLogGroups\",\n        \"logs:CreateLogStream\"\n      ],\n      \"Resource\": \"arn:aws:logs:us-east-1:975226449092:log-group:/aws/vpc-flow-log/vpc-0eae727a14fd4f9b0:*\"\n    }\n  ]\n}",
            "minified_json": "{\"Version\":\"2012-10-17\",\"Statement\":[{\"Sid\":\"AWSVPCFlowLogsPushToCloudWatch\",\"Effect\":\"Allow\",\"Action\":[\"logs:PutLogEvents\",\"logs:DescribeLogStreams\",\"logs:DescribeLogGroups\",\"logs:CreateLogStream\"],\"Resource\":\"arn:aws:logs:us-east-1:975226449092:log-group:/aws/vpc-flow-log/vpc-0eae727a14fd4f9b0:*\"}]}",
            "override_json": null,
            "override_policy_documents": null,
            "policy_id": null,
            "source_json": null,
            "source_policy_documents": null,
            "statement": [
              {
                "actions": [
                  "logs:CreateLogStream",
                  "logs:DescribeLogGroups",
                  "logs:DescribeLogStreams",
                  "logs:PutLogEvents"
                ],
                "condition": [],
                "effect": "Allow",
                "not_actions": [],
                "not_principals": [],
                "not_resources": [],
                "principals": [],
                "resources": [
                  "arn:aws:logs:us-east-1:975226449092:log-group:/aws/vpc-flow-log/vpc-0eae727a14fd4f9b0:*"
                ],
                "sid": "AWSVPCFlowLogsPushToCloudWatch"
              }
            ],
            "version": "2012-10-17"
          },
          "sensitive_attributes": []
        }
      ]
    },
    {
      "module": "module.vpc",
      "mode": "data",
      "type": "aws_partition",
      "name": "current",
      "provider": "provider[\"registry.terraform.io/hashicorp/aws\"]",
      "instances": [
        {
          "index_key": 0,
          "schema_version": 0,
          "attributes": {
            "dns_suffix": "amazonaws.com",
            "id": "aws",
            "partition": "aws",
            "reverse_dns_prefix": "com.amazonaws"
          },
          "sensitive_attributes": []
        }
      ]
    },
    {
      "module": "module.vpc",
      "mode": "data",
      "type": "aws_region",
      "name": "current",
      "provider": "provider[\"registry.terraform.io/hashicorp/aws\"]",
      "instances": [
        {
          "index_key": 0,
          "schema_version": 0,
          "attributes": {
            "description": "US East (N. Virginia)",
            "endpoint": "ec2.us-east-1.amazonaws.com",
            "id": "us-east-1",
            "name": "us-east-1"
          },
          "sensitive_attributes": []
        }
      ]
    },
    {
      "module": "module.vpc",
      "mode": "managed",
      "type": "aws_cloudwatch_log_group",
      "name": "flow_log",
      "provider": "provider[\"registry.terraform.io/hashicorp/aws\"]",
      "instances": [
        {
          "index_key": 0,
          "schema_version": 0,
          "attributes": {
            "arn": "arn:aws:logs:us-east-1:975226449092:log-group:/aws/vpc-flow-log/vpc-0eae727a14fd4f9b0",
            "id": "/aws/vpc-flow-log/vpc-0eae727a14fd4f9b0",
            "kms_key_id": "",
            "log_group_class": "STANDARD",
            "name": "/aws/vpc-flow-log/vpc-0eae727a14fd4f9b0",
            "name_prefix": "",
            "retention_in_days": 0,
            "skip_destroy": false,
            "tags": {
              "Blueprint": "voice-kuberay-cluster",
              "GithubRepo": "github.com/awslabs/data-on-eks",
              "karpenter.sh/discovery": "voice-kuberay-cluster"
            },
            "tags_all": {
              "Blueprint": "voice-kuberay-cluster",
              "GithubRepo": "github.com/awslabs/data-on-eks",
              "karpenter.sh/discovery": "voice-kuberay-cluster"
            }
          },
          "sensitive_attributes": [],
          "private": "bnVsbA==",
          "dependencies": [
            "module.vpc.aws_vpc.this",
            "module.vpc.aws_vpc_ipv4_cidr_block_association.this"
          ]
        }
      ]
    },
    {
      "module": "module.vpc",
      "mode": "managed",
      "type": "aws_default_network_acl",
      "name": "this",
      "provider": "provider[\"registry.terraform.io/hashicorp/aws\"]",
      "instances": [
        {
          "index_key": 0,
          "schema_version": 0,
          "attributes": {
            "arn": "arn:aws:ec2:us-east-1:975226449092:network-acl/acl-026023de947c99f15",
            "default_network_acl_id": "acl-026023de947c99f15",
            "egress": [
              {
                "action": "allow",
                "cidr_block": "",
                "from_port": 0,
                "icmp_code": null,
                "icmp_type": null,
                "ipv6_cidr_block": "::/0",
                "protocol": "-1",
                "rule_no": 101,
                "to_port": 0
              },
              {
                "action": "allow",
                "cidr_block": "0.0.0.0/0",
                "from_port": 0,
                "icmp_code": null,
                "icmp_type": null,
                "ipv6_cidr_block": "",
                "protocol": "-1",
                "rule_no": 100,
                "to_port": 0
              }
            ],
            "id": "acl-026023de947c99f15",
            "ingress": [
              {
                "action": "allow",
                "cidr_block": "",
                "from_port": 0,
                "icmp_code": null,
                "icmp_type": null,
                "ipv6_cidr_block": "::/0",
                "protocol": "-1",
                "rule_no": 101,
                "to_port": 0
              },
              {
                "action": "allow",
                "cidr_block": "0.0.0.0/0",
                "from_port": 0,
                "icmp_code": null,
                "icmp_type": null,
                "ipv6_cidr_block": "",
                "protocol": "-1",
                "rule_no": 100,
                "to_port": 0
              }
            ],
            "owner_id": "975226449092",
            "subnet_ids": null,
            "tags": {
              "Blueprint": "voice-kuberay-cluster",
              "GithubRepo": "github.com/awslabs/data-on-eks",
              "Name": "voice-kuberay-cluster-default",
              "karpenter.sh/discovery": "voice-kuberay-cluster"
            },
            "tags_all": {
              "Blueprint": "voice-kuberay-cluster",
              "GithubRepo": "github.com/awslabs/data-on-eks",
              "Name": "voice-kuberay-cluster-default",
              "karpenter.sh/discovery": "voice-kuberay-cluster"
            },
            "vpc_id": "vpc-0eae727a14fd4f9b0"
          },
          "sensitive_attributes": [],
          "private": "bnVsbA==",
          "dependencies": [
            "module.vpc.aws_vpc.this"
          ]
        }
      ]
    },
    {
      "module": "module.vpc",
      "mode": "managed",
      "type": "aws_default_route_table",
      "name": "default",
      "provider": "provider[\"registry.terraform.io/hashicorp/aws\"]",
      "instances": [
        {
          "index_key": 0,
          "schema_version": 0,
          "attributes": {
            "arn": "arn:aws:ec2:us-east-1:975226449092:route-table/rtb-0a527b3da54e20772",
            "default_route_table_id": "rtb-0a527b3da54e20772",
            "id": "rtb-0a527b3da54e20772",
            "owner_id": "975226449092",
            "propagating_vgws": null,
            "route": [],
            "tags": {
              "Blueprint": "voice-kuberay-cluster",
              "GithubRepo": "github.com/awslabs/data-on-eks",
              "Name": "voice-kuberay-cluster-default",
              "karpenter.sh/discovery": "voice-kuberay-cluster"
            },
            "tags_all": {
              "Blueprint": "voice-kuberay-cluster",
              "GithubRepo": "github.com/awslabs/data-on-eks",
              "Name": "voice-kuberay-cluster-default",
              "karpenter.sh/discovery": "voice-kuberay-cluster"
            },
            "timeouts": {
              "create": "5m",
              "update": "5m"
            },
            "vpc_id": "vpc-0eae727a14fd4f9b0"
          },
          "sensitive_attributes": [],
          "private": "eyJlMmJmYjczMC1lY2FhLTExZTYtOGY4OC0zNDM2M2JjN2M0YzAiOnsiY3JlYXRlIjozMDAwMDAwMDAwMDAsInVwZGF0ZSI6MzAwMDAwMDAwMDAwfX0=",
          "dependencies": [
            "module.vpc.aws_vpc.this"
          ]
        }
      ]
    },
    {
      "module": "module.vpc",
      "mode": "managed",
      "type": "aws_default_security_group",
      "name": "this",
      "provider": "provider[\"registry.terraform.io/hashicorp/aws\"]",
      "instances": [
        {
          "index_key": 0,
          "schema_version": 1,
          "attributes": {
            "arn": "arn:aws:ec2:us-east-1:975226449092:security-group/sg-005c3fcb93ee84af0",
            "description": "default VPC security group",
            "egress": [],
            "id": "sg-005c3fcb93ee84af0",
            "ingress": [],
            "name": "default",
            "name_prefix": "",
            "owner_id": "975226449092",
            "revoke_rules_on_delete": false,
            "tags": {
              "Blueprint": "voice-kuberay-cluster",
              "GithubRepo": "github.com/awslabs/data-on-eks",
              "Name": "voice-kuberay-cluster-default",
              "karpenter.sh/discovery": "voice-kuberay-cluster"
            },
            "tags_all": {
              "Blueprint": "voice-kuberay-cluster",
              "GithubRepo": "github.com/awslabs/data-on-eks",
              "Name": "voice-kuberay-cluster-default",
              "karpenter.sh/discovery": "voice-kuberay-cluster"
            },
            "vpc_id": "vpc-0eae727a14fd4f9b0"
          },
          "sensitive_attributes": [],
          "private": "eyJzY2hlbWFfdmVyc2lvbiI6IjEifQ==",
          "dependencies": [
            "module.vpc.aws_vpc.this"
          ]
        }
      ]
    },
    {
      "module": "module.vpc",
      "mode": "managed",
      "type": "aws_eip",
      "name": "nat",
      "provider": "provider[\"registry.terraform.io/hashicorp/aws\"]",
      "instances": [
        {
          "index_key": 0,
          "schema_version": 0,
          "attributes": {
            "address": null,
            "allocation_id": "eipalloc-06d8937bcde57245d",
            "arn": "arn:aws:ec2:us-east-1:975226449092:elastic-ip/eipalloc-06d8937bcde57245d",
            "associate_with_private_ip": null,
            "association_id": "",
            "carrier_ip": "",
            "customer_owned_ip": "",
            "customer_owned_ipv4_pool": "",
            "domain": "vpc",
            "id": "eipalloc-06d8937bcde57245d",
            "instance": "",
            "ipam_pool_id": null,
            "network_border_group": "us-east-1",
            "network_interface": "",
            "private_dns": null,
            "private_ip": "",
            "ptr_record": "",
            "public_dns": "ec2-34-237-64-225.compute-1.amazonaws.com",
            "public_ip": "34.237.64.225",
            "public_ipv4_pool": "amazon",
            "tags": {
              "Blueprint": "voice-kuberay-cluster",
              "GithubRepo": "github.com/awslabs/data-on-eks",
              "Name": "voice-kuberay-cluster-us-east-1a",
              "karpenter.sh/discovery": "voice-kuberay-cluster"
            },
            "tags_all": {
              "Blueprint": "voice-kuberay-cluster",
              "GithubRepo": "github.com/awslabs/data-on-eks",
              "Name": "voice-kuberay-cluster-us-east-1a",
              "karpenter.sh/discovery": "voice-kuberay-cluster"
            },
            "timeouts": null,
            "vpc": true
          },
          "sensitive_attributes": [],
          "private": "eyJlMmJmYjczMC1lY2FhLTExZTYtOGY4OC0zNDM2M2JjN2M0YzAiOnsiZGVsZXRlIjoxODAwMDAwMDAwMDAsInJlYWQiOjkwMDAwMDAwMDAwMCwidXBkYXRlIjozMDAwMDAwMDAwMDB9fQ==",
          "dependencies": [
            "data.aws_availability_zones.available",
            "module.vpc.aws_internet_gateway.this",
            "module.vpc.aws_vpc.this",
            "module.vpc.aws_vpc_ipv4_cidr_block_association.this"
          ]
        }
      ]
    },
    {
      "module": "module.vpc",
      "mode": "managed",
      "type": "aws_flow_log",
      "name": "this",
      "provider": "provider[\"registry.terraform.io/hashicorp/aws\"]",
      "instances": [
        {
          "index_key": 0,
          "schema_version": 0,
          "attributes": {
            "arn": "arn:aws:ec2:us-east-1:975226449092:vpc-flow-log/fl-097bdee0b849d5b80",
            "deliver_cross_account_role": "",
            "destination_options": [],
            "eni_id": null,
            "iam_role_arn": "arn:aws:iam::975226449092:role/vpc-flow-log-role-20250320142247604100000002",
            "id": "fl-097bdee0b849d5b80",
            "log_destination": "arn:aws:logs:us-east-1:975226449092:log-group:/aws/vpc-flow-log/vpc-0eae727a14fd4f9b0",
            "log_destination_type": "cloud-watch-logs",
            "log_format": "${version} ${account-id} ${interface-id} ${srcaddr} ${dstaddr} ${srcport} ${dstport} ${protocol} ${packets} ${bytes} ${start} ${end} ${action} ${log-status}",
            "log_group_name": "/aws/vpc-flow-log/vpc-0eae727a14fd4f9b0",
            "max_aggregation_interval": 600,
            "subnet_id": null,
            "tags": {
              "Blueprint": "voice-kuberay-cluster",
              "GithubRepo": "github.com/awslabs/data-on-eks",
              "karpenter.sh/discovery": "voice-kuberay-cluster"
            },
            "tags_all": {
              "Blueprint": "voice-kuberay-cluster",
              "GithubRepo": "github.com/awslabs/data-on-eks",
              "karpenter.sh/discovery": "voice-kuberay-cluster"
            },
            "traffic_type": "ALL",
            "transit_gateway_attachment_id": null,
            "transit_gateway_id": null,
            "vpc_id": "vpc-0eae727a14fd4f9b0"
          },
          "sensitive_attributes": [],
          "private": "bnVsbA==",
          "dependencies": [
            "module.vpc.aws_cloudwatch_log_group.flow_log",
            "module.vpc.aws_iam_role.vpc_flow_log_cloudwatch",
            "module.vpc.aws_vpc.this",
            "module.vpc.aws_vpc_ipv4_cidr_block_association.this",
            "module.vpc.data.aws_iam_policy_document.flow_log_cloudwatch_assume_role"
          ]
        }
      ]
    },
    {
      "module": "module.vpc",
      "mode": "managed",
      "type": "aws_iam_policy",
      "name": "vpc_flow_log_cloudwatch",
      "provider": "provider[\"registry.terraform.io/hashicorp/aws\"]",
      "instances": [
        {
          "index_key": 0,
          "schema_version": 0,
          "attributes": {
            "arn": "arn:aws:iam::975226449092:policy/vpc-flow-log-to-cloudwatch-20250320142322195400000014",
            "attachment_count": 0,
            "description": "",
            "id": "arn:aws:iam::975226449092:policy/vpc-flow-log-to-cloudwatch-20250320142322195400000014",
            "name": "vpc-flow-log-to-cloudwatch-20250320142322195400000014",
            "name_prefix": "vpc-flow-log-to-cloudwatch-",
            "path": "/",
            "policy": "{\"Statement\":[{\"Action\":[\"logs:PutLogEvents\",\"logs:DescribeLogStreams\",\"logs:DescribeLogGroups\",\"logs:CreateLogStream\"],\"Effect\":\"Allow\",\"Resource\":\"arn:aws:logs:us-east-1:975226449092:log-group:/aws/vpc-flow-log/vpc-0eae727a14fd4f9b0:*\",\"Sid\":\"AWSVPCFlowLogsPushToCloudWatch\"}],\"Version\":\"2012-10-17\"}",
            "policy_id": "ANPA6GEAGVTCA5E45KJZA",
            "tags": {
              "Blueprint": "voice-kuberay-cluster",
              "GithubRepo": "github.com/awslabs/data-on-eks",
              "karpenter.sh/discovery": "voice-kuberay-cluster"
            },
            "tags_all": {
              "Blueprint": "voice-kuberay-cluster",
              "GithubRepo": "github.com/awslabs/data-on-eks",
              "karpenter.sh/discovery": "voice-kuberay-cluster"
            }
          },
          "sensitive_attributes": [],
          "private": "bnVsbA==",
          "dependencies": [
            "module.vpc.aws_cloudwatch_log_group.flow_log",
            "module.vpc.aws_vpc.this",
            "module.vpc.aws_vpc_ipv4_cidr_block_association.this",
            "module.vpc.data.aws_caller_identity.current",
            "module.vpc.data.aws_iam_policy_document.vpc_flow_log_cloudwatch",
            "module.vpc.data.aws_partition.current",
            "module.vpc.data.aws_region.current"
          ]
        }
      ]
    },
    {
      "module": "module.vpc",
      "mode": "managed",
      "type": "aws_iam_role",
      "name": "vpc_flow_log_cloudwatch",
      "provider": "provider[\"registry.terraform.io/hashicorp/aws\"]",
      "instances": [
        {
          "index_key": 0,
          "schema_version": 0,
          "attributes": {
            "arn": "arn:aws:iam::975226449092:role/vpc-flow-log-role-20250320142247604100000002",
            "assume_role_policy": "{\"Statement\":[{\"Action\":\"sts:AssumeRole\",\"Effect\":\"Allow\",\"Principal\":{\"Service\":\"vpc-flow-logs.amazonaws.com\"},\"Sid\":\"AWSVPCFlowLogsAssumeRole\"}],\"Version\":\"2012-10-17\"}",
            "create_date": "2025-03-20T14:22:48Z",
            "description": "",
            "force_detach_policies": false,
            "id": "vpc-flow-log-role-20250320142247604100000002",
            "inline_policy": [],
            "managed_policy_arns": [],
            "max_session_duration": 3600,
            "name": "vpc-flow-log-role-20250320142247604100000002",
            "name_prefix": "vpc-flow-log-role-",
            "path": "/",
            "permissions_boundary": "",
            "tags": {
              "Blueprint": "voice-kuberay-cluster",
              "GithubRepo": "github.com/awslabs/data-on-eks",
              "karpenter.sh/discovery": "voice-kuberay-cluster"
            },
            "tags_all": {
              "Blueprint": "voice-kuberay-cluster",
              "GithubRepo": "github.com/awslabs/data-on-eks",
              "karpenter.sh/discovery": "voice-kuberay-cluster"
            },
            "unique_id": "AROA6GEAGVTCL2XHGSCD2"
          },
          "sensitive_attributes": [],
          "private": "bnVsbA==",
          "dependencies": [
            "module.vpc.data.aws_iam_policy_document.flow_log_cloudwatch_assume_role"
          ]
        }
      ]
    },
    {
      "module": "module.vpc",
      "mode": "managed",
      "type": "aws_iam_role_policy_attachment",
      "name": "vpc_flow_log_cloudwatch",
      "provider": "provider[\"registry.terraform.io/hashicorp/aws\"]",
      "instances": [
        {
          "index_key": 0,
          "schema_version": 0,
          "attributes": {
            "id": "vpc-flow-log-role-20250320142247604100000002-20250320142323525000000019",
            "policy_arn": "arn:aws:iam::975226449092:policy/vpc-flow-log-to-cloudwatch-20250320142322195400000014",
            "role": "vpc-flow-log-role-20250320142247604100000002"
          },
          "sensitive_attributes": [],
          "private": "bnVsbA==",
          "dependencies": [
            "module.vpc.aws_cloudwatch_log_group.flow_log",
            "module.vpc.aws_iam_policy.vpc_flow_log_cloudwatch",
            "module.vpc.aws_iam_role.vpc_flow_log_cloudwatch",
            "module.vpc.aws_vpc.this",
            "module.vpc.aws_vpc_ipv4_cidr_block_association.this",
            "module.vpc.data.aws_caller_identity.current",
            "module.vpc.data.aws_iam_policy_document.flow_log_cloudwatch_assume_role",
            "module.vpc.data.aws_iam_policy_document.vpc_flow_log_cloudwatch",
            "module.vpc.data.aws_partition.current",
            "module.vpc.data.aws_region.current"
          ]
        }
      ]
    },
    {
      "module": "module.vpc",
      "mode": "managed",
      "type": "aws_internet_gateway",
      "name": "this",
      "provider": "provider[\"registry.terraform.io/hashicorp/aws\"]",
      "instances": [
        {
          "index_key": 0,
          "schema_version": 0,
          "attributes": {
            "arn": "arn:aws:ec2:us-east-1:975226449092:internet-gateway/igw-03c5d69dce1e45970",
            "id": "igw-03c5d69dce1e45970",
            "owner_id": "975226449092",
            "tags": {
              "Blueprint": "voice-kuberay-cluster",
              "GithubRepo": "github.com/awslabs/data-on-eks",
              "Name": "voice-kuberay-cluster",
              "karpenter.sh/discovery": "voice-kuberay-cluster"
            },
            "tags_all": {
              "Blueprint": "voice-kuberay-cluster",
              "GithubRepo": "github.com/awslabs/data-on-eks",
              "Name": "voice-kuberay-cluster",
              "karpenter.sh/discovery": "voice-kuberay-cluster"
            },
            "timeouts": null,
            "vpc_id": "vpc-0eae727a14fd4f9b0"
          },
          "sensitive_attributes": [],
          "private": "eyJlMmJmYjczMC1lY2FhLTExZTYtOGY4OC0zNDM2M2JjN2M0YzAiOnsiY3JlYXRlIjoxMjAwMDAwMDAwMDAwLCJkZWxldGUiOjEyMDAwMDAwMDAwMDAsInVwZGF0ZSI6MTIwMDAwMDAwMDAwMH19",
          "dependencies": [
            "data.aws_availability_zones.available",
            "module.vpc.aws_vpc.this",
            "module.vpc.aws_vpc_ipv4_cidr_block_association.this"
          ]
        }
      ]
    },
    {
      "module": "module.vpc",
      "mode": "managed",
      "type": "aws_nat_gateway",
      "name": "this",
      "provider": "provider[\"registry.terraform.io/hashicorp/aws\"]",
      "instances": [
        {
          "index_key": 0,
          "schema_version": 0,
          "attributes": {
            "allocation_id": "eipalloc-06d8937bcde57245d",
            "association_id": "eipassoc-0af43773c98ee1466",
            "connectivity_type": "public",
            "id": "nat-0ede47ca4d87eb44c",
            "network_interface_id": "eni-0adb337e0d9e8a53e",
            "private_ip": "10.10.48.167",
            "public_ip": "34.237.64.225",
            "secondary_allocation_ids": null,
            "secondary_private_ip_address_count": 0,
            "secondary_private_ip_addresses": [],
            "subnet_id": "subnet-067e5a9f68f709839",
            "tags": {
              "Blueprint": "voice-kuberay-cluster",
              "GithubRepo": "github.com/awslabs/data-on-eks",
              "Name": "voice-kuberay-cluster-us-east-1a",
              "karpenter.sh/discovery": "voice-kuberay-cluster"
            },
            "tags_all": {
              "Blueprint": "voice-kuberay-cluster",
              "GithubRepo": "github.com/awslabs/data-on-eks",
              "Name": "voice-kuberay-cluster-us-east-1a",
              "karpenter.sh/discovery": "voice-kuberay-cluster"
            },
            "timeouts": null
          },
          "sensitive_attributes": [],
          "private": "eyJlMmJmYjczMC1lY2FhLTExZTYtOGY4OC0zNDM2M2JjN2M0YzAiOnsiY3JlYXRlIjo2MDAwMDAwMDAwMDAsImRlbGV0ZSI6MTgwMDAwMDAwMDAwMCwidXBkYXRlIjo2MDAwMDAwMDAwMDB9fQ==",
          "dependencies": [
            "data.aws_availability_zones.available",
            "module.vpc.aws_eip.nat",
            "module.vpc.aws_internet_gateway.this",
            "module.vpc.aws_subnet.public",
            "module.vpc.aws_vpc.this",
            "module.vpc.aws_vpc_ipv4_cidr_block_association.this"
          ]
        }
      ]
    },
    {
      "module": "module.vpc",
      "mode": "managed",
      "type": "aws_route",
      "name": "private_nat_gateway",
      "provider": "provider[\"registry.terraform.io/hashicorp/aws\"]",
      "instances": [
        {
          "index_key": 0,
          "schema_version": 0,
          "attributes": {
            "carrier_gateway_id": "",
            "core_network_arn": "",
            "destination_cidr_block": "0.0.0.0/0",
            "destination_ipv6_cidr_block": "",
            "destination_prefix_list_id": "",
            "egress_only_gateway_id": "",
            "gateway_id": "",
            "id": "r-rtb-0b84a7ae6d43854661080289494",
            "instance_id": "",
            "instance_owner_id": "",
            "local_gateway_id": "",
            "nat_gateway_id": "nat-0ede47ca4d87eb44c",
            "network_interface_id": "",
            "origin": "CreateRoute",
            "route_table_id": "rtb-0b84a7ae6d4385466",
            "state": "active",
            "timeouts": {
              "create": "5m",
              "delete": null,
              "update": null
            },
            "transit_gateway_id": "",
            "vpc_endpoint_id": "",
            "vpc_peering_connection_id": ""
          },
          "sensitive_attributes": [],
          "private": "eyJlMmJmYjczMC1lY2FhLTExZTYtOGY4OC0zNDM2M2JjN2M0YzAiOnsiY3JlYXRlIjozMDAwMDAwMDAwMDAsImRlbGV0ZSI6MzAwMDAwMDAwMDAwLCJ1cGRhdGUiOjEyMDAwMDAwMDAwMH19",
          "dependencies": [
            "data.aws_availability_zones.available",
            "module.vpc.aws_eip.nat",
            "module.vpc.aws_internet_gateway.this",
            "module.vpc.aws_nat_gateway.this",
            "module.vpc.aws_route_table.private",
            "module.vpc.aws_subnet.public",
            "module.vpc.aws_vpc.this",
            "module.vpc.aws_vpc_ipv4_cidr_block_association.this"
          ]
        }
      ]
    },
    {
      "module": "module.vpc",
      "mode": "managed",
      "type": "aws_route",
      "name": "public_internet_gateway",
      "provider": "provider[\"registry.terraform.io/hashicorp/aws\"]",
      "instances": [
        {
          "index_key": 0,
          "schema_version": 0,
          "attributes": {
            "carrier_gateway_id": "",
            "core_network_arn": "",
            "destination_cidr_block": "0.0.0.0/0",
            "destination_ipv6_cidr_block": "",
            "destination_prefix_list_id": "",
            "egress_only_gateway_id": "",
            "gateway_id": "igw-03c5d69dce1e45970",
            "id": "r-rtb-0212db4e4e5a5a49a1080289494",
            "instance_id": "",
            "instance_owner_id": "",
            "local_gateway_id": "",
            "nat_gateway_id": "",
            "network_interface_id": "",
            "origin": "CreateRoute",
            "route_table_id": "rtb-0212db4e4e5a5a49a",
            "state": "active",
            "timeouts": {
              "create": "5m",
              "delete": null,
              "update": null
            },
            "transit_gateway_id": "",
            "vpc_endpoint_id": "",
            "vpc_peering_connection_id": ""
          },
          "sensitive_attributes": [],
          "private": "eyJlMmJmYjczMC1lY2FhLTExZTYtOGY4OC0zNDM2M2JjN2M0YzAiOnsiY3JlYXRlIjozMDAwMDAwMDAwMDAsImRlbGV0ZSI6MzAwMDAwMDAwMDAwLCJ1cGRhdGUiOjEyMDAwMDAwMDAwMH19",
          "dependencies": [
            "data.aws_availability_zones.available",
            "module.vpc.aws_internet_gateway.this",
            "module.vpc.aws_route_table.public",
            "module.vpc.aws_vpc.this",
            "module.vpc.aws_vpc_ipv4_cidr_block_association.this"
          ]
        }
      ]
    },
    {
      "module": "module.vpc",
      "mode": "managed",
      "type": "aws_route_table",
      "name": "private",
      "provider": "provider[\"registry.terraform.io/hashicorp/aws\"]",
      "instances": [
        {
          "index_key": 0,
          "schema_version": 0,
          "attributes": {
            "arn": "arn:aws:ec2:us-east-1:975226449092:route-table/rtb-0b84a7ae6d4385466",
            "id": "rtb-0b84a7ae6d4385466",
            "owner_id": "975226449092",
            "propagating_vgws": [],
            "route": [],
            "tags": {
              "Blueprint": "voice-kuberay-cluster",
              "GithubRepo": "github.com/awslabs/data-on-eks",
              "Name": "voice-kuberay-cluster-private",
              "karpenter.sh/discovery": "voice-kuberay-cluster"
            },
            "tags_all": {
              "Blueprint": "voice-kuberay-cluster",
              "GithubRepo": "github.com/awslabs/data-on-eks",
              "Name": "voice-kuberay-cluster-private",
              "karpenter.sh/discovery": "voice-kuberay-cluster"
            },
            "timeouts": null,
            "vpc_id": "vpc-0eae727a14fd4f9b0"
          },
          "sensitive_attributes": [],
          "private": "eyJlMmJmYjczMC1lY2FhLTExZTYtOGY4OC0zNDM2M2JjN2M0YzAiOnsiY3JlYXRlIjozMDAwMDAwMDAwMDAsImRlbGV0ZSI6MzAwMDAwMDAwMDAwLCJ1cGRhdGUiOjEyMDAwMDAwMDAwMH19",
          "dependencies": [
            "data.aws_availability_zones.available",
            "module.vpc.aws_vpc.this",
            "module.vpc.aws_vpc_ipv4_cidr_block_association.this"
          ]
        }
      ]
    },
    {
      "module": "module.vpc",
      "mode": "managed",
      "type": "aws_route_table",
      "name": "public",
      "provider": "provider[\"registry.terraform.io/hashicorp/aws\"]",
      "instances": [
        {
          "index_key": 0,
          "schema_version": 0,
          "attributes": {
            "arn": "arn:aws:ec2:us-east-1:975226449092:route-table/rtb-0212db4e4e5a5a49a",
            "id": "rtb-0212db4e4e5a5a49a",
            "owner_id": "975226449092",
            "propagating_vgws": [],
            "route": [],
            "tags": {
              "Blueprint": "voice-kuberay-cluster",
              "GithubRepo": "github.com/awslabs/data-on-eks",
              "Name": "voice-kuberay-cluster-public",
              "karpenter.sh/discovery": "voice-kuberay-cluster"
            },
            "tags_all": {
              "Blueprint": "voice-kuberay-cluster",
              "GithubRepo": "github.com/awslabs/data-on-eks",
              "Name": "voice-kuberay-cluster-public",
              "karpenter.sh/discovery": "voice-kuberay-cluster"
            },
            "timeouts": null,
            "vpc_id": "vpc-0eae727a14fd4f9b0"
          },
          "sensitive_attributes": [],
          "private": "eyJlMmJmYjczMC1lY2FhLTExZTYtOGY4OC0zNDM2M2JjN2M0YzAiOnsiY3JlYXRlIjozMDAwMDAwMDAwMDAsImRlbGV0ZSI6MzAwMDAwMDAwMDAwLCJ1cGRhdGUiOjEyMDAwMDAwMDAwMH19",
          "dependencies": [
            "data.aws_availability_zones.available",
            "module.vpc.aws_vpc.this",
            "module.vpc.aws_vpc_ipv4_cidr_block_association.this"
          ]
        }
      ]
    },
    {
      "module": "module.vpc",
      "mode": "managed",
      "type": "aws_route_table_association",
      "name": "private",
      "provider": "provider[\"registry.terraform.io/hashicorp/aws\"]",
      "instances": [
        {
          "index_key": 0,
          "schema_version": 0,
          "attributes": {
            "gateway_id": "",
            "id": "rtbassoc-0e31a8bea801de65e",
            "route_table_id": "rtb-0b84a7ae6d4385466",
            "subnet_id": "subnet-0474ee32bc20b58e5",
            "timeouts": null
          },
          "sensitive_attributes": [],
          "private": "eyJlMmJmYjczMC1lY2FhLTExZTYtOGY4OC0zNDM2M2JjN2M0YzAiOnsiY3JlYXRlIjozMDAwMDAwMDAwMDAsImRlbGV0ZSI6MzAwMDAwMDAwMDAwLCJ1cGRhdGUiOjEyMDAwMDAwMDAwMH19",
          "dependencies": [
            "data.aws_availability_zones.available",
            "module.vpc.aws_route_table.private",
            "module.vpc.aws_subnet.private",
            "module.vpc.aws_vpc.this",
            "module.vpc.aws_vpc_ipv4_cidr_block_association.this"
          ]
        },
        {
          "index_key": 1,
          "schema_version": 0,
          "attributes": {
            "gateway_id": "",
            "id": "rtbassoc-0b67f4e2e02229ffd",
            "route_table_id": "rtb-0b84a7ae6d4385466",
            "subnet_id": "subnet-06bbf12bf06bbfbbc",
            "timeouts": null
          },
          "sensitive_attributes": [],
          "private": "eyJlMmJmYjczMC1lY2FhLTExZTYtOGY4OC0zNDM2M2JjN2M0YzAiOnsiY3JlYXRlIjozMDAwMDAwMDAwMDAsImRlbGV0ZSI6MzAwMDAwMDAwMDAwLCJ1cGRhdGUiOjEyMDAwMDAwMDAwMH19",
          "dependencies": [
            "data.aws_availability_zones.available",
            "module.vpc.aws_route_table.private",
            "module.vpc.aws_subnet.private",
            "module.vpc.aws_vpc.this",
            "module.vpc.aws_vpc_ipv4_cidr_block_association.this"
          ]
        },
        {
          "index_key": 2,
          "schema_version": 0,
          "attributes": {
            "gateway_id": "",
            "id": "rtbassoc-03e29430840d1895d",
            "route_table_id": "rtb-0b84a7ae6d4385466",
            "subnet_id": "subnet-0fdcd23fc790a05f1",
            "timeouts": null
          },
          "sensitive_attributes": [],
          "private": "eyJlMmJmYjczMC1lY2FhLTExZTYtOGY4OC0zNDM2M2JjN2M0YzAiOnsiY3JlYXRlIjozMDAwMDAwMDAwMDAsImRlbGV0ZSI6MzAwMDAwMDAwMDAwLCJ1cGRhdGUiOjEyMDAwMDAwMDAwMH19",
          "dependencies": [
            "data.aws_availability_zones.available",
            "module.vpc.aws_route_table.private",
            "module.vpc.aws_subnet.private",
            "module.vpc.aws_vpc.this",
            "module.vpc.aws_vpc_ipv4_cidr_block_association.this"
          ]
        },
        {
          "index_key": 3,
          "schema_version": 0,
          "attributes": {
            "gateway_id": "",
            "id": "rtbassoc-04d6b9ed5ecd0ce36",
            "route_table_id": "rtb-0b84a7ae6d4385466",
            "subnet_id": "subnet-0474e8a1b56d39f4a",
            "timeouts": null
          },
          "sensitive_attributes": [],
          "private": "eyJlMmJmYjczMC1lY2FhLTExZTYtOGY4OC0zNDM2M2JjN2M0YzAiOnsiY3JlYXRlIjozMDAwMDAwMDAwMDAsImRlbGV0ZSI6MzAwMDAwMDAwMDAwLCJ1cGRhdGUiOjEyMDAwMDAwMDAwMH19",
          "dependencies": [
            "data.aws_availability_zones.available",
            "module.vpc.aws_route_table.private",
            "module.vpc.aws_subnet.private",
            "module.vpc.aws_vpc.this",
            "module.vpc.aws_vpc_ipv4_cidr_block_association.this"
          ]
        },
        {
          "index_key": 4,
          "schema_version": 0,
          "attributes": {
            "gateway_id": "",
            "id": "rtbassoc-054f8d48b9e51a4c9",
            "route_table_id": "rtb-0b84a7ae6d4385466",
            "subnet_id": "subnet-0a8a4998e4d71e98e",
            "timeouts": null
          },
          "sensitive_attributes": [],
          "private": "eyJlMmJmYjczMC1lY2FhLTExZTYtOGY4OC0zNDM2M2JjN2M0YzAiOnsiY3JlYXRlIjozMDAwMDAwMDAwMDAsImRlbGV0ZSI6MzAwMDAwMDAwMDAwLCJ1cGRhdGUiOjEyMDAwMDAwMDAwMH19",
          "dependencies": [
            "data.aws_availability_zones.available",
            "module.vpc.aws_route_table.private",
            "module.vpc.aws_subnet.private",
            "module.vpc.aws_vpc.this",
            "module.vpc.aws_vpc_ipv4_cidr_block_association.this"
          ]
        },
        {
          "index_key": 5,
          "schema_version": 0,
          "attributes": {
            "gateway_id": "",
            "id": "rtbassoc-0abbb1f42e017fb5b",
            "route_table_id": "rtb-0b84a7ae6d4385466",
            "subnet_id": "subnet-034071dd35aae2a6a",
            "timeouts": null
          },
          "sensitive_attributes": [],
          "private": "eyJlMmJmYjczMC1lY2FhLTExZTYtOGY4OC0zNDM2M2JjN2M0YzAiOnsiY3JlYXRlIjozMDAwMDAwMDAwMDAsImRlbGV0ZSI6MzAwMDAwMDAwMDAwLCJ1cGRhdGUiOjEyMDAwMDAwMDAwMH19",
          "dependencies": [
            "data.aws_availability_zones.available",
            "module.vpc.aws_route_table.private",
            "module.vpc.aws_subnet.private",
            "module.vpc.aws_vpc.this",
            "module.vpc.aws_vpc_ipv4_cidr_block_association.this"
          ]
        }
      ]
    },
    {
      "module": "module.vpc",
      "mode": "managed",
      "type": "aws_route_table_association",
      "name": "public",
      "provider": "provider[\"registry.terraform.io/hashicorp/aws\"]",
      "instances": [
        {
          "index_key": 0,
          "schema_version": 0,
          "attributes": {
            "gateway_id": "",
            "id": "rtbassoc-06c1fee755b9ab1ff",
            "route_table_id": "rtb-0212db4e4e5a5a49a",
            "subnet_id": "subnet-067e5a9f68f709839",
            "timeouts": null
          },
          "sensitive_attributes": [],
          "private": "eyJlMmJmYjczMC1lY2FhLTExZTYtOGY4OC0zNDM2M2JjN2M0YzAiOnsiY3JlYXRlIjozMDAwMDAwMDAwMDAsImRlbGV0ZSI6MzAwMDAwMDAwMDAwLCJ1cGRhdGUiOjEyMDAwMDAwMDAwMH19",
          "dependencies": [
            "data.aws_availability_zones.available",
            "module.vpc.aws_route_table.public",
            "module.vpc.aws_subnet.public",
            "module.vpc.aws_vpc.this",
            "module.vpc.aws_vpc_ipv4_cidr_block_association.this"
          ]
        },
        {
          "index_key": 1,
          "schema_version": 0,
          "attributes": {
            "gateway_id": "",
            "id": "rtbassoc-076e2b668f256128d",
            "route_table_id": "rtb-0212db4e4e5a5a49a",
            "subnet_id": "subnet-0433eea1f746e3cc3",
            "timeouts": null
          },
          "sensitive_attributes": [],
          "private": "eyJlMmJmYjczMC1lY2FhLTExZTYtOGY4OC0zNDM2M2JjN2M0YzAiOnsiY3JlYXRlIjozMDAwMDAwMDAwMDAsImRlbGV0ZSI6MzAwMDAwMDAwMDAwLCJ1cGRhdGUiOjEyMDAwMDAwMDAwMH19",
          "dependencies": [
            "data.aws_availability_zones.available",
            "module.vpc.aws_route_table.public",
            "module.vpc.aws_subnet.public",
            "module.vpc.aws_vpc.this",
            "module.vpc.aws_vpc_ipv4_cidr_block_association.this"
          ]
        },
        {
          "index_key": 2,
          "schema_version": 0,
          "attributes": {
            "gateway_id": "",
            "id": "rtbassoc-084a9c69fded42d02",
            "route_table_id": "rtb-0212db4e4e5a5a49a",
            "subnet_id": "subnet-0fd2ddd7d294c9ef7",
            "timeouts": null
          },
          "sensitive_attributes": [],
          "private": "eyJlMmJmYjczMC1lY2FhLTExZTYtOGY4OC0zNDM2M2JjN2M0YzAiOnsiY3JlYXRlIjozMDAwMDAwMDAwMDAsImRlbGV0ZSI6MzAwMDAwMDAwMDAwLCJ1cGRhdGUiOjEyMDAwMDAwMDAwMH19",
          "dependencies": [
            "data.aws_availability_zones.available",
            "module.vpc.aws_route_table.public",
            "module.vpc.aws_subnet.public",
            "module.vpc.aws_vpc.this",
            "module.vpc.aws_vpc_ipv4_cidr_block_association.this"
          ]
        }
      ]
    },
    {
      "module": "module.vpc",
      "mode": "managed",
      "type": "aws_subnet",
      "name": "private",
      "provider": "provider[\"registry.terraform.io/hashicorp/aws\"]",
      "instances": [
        {
          "index_key": 0,
          "schema_version": 1,
          "attributes": {
            "arn": "arn:aws:ec2:us-east-1:975226449092:subnet/subnet-0474ee32bc20b58e5",
            "assign_ipv6_address_on_creation": false,
            "availability_zone": "us-east-1a",
            "availability_zone_id": "use1-az2",
            "cidr_block": "10.10.0.0/20",
            "customer_owned_ipv4_pool": "",
            "enable_dns64": false,
            "enable_lni_at_device_index": 0,
            "enable_resource_name_dns_a_record_on_launch": false,
            "enable_resource_name_dns_aaaa_record_on_launch": false,
            "id": "subnet-0474ee32bc20b58e5",
            "ipv6_cidr_block": "",
            "ipv6_cidr_block_association_id": "",
            "ipv6_native": false,
            "map_customer_owned_ip_on_launch": false,
            "map_public_ip_on_launch": false,
            "outpost_arn": "",
            "owner_id": "975226449092",
            "private_dns_hostname_type_on_launch": "ip-name",
            "tags": {
              "Blueprint": "voice-kuberay-cluster",
              "GithubRepo": "github.com/awslabs/data-on-eks",
              "Name": "voice-kuberay-cluster-private-us-east-1a",
              "karpenter.sh/discovery": "voice-kuberay-cluster",
              "kubernetes.io/role/internal-elb": "1"
            },
            "tags_all": {
              "Blueprint": "voice-kuberay-cluster",
              "GithubRepo": "github.com/awslabs/data-on-eks",
              "Name": "voice-kuberay-cluster-private-us-east-1a",
              "karpenter.sh/discovery": "voice-kuberay-cluster",
              "kubernetes.io/role/internal-elb": "1"
            },
            "timeouts": null,
            "vpc_id": "vpc-0eae727a14fd4f9b0"
          },
          "sensitive_attributes": [],
          "private": "eyJlMmJmYjczMC1lY2FhLTExZTYtOGY4OC0zNDM2M2JjN2M0YzAiOnsiY3JlYXRlIjo2MDAwMDAwMDAwMDAsImRlbGV0ZSI6MTIwMDAwMDAwMDAwMH0sInNjaGVtYV92ZXJzaW9uIjoiMSJ9",
          "dependencies": [
            "data.aws_availability_zones.available",
            "module.vpc.aws_vpc.this",
            "module.vpc.aws_vpc_ipv4_cidr_block_association.this"
          ]
        },
        {
          "index_key": 1,
          "schema_version": 1,
          "attributes": {
            "arn": "arn:aws:ec2:us-east-1:975226449092:subnet/subnet-06bbf12bf06bbfbbc",
            "assign_ipv6_address_on_creation": false,
            "availability_zone": "us-east-1b",
            "availability_zone_id": "use1-az4",
            "cidr_block": "10.10.16.0/20",
            "customer_owned_ipv4_pool": "",
            "enable_dns64": false,
            "enable_lni_at_device_index": 0,
            "enable_resource_name_dns_a_record_on_launch": false,
            "enable_resource_name_dns_aaaa_record_on_launch": false,
            "id": "subnet-06bbf12bf06bbfbbc",
            "ipv6_cidr_block": "",
            "ipv6_cidr_block_association_id": "",
            "ipv6_native": false,
            "map_customer_owned_ip_on_launch": false,
            "map_public_ip_on_launch": false,
            "outpost_arn": "",
            "owner_id": "975226449092",
            "private_dns_hostname_type_on_launch": "ip-name",
            "tags": {
              "Blueprint": "voice-kuberay-cluster",
              "GithubRepo": "github.com/awslabs/data-on-eks",
              "Name": "voice-kuberay-cluster-private-us-east-1b",
              "karpenter.sh/discovery": "voice-kuberay-cluster",
              "kubernetes.io/role/internal-elb": "1"
            },
            "tags_all": {
              "Blueprint": "voice-kuberay-cluster",
              "GithubRepo": "github.com/awslabs/data-on-eks",
              "Name": "voice-kuberay-cluster-private-us-east-1b",
              "karpenter.sh/discovery": "voice-kuberay-cluster",
              "kubernetes.io/role/internal-elb": "1"
            },
            "timeouts": null,
            "vpc_id": "vpc-0eae727a14fd4f9b0"
          },
          "sensitive_attributes": [],
          "private": "eyJlMmJmYjczMC1lY2FhLTExZTYtOGY4OC0zNDM2M2JjN2M0YzAiOnsiY3JlYXRlIjo2MDAwMDAwMDAwMDAsImRlbGV0ZSI6MTIwMDAwMDAwMDAwMH0sInNjaGVtYV92ZXJzaW9uIjoiMSJ9",
          "dependencies": [
            "data.aws_availability_zones.available",
            "module.vpc.aws_vpc.this",
            "module.vpc.aws_vpc_ipv4_cidr_block_association.this"
          ]
        },
        {
          "index_key": 2,
          "schema_version": 1,
          "attributes": {
            "arn": "arn:aws:ec2:us-east-1:975226449092:subnet/subnet-0fdcd23fc790a05f1",
            "assign_ipv6_address_on_creation": false,
            "availability_zone": "us-east-1c",
            "availability_zone_id": "use1-az6",
            "cidr_block": "10.10.32.0/20",
            "customer_owned_ipv4_pool": "",
            "enable_dns64": false,
            "enable_lni_at_device_index": 0,
            "enable_resource_name_dns_a_record_on_launch": false,
            "enable_resource_name_dns_aaaa_record_on_launch": false,
            "id": "subnet-0fdcd23fc790a05f1",
            "ipv6_cidr_block": "",
            "ipv6_cidr_block_association_id": "",
            "ipv6_native": false,
            "map_customer_owned_ip_on_launch": false,
            "map_public_ip_on_launch": false,
            "outpost_arn": "",
            "owner_id": "975226449092",
            "private_dns_hostname_type_on_launch": "ip-name",
            "tags": {
              "Blueprint": "voice-kuberay-cluster",
              "GithubRepo": "github.com/awslabs/data-on-eks",
              "Name": "voice-kuberay-cluster-private-us-east-1c",
              "karpenter.sh/discovery": "voice-kuberay-cluster",
              "kubernetes.io/role/internal-elb": "1"
            },
            "tags_all": {
              "Blueprint": "voice-kuberay-cluster",
              "GithubRepo": "github.com/awslabs/data-on-eks",
              "Name": "voice-kuberay-cluster-private-us-east-1c",
              "karpenter.sh/discovery": "voice-kuberay-cluster",
              "kubernetes.io/role/internal-elb": "1"
            },
            "timeouts": null,
            "vpc_id": "vpc-0eae727a14fd4f9b0"
          },
          "sensitive_attributes": [],
          "private": "eyJlMmJmYjczMC1lY2FhLTExZTYtOGY4OC0zNDM2M2JjN2M0YzAiOnsiY3JlYXRlIjo2MDAwMDAwMDAwMDAsImRlbGV0ZSI6MTIwMDAwMDAwMDAwMH0sInNjaGVtYV92ZXJzaW9uIjoiMSJ9",
          "dependencies": [
            "data.aws_availability_zones.available",
            "module.vpc.aws_vpc.this",
            "module.vpc.aws_vpc_ipv4_cidr_block_association.this"
          ]
        },
        {
          "index_key": 3,
          "schema_version": 1,
          "attributes": {
            "arn": "arn:aws:ec2:us-east-1:975226449092:subnet/subnet-0474e8a1b56d39f4a",
            "assign_ipv6_address_on_creation": false,
            "availability_zone": "us-east-1a",
            "availability_zone_id": "use1-az2",
            "cidr_block": "100.64.0.0/20",
            "customer_owned_ipv4_pool": "",
            "enable_dns64": false,
            "enable_lni_at_device_index": 0,
            "enable_resource_name_dns_a_record_on_launch": false,
            "enable_resource_name_dns_aaaa_record_on_launch": false,
            "id": "subnet-0474e8a1b56d39f4a",
            "ipv6_cidr_block": "",
            "ipv6_cidr_block_association_id": "",
            "ipv6_native": false,
            "map_customer_owned_ip_on_launch": false,
            "map_public_ip_on_launch": false,
            "outpost_arn": "",
            "owner_id": "975226449092",
            "private_dns_hostname_type_on_launch": "ip-name",
            "tags": {
              "Blueprint": "voice-kuberay-cluster",
              "GithubRepo": "github.com/awslabs/data-on-eks",
              "Name": "voice-kuberay-cluster-private-us-east-1a",
              "karpenter.sh/discovery": "voice-kuberay-cluster",
              "kubernetes.io/role/internal-elb": "1"
            },
            "tags_all": {
              "Blueprint": "voice-kuberay-cluster",
              "GithubRepo": "github.com/awslabs/data-on-eks",
              "Name": "voice-kuberay-cluster-private-us-east-1a",
              "karpenter.sh/discovery": "voice-kuberay-cluster",
              "kubernetes.io/role/internal-elb": "1"
            },
            "timeouts": null,
            "vpc_id": "vpc-0eae727a14fd4f9b0"
          },
          "sensitive_attributes": [],
          "private": "eyJlMmJmYjczMC1lY2FhLTExZTYtOGY4OC0zNDM2M2JjN2M0YzAiOnsiY3JlYXRlIjo2MDAwMDAwMDAwMDAsImRlbGV0ZSI6MTIwMDAwMDAwMDAwMH0sInNjaGVtYV92ZXJzaW9uIjoiMSJ9",
          "dependencies": [
            "data.aws_availability_zones.available",
            "module.vpc.aws_vpc.this",
            "module.vpc.aws_vpc_ipv4_cidr_block_association.this"
          ]
        },
        {
          "index_key": 4,
          "schema_version": 1,
          "attributes": {
            "arn": "arn:aws:ec2:us-east-1:975226449092:subnet/subnet-0a8a4998e4d71e98e",
            "assign_ipv6_address_on_creation": false,
            "availability_zone": "us-east-1b",
            "availability_zone_id": "use1-az4",
            "cidr_block": "100.64.16.0/20",
            "customer_owned_ipv4_pool": "",
            "enable_dns64": false,
            "enable_lni_at_device_index": 0,
            "enable_resource_name_dns_a_record_on_launch": false,
            "enable_resource_name_dns_aaaa_record_on_launch": false,
            "id": "subnet-0a8a4998e4d71e98e",
            "ipv6_cidr_block": "",
            "ipv6_cidr_block_association_id": "",
            "ipv6_native": false,
            "map_customer_owned_ip_on_launch": false,
            "map_public_ip_on_launch": false,
            "outpost_arn": "",
            "owner_id": "975226449092",
            "private_dns_hostname_type_on_launch": "ip-name",
            "tags": {
              "Blueprint": "voice-kuberay-cluster",
              "GithubRepo": "github.com/awslabs/data-on-eks",
              "Name": "voice-kuberay-cluster-private-us-east-1b",
              "karpenter.sh/discovery": "voice-kuberay-cluster",
              "kubernetes.io/role/internal-elb": "1"
            },
            "tags_all": {
              "Blueprint": "voice-kuberay-cluster",
              "GithubRepo": "github.com/awslabs/data-on-eks",
              "Name": "voice-kuberay-cluster-private-us-east-1b",
              "karpenter.sh/discovery": "voice-kuberay-cluster",
              "kubernetes.io/role/internal-elb": "1"
            },
            "timeouts": null,
            "vpc_id": "vpc-0eae727a14fd4f9b0"
          },
          "sensitive_attributes": [],
          "private": "eyJlMmJmYjczMC1lY2FhLTExZTYtOGY4OC0zNDM2M2JjN2M0YzAiOnsiY3JlYXRlIjo2MDAwMDAwMDAwMDAsImRlbGV0ZSI6MTIwMDAwMDAwMDAwMH0sInNjaGVtYV92ZXJzaW9uIjoiMSJ9",
          "dependencies": [
            "data.aws_availability_zones.available",
            "module.vpc.aws_vpc.this",
            "module.vpc.aws_vpc_ipv4_cidr_block_association.this"
          ]
        },
        {
          "index_key": 5,
          "schema_version": 1,
          "attributes": {
            "arn": "arn:aws:ec2:us-east-1:975226449092:subnet/subnet-034071dd35aae2a6a",
            "assign_ipv6_address_on_creation": false,
            "availability_zone": "us-east-1c",
            "availability_zone_id": "use1-az6",
            "cidr_block": "100.64.32.0/20",
            "customer_owned_ipv4_pool": "",
            "enable_dns64": false,
            "enable_lni_at_device_index": 0,
            "enable_resource_name_dns_a_record_on_launch": false,
            "enable_resource_name_dns_aaaa_record_on_launch": false,
            "id": "subnet-034071dd35aae2a6a",
            "ipv6_cidr_block": "",
            "ipv6_cidr_block_association_id": "",
            "ipv6_native": false,
            "map_customer_owned_ip_on_launch": false,
            "map_public_ip_on_launch": false,
            "outpost_arn": "",
            "owner_id": "975226449092",
            "private_dns_hostname_type_on_launch": "ip-name",
            "tags": {
              "Blueprint": "voice-kuberay-cluster",
              "GithubRepo": "github.com/awslabs/data-on-eks",
              "Name": "voice-kuberay-cluster-private-us-east-1c",
              "karpenter.sh/discovery": "voice-kuberay-cluster",
              "kubernetes.io/role/internal-elb": "1"
            },
            "tags_all": {
              "Blueprint": "voice-kuberay-cluster",
              "GithubRepo": "github.com/awslabs/data-on-eks",
              "Name": "voice-kuberay-cluster-private-us-east-1c",
              "karpenter.sh/discovery": "voice-kuberay-cluster",
              "kubernetes.io/role/internal-elb": "1"
            },
            "timeouts": null,
            "vpc_id": "vpc-0eae727a14fd4f9b0"
          },
          "sensitive_attributes": [],
          "private": "eyJlMmJmYjczMC1lY2FhLTExZTYtOGY4OC0zNDM2M2JjN2M0YzAiOnsiY3JlYXRlIjo2MDAwMDAwMDAwMDAsImRlbGV0ZSI6MTIwMDAwMDAwMDAwMH0sInNjaGVtYV92ZXJzaW9uIjoiMSJ9",
          "dependencies": [
            "data.aws_availability_zones.available",
            "module.vpc.aws_vpc.this",
            "module.vpc.aws_vpc_ipv4_cidr_block_association.this"
          ]
        }
      ]
    },
    {
      "module": "module.vpc",
      "mode": "managed",
      "type": "aws_subnet",
      "name": "public",
      "provider": "provider[\"registry.terraform.io/hashicorp/aws\"]",
      "instances": [
        {
          "index_key": 0,
          "schema_version": 1,
          "attributes": {
            "arn": "arn:aws:ec2:us-east-1:975226449092:subnet/subnet-067e5a9f68f709839",
            "assign_ipv6_address_on_creation": false,
            "availability_zone": "us-east-1a",
            "availability_zone_id": "use1-az2",
            "cidr_block": "10.10.48.0/24",
            "customer_owned_ipv4_pool": "",
            "enable_dns64": false,
            "enable_lni_at_device_index": 0,
            "enable_resource_name_dns_a_record_on_launch": false,
            "enable_resource_name_dns_aaaa_record_on_launch": false,
            "id": "subnet-067e5a9f68f709839",
            "ipv6_cidr_block": "",
            "ipv6_cidr_block_association_id": "",
            "ipv6_native": false,
            "map_customer_owned_ip_on_launch": false,
            "map_public_ip_on_launch": false,
            "outpost_arn": "",
            "owner_id": "975226449092",
            "private_dns_hostname_type_on_launch": "ip-name",
            "tags": {
              "Blueprint": "voice-kuberay-cluster",
              "GithubRepo": "github.com/awslabs/data-on-eks",
              "Name": "voice-kuberay-cluster-public-us-east-1a",
              "karpenter.sh/discovery": "voice-kuberay-cluster",
              "kubernetes.io/role/elb": "1"
            },
            "tags_all": {
              "Blueprint": "voice-kuberay-cluster",
              "GithubRepo": "github.com/awslabs/data-on-eks",
              "Name": "voice-kuberay-cluster-public-us-east-1a",
              "karpenter.sh/discovery": "voice-kuberay-cluster",
              "kubernetes.io/role/elb": "1"
            },
            "timeouts": null,
            "vpc_id": "vpc-0eae727a14fd4f9b0"
          },
          "sensitive_attributes": [],
          "private": "eyJlMmJmYjczMC1lY2FhLTExZTYtOGY4OC0zNDM2M2JjN2M0YzAiOnsiY3JlYXRlIjo2MDAwMDAwMDAwMDAsImRlbGV0ZSI6MTIwMDAwMDAwMDAwMH0sInNjaGVtYV92ZXJzaW9uIjoiMSJ9",
          "dependencies": [
            "data.aws_availability_zones.available",
            "module.vpc.aws_vpc.this",
            "module.vpc.aws_vpc_ipv4_cidr_block_association.this"
          ]
        },
        {
          "index_key": 1,
          "schema_version": 1,
          "attributes": {
            "arn": "arn:aws:ec2:us-east-1:975226449092:subnet/subnet-0433eea1f746e3cc3",
            "assign_ipv6_address_on_creation": false,
            "availability_zone": "us-east-1b",
            "availability_zone_id": "use1-az4",
            "cidr_block": "10.10.49.0/24",
            "customer_owned_ipv4_pool": "",
            "enable_dns64": false,
            "enable_lni_at_device_index": 0,
            "enable_resource_name_dns_a_record_on_launch": false,
            "enable_resource_name_dns_aaaa_record_on_launch": false,
            "id": "subnet-0433eea1f746e3cc3",
            "ipv6_cidr_block": "",
            "ipv6_cidr_block_association_id": "",
            "ipv6_native": false,
            "map_customer_owned_ip_on_launch": false,
            "map_public_ip_on_launch": false,
            "outpost_arn": "",
            "owner_id": "975226449092",
            "private_dns_hostname_type_on_launch": "ip-name",
            "tags": {
              "Blueprint": "voice-kuberay-cluster",
              "GithubRepo": "github.com/awslabs/data-on-eks",
              "Name": "voice-kuberay-cluster-public-us-east-1b",
              "karpenter.sh/discovery": "voice-kuberay-cluster",
              "kubernetes.io/role/elb": "1"
            },
            "tags_all": {
              "Blueprint": "voice-kuberay-cluster",
              "GithubRepo": "github.com/awslabs/data-on-eks",
              "Name": "voice-kuberay-cluster-public-us-east-1b",
              "karpenter.sh/discovery": "voice-kuberay-cluster",
              "kubernetes.io/role/elb": "1"
            },
            "timeouts": null,
            "vpc_id": "vpc-0eae727a14fd4f9b0"
          },
          "sensitive_attributes": [],
          "private": "eyJlMmJmYjczMC1lY2FhLTExZTYtOGY4OC0zNDM2M2JjN2M0YzAiOnsiY3JlYXRlIjo2MDAwMDAwMDAwMDAsImRlbGV0ZSI6MTIwMDAwMDAwMDAwMH0sInNjaGVtYV92ZXJzaW9uIjoiMSJ9",
          "dependencies": [
            "data.aws_availability_zones.available",
            "module.vpc.aws_vpc.this",
            "module.vpc.aws_vpc_ipv4_cidr_block_association.this"
          ]
        },
        {
          "index_key": 2,
          "schema_version": 1,
          "attributes": {
            "arn": "arn:aws:ec2:us-east-1:975226449092:subnet/subnet-0fd2ddd7d294c9ef7",
            "assign_ipv6_address_on_creation": false,
            "availability_zone": "us-east-1c",
            "availability_zone_id": "use1-az6",
            "cidr_block": "10.10.50.0/24",
            "customer_owned_ipv4_pool": "",
            "enable_dns64": false,
            "enable_lni_at_device_index": 0,
            "enable_resource_name_dns_a_record_on_launch": false,
            "enable_resource_name_dns_aaaa_record_on_launch": false,
            "id": "subnet-0fd2ddd7d294c9ef7",
            "ipv6_cidr_block": "",
            "ipv6_cidr_block_association_id": "",
            "ipv6_native": false,
            "map_customer_owned_ip_on_launch": false,
            "map_public_ip_on_launch": false,
            "outpost_arn": "",
            "owner_id": "975226449092",
            "private_dns_hostname_type_on_launch": "ip-name",
            "tags": {
              "Blueprint": "voice-kuberay-cluster",
              "GithubRepo": "github.com/awslabs/data-on-eks",
              "Name": "voice-kuberay-cluster-public-us-east-1c",
              "karpenter.sh/discovery": "voice-kuberay-cluster",
              "kubernetes.io/role/elb": "1"
            },
            "tags_all": {
              "Blueprint": "voice-kuberay-cluster",
              "GithubRepo": "github.com/awslabs/data-on-eks",
              "Name": "voice-kuberay-cluster-public-us-east-1c",
              "karpenter.sh/discovery": "voice-kuberay-cluster",
              "kubernetes.io/role/elb": "1"
            },
            "timeouts": null,
            "vpc_id": "vpc-0eae727a14fd4f9b0"
          },
          "sensitive_attributes": [],
          "private": "eyJlMmJmYjczMC1lY2FhLTExZTYtOGY4OC0zNDM2M2JjN2M0YzAiOnsiY3JlYXRlIjo2MDAwMDAwMDAwMDAsImRlbGV0ZSI6MTIwMDAwMDAwMDAwMH0sInNjaGVtYV92ZXJzaW9uIjoiMSJ9",
          "dependencies": [
            "data.aws_availability_zones.available",
            "module.vpc.aws_vpc.this",
            "module.vpc.aws_vpc_ipv4_cidr_block_association.this"
          ]
        }
      ]
    },
    {
      "module": "module.vpc",
      "mode": "managed",
      "type": "aws_vpc",
      "name": "this",
      "provider": "provider[\"registry.terraform.io/hashicorp/aws\"]",
      "instances": [
        {
          "index_key": 0,
          "schema_version": 1,
          "attributes": {
            "arn": "arn:aws:ec2:us-east-1:975226449092:vpc/vpc-0eae727a14fd4f9b0",
            "assign_generated_ipv6_cidr_block": false,
            "cidr_block": "10.10.0.0/16",
            "default_network_acl_id": "acl-026023de947c99f15",
            "default_route_table_id": "rtb-0a527b3da54e20772",
            "default_security_group_id": "sg-005c3fcb93ee84af0",
            "dhcp_options_id": "dopt-0ccd3ef0278973016",
            "enable_dns_hostnames": true,
            "enable_dns_support": true,
            "enable_network_address_usage_metrics": false,
            "id": "vpc-0eae727a14fd4f9b0",
            "instance_tenancy": "default",
            "ipv4_ipam_pool_id": null,
            "ipv4_netmask_length": null,
            "ipv6_association_id": "",
            "ipv6_cidr_block": "",
            "ipv6_cidr_block_network_border_group": "",
            "ipv6_ipam_pool_id": "",
            "ipv6_netmask_length": 0,
            "main_route_table_id": "rtb-0a527b3da54e20772",
            "owner_id": "975226449092",
            "tags": {
              "Blueprint": "voice-kuberay-cluster",
              "GithubRepo": "github.com/awslabs/data-on-eks",
              "Name": "voice-kuberay-cluster",
              "karpenter.sh/discovery": "voice-kuberay-cluster"
            },
            "tags_all": {
              "Blueprint": "voice-kuberay-cluster",
              "GithubRepo": "github.com/awslabs/data-on-eks",
              "Name": "voice-kuberay-cluster",
              "karpenter.sh/discovery": "voice-kuberay-cluster"
            }
          },
          "sensitive_attributes": [],
          "private": "eyJzY2hlbWFfdmVyc2lvbiI6IjEifQ==",
          "create_before_destroy": true
        }
      ]
    },
    {
      "module": "module.vpc",
      "mode": "managed",
      "type": "aws_vpc_ipv4_cidr_block_association",
      "name": "this",
      "provider": "provider[\"registry.terraform.io/hashicorp/aws\"]",
      "instances": [
        {
          "index_key": 0,
          "schema_version": 0,
          "attributes": {
            "cidr_block": "100.64.0.0/16",
            "id": "vpc-cidr-assoc-00d4ec01cb2a13c29",
            "ipv4_ipam_pool_id": null,
            "ipv4_netmask_length": null,
            "timeouts": null,
            "vpc_id": "vpc-0eae727a14fd4f9b0"
          },
          "sensitive_attributes": [],
          "private": "eyJlMmJmYjczMC1lY2FhLTExZTYtOGY4OC0zNDM2M2JjN2M0YzAiOnsiY3JlYXRlIjo2MDAwMDAwMDAwMDAsImRlbGV0ZSI6NjAwMDAwMDAwMDAwfX0=",
          "dependencies": [
            "module.vpc.aws_vpc.this"
          ]
        }
      ]
    },
    {
      "module": "module.vpc_endpoints",
      "mode": "data",
      "type": "aws_vpc_endpoint_service",
      "name": "this",
      "provider": "provider[\"registry.terraform.io/hashicorp/aws\"]",
      "instances": [
        {
          "index_key": "ecr_api",
          "schema_version": 0,
          "attributes": {
            "acceptance_required": false,
            "arn": "arn:aws:ec2:us-east-1:975226449092:vpc-endpoint-service/vpce-svc-064848ef1a755926c",
            "availability_zones": [
              "us-east-1a",
              "us-east-1b",
              "us-east-1c",
              "us-east-1d",
              "us-east-1e",
              "us-east-1f"
            ],
            "base_endpoint_dns_names": [
              "api.ecr.us-east-1.vpce.amazonaws.com"
            ],
            "filter": [
              {
                "name": "service-type",
                "values": [
                  "Interface"
                ]
              }
            ],
            "id": "1808222790",
            "manages_vpc_endpoints": false,
            "owner": "amazon",
            "private_dns_name": "api.ecr.us-east-1.amazonaws.com",
            "private_dns_names": [
              "api.ecr.us-east-1.amazonaws.com",
              "ecr.us-east-1.api.aws"
            ],
            "region": "us-east-1",
            "service": "ecr.api",
            "service_id": "vpce-svc-064848ef1a755926c",
            "service_name": "com.amazonaws.us-east-1.ecr.api",
            "service_regions": null,
            "service_type": "Interface",
            "supported_ip_address_types": [
              "ipv4"
            ],
            "tags": {},
            "timeouts": null,
            "vpc_endpoint_policy_supported": true
          },
          "sensitive_attributes": []
        },
        {
          "index_key": "ecr_dkr",
          "schema_version": 0,
          "attributes": {
            "acceptance_required": false,
            "arn": "arn:aws:ec2:us-east-1:975226449092:vpc-endpoint-service/vpce-svc-05ed6950f95271047",
            "availability_zones": [
              "us-east-1a",
              "us-east-1b",
              "us-east-1c",
              "us-east-1d",
              "us-east-1e",
              "us-east-1f"
            ],
            "base_endpoint_dns_names": [
              "dkr.ecr.us-east-1.vpce.amazonaws.com"
            ],
            "filter": [
              {
                "name": "service-type",
                "values": [
                  "Interface"
                ]
              }
            ],
            "id": "1314884315",
            "manages_vpc_endpoints": false,
            "owner": "amazon",
            "private_dns_name": "*.dkr.ecr.us-east-1.amazonaws.com",
            "private_dns_names": [
              "*.dkr-ecr.us-east-1.on.aws",
              "*.dkr.ecr.us-east-1.amazonaws.com"
            ],
            "region": "us-east-1",
            "service": "ecr.dkr",
            "service_id": "vpce-svc-05ed6950f95271047",
            "service_name": "com.amazonaws.us-east-1.ecr.dkr",
            "service_regions": null,
            "service_type": "Interface",
            "supported_ip_address_types": [
              "ipv4"
            ],
            "tags": {},
            "timeouts": null,
            "vpc_endpoint_policy_supported": true
          },
          "sensitive_attributes": []
        },
        {
          "index_key": "s3",
          "schema_version": 0,
          "attributes": {
            "acceptance_required": false,
            "arn": "arn:aws:ec2:us-east-1:975226449092:vpc-endpoint-service/vpce-svc-0aa7c06513d4872d5",
            "availability_zones": [
              "us-east-1a",
              "us-east-1b",
              "us-east-1c",
              "us-east-1d",
              "us-east-1e",
              "us-east-1f"
            ],
            "base_endpoint_dns_names": [
              "s3.us-east-1.amazonaws.com"
            ],
            "filter": [
              {
                "name": "service-type",
                "values": [
                  "Gateway"
                ]
              }
            ],
            "id": "195798706",
            "manages_vpc_endpoints": false,
            "owner": "amazon",
            "private_dns_name": "",
            "private_dns_names": [],
            "region": "us-east-1",
            "service": "s3",
            "service_id": "vpce-svc-0aa7c06513d4872d5",
            "service_name": "com.amazonaws.us-east-1.s3",
            "service_regions": null,
            "service_type": "Gateway",
            "supported_ip_address_types": [
              "ipv4"
            ],
            "tags": {},
            "timeouts": null,
            "vpc_endpoint_policy_supported": true
          },
          "sensitive_attributes": []
        }
      ]
    },
    {
      "module": "module.vpc_endpoints",
      "mode": "managed",
      "type": "aws_vpc_endpoint",
      "name": "this",
      "provider": "provider[\"registry.terraform.io/hashicorp/aws\"]",
      "instances": [
        {
          "index_key": "ecr_api",
          "schema_version": 0,
          "attributes": {
            "arn": "arn:aws:ec2:us-east-1:975226449092:vpc-endpoint/vpce-099f157419555ca52",
            "auto_accept": null,
            "cidr_blocks": [],
            "dns_entry": [
              {
                "dns_name": "vpce-099f157419555ca52-xl2jymh1.api.ecr.us-east-1.vpce.amazonaws.com",
                "hosted_zone_id": "Z7HUB22UULQXV"
              },
              {
                "dns_name": "vpce-099f157419555ca52-xl2jymh1-us-east-1a.api.ecr.us-east-1.vpce.amazonaws.com",
                "hosted_zone_id": "Z7HUB22UULQXV"
              },
              {
                "dns_name": "api.ecr.us-east-1.amazonaws.com",
                "hosted_zone_id": "Z0317407NLKSN68F2XL7"
              },
              {
                "dns_name": "ecr.us-east-1.api.aws",
                "hosted_zone_id": "Z06639251AG4KHQ0OYMEE"
              }
            ],
            "dns_options": [
              {
                "dns_record_ip_type": "ipv4",
                "private_dns_only_for_inbound_resolver_endpoint": false
              }
            ],
            "id": "vpce-099f157419555ca52",
            "ip_address_type": "ipv4",
            "network_interface_ids": [
              "eni-0b73fc1ab5a61371c"
            ],
            "owner_id": "975226449092",
            "policy": "{\"Statement\":[{\"Action\":\"*\",\"Effect\":\"Allow\",\"Principal\":\"*\",\"Resource\":\"*\"}]}",
            "prefix_list_id": null,
            "private_dns_enabled": true,
            "requester_managed": false,
            "resource_configuration_arn": "",
            "route_table_ids": [],
            "security_group_ids": [
              "sg-005c3fcb93ee84af0"
            ],
            "service_name": "com.amazonaws.us-east-1.ecr.api",
            "service_network_arn": "",
            "service_region": "us-east-1",
            "state": "available",
            "subnet_configuration": [
              {
                "ipv4": "10.10.12.196",
                "ipv6": "",
                "subnet_id": "subnet-0474ee32bc20b58e5"
              }
            ],
            "subnet_ids": [
              "subnet-0474ee32bc20b58e5"
            ],
            "tags": {
              "Name": "voice-kuberay-cluster-ecr-api"
            },
            "tags_all": {
              "Name": "voice-kuberay-cluster-ecr-api"
            },
            "timeouts": {
              "create": "10m",
              "delete": "10m",
              "update": "10m"
            },
            "vpc_endpoint_type": "Interface",
            "vpc_id": "vpc-0eae727a14fd4f9b0"
          },
          "sensitive_attributes": [],
          "private": "eyJlMmJmYjczMC1lY2FhLTExZTYtOGY4OC0zNDM2M2JjN2M0YzAiOnsiY3JlYXRlIjo2MDAwMDAwMDAwMDAsImRlbGV0ZSI6NjAwMDAwMDAwMDAwLCJ1cGRhdGUiOjYwMDAwMDAwMDAwMH19",
          "dependencies": [
            "data.aws_availability_zones.available",
            "module.vpc.aws_route_table.private",
            "module.vpc.aws_subnet.private",
            "module.vpc.aws_vpc.this",
            "module.vpc.aws_vpc_ipv4_cidr_block_association.this",
            "module.vpc_endpoints.aws_security_group.this",
            "module.vpc_endpoints.data.aws_vpc_endpoint_service.this"
          ]
        },
        {
          "index_key": "ecr_dkr",
          "schema_version": 0,
          "attributes": {
            "arn": "arn:aws:ec2:us-east-1:975226449092:vpc-endpoint/vpce-0148ca25ed5b990db",
            "auto_accept": null,
            "cidr_blocks": [],
            "dns_entry": [
              {
                "dns_name": "vpce-0148ca25ed5b990db-q6l4licc.dkr.ecr.us-east-1.vpce.amazonaws.com",
                "hosted_zone_id": "Z7HUB22UULQXV"
              },
              {
                "dns_name": "vpce-0148ca25ed5b990db-q6l4licc-us-east-1a.dkr.ecr.us-east-1.vpce.amazonaws.com",
                "hosted_zone_id": "Z7HUB22UULQXV"
              },
              {
                "dns_name": "dkr.ecr.us-east-1.amazonaws.com",
                "hosted_zone_id": "Z07775982T0L0DCG1N5MX"
              },
              {
                "dns_name": "*.dkr.ecr.us-east-1.amazonaws.com",
                "hosted_zone_id": "Z07775982T0L0DCG1N5MX"
              },
              {
                "dns_name": "dkr-ecr.us-east-1.on.aws",
                "hosted_zone_id": "Z06661741A0TXG58TCL07"
              },
              {
                "dns_name": "*.dkr-ecr.us-east-1.on.aws",
                "hosted_zone_id": "Z06661741A0TXG58TCL07"
              }
            ],
            "dns_options": [
              {
                "dns_record_ip_type": "ipv4",
                "private_dns_only_for_inbound_resolver_endpoint": false
              }
            ],
            "id": "vpce-0148ca25ed5b990db",
            "ip_address_type": "ipv4",
            "network_interface_ids": [
              "eni-08050eeebab0cd752"
            ],
            "owner_id": "975226449092",
            "policy": "{\"Statement\":[{\"Action\":\"*\",\"Effect\":\"Allow\",\"Principal\":\"*\",\"Resource\":\"*\"}]}",
            "prefix_list_id": null,
            "private_dns_enabled": true,
            "requester_managed": false,
            "resource_configuration_arn": "",
            "route_table_ids": [],
            "security_group_ids": [
              "sg-005c3fcb93ee84af0"
            ],
            "service_name": "com.amazonaws.us-east-1.ecr.dkr",
            "service_network_arn": "",
            "service_region": "us-east-1",
            "state": "available",
            "subnet_configuration": [
              {
                "ipv4": "10.10.7.24",
                "ipv6": "",
                "subnet_id": "subnet-0474ee32bc20b58e5"
              }
            ],
            "subnet_ids": [
              "subnet-0474ee32bc20b58e5"
            ],
            "tags": {
              "Name": "voice-kuberay-cluster-ecr-dkr"
            },
            "tags_all": {
              "Name": "voice-kuberay-cluster-ecr-dkr"
            },
            "timeouts": {
              "create": "10m",
              "delete": "10m",
              "update": "10m"
            },
            "vpc_endpoint_type": "Interface",
            "vpc_id": "vpc-0eae727a14fd4f9b0"
          },
          "sensitive_attributes": [],
          "private": "eyJlMmJmYjczMC1lY2FhLTExZTYtOGY4OC0zNDM2M2JjN2M0YzAiOnsiY3JlYXRlIjo2MDAwMDAwMDAwMDAsImRlbGV0ZSI6NjAwMDAwMDAwMDAwLCJ1cGRhdGUiOjYwMDAwMDAwMDAwMH19",
          "dependencies": [
            "data.aws_availability_zones.available",
            "module.vpc.aws_route_table.private",
            "module.vpc.aws_subnet.private",
            "module.vpc.aws_vpc.this",
            "module.vpc.aws_vpc_ipv4_cidr_block_association.this",
            "module.vpc_endpoints.aws_security_group.this",
            "module.vpc_endpoints.data.aws_vpc_endpoint_service.this"
          ]
        },
        {
          "index_key": "s3",
          "schema_version": 0,
          "attributes": {
            "arn": "arn:aws:ec2:us-east-1:975226449092:vpc-endpoint/vpce-096917eedf540fabb",
            "auto_accept": null,
            "cidr_blocks": [
              "16.15.176.0/20",
              "16.182.0.0/16",
              "18.34.0.0/19",
              "52.216.0.0/15",
              "54.231.0.0/16",
              "3.5.0.0/19",
              "18.34.232.0/21",
              "16.15.192.0/18"
            ],
            "dns_entry": [],
            "dns_options": [],
            "id": "vpce-096917eedf540fabb",
            "ip_address_type": "",
            "network_interface_ids": [],
            "owner_id": "975226449092",
            "policy": "{\"Statement\":[{\"Action\":\"*\",\"Effect\":\"Allow\",\"Principal\":\"*\",\"Resource\":\"*\"}],\"Version\":\"2008-10-17\"}",
            "prefix_list_id": "pl-63a5400a",
            "private_dns_enabled": false,
            "requester_managed": false,
            "resource_configuration_arn": "",
            "route_table_ids": [
              "rtb-0b84a7ae6d4385466"
            ],
            "security_group_ids": [],
            "service_name": "com.amazonaws.us-east-1.s3",
            "service_network_arn": "",
            "service_region": "",
            "state": "available",
            "subnet_configuration": [],
            "subnet_ids": [],
            "tags": {
              "Name": "voice-kuberay-cluster-s3"
            },
            "tags_all": {
              "Name": "voice-kuberay-cluster-s3"
            },
            "timeouts": {
              "create": "10m",
              "delete": "10m",
              "update": "10m"
            },
            "vpc_endpoint_type": "Gateway",
            "vpc_id": "vpc-0eae727a14fd4f9b0"
          },
          "sensitive_attributes": [],
          "private": "eyJlMmJmYjczMC1lY2FhLTExZTYtOGY4OC0zNDM2M2JjN2M0YzAiOnsiY3JlYXRlIjo2MDAwMDAwMDAwMDAsImRlbGV0ZSI6NjAwMDAwMDAwMDAwLCJ1cGRhdGUiOjYwMDAwMDAwMDAwMH19",
          "dependencies": [
            "data.aws_availability_zones.available",
            "module.vpc.aws_route_table.private",
            "module.vpc.aws_subnet.private",
            "module.vpc.aws_vpc.this",
            "module.vpc.aws_vpc_ipv4_cidr_block_association.this",
            "module.vpc_endpoints.aws_security_group.this",
            "module.vpc_endpoints.data.aws_vpc_endpoint_service.this"
          ]
        }
      ]
    }
  ],
  "check_results": [
    {
      "object_kind": "resource",
      "config_addr": "module.eks.module.eks_managed_node_group.module.user_data.null_resource.validate_cluster_service_cidr",
      "status": "pass",
      "objects": null
    },
    {
      "object_kind": "var",
      "config_addr": "module.eks.module.self_managed_node_group.var.platform",
      "status": "pass",
      "objects": null
    },
    {
      "object_kind": "resource",
      "config_addr": "module.eks.module.self_managed_node_group.module.user_data.null_resource.validate_cluster_service_cidr",
      "status": "pass",
      "objects": null
    }
  ]
}
