{
  "version": 4,
  "terraform_version": "1.8.4",
  "serial": 236,
  "lineage": "471f34d0-f97d-66e3-7d94-f1330845ebe5",
  "outputs": {
    "configure_kubectl": {
      "value": "aws eks --region us-east-1 update-kubeconfig --name kuberay-cluster",
      "type": "string"
    }
  },
  "resources": [
    {
      "mode": "data",
      "type": "aws_availability_zones",
      "name": "available",
      "provider": "provider[\"registry.terraform.io/hashicorp/aws\"]",
      "instances": [
        {
          "schema_version": 0,
          "attributes": {
            "all_availability_zones": null,
            "exclude_names": null,
            "exclude_zone_ids": null,
            "filter": null,
            "group_names": ["us-east-1-zg-1"],
            "id": "us-east-1",
            "names": [
              "us-east-1a",
              "us-east-1b",
              "us-east-1c",
              "us-east-1d",
              "us-east-1e",
              "us-east-1f"
            ],
            "state": null,
            "timeouts": null,
            "zone_ids": [
              "use1-az2",
              "use1-az4",
              "use1-az6",
              "use1-az1",
              "use1-az3",
              "use1-az5"
            ]
          },
          "sensitive_attributes": []
        }
      ]
    },
    {
      "mode": "data",
      "type": "aws_ecrpublic_authorization_token",
      "name": "token",
      "provider": "provider[\"registry.terraform.io/hashicorp/aws\"].ecr_public_region",
      "instances": [
        {
          "schema_version": 0,
          "attributes": {
            "authorization_token": "QVdTOmV5SndZWGxzYjJGa0lqb2lWWFk0TW05UVMyMDJjVlIyWlVkQ1QyVlZURkoxVUdaa1YyRXZZa2t4VW1JM2FHSnZSMFlyY1ZoRlMwbE5ZVTVHVGtsTFJrVlhSbXBwWkhoaFVrWk1WalJoWVU1TVQyOWpRazgwWnpJMlpVOHdjWFZtTURWeVZGRjVaM2RCY1cxc1RUaHNiazFQZUVZclYzaHFWVWw2TUZGb1UzUkhTRzkxVEhCT2QycFJaMjQyU210NlJGY3lRbFpKSzNWU1lVbzJiUzk1Y2pZcmF6VkllVGw1V0VNeU9VUnVkekpEZW5STE9VUk1ha3RFSzBjNWJXWnVUbE5tUVhkNmJFWkNlSEJIVW5aSVNUaFlOSEF6Wm5SRlRXazNMelUxY1RKdGRWUkNOazVKZVVoSFkzVjNTa0pVVmtzeU5GcHBjMUJvVlRkcGVYWjVkbVpqY2t4U2QwOWlLMWh4VkdWS1FWTlVkMHc0WVdGWk9VcGlkMDR2ZVhKaVJuWkdkRTFITTA1dlRsYzRaRFk0U0M5UVVIbDRkMlJFZFhKUVNWbFpka3BHU2tnd01WUmlNamN6WTNwVk1td3dUVVp3ZEdoblpYUktabkZyWkRkWGJVVjBRMlptVVVScWFUSnJXRmxWYnl0UFFtdHdiREZNVDNSdGFFUkNjRE5EUVRocFdFWmhTWGsxY3pkWFIwdE1SVkEyUVZkUU5UbGxhRlpuZGtkQ1oxRklWSGwxY21RMWRqWXljaTlYWVdwV00ySkhSakYxWmxSRmQySkZVbVl6U0hKNWJGRjFkR1Z5U0ZWM1JuWXJRV2RDTlcwM2VrTm1VVU50V1U1NlNGZFVkVGM0YUcxQ1NYTkZZelptUjFKV1dUTkJRWEkxUVhWaVREbDFaMG8yZFdvMlJVSlZRVk5JU1dWWWEwVlNPSFZhUzJnNVVXZEdkRTlLUm5obmVXTkxUamQyVW5aVmNpOVpNSFZGWTJST05EQlpORXN5VjFjemVFOHdVRVp2V1dSMWJVb3haekJUT0ZsblJ5OWthVE41YVhGSGFFaEVkVkJpVmtSblQwSXJPRWxHZWxKM1pqWnhOVlJHZUZGeVoySmlOMjlvTVRjek1XSkJRWEJxTHpaU09IZGhNbk5aVUZaNmRrUnZhR1pLTkhNdlduWlJUamRNTm5aSUt5OU1WVUV3UVROME16Wk9NRk5OWVdWeFFWVkhLM0owWTFKeU9HVldjVFZ1UTJaUE9HMVVSRlI1YmxVNWVUYzJhMVJoVmtKcFMwVnhjRUV4WlRWS1lrZFFhMEo2WTFGb2Iya3ZSa2hPWjJsSGJsaEZiRlZXYWpsWGJGaHJNMUF4VVRaaWFHUkhhMGhhYWxvMGFIRlRSblozU3pJMlducHRiMFpDUldwQ2QyZ3lhRFExVFdSbU9UbFplbTV0VVdONVJERnZTamRRTjNock9USlhSM05MY0VGalRqRmFkRTVXTVdSVE1uYzFWekpJUldwUk1sTjBRbGc0SzNwVlZuazJPRkZSZGxwbmRtcE5jMnRLUm1KQmVIQXlTRzlYTTB0U05GTnpNMjkyUjFGVlZuWTFkRlV4YVcxbWJFdFFPVGxxU25Ga1lWRXdSRlpITkcweGJraG5XRzlOUnpoelZXWnpSR3BMY21SeE9DdFVOMlZ5UTFSRFJqTXhOVGxxZG5KVlMwVm5TVFV3YVM5Sll6TnlaRUZ6Y1dkNlREWnpWRE5RTjJka1JsWnBVVlZVTWpCRFNUaE5aV3g0U1RBeGRVRlVVVTUyZFdwemFWSXpVSGxQVm1FMFYyMHhORVZRY2xKSVdTdHpWWE51TDFWVlYwRXhjVUV3Vld3eVdsQklZekZCVWtocFQwbGpWVFJrZVhJMVlqYzVkRTV4Y1U5b1luWlFTRFIwUzNjdldHWktVMUl3VVc4d2NYUjBkeTlKYUVkS1dVSktOVlowZHpkaE5XUmFSbWRpVFV4T1lWcHBLMUpEVURkWWRtTklZVFYxVUM5M1duZFhNWGxuU2xZeVNFaEJSbmRaVjBKTWVGcFdVRUYyYWs4NVpWTmFZWGRxVEZoVVFqTndSM2hVYURNeVZtMXhMMVpwTUhsRlVVeGpOMk5RYmpkUk9HZHdZbmswVVVGVGJHTktRVWhFUVhKTGJUbG1hWEIyVkVGYVpsUXpRelJsUjBkTFRUZEdRakkwTTBGUU5GWnNjbXhtV1ZKUE1XMXdka1J4Y1dOM1lXaEpjek5tTjBsWU5uTXhaVkJUVGt0MFpUZGlWMHBNWTIxdFIyTldNMFV5TVVRdlRISllZMDlQVlV0WlRtUXJiV0ZNUkZCcE1UQnZObXRHYUhWbWNYWkJSMkZOVURJdlNteG1hWEpJYkRKWVpsaE5ZWGRYUXpCb1ZteG5LMjl4Y0ZOYVlWWlZWMEl4Y1dkNWEzTnZLMFJrTjFOdmFXaGlTVVJXVlc5UFMyazVURFJKVEU1R1IySkNiVEJyWjNWRlpFRTlQU0lzSW1SaGRHRnJaWGtpT2lKbGVVcFJVa1puYVU5cFNscFBWRTAwVjFWS1QyUlZjR3hOZWtwQ1ZFUlNSMWRyYkV4ak1XczFTekE1ZGxrd1pERk9NMVkxWVZWNGVtUkhUbkprU0ZKNlRucEdkbHB1UW14aFdGcGFaVWRPYkZaRk1XMWxhbEUxU3pBeFJtSnVRblZXTWtwV1RURlNZV1JXVGtSWmFrWkhaVVY0V21ORlJuTmhlbXR5WTNwYVJtUnJiRWRrTW1SRFdrVjRTbUZJWkVWVWJGcExZVlprVUUxdVVYcExNRlV5VVZab01sTXdhSE5OV0VKUFZFTjBTRTFXWkc1WldHeEZWMVZqTTA0emJGWmtlbEpvWlZoS2IyVlVUalJsU0dNellYcE9kV05XUWtWaVdFNUNUbTVLVTFwck9IWlBWbXh0WlZOek1GUkhPVWxPVnpFeFYxWlJlazFFU2xKVk1FcDBZMFZXU1ZWWVozSmpNRXA2VjFaYU5tVlVUVEJrTWs1NlRXMUtTMU5FUm01alNHOTVWMjV3VEZKWFZqWmtXR2N5V1ZaQ2FGZHNXVEZoVmtwc1pFVjBhRm96WkZKVE1IUnhUbFpWTWxVeVNqUk1Namd6VWxVeGFsUkVVbGhXYkVVelVWWk9kV0ZYVFRKWFJsRTBWa1pHY0UxV1JuRmFiV2hFWkZWNFIxTnRiR2hMZW1SS1lsZGthRmt3ZEdoTlYwMDBZakpOZWxkVmVISmxTRm95VDBSV01WWXdUa1ppVlZaRVVqTmFRMk5yVW5CWk1teFBZMGMxUkZKcmNGQlNiVTVZVld0d00yUnFSWEpVYlZwSVpVVk5NMVJyUlRsUVUwbHpTV3RzUWxKRFNUWkpiRTV5Vm14R2RtTnFhREZPUkVJMVYyeE5OVlZGYkRWVmExbHlZME56ZDJNd1NqWldNVzgwU3pBNGNsbFVRak5OUmxKTFZGaHJlRkZYYUdGUmVtUktXbGQ0UkZWdVFrOUxNRTR6VjJ4V1VtVlZiRlZSYlRFMlRURnNWbUZWTlZOU1JteDRaR3BXWVdGNlpHcGlNMXByWVd0c1YxcHFTbEpOVlZwQ1RWVXhNVmRWYkZaWlZGVXpXVzA0TlV4NlVrOWtSMFkxWVROc2NFMHpRbkZSYVhSMFZtdE9hMUZ0Vm1wWFJGSk9ZMWh3UzJNelZYZGtTR3hGVTBoWmNsZEdaM1pPUlUxMlZFaHdNMWxYYUd4T2ExSlBWVlpzVFZwWVNsSmpiVlY0WTFkRk1WSnRSbXBqVlhSR1ZHMWtkVkpxYURCUFZFcHZXak5CZUZGV1NUTk5WbWhKVlc1S1ZtVlZWbEpUUjNSRVdXMW9jMVJxYkU1V00zQndXbXQ0YTJFeGJEWldhMUpSVVRKak5XSllRbGxqUldocFVsVnNObVJZVG5oYWJGa3lXWHBaTUUweVVsWmphemxvVTFoSmVWSlVZekZTUjFKU1pHczBkMVJFWkhoWk1VNHlVbXhOY2xvd1NqRlhTRW8xV1ZWck1FMXFWblZPVldRMlkzcEtlR0pGU2pWUldHaFdWRmhrTkZsdVdrdGxSa1Y0WkZoa05sRnFSazVXYmxaRlRVVldNV0pYTlUxVGJGSnJZbWs1VWxkcVJsVlNhbU16VFcxM05WbHRaRmhrUjJSUVV6QnNSbEV6U2pWUlZEQTVTVzR3UFNJc0luWmxjbk5wYjI0aU9pSXpJaXdpZEhsd1pTSTZJa1JCVkVGZlMwVlpJaXdpWlhod2FYSmhkR2x2YmlJNk1UYzBNalF3T0RrMU9IMD0=",
            "expires_at": "2025-03-19T18:29:18Z",
            "id": "us-east-1",
            "password": "eyJwYXlsb2FkIjoiVXY4Mm9QS202cVR2ZUdCT2VVTFJ1UGZkV2EvYkkxUmI3aGJvR0YrcVhFS0lNYU5GTklLRkVXRmppZHhhUkZMVjRhYU5MT29jQk80ZzI2ZU8wcXVmMDVyVFF5Z3dBcW1sTThsbk1PeEYrV3hqVUl6MFFoU3RHSG91THBOd2pRZ242Smt6RFcyQlZJK3VSYUo2bS95cjYrazVIeTl5WEMyOURudzJDenRLOURMaktEK0c5bWZuTlNmQXd6bEZCeHBHUnZISThYNHAzZnRFTWk3LzU1cTJtdVRCNk5JeUhHY3V3SkJUVksyNFppc1BoVTdpeXZ5dmZjckxSd09iK1hxVGVKQVNUd0w4YWFZOUpid04veXJiRnZGdE1HM05vTlc4ZDY4SC9QUHl4d2REdXJQSVlZdkpGSkgwMVRiMjczY3pVMmwwTUZwdGhnZXRKZnFrZDdXbUV0Q2ZmUURqaTJrWFlVbytPQmtwbDFMT3RtaERCcDNDQThpWEZhSXk1czdXR0tMRVA2QVdQNTllaFZndkdCZ1FIVHl1cmQ1djYyci9XYWpWM2JHRjF1ZlRFd2JFUmYzSHJ5bFF1dGVySFV3RnYrQWdCNW03ekNmUUNtWU56SFdUdTc4aG1CSXNFYzZmR1JWWTNBQXI1QXViTDl1Z0o2dWo2RUJVQVNISWVYa0VSOHVaS2g5UWdGdE9KRnhneWNLTjd2UnZVci9ZMHVFY2RONDBZNEsyV1czeE8wUEZvWWR1bUoxZzBTOFlnRy9kaTN5aXFHaEhEdVBiVkRnT0IrOElGelJ3ZjZxNVRGeFFyZ2JiN29oMTczMWJBQXBqLzZSOHdhMnNZUFZ6dkRvaGZKNHMvWnZRTjdMNnZIKy9MVUEwQTN0MzZOMFNNYWVxQVVHK3J0Y1JyOGVWcTVuQ2ZPOG1URFR5blU5eTc2a1RhVkJpS0VxcEExZTVKYkdQa0J6Y1Fob2kvRkhOZ2lHblhFbFVWajlXbFhrM1AxUTZiaGRHa0haalo0aHFTRnZ3SzI2Wnptb0ZCRWpCd2gyaDQ1TWRmOTlZem5tUWN5RDFvSjdQN3hrOTJXR3NLcEFjTjFadE5WMWRTMnc1VzJIRWpRMlN0Qlg4K3pVVnk2OFFRdlpndmpNc2tKRmJBeHAySG9XM0tSNFNzM292R1FVVnY1dFUxaW1mbEtQOTlqSnFkYVEwRFZHNG0xbkhnWG9NRzhzVWZzRGpLcmRxOCtUN2VyQ1RDRjMxNTlqdnJVS0VnSTUwaS9JYzNyZEFzcWd6TDZzVDNQN2dkRlZpUVVUMjBDSThNZWx4STAxdUFUUU52dWpzaVIzUHlPVmE0V20xNEVQclJIWStzVXNuL1VVV0ExcUEwVWwyWlBIYzFBUkhpT0ljVTRkeXI1Yjc5dE5xcU9oYnZQSDR0S3cvWGZKU1IwUW8wcXR0dy9JaEdKWUJKNVZ0dzdhNWRaRmdiTUxOYVppK1JDUDdYdmNIYTV1UC93WndXMXlnSlYySEhBRndZV0JMeFpWUEF2ak85ZVNaYXdqTFhUQjNwR3hUaDMyVm1xL1ZpMHlFUUxjN2NQbjdROGdwYnk0UUFTbGNKQUhEQXJLbTlmaXB2VEFaZlQzQzRlR0dLTTdGQjI0M0FQNFZscmxmWVJPMW1wdkRxcWN3YWhJczNmN0lYNnMxZVBTTkt0ZTdiV0pMY21tR2NWM0UyMUQvTHJYY09PVUtZTmQrbWFMRFBpMTBvNmtGaHVmcXZBR2FNUDIvSmxmaXJIbDJYZlhNYXdXQzBoVmxnK29xcFNaYVZVV0IxcWd5a3NvK0RkN1NvaWhiSURWVW9PS2k5TDRJTE5GR2JCbTBrZ3VFZEE9PSIsImRhdGFrZXkiOiJleUpRUkZnaU9pSlpPVE00V1VKT2RVcGxNekpCVERSR1drbExjMWs1SzA5dlkwZDFOM1Y1YVV4emRHTnJkSFJ6TnpGdlpuQmxhWFpaZUdObFZFMW1lalE1SzAxRmJuQnVWMkpWTTFSYWRWTkRZakZHZUV4WmNFRnNhemtyY3paRmRrbEdkMmRDWkV4SmFIZEVUbFpLYVZkUE1uUXpLMFUyUVZoMlMwaHNNWEJPVEN0SE1WZG5ZWGxFV1VjM04zbFZkelJoZVhKb2VUTjRlSGMzYXpOdWNWQkViWE5CTm5KU1prOHZPVmxtZVNzMFRHOUlOVzExV1ZRek1ESlJVMEp0Y0VWSVVYZ3JjMEp6V1ZaNmVUTTBkMk56TW1KS1NERm5jSG95V25wTFJXVjZkWGcyWVZCaFdsWTFhVkpsZEV0aFozZFJTMHRxTlZVMlUySjRMMjgzUlUxalREUlhWbEUzUVZOdWFXTTJXRlE0VkZGcE1WRnFabWhEZFV4R1NtbGhLemRKYldkaFkwdGhNV000YjJNeldVeHJlSFoyT0RWMVYwTkZiVVZEUjNaQ2NrUnBZMmxPY0c1RFJrcFBSbU5YVWtwM2RqRXJUbVpIZUVNM1RrRTlQU0lzSWtsQlJDSTZJbE5yVmxGdmNqaDFOREI1V2xNNVVFbDVVa1lyY0Nzd2MwSjZWMW80SzA4cllUQjNNRlJLVFhreFFXaGFRemRKWld4RFVuQk9LME4zV2xWUmVVbFVRbTE2TTFsVmFVNVNSRmx4ZGpWYWF6ZGpiM1prYWtsV1pqSlJNVVpCTVUxMVdVbFZZVFUzWW04NUx6Uk9kR0Y1YTNscE0zQnFRaXR0VmtOa1FtVmpXRFJOY1hwS2MzVXdkSGxFU0hZcldGZ3ZORU12VEhwM1lXaGxOa1JPVVZsTVpYSlJjbVV4Y1dFMVJtRmpjVXRGVG1kdVJqaDBPVEpvWjNBeFFWSTNNVmhJVW5KVmVVVlJTR3REWW1oc1RqbE5WM3BwWmt4a2ExbDZWa1JRUTJjNWJYQlljRWhpUlVsNmRYTnhabFkyWXpZME0yUlZjazloU1hJeVJUYzFSR1JSZGs0d1REZHhZMU4yUmxNclowSjFXSEo1WVVrME1qVnVOVWQ2Y3pKeGJFSjVRWGhWVFhkNFluWktlRkV4ZFhkNlFqRk5WblZFTUVWMWJXNU1TbFJrYmk5UldqRlVSamMzTW13NVltZFhkR2RQUzBsRlEzSjVRVDA5SW4wPSIsInZlcnNpb24iOiIzIiwidHlwZSI6IkRBVEFfS0VZIiwiZXhwaXJhdGlvbiI6MTc0MjQwODk1OH0=",
            "user_name": "AWS"
          },
          "sensitive_attributes": [
            [
              {
                "type": "get_attr",
                "value": "authorization_token"
              }
            ],
            [
              {
                "type": "get_attr",
                "value": "password"
              }
            ]
          ]
        }
      ]
    },
    {
      "mode": "data",
      "type": "aws_eks_cluster_auth",
      "name": "this",
      "provider": "provider[\"registry.terraform.io/hashicorp/aws\"]",
      "instances": [
        {
          "schema_version": 0,
          "attributes": {
            "id": "kuberay-cluster",
            "name": "kuberay-cluster",
            "token": "k8s-aws-v1.aHR0cHM6Ly9zdHMudXMtZWFzdC0xLmFtYXpvbmF3cy5jb20vP0FjdGlvbj1HZXRDYWxsZXJJZGVudGl0eSZWZXJzaW9uPTIwMTEtMDYtMTUmWC1BbXotQWxnb3JpdGhtPUFXUzQtSE1BQy1TSEEyNTYmWC1BbXotQ3JlZGVudGlhbD1BU0lBWkRaVEJSVFlBUzc3Q09GVyUyRjIwMjUwMzE5JTJGdXMtZWFzdC0xJTJGc3RzJTJGYXdzNF9yZXF1ZXN0JlgtQW16LURhdGU9MjAyNTAzMTlUMDYyOTIwWiZYLUFtei1FeHBpcmVzPTAmWC1BbXotU2VjdXJpdHktVG9rZW49SVFvSmIzSnBaMmx1WDJWakVCWWFDWFZ6TFdWaGMzUXRNU0pHTUVRQ0lFVG1xUlRYUHZ6JTJGSVNlVTlxRzNvUmt6UXlTeHM4b0RQNjY3czBFWXdrdXJBaUJyR24zTGx0V0lJRzJRWmVKdm5hVm91STlIRVhiRk4yZ20xMFJ3NiUyQnJOMnlxREF3aHVFQUFhRERZeU5qWXpOVFF4TURZM01pSU03T0Jna1Z0Q1F6bWc5aUJzS3VBQ2dpYmRBSnNkTmNnZ3VwTDFRdDFxMGp6VmRKNW5jcWdQUzJoTEptYXdKbVoxVUpFczBnbFJCS3FEMms3SW9ZckxvJTJCTUR4YU9FRUVPaVZQaXF5TUwyRUZBWFFYYUNzTU8lMkZPJTJCanREeGI0VDZoVVV3RFgxR1lDSmZJUHQ0S09qS1JxRDQxSlRWeGNlYnlmamlOOGRPeElYdUtTM3ZuR00zQW0yNXJoRXdMYmJWdmM3TFo0Qnd6NDlCQjFicjF0QnV5YmFLZTVxeEI1dndMeldWTHluUmNMS1ZGNkpLdDgwOEJUQndFSWRZRmdOQkt5cGpqRDEyTiUyQlZicXhtJTJCVjdKZXFiUWJpVGYlMkJNM0JRQm9LQSUyQmNEWmw4QVdzZ254MDBhQnlxeSUyQmJsRWI0S0p5JTJCekQ3aUdtQnMydGlrWGVMTnUlMkZtRTV0eEJuWGhKZ0Z1S1U1VnRleTRtJTJCWDl1R1RKT0slMkZ2dGlKOG9Hall5QURndjJBbTJoR3JiZXE2T3loTThNUG5BM21OOTBkaCUyRm0wZnp1RXMlMkJpbElXTGh4JTJGdHVMQmM3aHg2dlBJeDRHZ0YlMkZGUE9jVExsaGYlMkJReDR2TTJneWo1YTdob0VFUVBHdDhRZkk2JTJGQnNNdFViWGxqQzdwdW0lMkJCanFuQVVyZjYlMkZkajFWJTJCYVltR25rQ1VxdTlUbDdETzlrc3RoRkElMkZNMloxSFFCcnN4MUxQVjFSQjZFdDMwREU2UEpjV05vZG01V1o2M3JCN3pCTFFPSGl1dm9nZVB4YlQ5Y2FPUXVSb0xCTUszUzFoQUlmWDN5NGZ1b09LM2VScTEzNmpkeVpQcmVvaURHdWdlQVFobzhZSzd1VGRFNTdBZ0VJdGk3ajdNSWFkbTNZOFoxTnJVWmo3Zlc5eWxWTmphN3Y1RW5LRklMWERLT21MTlNnY0RZRiUyRkwxYndIeE0xOXBmZCZYLUFtei1TaWduZWRIZWFkZXJzPWhvc3QlM0J4LWs4cy1hd3MtaWQmWC1BbXotU2lnbmF0dXJlPWQ1M2YzZjU5ZTJiMWE2MmJmZmYwNjY2ODlkOTllNWQwMzNkMzM0Y2Q2N2M5NzdlZGU3ODM2ZWFjNzE3YzUzMmI"
          },
          "sensitive_attributes": [
            [
              {
                "type": "get_attr",
                "value": "token"
              }
            ]
          ]
        }
      ]
    },
    {
      "mode": "managed",
      "type": "kubectl_manifest",
      "name": "karpenter_gpu_node_class",
      "provider": "provider[\"registry.terraform.io/alekc/kubectl\"]",
      "instances": [
        {
          "schema_version": 1,
          "attributes": {
            "api_version": "eks.amazonaws.com/v1",
            "apply_only": false,
            "delete_cascade": null,
            "field_manager": "kubectl",
            "force_conflicts": false,
            "force_new": false,
            "id": "/apis/eks.amazonaws.com/v1/nodeclasses/gpu",
            "ignore_fields": null,
            "kind": "NodeClass",
            "live_manifest_incluster": "apiVersion=91d5e94c2aadbf7425dd39729e51c16951764da5c55273181c97e124b68a52de\nkind=ba70cfa9eeecbf9f63890fbf567e2c77a0ffbc602bdb125f45b1ce0790280dde\nmetadata.name=e3c5ba51dba85ab0c990db5e309f4d7bdb282470fb02aee75b9022c1399e91c8\nspec.ephemeralStorage.iops=a176eeb31e601c3877c87c2843a2f584968975269e369d5c86788b4c2f92d2a2\nspec.ephemeralStorage.size=8fbcf6d21c3e0df00a4eb18df1216acc7958093ced06b28c64d6816bc394d768\nspec.ephemeralStorage.throughput=0f8ef3377b30fc47f96b48247f463a726a802f62f3faa03d56403751d2f66c67\nspec.role=79e76a05a6b6bbcbb6bd8d39acd4008a3525e1c940db6876321f36abffa598aa\nspec.securityGroupSelectorTerms.#=6b86b273ff34fce19d6b804eff5a3f5747ada4eaa22f1d49c01e52ddb7875b4b\nspec.securityGroupSelectorTerms.0.id=03cd9b6a3f258d76e9cbc4dd311c6c110744657b0b5866dfae2e99f67b70b875\nspec.subnetSelectorTerms.#=6b86b273ff34fce19d6b804eff5a3f5747ada4eaa22f1d49c01e52ddb7875b4b\nspec.subnetSelectorTerms.0.tags.kubernetes.io/role/internal-elb=6b86b273ff34fce19d6b804eff5a3f5747ada4eaa22f1d49c01e52ddb7875b4b",
            "live_uid": "ea05ae4b-f639-467e-825b-60e9bfbfd801",
            "name": "gpu",
            "namespace": null,
            "override_namespace": null,
            "sensitive_fields": null,
            "server_side_apply": false,
            "timeouts": null,
            "uid": "ea05ae4b-f639-467e-825b-60e9bfbfd801",
            "validate_schema": true,
            "wait": null,
            "wait_for": [],
            "wait_for_rollout": true,
            "yaml_body": "apiVersion: eks.amazonaws.com/v1\nkind: NodeClass\nmetadata:\n  name: gpu\nspec:\n  role: kuberay-cluster-eks-auto-20250319055314051700000004\n  securityGroupSelectorTerms:\n  - id: sg-0cbcee9f2cc25c26b \n  subnetSelectorTerms:\n  - tags:\n      kubernetes.io/role/internal-elb: \"1\"\n  ephemeralStorage:\n    size: \"150Gi\"    # Range: 1-59000Gi or 1-64000G or 1-58Ti or 1-64T\n    iops: 3000      # Range: 3000-16000\n    throughput: 125 # Range: 125-1000\n",
            "yaml_body_parsed": "apiVersion: eks.amazonaws.com/v1\nkind: NodeClass\nmetadata:\n  name: gpu\nspec:\n  ephemeralStorage:\n    iops: 3000\n    size: 150Gi\n    throughput: 125\n  role: kuberay-cluster-eks-auto-20250319055314051700000004\n  securityGroupSelectorTerms:\n  - id: sg-0cbcee9f2cc25c26b\n  subnetSelectorTerms:\n  - tags:\n      kubernetes.io/role/internal-elb: \"1\"\n",
            "yaml_incluster": "apiVersion=91d5e94c2aadbf7425dd39729e51c16951764da5c55273181c97e124b68a52de\nkind=ba70cfa9eeecbf9f63890fbf567e2c77a0ffbc602bdb125f45b1ce0790280dde\nmetadata.name=e3c5ba51dba85ab0c990db5e309f4d7bdb282470fb02aee75b9022c1399e91c8\nspec.ephemeralStorage.iops=a176eeb31e601c3877c87c2843a2f584968975269e369d5c86788b4c2f92d2a2\nspec.ephemeralStorage.size=8fbcf6d21c3e0df00a4eb18df1216acc7958093ced06b28c64d6816bc394d768\nspec.ephemeralStorage.throughput=0f8ef3377b30fc47f96b48247f463a726a802f62f3faa03d56403751d2f66c67\nspec.role=79e76a05a6b6bbcbb6bd8d39acd4008a3525e1c940db6876321f36abffa598aa\nspec.securityGroupSelectorTerms.#=6b86b273ff34fce19d6b804eff5a3f5747ada4eaa22f1d49c01e52ddb7875b4b\nspec.securityGroupSelectorTerms.0.id=03cd9b6a3f258d76e9cbc4dd311c6c110744657b0b5866dfae2e99f67b70b875\nspec.subnetSelectorTerms.#=6b86b273ff34fce19d6b804eff5a3f5747ada4eaa22f1d49c01e52ddb7875b4b\nspec.subnetSelectorTerms.0.tags.kubernetes.io/role/internal-elb=6b86b273ff34fce19d6b804eff5a3f5747ada4eaa22f1d49c01e52ddb7875b4b"
          },
          "sensitive_attributes": [
            [
              {
                "type": "get_attr",
                "value": "live_manifest_incluster"
              }
            ],
            [
              {
                "type": "get_attr",
                "value": "yaml_incluster"
              }
            ],
            [
              {
                "type": "get_attr",
                "value": "yaml_body"
              }
            ]
          ],
          "private": "eyJlMmJmYjczMC1lY2FhLTExZTYtOGY4OC0zNDM2M2JjN2M0YzAiOnsiY3JlYXRlIjo2MDAwMDAwMDAwMDB9LCJzY2hlbWFfdmVyc2lvbiI6IjEifQ==",
          "dependencies": [
            "module.eks.aws_cloudwatch_log_group.this",
            "module.eks.aws_eks_access_entry.this",
            "module.eks.aws_eks_access_policy_association.this",
            "module.eks.aws_eks_cluster.this",
            "module.eks.aws_iam_policy.cni_ipv6_policy",
            "module.eks.aws_iam_role.eks_auto",
            "module.eks.aws_iam_role.this",
            "module.eks.aws_iam_role_policy_attachment.this",
            "module.eks.aws_security_group.cluster",
            "module.eks.aws_security_group.node",
            "module.eks.aws_security_group_rule.cluster",
            "module.eks.aws_security_group_rule.node",
            "module.eks.data.aws_caller_identity.current",
            "module.eks.data.aws_iam_policy_document.assume_role_policy",
            "module.eks.data.aws_iam_policy_document.cni_ipv6_policy",
            "module.eks.data.aws_iam_policy_document.node_assume_role_policy",
            "module.eks.data.aws_iam_session_context.current",
            "module.eks.data.aws_partition.current",
            "module.eks.module.kms.aws_kms_external_key.this",
            "module.eks.module.kms.aws_kms_key.this",
            "module.eks.module.kms.aws_kms_replica_external_key.this",
            "module.eks.module.kms.aws_kms_replica_key.this",
            "module.eks.module.kms.data.aws_caller_identity.current",
            "module.eks.module.kms.data.aws_iam_policy_document.this",
            "module.eks.module.kms.data.aws_partition.current"
          ]
        }
      ]
    },
    {
      "mode": "managed",
      "type": "kubectl_manifest",
      "name": "karpenter_gpu_node_pool",
      "provider": "provider[\"registry.terraform.io/alekc/kubectl\"]",
      "instances": [
        {
          "schema_version": 1,
          "attributes": {
            "api_version": "karpenter.sh/v1",
            "apply_only": false,
            "delete_cascade": null,
            "field_manager": "kubectl",
            "force_conflicts": false,
            "force_new": false,
            "id": "/apis/karpenter.sh/v1/nodepools/gpu",
            "ignore_fields": null,
            "kind": "NodePool",
            "live_manifest_incluster": "apiVersion=655f11e0f816671198b2df610c8b392424f17638e263672ac63d0b3142c7dae0\nkind=f217bed130bc260d0520291a0f5ca135a7babe28f3bd00645fef434e14196155\nmetadata.name=e3c5ba51dba85ab0c990db5e309f4d7bdb282470fb02aee75b9022c1399e91c8\nspec.disruption.consolidateAfter=75115139fbbd6ff16c71a0b03bb0493b223a294a3f69621a9ea01a6aa0ccd8ab\nspec.disruption.consolidationPolicy=cf339912303acd83948432409a266f412ec7947afca12bc8c2c49d06bc1614f6\nspec.limits.cpu=79439000eb8508c7491106239bfd76f5f69a95717af75a4d762320ab8952c9e0\nspec.limits.memory=238ee7ffa0d03f3fd23585bd7e1f23942156a1d2e1699abd1672f0b11df29c36\nspec.limits.nvidia.com/gpu=1a6562590ef19d1045d06c4055742d38288e9e6dcd71ccde5cee80f1d5a774eb\nspec.template.spec.nodeClassRef.group=bb31540503751b8c10dc23706628ad48a7a9f44ef620dfd8ebb80716be62d05d\nspec.template.spec.nodeClassRef.kind=ba70cfa9eeecbf9f63890fbf567e2c77a0ffbc602bdb125f45b1ce0790280dde\nspec.template.spec.nodeClassRef.name=37a8eec1ce19687d132fe29051dca629d164e2c4958ba141d5f4133a33f0688f\nspec.template.spec.requirements.#=7902699be42c8a8e46fbbb4501726517e86b22c56a189f7625a6da49081b2451\nspec.template.spec.requirements.0.key=a510ed177e958679040369da52fc5c33b04283632a8fe54fbacc72460d4a3f85\nspec.template.spec.requirements.0.operator=8bc1d53cc57c24b79bf7c260b1f3b29973caab7b8f501c33016b321ebfc274f1\nspec.template.spec.requirements.0.values.#=6b86b273ff34fce19d6b804eff5a3f5747ada4eaa22f1d49c01e52ddb7875b4b\nspec.template.spec.requirements.0.values.0=5861314d7fccb39c2192173240eab44fa35ca66426201ca2acd0630a6258dd51\nspec.template.spec.requirements.1.key=ea3099a10cf2e06c81ea2b198f3d71fa96ae0aff72d4e1cca9d2e393f5613123\nspec.template.spec.requirements.1.operator=8bc1d53cc57c24b79bf7c260b1f3b29973caab7b8f501c33016b321ebfc274f1\nspec.template.spec.requirements.1.values.#=6b86b273ff34fce19d6b804eff5a3f5747ada4eaa22f1d49c01e52ddb7875b4b\nspec.template.spec.requirements.1.values.0=cd0aa9856147b6c5b4ff2b7dfee5da20aa38253099ef1b4a64aced233c9afe29\nspec.template.spec.requirements.2.key=8f17cbead591c4e0b83ca428b73fb69dd119255d8b196d07329f71f0976ad564\nspec.template.spec.requirements.2.operator=12b5d558bcfd8f1cc854180e96ca7b795c52649f48fd7a285e0ac36b39e64ac2\nspec.template.spec.requirements.2.values.#=6b86b273ff34fce19d6b804eff5a3f5747ada4eaa22f1d49c01e52ddb7875b4b\nspec.template.spec.requirements.2.values.0=4b227777d4dd1fc61c6f884f48641d02b4d121d3fd328cb08b5531fcacdabf8a\nspec.template.spec.requirements.3.key=9eafc8c274b33e6dcb72c3a214098573ef21110bfd4b73af16a5478c18dde6a5\nspec.template.spec.requirements.3.operator=8bc1d53cc57c24b79bf7c260b1f3b29973caab7b8f501c33016b321ebfc274f1\nspec.template.spec.requirements.3.values.#=4e07408562bedb8b60ce05c1decfe3ad16b72230967de01f640b7e4729b49fce\nspec.template.spec.requirements.3.values.0=4b227777d4dd1fc61c6f884f48641d02b4d121d3fd328cb08b5531fcacdabf8a\nspec.template.spec.requirements.3.values.1=2c624232cdd221771294dfbb310aca000a0df6ac8b66b696d90ef06fdefb64a3\nspec.template.spec.requirements.3.values.2=b17ef6d19c7a5b1ee83b907c595526dcb1eb06db8227d650d5dda0a9f4ce8cd9\nspec.template.spec.requirements.4.key=eccead3a3cdbd1e0daae6f68b478ad14ff6f57583232b8d87981c131f667f0eb\nspec.template.spec.requirements.4.operator=8bc1d53cc57c24b79bf7c260b1f3b29973caab7b8f501c33016b321ebfc274f1\nspec.template.spec.requirements.4.values.#=6b86b273ff34fce19d6b804eff5a3f5747ada4eaa22f1d49c01e52ddb7875b4b\nspec.template.spec.requirements.4.values.0=caf90169eefa5f807d577486b9f795ab86ae2983c5c20806cff959117e90af18\nspec.template.spec.requirements.5.key=d26ba3a6c4fcf2b72755b5a23fee0a5994a39b71bdc9db6ef6d083a22a001353\nspec.template.spec.requirements.5.operator=8bc1d53cc57c24b79bf7c260b1f3b29973caab7b8f501c33016b321ebfc274f1\nspec.template.spec.requirements.5.values.#=4e07408562bedb8b60ce05c1decfe3ad16b72230967de01f640b7e4729b49fce\nspec.template.spec.requirements.5.values.0=bcc3edcc1ecf38f75c2d62a8a50c99337509bd80a7f42db062efcda148bf6ff7\nspec.template.spec.requirements.5.values.1=a8afda343597cec862c346040b356fd76f08d67a39a5ba1f86c7d286c44ab40b\nspec.template.spec.requirements.5.values.2=3779bd2b1c61cd365b3ffd3f5ab1e558b380137fb9992f7a1d5a71797448e5d0\nspec.template.spec.requirements.6.key=c66e7fc76cb6d71d214ba30d3d5b9a36f264cf5295b283feacf826651105d739\nspec.template.spec.requirements.6.operator=8bc1d53cc57c24b79bf7c260b1f3b29973caab7b8f501c33016b321ebfc274f1\nspec.template.spec.requirements.6.values.#=6b86b273ff34fce19d6b804eff5a3f5747ada4eaa22f1d49c01e52ddb7875b4b\nspec.template.spec.requirements.6.values.0=1b760162484c0095dc5f51e350f33dc792046e97dcb6b510d3f47c5ca51286a5\nspec.template.spec.taints.#=6b86b273ff34fce19d6b804eff5a3f5747ada4eaa22f1d49c01e52ddb7875b4b\nspec.template.spec.taints.0.effect=58b963c0f3664571fc55b39788ce9ec0338e132fb27f8933f839e1dfa1d76d73\nspec.template.spec.taints.0.key=295cd1410100edb7c9b10e833ee138b089de556cdd2cd6cf3231bad56302b6ef\nspec.template.spec.taints.0.value=87eba76e7f3164534045ba922e7770fb58bbd14ad732bbf5ba6f11cc56989e6e",
            "live_uid": "57b1f1ed-2c15-4879-bf37-71d1db6a6ccd",
            "name": "gpu",
            "namespace": null,
            "override_namespace": null,
            "sensitive_fields": null,
            "server_side_apply": false,
            "timeouts": null,
            "uid": "57b1f1ed-2c15-4879-bf37-71d1db6a6ccd",
            "validate_schema": true,
            "wait": null,
            "wait_for": [],
            "wait_for_rollout": true,
            "yaml_body": "apiVersion: karpenter.sh/v1\nkind: NodePool\nmetadata:\n  name: gpu\nspec:\n  disruption:\n    consolidateAfter: 60m\n    consolidationPolicy: WhenEmpty\n  limits:\n    cpu: 1k\n    memory: 1000Gi\n    nvidia.com/gpu: 50\n  template:\n    spec:\n      nodeClassRef:\n        group: eks.amazonaws.com\n        name: default\n        kind: NodeClass\n      requirements:\n      - key: kubernetes.io/arch\n        operator: In\n        values: [\"amd64\"]\n      - key: eks.amazonaws.com/instance-category\n        operator: In\n        values: [\"g\"]\n      - key: eks.amazonaws.com/instance-generation\n        operator: Gt\n        values: [\"4\"]\n      - key: \"eks.amazonaws.com/instance-cpu\"\n        operator: In\n        values: [\"4\", \"8\", \"16\"]\n      - key: kubernetes.io/os\n        operator: In\n        values: [\"linux\"]\n      - key: \"topology.kubernetes.io/zone\"\n        operator: In\n        values: [\"us-east-1a\",\"us-east-1b\",\"us-east-1c\"]\n      - key: karpenter.sh/capacity-type\n        operator: In\n        values: [\"on-demand\"]\n      taints:\n      - effect: NoSchedule\n        key: ray.io/node-type\n        value: worker\n",
            "yaml_body_parsed": "apiVersion: karpenter.sh/v1\nkind: NodePool\nmetadata:\n  name: gpu\nspec:\n  disruption:\n    consolidateAfter: 60m\n    consolidationPolicy: WhenEmpty\n  limits:\n    cpu: 1k\n    memory: 1000Gi\n    nvidia.com/gpu: 50\n  template:\n    spec:\n      nodeClassRef:\n        group: eks.amazonaws.com\n        kind: NodeClass\n        name: default\n      requirements:\n      - key: kubernetes.io/arch\n        operator: In\n        values:\n        - amd64\n      - key: eks.amazonaws.com/instance-category\n        operator: In\n        values:\n        - g\n      - key: eks.amazonaws.com/instance-generation\n        operator: Gt\n        values:\n        - \"4\"\n      - key: eks.amazonaws.com/instance-cpu\n        operator: In\n        values:\n        - \"4\"\n        - \"8\"\n        - \"16\"\n      - key: kubernetes.io/os\n        operator: In\n        values:\n        - linux\n      - key: topology.kubernetes.io/zone\n        operator: In\n        values:\n        - us-east-1a\n        - us-east-1b\n        - us-east-1c\n      - key: karpenter.sh/capacity-type\n        operator: In\n        values:\n        - on-demand\n      taints:\n      - effect: NoSchedule\n        key: ray.io/node-type\n        value: worker\n",
            "yaml_incluster": "apiVersion=655f11e0f816671198b2df610c8b392424f17638e263672ac63d0b3142c7dae0\nkind=f217bed130bc260d0520291a0f5ca135a7babe28f3bd00645fef434e14196155\nmetadata.name=e3c5ba51dba85ab0c990db5e309f4d7bdb282470fb02aee75b9022c1399e91c8\nspec.disruption.consolidateAfter=75115139fbbd6ff16c71a0b03bb0493b223a294a3f69621a9ea01a6aa0ccd8ab\nspec.disruption.consolidationPolicy=cf339912303acd83948432409a266f412ec7947afca12bc8c2c49d06bc1614f6\nspec.limits.cpu=79439000eb8508c7491106239bfd76f5f69a95717af75a4d762320ab8952c9e0\nspec.limits.memory=238ee7ffa0d03f3fd23585bd7e1f23942156a1d2e1699abd1672f0b11df29c36\nspec.limits.nvidia.com/gpu=1a6562590ef19d1045d06c4055742d38288e9e6dcd71ccde5cee80f1d5a774eb\nspec.template.spec.nodeClassRef.group=bb31540503751b8c10dc23706628ad48a7a9f44ef620dfd8ebb80716be62d05d\nspec.template.spec.nodeClassRef.kind=ba70cfa9eeecbf9f63890fbf567e2c77a0ffbc602bdb125f45b1ce0790280dde\nspec.template.spec.nodeClassRef.name=37a8eec1ce19687d132fe29051dca629d164e2c4958ba141d5f4133a33f0688f\nspec.template.spec.requirements.#=7902699be42c8a8e46fbbb4501726517e86b22c56a189f7625a6da49081b2451\nspec.template.spec.requirements.0.key=a510ed177e958679040369da52fc5c33b04283632a8fe54fbacc72460d4a3f85\nspec.template.spec.requirements.0.operator=8bc1d53cc57c24b79bf7c260b1f3b29973caab7b8f501c33016b321ebfc274f1\nspec.template.spec.requirements.0.values.#=6b86b273ff34fce19d6b804eff5a3f5747ada4eaa22f1d49c01e52ddb7875b4b\nspec.template.spec.requirements.0.values.0=5861314d7fccb39c2192173240eab44fa35ca66426201ca2acd0630a6258dd51\nspec.template.spec.requirements.1.key=ea3099a10cf2e06c81ea2b198f3d71fa96ae0aff72d4e1cca9d2e393f5613123\nspec.template.spec.requirements.1.operator=8bc1d53cc57c24b79bf7c260b1f3b29973caab7b8f501c33016b321ebfc274f1\nspec.template.spec.requirements.1.values.#=6b86b273ff34fce19d6b804eff5a3f5747ada4eaa22f1d49c01e52ddb7875b4b\nspec.template.spec.requirements.1.values.0=cd0aa9856147b6c5b4ff2b7dfee5da20aa38253099ef1b4a64aced233c9afe29\nspec.template.spec.requirements.2.key=8f17cbead591c4e0b83ca428b73fb69dd119255d8b196d07329f71f0976ad564\nspec.template.spec.requirements.2.operator=12b5d558bcfd8f1cc854180e96ca7b795c52649f48fd7a285e0ac36b39e64ac2\nspec.template.spec.requirements.2.values.#=6b86b273ff34fce19d6b804eff5a3f5747ada4eaa22f1d49c01e52ddb7875b4b\nspec.template.spec.requirements.2.values.0=4b227777d4dd1fc61c6f884f48641d02b4d121d3fd328cb08b5531fcacdabf8a\nspec.template.spec.requirements.3.key=9eafc8c274b33e6dcb72c3a214098573ef21110bfd4b73af16a5478c18dde6a5\nspec.template.spec.requirements.3.operator=8bc1d53cc57c24b79bf7c260b1f3b29973caab7b8f501c33016b321ebfc274f1\nspec.template.spec.requirements.3.values.#=4e07408562bedb8b60ce05c1decfe3ad16b72230967de01f640b7e4729b49fce\nspec.template.spec.requirements.3.values.0=4b227777d4dd1fc61c6f884f48641d02b4d121d3fd328cb08b5531fcacdabf8a\nspec.template.spec.requirements.3.values.1=2c624232cdd221771294dfbb310aca000a0df6ac8b66b696d90ef06fdefb64a3\nspec.template.spec.requirements.3.values.2=b17ef6d19c7a5b1ee83b907c595526dcb1eb06db8227d650d5dda0a9f4ce8cd9\nspec.template.spec.requirements.4.key=eccead3a3cdbd1e0daae6f68b478ad14ff6f57583232b8d87981c131f667f0eb\nspec.template.spec.requirements.4.operator=8bc1d53cc57c24b79bf7c260b1f3b29973caab7b8f501c33016b321ebfc274f1\nspec.template.spec.requirements.4.values.#=6b86b273ff34fce19d6b804eff5a3f5747ada4eaa22f1d49c01e52ddb7875b4b\nspec.template.spec.requirements.4.values.0=caf90169eefa5f807d577486b9f795ab86ae2983c5c20806cff959117e90af18\nspec.template.spec.requirements.5.key=d26ba3a6c4fcf2b72755b5a23fee0a5994a39b71bdc9db6ef6d083a22a001353\nspec.template.spec.requirements.5.operator=8bc1d53cc57c24b79bf7c260b1f3b29973caab7b8f501c33016b321ebfc274f1\nspec.template.spec.requirements.5.values.#=4e07408562bedb8b60ce05c1decfe3ad16b72230967de01f640b7e4729b49fce\nspec.template.spec.requirements.5.values.0=bcc3edcc1ecf38f75c2d62a8a50c99337509bd80a7f42db062efcda148bf6ff7\nspec.template.spec.requirements.5.values.1=a8afda343597cec862c346040b356fd76f08d67a39a5ba1f86c7d286c44ab40b\nspec.template.spec.requirements.5.values.2=3779bd2b1c61cd365b3ffd3f5ab1e558b380137fb9992f7a1d5a71797448e5d0\nspec.template.spec.requirements.6.key=c66e7fc76cb6d71d214ba30d3d5b9a36f264cf5295b283feacf826651105d739\nspec.template.spec.requirements.6.operator=8bc1d53cc57c24b79bf7c260b1f3b29973caab7b8f501c33016b321ebfc274f1\nspec.template.spec.requirements.6.values.#=6b86b273ff34fce19d6b804eff5a3f5747ada4eaa22f1d49c01e52ddb7875b4b\nspec.template.spec.requirements.6.values.0=1b760162484c0095dc5f51e350f33dc792046e97dcb6b510d3f47c5ca51286a5\nspec.template.spec.taints.#=6b86b273ff34fce19d6b804eff5a3f5747ada4eaa22f1d49c01e52ddb7875b4b\nspec.template.spec.taints.0.effect=58b963c0f3664571fc55b39788ce9ec0338e132fb27f8933f839e1dfa1d76d73\nspec.template.spec.taints.0.key=295cd1410100edb7c9b10e833ee138b089de556cdd2cd6cf3231bad56302b6ef\nspec.template.spec.taints.0.value=87eba76e7f3164534045ba922e7770fb58bbd14ad732bbf5ba6f11cc56989e6e"
          },
          "sensitive_attributes": [
            [
              {
                "type": "get_attr",
                "value": "live_manifest_incluster"
              }
            ],
            [
              {
                "type": "get_attr",
                "value": "yaml_incluster"
              }
            ],
            [
              {
                "type": "get_attr",
                "value": "yaml_body"
              }
            ]
          ],
          "private": "eyJlMmJmYjczMC1lY2FhLTExZTYtOGY4OC0zNDM2M2JjN2M0YzAiOnsiY3JlYXRlIjo2MDAwMDAwMDAwMDB9LCJzY2hlbWFfdmVyc2lvbiI6IjEifQ==",
          "dependencies": [
            "data.aws_availability_zones.available",
            "module.eks.aws_cloudwatch_log_group.this",
            "module.eks.aws_eks_access_entry.this",
            "module.eks.aws_eks_access_policy_association.this",
            "module.eks.aws_eks_cluster.this",
            "module.eks.aws_iam_policy.cni_ipv6_policy",
            "module.eks.aws_iam_role.eks_auto",
            "module.eks.aws_iam_role.this",
            "module.eks.aws_iam_role_policy_attachment.this",
            "module.eks.aws_security_group.cluster",
            "module.eks.aws_security_group.node",
            "module.eks.aws_security_group_rule.cluster",
            "module.eks.aws_security_group_rule.node",
            "module.eks.data.aws_caller_identity.current",
            "module.eks.data.aws_iam_policy_document.assume_role_policy",
            "module.eks.data.aws_iam_policy_document.cni_ipv6_policy",
            "module.eks.data.aws_iam_policy_document.node_assume_role_policy",
            "module.eks.data.aws_iam_session_context.current",
            "module.eks.data.aws_partition.current",
            "module.eks.module.kms.aws_kms_external_key.this",
            "module.eks.module.kms.aws_kms_key.this",
            "module.eks.module.kms.aws_kms_replica_external_key.this",
            "module.eks.module.kms.aws_kms_replica_key.this",
            "module.eks.module.kms.data.aws_caller_identity.current",
            "module.eks.module.kms.data.aws_iam_policy_document.this",
            "module.eks.module.kms.data.aws_partition.current"
          ]
        }
      ]
    },
    {
      "mode": "managed",
      "type": "kubernetes_secret",
      "name": "pyannote_auth_token",
      "provider": "provider[\"registry.terraform.io/hashicorp/kubernetes\"]",
      "instances": [
        {
          "schema_version": 0,
          "attributes": {
            "binary_data": null,
            "binary_data_wo": null,
            "binary_data_wo_revision": null,
            "data": {
              "token": "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"
            },
            "data_wo": null,
            "data_wo_revision": null,
            "id": "default/hf-token",
            "immutable": false,
            "metadata": [
              {
                "annotations": null,
                "generate_name": "",
                "generation": 0,
                "labels": null,
                "name": "hf-token",
                "namespace": "default",
                "resource_version": "8369",
                "uid": "851ce476-f591-4868-9e8c-8de57747dc0b"
              }
            ],
            "timeouts": null,
            "type": "Opaque",
            "wait_for_service_account_token": true
          },
          "sensitive_attributes": [
            [
              {
                "type": "get_attr",
                "value": "binary_data"
              }
            ],
            [
              {
                "type": "get_attr",
                "value": "data"
              }
            ],
            [
              {
                "type": "get_attr",
                "value": "data"
              },
              {
                "type": "index",
                "value": {
                  "value": "token",
                  "type": "string"
                }
              }
            ]
          ],
          "private": "eyJlMmJmYjczMC1lY2FhLTExZTYtOGY4OC0zNDM2M2JjN2M0YzAiOnsiY3JlYXRlIjo2MDAwMDAwMDAwMH19",
          "dependencies": [
            "data.aws_eks_cluster_auth.this",
            "module.eks.aws_cloudwatch_log_group.this",
            "module.eks.aws_ec2_tag.cluster_primary_security_group",
            "module.eks.aws_eks_access_entry.this",
            "module.eks.aws_eks_access_policy_association.this",
            "module.eks.aws_eks_addon.before_compute",
            "module.eks.aws_eks_addon.this",
            "module.eks.aws_eks_cluster.this",
            "module.eks.aws_eks_identity_provider_config.this",
            "module.eks.aws_iam_openid_connect_provider.oidc_provider",
            "module.eks.aws_iam_policy.cluster_encryption",
            "module.eks.aws_iam_policy.cni_ipv6_policy",
            "module.eks.aws_iam_policy.custom",
            "module.eks.aws_iam_role.eks_auto",
            "module.eks.aws_iam_role.this",
            "module.eks.aws_iam_role_policy_attachment.additional",
            "module.eks.aws_iam_role_policy_attachment.cluster_encryption",
            "module.eks.aws_iam_role_policy_attachment.custom",
            "module.eks.aws_iam_role_policy_attachment.eks_auto",
            "module.eks.aws_iam_role_policy_attachment.eks_auto_additional",
            "module.eks.aws_iam_role_policy_attachment.this",
            "module.eks.aws_security_group.cluster",
            "module.eks.aws_security_group.node",
            "module.eks.aws_security_group_rule.cluster",
            "module.eks.aws_security_group_rule.node",
            "module.eks.data.aws_caller_identity.current",
            "module.eks.data.aws_eks_addon_version.this",
            "module.eks.data.aws_iam_policy_document.assume_role_policy",
            "module.eks.data.aws_iam_policy_document.cni_ipv6_policy",
            "module.eks.data.aws_iam_policy_document.custom",
            "module.eks.data.aws_iam_policy_document.node_assume_role_policy",
            "module.eks.data.aws_iam_session_context.current",
            "module.eks.data.aws_partition.current",
            "module.eks.data.tls_certificate.this",
            "module.eks.module.eks_managed_node_group.aws_autoscaling_schedule.this",
            "module.eks.module.eks_managed_node_group.aws_eks_node_group.this",
            "module.eks.module.eks_managed_node_group.aws_iam_role.this",
            "module.eks.module.eks_managed_node_group.aws_iam_role_policy.this",
            "module.eks.module.eks_managed_node_group.aws_iam_role_policy_attachment.additional",
            "module.eks.module.eks_managed_node_group.aws_iam_role_policy_attachment.this",
            "module.eks.module.eks_managed_node_group.aws_launch_template.this",
            "module.eks.module.eks_managed_node_group.aws_placement_group.this",
            "module.eks.module.eks_managed_node_group.data.aws_caller_identity.current",
            "module.eks.module.eks_managed_node_group.data.aws_ec2_instance_type.this",
            "module.eks.module.eks_managed_node_group.data.aws_ec2_instance_type_offerings.this",
            "module.eks.module.eks_managed_node_group.data.aws_iam_policy_document.assume_role_policy",
            "module.eks.module.eks_managed_node_group.data.aws_iam_policy_document.role",
            "module.eks.module.eks_managed_node_group.data.aws_partition.current",
            "module.eks.module.eks_managed_node_group.data.aws_ssm_parameter.ami",
            "module.eks.module.eks_managed_node_group.data.aws_subnets.placement_group",
            "module.eks.module.eks_managed_node_group.module.user_data.data.cloudinit_config.al2023_eks_managed_node_group",
            "module.eks.module.eks_managed_node_group.module.user_data.data.cloudinit_config.linux_eks_managed_node_group",
            "module.eks.module.eks_managed_node_group.module.user_data.null_resource.validate_cluster_service_cidr",
            "module.eks.module.fargate_profile.aws_eks_fargate_profile.this",
            "module.eks.module.fargate_profile.aws_iam_role.this",
            "module.eks.module.fargate_profile.aws_iam_role_policy.this",
            "module.eks.module.fargate_profile.aws_iam_role_policy_attachment.additional",
            "module.eks.module.fargate_profile.aws_iam_role_policy_attachment.this",
            "module.eks.module.fargate_profile.data.aws_caller_identity.current",
            "module.eks.module.fargate_profile.data.aws_iam_policy_document.assume_role_policy",
            "module.eks.module.fargate_profile.data.aws_iam_policy_document.role",
            "module.eks.module.fargate_profile.data.aws_partition.current",
            "module.eks.module.fargate_profile.data.aws_region.current",
            "module.eks.module.kms.aws_kms_alias.this",
            "module.eks.module.kms.aws_kms_external_key.this",
            "module.eks.module.kms.aws_kms_grant.this",
            "module.eks.module.kms.aws_kms_key.this",
            "module.eks.module.kms.aws_kms_replica_external_key.this",
            "module.eks.module.kms.aws_kms_replica_key.this",
            "module.eks.module.kms.data.aws_caller_identity.current",
            "module.eks.module.kms.data.aws_iam_policy_document.this",
            "module.eks.module.kms.data.aws_partition.current",
            "module.eks.module.self_managed_node_group.aws_autoscaling_group.this",
            "module.eks.module.self_managed_node_group.aws_autoscaling_schedule.this",
            "module.eks.module.self_managed_node_group.aws_eks_access_entry.this",
            "module.eks.module.self_managed_node_group.aws_iam_instance_profile.this",
            "module.eks.module.self_managed_node_group.aws_iam_role.this",
            "module.eks.module.self_managed_node_group.aws_iam_role_policy.this",
            "module.eks.module.self_managed_node_group.aws_iam_role_policy_attachment.additional",
            "module.eks.module.self_managed_node_group.aws_iam_role_policy_attachment.this",
            "module.eks.module.self_managed_node_group.aws_launch_template.this",
            "module.eks.module.self_managed_node_group.aws_placement_group.this",
            "module.eks.module.self_managed_node_group.data.aws_caller_identity.current",
            "module.eks.module.self_managed_node_group.data.aws_ec2_instance_type.this",
            "module.eks.module.self_managed_node_group.data.aws_ec2_instance_type_offerings.this",
            "module.eks.module.self_managed_node_group.data.aws_iam_policy_document.assume_role_policy",
            "module.eks.module.self_managed_node_group.data.aws_iam_policy_document.role",
            "module.eks.module.self_managed_node_group.data.aws_partition.current",
            "module.eks.module.self_managed_node_group.data.aws_ssm_parameter.ami",
            "module.eks.module.self_managed_node_group.data.aws_subnets.placement_group",
            "module.eks.module.self_managed_node_group.module.user_data.data.cloudinit_config.al2023_eks_managed_node_group",
            "module.eks.module.self_managed_node_group.module.user_data.data.cloudinit_config.linux_eks_managed_node_group",
            "module.eks.module.self_managed_node_group.module.user_data.null_resource.validate_cluster_service_cidr",
            "module.eks.time_sleep.this"
          ]
        }
      ]
    },
    {
      "module": "module.eks",
      "mode": "data",
      "type": "aws_caller_identity",
      "name": "current",
      "provider": "provider[\"registry.terraform.io/hashicorp/aws\"]",
      "instances": [
        {
          "index_key": 0,
          "schema_version": 0,
          "attributes": {
            "account_id": "626635410672",
            "arn": "arn:aws:sts::626635410672:assumed-role/AWSReservedSSO_PowerUserWithIAMFullAccess_62fe5c9521f53d70/rohit@onebyzero.ai",
            "id": "626635410672",
            "user_id": "AROAZDZTBRTYJGZZNJSO4:rohit@onebyzero.ai"
          },
          "sensitive_attributes": []
        }
      ]
    },
    {
      "module": "module.eks",
      "mode": "data",
      "type": "aws_iam_policy_document",
      "name": "assume_role_policy",
      "provider": "provider[\"registry.terraform.io/hashicorp/aws\"]",
      "instances": [
        {
          "index_key": 0,
          "schema_version": 0,
          "attributes": {
            "id": "2830595799",
            "json": "{\n  \"Version\": \"2012-10-17\",\n  \"Statement\": [\n    {\n      \"Sid\": \"EKSClusterAssumeRole\",\n      \"Effect\": \"Allow\",\n      \"Action\": [\n        \"sts:TagSession\",\n        \"sts:AssumeRole\"\n      ],\n      \"Principal\": {\n        \"Service\": \"eks.amazonaws.com\"\n      }\n    }\n  ]\n}",
            "minified_json": "{\"Version\":\"2012-10-17\",\"Statement\":[{\"Sid\":\"EKSClusterAssumeRole\",\"Effect\":\"Allow\",\"Action\":[\"sts:TagSession\",\"sts:AssumeRole\"],\"Principal\":{\"Service\":\"eks.amazonaws.com\"}}]}",
            "override_json": null,
            "override_policy_documents": null,
            "policy_id": null,
            "source_json": null,
            "source_policy_documents": null,
            "statement": [
              {
                "actions": ["sts:AssumeRole", "sts:TagSession"],
                "condition": [],
                "effect": "Allow",
                "not_actions": [],
                "not_principals": [],
                "not_resources": [],
                "principals": [
                  {
                    "identifiers": ["eks.amazonaws.com"],
                    "type": "Service"
                  }
                ],
                "resources": [],
                "sid": "EKSClusterAssumeRole"
              }
            ],
            "version": "2012-10-17"
          },
          "sensitive_attributes": []
        }
      ]
    },
    {
      "module": "module.eks",
      "mode": "data",
      "type": "aws_iam_policy_document",
      "name": "custom",
      "provider": "provider[\"registry.terraform.io/hashicorp/aws\"]",
      "instances": [
        {
          "index_key": 0,
          "schema_version": 0,
          "attributes": {
            "id": "513122117",
            "json": "{\n  \"Version\": \"2012-10-17\",\n  \"Statement\": [\n    {\n      \"Sid\": \"Compute\",\n      \"Effect\": \"Allow\",\n      \"Action\": [\n        \"ec2:RunInstances\",\n        \"ec2:CreateLaunchTemplate\",\n        \"ec2:CreateFleet\"\n      ],\n      \"Resource\": \"*\",\n      \"Condition\": {\n        \"StringEquals\": {\n          \"aws:RequestTag/eks:eks-cluster-name\": \"${aws:PrincipalTag/eks:eks-cluster-name}\"\n        },\n        \"StringLike\": {\n          \"aws:RequestTag/eks:kubernetes-node-class-name\": \"*\",\n          \"aws:RequestTag/eks:kubernetes-node-pool-name\": \"*\"\n        }\n      }\n    },\n    {\n      \"Sid\": \"Storage\",\n      \"Effect\": \"Allow\",\n      \"Action\": [\n        \"ec2:CreateVolume\",\n        \"ec2:CreateSnapshot\"\n      ],\n      \"Resource\": [\n        \"arn:aws:ec2:*:*:volume/*\",\n        \"arn:aws:ec2:*:*:snapshot/*\"\n      ],\n      \"Condition\": {\n        \"StringEquals\": {\n          \"aws:RequestTag/eks:eks-cluster-name\": \"${aws:PrincipalTag/eks:eks-cluster-name}\"\n        }\n      }\n    },\n    {\n      \"Sid\": \"Networking\",\n      \"Effect\": \"Allow\",\n      \"Action\": \"ec2:CreateNetworkInterface\",\n      \"Resource\": \"*\",\n      \"Condition\": {\n        \"StringEquals\": {\n          \"aws:RequestTag/eks:eks-cluster-name\": \"${aws:PrincipalTag/eks:eks-cluster-name}\",\n          \"aws:RequestTag/eks:kubernetes-cni-node-name\": \"*\"\n        }\n      }\n    },\n    {\n      \"Sid\": \"LoadBalancer\",\n      \"Effect\": \"Allow\",\n      \"Action\": [\n        \"elasticloadbalancing:CreateTargetGroup\",\n        \"elasticloadbalancing:CreateRule\",\n        \"elasticloadbalancing:CreateLoadBalancer\",\n        \"elasticloadbalancing:CreateListener\",\n        \"ec2:CreateSecurityGroup\"\n      ],\n      \"Resource\": \"*\",\n      \"Condition\": {\n        \"StringEquals\": {\n          \"aws:RequestTag/eks:eks-cluster-name\": \"${aws:PrincipalTag/eks:eks-cluster-name}\"\n        }\n      }\n    },\n    {\n      \"Sid\": \"ShieldProtection\",\n      \"Effect\": \"Allow\",\n      \"Action\": \"shield:CreateProtection\",\n      \"Resource\": \"*\",\n      \"Condition\": {\n        \"StringEquals\": {\n          \"aws:RequestTag/eks:eks-cluster-name\": \"${aws:PrincipalTag/eks:eks-cluster-name}\"\n        }\n      }\n    },\n    {\n      \"Sid\": \"ShieldTagResource\",\n      \"Effect\": \"Allow\",\n      \"Action\": \"shield:TagResource\",\n      \"Resource\": \"arn:aws:shield::*:protection/*\",\n      \"Condition\": {\n        \"StringEquals\": {\n          \"aws:RequestTag/eks:eks-cluster-name\": \"${aws:PrincipalTag/eks:eks-cluster-name}\"\n        }\n      }\n    }\n  ]\n}",
            "minified_json": "{\"Version\":\"2012-10-17\",\"Statement\":[{\"Sid\":\"Compute\",\"Effect\":\"Allow\",\"Action\":[\"ec2:RunInstances\",\"ec2:CreateLaunchTemplate\",\"ec2:CreateFleet\"],\"Resource\":\"*\",\"Condition\":{\"StringEquals\":{\"aws:RequestTag/eks:eks-cluster-name\":\"${aws:PrincipalTag/eks:eks-cluster-name}\"},\"StringLike\":{\"aws:RequestTag/eks:kubernetes-node-class-name\":\"*\",\"aws:RequestTag/eks:kubernetes-node-pool-name\":\"*\"}}},{\"Sid\":\"Storage\",\"Effect\":\"Allow\",\"Action\":[\"ec2:CreateVolume\",\"ec2:CreateSnapshot\"],\"Resource\":[\"arn:aws:ec2:*:*:volume/*\",\"arn:aws:ec2:*:*:snapshot/*\"],\"Condition\":{\"StringEquals\":{\"aws:RequestTag/eks:eks-cluster-name\":\"${aws:PrincipalTag/eks:eks-cluster-name}\"}}},{\"Sid\":\"Networking\",\"Effect\":\"Allow\",\"Action\":\"ec2:CreateNetworkInterface\",\"Resource\":\"*\",\"Condition\":{\"StringEquals\":{\"aws:RequestTag/eks:eks-cluster-name\":\"${aws:PrincipalTag/eks:eks-cluster-name}\",\"aws:RequestTag/eks:kubernetes-cni-node-name\":\"*\"}}},{\"Sid\":\"LoadBalancer\",\"Effect\":\"Allow\",\"Action\":[\"elasticloadbalancing:CreateTargetGroup\",\"elasticloadbalancing:CreateRule\",\"elasticloadbalancing:CreateLoadBalancer\",\"elasticloadbalancing:CreateListener\",\"ec2:CreateSecurityGroup\"],\"Resource\":\"*\",\"Condition\":{\"StringEquals\":{\"aws:RequestTag/eks:eks-cluster-name\":\"${aws:PrincipalTag/eks:eks-cluster-name}\"}}},{\"Sid\":\"ShieldProtection\",\"Effect\":\"Allow\",\"Action\":\"shield:CreateProtection\",\"Resource\":\"*\",\"Condition\":{\"StringEquals\":{\"aws:RequestTag/eks:eks-cluster-name\":\"${aws:PrincipalTag/eks:eks-cluster-name}\"}}},{\"Sid\":\"ShieldTagResource\",\"Effect\":\"Allow\",\"Action\":\"shield:TagResource\",\"Resource\":\"arn:aws:shield::*:protection/*\",\"Condition\":{\"StringEquals\":{\"aws:RequestTag/eks:eks-cluster-name\":\"${aws:PrincipalTag/eks:eks-cluster-name}\"}}}]}",
            "override_json": null,
            "override_policy_documents": null,
            "policy_id": null,
            "source_json": null,
            "source_policy_documents": null,
            "statement": [
              {
                "actions": [
                  "ec2:CreateFleet",
                  "ec2:CreateLaunchTemplate",
                  "ec2:RunInstances"
                ],
                "condition": [
                  {
                    "test": "StringEquals",
                    "values": ["${aws:PrincipalTag/eks:eks-cluster-name}"],
                    "variable": "aws:RequestTag/eks:eks-cluster-name"
                  },
                  {
                    "test": "StringLike",
                    "values": ["*"],
                    "variable": "aws:RequestTag/eks:kubernetes-node-class-name"
                  },
                  {
                    "test": "StringLike",
                    "values": ["*"],
                    "variable": "aws:RequestTag/eks:kubernetes-node-pool-name"
                  }
                ],
                "effect": "Allow",
                "not_actions": [],
                "not_principals": [],
                "not_resources": [],
                "principals": [],
                "resources": ["*"],
                "sid": "Compute"
              },
              {
                "actions": ["ec2:CreateSnapshot", "ec2:CreateVolume"],
                "condition": [
                  {
                    "test": "StringEquals",
                    "values": ["${aws:PrincipalTag/eks:eks-cluster-name}"],
                    "variable": "aws:RequestTag/eks:eks-cluster-name"
                  }
                ],
                "effect": "Allow",
                "not_actions": [],
                "not_principals": [],
                "not_resources": [],
                "principals": [],
                "resources": [
                  "arn:aws:ec2:*:*:snapshot/*",
                  "arn:aws:ec2:*:*:volume/*"
                ],
                "sid": "Storage"
              },
              {
                "actions": ["ec2:CreateNetworkInterface"],
                "condition": [
                  {
                    "test": "StringEquals",
                    "values": ["${aws:PrincipalTag/eks:eks-cluster-name}"],
                    "variable": "aws:RequestTag/eks:eks-cluster-name"
                  },
                  {
                    "test": "StringEquals",
                    "values": ["*"],
                    "variable": "aws:RequestTag/eks:kubernetes-cni-node-name"
                  }
                ],
                "effect": "Allow",
                "not_actions": [],
                "not_principals": [],
                "not_resources": [],
                "principals": [],
                "resources": ["*"],
                "sid": "Networking"
              },
              {
                "actions": [
                  "ec2:CreateSecurityGroup",
                  "elasticloadbalancing:CreateListener",
                  "elasticloadbalancing:CreateLoadBalancer",
                  "elasticloadbalancing:CreateRule",
                  "elasticloadbalancing:CreateTargetGroup"
                ],
                "condition": [
                  {
                    "test": "StringEquals",
                    "values": ["${aws:PrincipalTag/eks:eks-cluster-name}"],
                    "variable": "aws:RequestTag/eks:eks-cluster-name"
                  }
                ],
                "effect": "Allow",
                "not_actions": [],
                "not_principals": [],
                "not_resources": [],
                "principals": [],
                "resources": ["*"],
                "sid": "LoadBalancer"
              },
              {
                "actions": ["shield:CreateProtection"],
                "condition": [
                  {
                    "test": "StringEquals",
                    "values": ["${aws:PrincipalTag/eks:eks-cluster-name}"],
                    "variable": "aws:RequestTag/eks:eks-cluster-name"
                  }
                ],
                "effect": "Allow",
                "not_actions": [],
                "not_principals": [],
                "not_resources": [],
                "principals": [],
                "resources": ["*"],
                "sid": "ShieldProtection"
              },
              {
                "actions": ["shield:TagResource"],
                "condition": [
                  {
                    "test": "StringEquals",
                    "values": ["${aws:PrincipalTag/eks:eks-cluster-name}"],
                    "variable": "aws:RequestTag/eks:eks-cluster-name"
                  }
                ],
                "effect": "Allow",
                "not_actions": [],
                "not_principals": [],
                "not_resources": [],
                "principals": [],
                "resources": ["arn:aws:shield::*:protection/*"],
                "sid": "ShieldTagResource"
              }
            ],
            "version": "2012-10-17"
          },
          "sensitive_attributes": []
        }
      ]
    },
    {
      "module": "module.eks",
      "mode": "data",
      "type": "aws_iam_policy_document",
      "name": "node_assume_role_policy",
      "provider": "provider[\"registry.terraform.io/hashicorp/aws\"]",
      "instances": [
        {
          "index_key": 0,
          "schema_version": 0,
          "attributes": {
            "id": "3518401652",
            "json": "{\n  \"Version\": \"2012-10-17\",\n  \"Statement\": [\n    {\n      \"Sid\": \"EKSAutoNodeAssumeRole\",\n      \"Effect\": \"Allow\",\n      \"Action\": [\n        \"sts:TagSession\",\n        \"sts:AssumeRole\"\n      ],\n      \"Principal\": {\n        \"Service\": \"ec2.amazonaws.com\"\n      }\n    }\n  ]\n}",
            "minified_json": "{\"Version\":\"2012-10-17\",\"Statement\":[{\"Sid\":\"EKSAutoNodeAssumeRole\",\"Effect\":\"Allow\",\"Action\":[\"sts:TagSession\",\"sts:AssumeRole\"],\"Principal\":{\"Service\":\"ec2.amazonaws.com\"}}]}",
            "override_json": null,
            "override_policy_documents": null,
            "policy_id": null,
            "source_json": null,
            "source_policy_documents": null,
            "statement": [
              {
                "actions": ["sts:AssumeRole", "sts:TagSession"],
                "condition": [],
                "effect": "Allow",
                "not_actions": [],
                "not_principals": [],
                "not_resources": [],
                "principals": [
                  {
                    "identifiers": ["ec2.amazonaws.com"],
                    "type": "Service"
                  }
                ],
                "resources": [],
                "sid": "EKSAutoNodeAssumeRole"
              }
            ],
            "version": "2012-10-17"
          },
          "sensitive_attributes": []
        }
      ]
    },
    {
      "module": "module.eks",
      "mode": "data",
      "type": "aws_iam_session_context",
      "name": "current",
      "provider": "provider[\"registry.terraform.io/hashicorp/aws\"]",
      "instances": [
        {
          "index_key": 0,
          "schema_version": 0,
          "attributes": {
            "arn": "arn:aws:sts::626635410672:assumed-role/AWSReservedSSO_PowerUserWithIAMFullAccess_62fe5c9521f53d70/rohit@onebyzero.ai",
            "id": "arn:aws:sts::626635410672:assumed-role/AWSReservedSSO_PowerUserWithIAMFullAccess_62fe5c9521f53d70/rohit@onebyzero.ai",
            "issuer_arn": "arn:aws:iam::626635410672:role/aws-reserved/sso.amazonaws.com/AWSReservedSSO_PowerUserWithIAMFullAccess_62fe5c9521f53d70",
            "issuer_id": "AROAZDZTBRTYJGZZNJSO4",
            "issuer_name": "AWSReservedSSO_PowerUserWithIAMFullAccess_62fe5c9521f53d70",
            "session_name": "rohit@onebyzero.ai"
          },
          "sensitive_attributes": []
        }
      ]
    },
    {
      "module": "module.eks",
      "mode": "data",
      "type": "aws_partition",
      "name": "current",
      "provider": "provider[\"registry.terraform.io/hashicorp/aws\"]",
      "instances": [
        {
          "index_key": 0,
          "schema_version": 0,
          "attributes": {
            "dns_suffix": "amazonaws.com",
            "id": "aws",
            "partition": "aws",
            "reverse_dns_prefix": "com.amazonaws"
          },
          "sensitive_attributes": []
        }
      ]
    },
    {
      "module": "module.eks",
      "mode": "data",
      "type": "tls_certificate",
      "name": "this",
      "provider": "provider[\"registry.terraform.io/hashicorp/tls\"]",
      "instances": [
        {
          "index_key": 0,
          "schema_version": 0,
          "attributes": {
            "certificates": [
              {
                "cert_pem": "-----BEGIN CERTIFICATE-----\nMIIEdTCCA12gAwIBAgIJAKcOSkw0grd/MA0GCSqGSIb3DQEBCwUAMGgxCzAJBgNV\nBAYTAlVTMSUwIwYDVQQKExxTdGFyZmllbGQgVGVjaG5vbG9naWVzLCBJbmMuMTIw\nMAYDVQQLEylTdGFyZmllbGQgQ2xhc3MgMiBDZXJ0aWZpY2F0aW9uIEF1dGhvcml0\neTAeFw0wOTA5MDIwMDAwMDBaFw0zNDA2MjgxNzM5MTZaMIGYMQswCQYDVQQGEwJV\nUzEQMA4GA1UECBMHQXJpem9uYTETMBEGA1UEBxMKU2NvdHRzZGFsZTElMCMGA1UE\nChMcU3RhcmZpZWxkIFRlY2hub2xvZ2llcywgSW5jLjE7MDkGA1UEAxMyU3RhcmZp\nZWxkIFNlcnZpY2VzIFJvb3QgQ2VydGlmaWNhdGUgQXV0aG9yaXR5IC0gRzIwggEi\nMA0GCSqGSIb3DQEBAQUAA4IBDwAwggEKAoIBAQDVDDrEKvlO4vW+GZdfjohTsR8/\ny8+fIBNtKTrID30892t2OGPZNmCom15cAICyL1l/9of5JUOG52kbUpqQ4XHj2C0N\nTm/2yEnZtvMaVq4rtnQU68/7JuMauh2WLmo7WJSJR1b/JaCTcFOD2oR0FMNnngRo\nOt+OQFodSk7PQ5E751bWAHDLUu57fa4657wx+UX2wmDPE1kCK4DMNEffud6QZW0C\nzyyRpqbn3oUYSXxmTqM6bam17jQuug0DuDPfR+uxa40l2ZvOgdFFRjKWcIfeAg5J\nQ4W2bHO7ZOphQazJ1FTfhy/HIrImzJ9ZVGif/L4qL8RVHHVAYBeFAlU5i38FAgMB\nAAGjgfAwge0wDwYDVR0TAQH/BAUwAwEB/zAOBgNVHQ8BAf8EBAMCAYYwHQYDVR0O\nBBYEFJxfAN+qAdcwKziIorhtSpzyEZGDMB8GA1UdIwQYMBaAFL9ft9HO3R+G9FtV\nrNzXEMIOqYjnME8GCCsGAQUFBwEBBEMwQTAcBggrBgEFBQcwAYYQaHR0cDovL28u\nc3MyLnVzLzAhBggrBgEFBQcwAoYVaHR0cDovL3guc3MyLnVzL3guY2VyMCYGA1Ud\nHwQfMB0wG6AZoBeGFWh0dHA6Ly9zLnNzMi51cy9yLmNybDARBgNVHSAECjAIMAYG\nBFUdIAAwDQYJKoZIhvcNAQELBQADggEBACMd44pXyn3pF3lM8R5V/cxTbj5HD9/G\nVfKyBDbtgB9TxF00KGu+x1X8Z+rLP3+QsjPNG1gQggL4+C/1E2DUBc7xgQjB3ad1\nl08YuW3e95ORCLp+QCztweq7dp4zBncdDQh/U90bZKuCJ/Fp1U1ervShw3WnWEQt\n8jxwmKy6abaVd38PMV4s/KCHOkdp8Hlf9BRUpJVeEXgSYCfOn8J3/yNTd126/+pZ\n59vPr5KW7ySaNRB6nJHGDn2Z9j8Z3/VyVOEVqQdZe4O/Ui5GjLIAZHYcSNPYeehu\nVsyuLAOQ1xk4meTKCRlb/weWsKh/NEnfVqn3sF/tM+2MR7cwA130A4w=\n-----END CERTIFICATE-----\n",
                "is_ca": true,
                "issuer": "OU=Starfield Class 2 Certification Authority,O=Starfield Technologies\\, Inc.,C=US",
                "not_after": "2034-06-28T17:39:16Z",
                "not_before": "2009-09-02T00:00:00Z",
                "public_key_algorithm": "RSA",
                "serial_number": "12037640545166866303",
                "sha1_fingerprint": "9e99a48a9960b14926bb7f3b02e22da2b0ab7280",
                "signature_algorithm": "SHA256-RSA",
                "subject": "CN=Starfield Services Root Certificate Authority - G2,O=Starfield Technologies\\, Inc.,L=Scottsdale,ST=Arizona,C=US",
                "version": 3
              },
              {
                "cert_pem": "-----BEGIN CERTIFICATE-----\nMIIEkjCCA3qgAwIBAgITBn+USionzfP6wq4rAfkI7rnExjANBgkqhkiG9w0BAQsF\nADCBmDELMAkGA1UEBhMCVVMxEDAOBgNVBAgTB0FyaXpvbmExEzARBgNVBAcTClNj\nb3R0c2RhbGUxJTAjBgNVBAoTHFN0YXJmaWVsZCBUZWNobm9sb2dpZXMsIEluYy4x\nOzA5BgNVBAMTMlN0YXJmaWVsZCBTZXJ2aWNlcyBSb290IENlcnRpZmljYXRlIEF1\ndGhvcml0eSAtIEcyMB4XDTE1MDUyNTEyMDAwMFoXDTM3MTIzMTAxMDAwMFowOTEL\nMAkGA1UEBhMCVVMxDzANBgNVBAoTBkFtYXpvbjEZMBcGA1UEAxMQQW1hem9uIFJv\nb3QgQ0EgMTCCASIwDQYJKoZIhvcNAQEBBQADggEPADCCAQoCggEBALJ4gHHKeNXj\nca9HgFB0fW7Y14h29Jlo91ghYPl0hAEvrAIthtOgQ3pOsqTQNroBvo3bSMgHFzZM\n9O6II8c+6zf1tRn4SWiw3te5djgdYZ6k/oI2peVKVuRF4fn9tBb6dNqcmzU5L/qw\nIFAGbHrQgLKm+a/sRxmPUDgH3KKHOVj4utWp+UhnMJbulHheb4mjUcAwhmahRWa6\nVOujw5H5SNz/0egwLX0tdHA114gk957EWW67c4cX8jJGKLhD+rcdqsq08p8kDi1L\n93FcXmn/6pUCyziKrlA4b9v7LWIbxcceVOF34GfID5yHI9Y/QCB/IIDEgEw+OyQm\njgSubJrIqg0CAwEAAaOCATEwggEtMA8GA1UdEwEB/wQFMAMBAf8wDgYDVR0PAQH/\nBAQDAgGGMB0GA1UdDgQWBBSEGMyFNOy8DJSULghZnMeyEE4KCDAfBgNVHSMEGDAW\ngBScXwDfqgHXMCs4iKK4bUqc8hGRgzB4BggrBgEFBQcBAQRsMGowLgYIKwYBBQUH\nMAGGImh0dHA6Ly9vY3NwLnJvb3RnMi5hbWF6b250cnVzdC5jb20wOAYIKwYBBQUH\nMAKGLGh0dHA6Ly9jcnQucm9vdGcyLmFtYXpvbnRydXN0LmNvbS9yb290ZzIuY2Vy\nMD0GA1UdHwQ2MDQwMqAwoC6GLGh0dHA6Ly9jcmwucm9vdGcyLmFtYXpvbnRydXN0\nLmNvbS9yb290ZzIuY3JsMBEGA1UdIAQKMAgwBgYEVR0gADANBgkqhkiG9w0BAQsF\nAAOCAQEAYjdCXLwQtT6LLOkMm2xF4gcAevnFWAu5CIw+7bMlPLVvUOTNNWqnkzSW\nMiGpSESrnO09tKpzbeR/FoCJbM8oAxiDR3mjEH4wW6w7sGDgd9QIpuEdfF7Au/ma\neyKdpwAJfqxGF4PcnCZXmTA5YpaP7dreqsXMGz7KQ2hsVxa81Q4gLv7/wmpdLqBK\nbRRYh5TmOTFffHPLkIhqhBGWJ6bt2YFGpn6jcgAKUj6DiAdjd4lpFw85hdKrCEVN\n0FE6/V1dN2RMfjCyVSRCnTawXZwXgWHxyvkQAiSr6w10kY17RSlQOYiypok1JR4U\nakcjMS9cmvqtmg5iUaQqqcT5NJ0hGA==\n-----END CERTIFICATE-----\n",
                "is_ca": true,
                "issuer": "CN=Starfield Services Root Certificate Authority - G2,O=Starfield Technologies\\, Inc.,L=Scottsdale,ST=Arizona,C=US",
                "not_after": "2037-12-31T01:00:00Z",
                "not_before": "2015-05-25T12:00:00Z",
                "public_key_algorithm": "RSA",
                "serial_number": "144918191876577076464031512351042010504348870",
                "sha1_fingerprint": "06b25927c42a721631c1efd9431e648fa62e1e39",
                "signature_algorithm": "SHA256-RSA",
                "subject": "CN=Amazon Root CA 1,O=Amazon,C=US",
                "version": 3
              },
              {
                "cert_pem": "-----BEGIN CERTIFICATE-----\nMIIEXjCCA0agAwIBAgITB3MSTNQG0mfAmRzdKZqfODF5hTANBgkqhkiG9w0BAQsF\nADA5MQswCQYDVQQGEwJVUzEPMA0GA1UEChMGQW1hem9uMRkwFwYDVQQDExBBbWF6\nb24gUm9vdCBDQSAxMB4XDTIyMDgyMzIyMjYwNFoXDTMwMDgyMzIyMjYwNFowPDEL\nMAkGA1UEBhMCVVMxDzANBgNVBAoTBkFtYXpvbjEcMBoGA1UEAxMTQW1hem9uIFJT\nQSAyMDQ4IE0wMzCCASIwDQYJKoZIhvcNAQEBBQADggEPADCCAQoCggEBALd/pVko\n8vuM475Tf45HV3BbCl/B9Jy89G1CRkFjcPY06WA9lS+7dWbUA7GtWUKoksr69hKM\nwcMsNpxlw7b3jeXFgxB09/nmalcAWtnLzF+LaDKEA5DQmvKzuh1nfIfqEiKCQSmX\nXh09Xs+dO7cm5qbaL2hhNJCSAejciwcvOFgFNgEMR42wm6KIFHsQW28jhA+1u/M0\np6fVwReuEgZfLfdx82Px0LJck3lST3EB/JfbdsdOzzzg5YkY1dfuqf8y5fUeZ7Cz\nWXbTjujwX/TovmeWKA36VLCz75azW6tDNuDn66FOpADZZ9omVaF6BqNJiLMVl6P3\n/c0OiUMC6Z5OfKcCAwEAAaOCAVowggFWMBIGA1UdEwEB/wQIMAYBAf8CAQAwDgYD\nVR0PAQH/BAQDAgGGMB0GA1UdJQQWMBQGCCsGAQUFBwMBBggrBgEFBQcDAjAdBgNV\nHQ4EFgQUVdkYX9IczAHhWLS+q9lVQgHXLgIwHwYDVR0jBBgwFoAUhBjMhTTsvAyU\nlC4IWZzHshBOCggwewYIKwYBBQUHAQEEbzBtMC8GCCsGAQUFBzABhiNodHRwOi8v\nb2NzcC5yb290Y2ExLmFtYXpvbnRydXN0LmNvbTA6BggrBgEFBQcwAoYuaHR0cDov\nL2NydC5yb290Y2ExLmFtYXpvbnRydXN0LmNvbS9yb290Y2ExLmNlcjA/BgNVHR8E\nODA2MDSgMqAwhi5odHRwOi8vY3JsLnJvb3RjYTEuYW1hem9udHJ1c3QuY29tL3Jv\nb3RjYTEuY3JsMBMGA1UdIAQMMAowCAYGZ4EMAQIBMA0GCSqGSIb3DQEBCwUAA4IB\nAQAGjeWm2cC+3z2MzSCnte46/7JZvj3iQZDY7EvODNdZF41n71Lrk9kbfNwerK0d\nVNzW36Wefr7j7ZSwBVg50W5ay65jNSN74TTQV1yt4WnSbVvN6KlMs1hiyOZdoHKs\nKDV2UGNxbdoBYCQNa2GYF8FQIWLugNp35aSOpMy6cFlymFQomIrnOQHwK1nvVY4q\nxDSJMU/gNJz17D8ArPN3ngnyZ2TwepJ0uBINz3G5te2rdFUF4i4Y3Bb7FUlHDYm4\nu8aIRGpk2ZpfXmxaoxnbIBZRvGLPSUuPwnwoUOMsJ8jirI5vs2dvchPb7MtI1rle\ni02f2ivH2vxkjDLltSpe2fiC\n-----END CERTIFICATE-----\n",
                "is_ca": true,
                "issuer": "CN=Amazon Root CA 1,O=Amazon,C=US",
                "not_after": "2030-08-23T22:26:04Z",
                "not_before": "2022-08-23T22:26:04Z",
                "public_key_algorithm": "RSA",
                "serial_number": "166129356476704345391986644047206454194698629",
                "sha1_fingerprint": "d9fe0a65fa00cabf61f5120d373a8135e1461f15",
                "signature_algorithm": "SHA256-RSA",
                "subject": "CN=Amazon RSA 2048 M03,O=Amazon,C=US",
                "version": 3
              },
              {
                "cert_pem": "-----BEGIN CERTIFICATE-----\nMIIF5zCCBM+gAwIBAgIQB8/B5LYdWaaSLNb9DZLprTANBgkqhkiG9w0BAQsFADA8\nMQswCQYDVQQGEwJVUzEPMA0GA1UEChMGQW1hem9uMRwwGgYDVQQDExNBbWF6b24g\nUlNBIDIwNDggTTAzMB4XDTI1MDIyNjAwMDAwMFoXDTI2MDMyNzIzNTk1OVowKDEm\nMCQGA1UEAwwdKi5la3MudXMtZWFzdC0xLmFtYXpvbmF3cy5jb20wggEiMA0GCSqG\nSIb3DQEBAQUAA4IBDwAwggEKAoIBAQCoHWcgrIv/D6CxSXSxAq0GuOPoCJqnVz6U\nMhp1YLE9OZs3jH8EfYlNpGtqOtLa1vZb8Lp4CZdATHTj1SoK01MwmXXIDm2Jj+Km\niQvZ0BBe5xroDWvf3r/LWG/WMkRtR4F+qPb9pVYlM9N3WZdSAKfTQTowGxebugLc\nM/+ZLvAxxdtaXK+LID6JRKRa2BIRHcfILiNJo7vIS/I+DOqXn9Rb0VFnkpYpGE+k\nm47kVkFFsToior7zlAwPv6VWsm+zZV9zNnCpu9FpJ3vkZE9OGHS6aChtSya2Qpyr\njyF98KIFTQ+FKtDZHf9XLHmV5v/IP2bWk7lzmPYW4PwcPhDUmC9PAgMBAAGjggL3\nMIIC8zAfBgNVHSMEGDAWgBRV2Rhf0hzMAeFYtL6r2VVCAdcuAjAdBgNVHQ4EFgQU\n6mCbzMC1FaJuw7tKpv7muQZDZrowKAYDVR0RBCEwH4IdKi5la3MudXMtZWFzdC0x\nLmFtYXpvbmF3cy5jb20wEwYDVR0gBAwwCjAIBgZngQwBAgEwDgYDVR0PAQH/BAQD\nAgWgMB0GA1UdJQQWMBQGCCsGAQUFBwMBBggrBgEFBQcDAjA7BgNVHR8ENDAyMDCg\nLqAshipodHRwOi8vY3JsLnIybTAzLmFtYXpvbnRydXN0LmNvbS9yMm0wMy5jcmww\ndQYIKwYBBQUHAQEEaTBnMC0GCCsGAQUFBzABhiFodHRwOi8vb2NzcC5yMm0wMy5h\nbWF6b250cnVzdC5jb20wNgYIKwYBBQUHMAKGKmh0dHA6Ly9jcnQucjJtMDMuYW1h\nem9udHJ1c3QuY29tL3IybTAzLmNlcjAMBgNVHRMBAf8EAjAAMIIBfwYKKwYBBAHW\neQIEAgSCAW8EggFrAWkAdgAOV5S8866pPjMbLJkHs/eQ35vCPXEyJd0hqSWsYcVO\nIQAAAZVBW4SGAAAEAwBHMEUCIQC+CghIdRNpEnK+JGxaeHOel/pYJSUsog1eklre\nLGmoTwIgAj1vm4d6u/93S7GVfw7qotajiMfgHeEf7lANQf0mxf4AdgBkEcRspBLs\np4kcogIuALyrTygH1B41J6vq/tUDyX3N8AAAAZVBW4Q1AAAEAwBHMEUCIAYyeDIv\nJD1IhUkb1E59cbCwTcAYChrSArEZOOAib3dJAiEAix8XjjqXhMNuji/u2fzLxeZ7\nc5PCtDHWx3Ky7QYBfCUAdwBJnJtp3h187Pw23s2HZKa4W68Kh4AZ0VVS++nrKd34\nwwAAAZVBW4RMAAAEAwBIMEYCIQCsj67XcK6jtETNJEPTYPaFqJOMlNtM0TeJwGhm\nBc81sQIhAJoirhaQzC4ydAzLvjpVqKYyuqLktiHkTqFq8IGxBAkIMA0GCSqGSIb3\nDQEBCwUAA4IBAQAjjE2au5fdV/DrlD3e5zZ5hTB4CicIARTWvJQ6EsQm/vbXPoUY\nSHRZkOodq0AJWEC/RImGu8bnVY8RzGsELkMzI4A8UxdlH2YGP8obg6MfP6yGZaHM\nnS4wLX05EnmrABaoRB/apt7tE4w+yRa7QoxUgiTPpFzaQVv1mTcGaWMG55U8tPg7\nLXm539O4OBukbP8HNvjBZ8+N0RYrtG0u0M4FMX1hMKG0bkjJiU6MVZfGJWcgp7I4\nbd5cj5SfE1EHL70P7ELaocXjnWKbys9Mc870aoRXVfAC4bZWU6F9Ke3O7ioXXd5L\n0mKQwrjkiglpYaXc247Qi8IUCdk6s13xHJ4e\n-----END CERTIFICATE-----\n",
                "is_ca": false,
                "issuer": "CN=Amazon RSA 2048 M03,O=Amazon,C=US",
                "not_after": "2026-03-27T23:59:59Z",
                "not_before": "2025-02-26T00:00:00Z",
                "public_key_algorithm": "RSA",
                "serial_number": "10383334045647432453656403708671617453",
                "sha1_fingerprint": "63462dda480d8b900e0a7dbfaf6238a62ba4fce0",
                "signature_algorithm": "SHA256-RSA",
                "subject": "CN=*.eks.us-east-1.amazonaws.com",
                "version": 3
              }
            ],
            "content": null,
            "id": "922877a0975ad078a65b8ff11ebc47b8311945c7",
            "url": "https://oidc.eks.us-east-1.amazonaws.com/id/43F57D524E1E314DD4FF7107A16422D1",
            "verify_chain": true
          },
          "sensitive_attributes": []
        }
      ]
    },
    {
      "module": "module.eks",
      "mode": "managed",
      "type": "aws_cloudwatch_log_group",
      "name": "this",
      "provider": "provider[\"registry.terraform.io/hashicorp/aws\"]",
      "instances": [
        {
          "index_key": 0,
          "schema_version": 0,
          "attributes": {
            "arn": "arn:aws:logs:us-east-1:626635410672:log-group:/aws/eks/kuberay-cluster/cluster",
            "id": "/aws/eks/kuberay-cluster/cluster",
            "kms_key_id": "",
            "log_group_class": "STANDARD",
            "name": "/aws/eks/kuberay-cluster/cluster",
            "name_prefix": "",
            "retention_in_days": 90,
            "skip_destroy": false,
            "tags": {
              "Name": "/aws/eks/kuberay-cluster/cluster"
            },
            "tags_all": {
              "Name": "/aws/eks/kuberay-cluster/cluster"
            }
          },
          "sensitive_attributes": [],
          "private": "bnVsbA==",
          "create_before_destroy": true
        }
      ]
    },
    {
      "module": "module.eks",
      "mode": "managed",
      "type": "aws_eks_access_entry",
      "name": "this",
      "provider": "provider[\"registry.terraform.io/hashicorp/aws\"]",
      "instances": [
        {
          "index_key": "cluster_creator",
          "schema_version": 0,
          "attributes": {
            "access_entry_arn": "arn:aws:eks:us-east-1:626635410672:access-entry/kuberay-cluster/role/626635410672/AWSReservedSSO_PowerUserWithIAMFullAccess_62fe5c9521f53d70/f8cad681-6ffb-5c2d-778e-60114a33670c",
            "cluster_name": "kuberay-cluster",
            "created_at": "2025-03-19T06:06:41Z",
            "id": "kuberay-cluster:arn:aws:iam::626635410672:role/aws-reserved/sso.amazonaws.com/AWSReservedSSO_PowerUserWithIAMFullAccess_62fe5c9521f53d70",
            "kubernetes_groups": [],
            "modified_at": "2025-03-19T06:06:41Z",
            "principal_arn": "arn:aws:iam::626635410672:role/aws-reserved/sso.amazonaws.com/AWSReservedSSO_PowerUserWithIAMFullAccess_62fe5c9521f53d70",
            "tags": {},
            "tags_all": {},
            "timeouts": null,
            "type": "STANDARD",
            "user_name": "arn:aws:sts::626635410672:assumed-role/AWSReservedSSO_PowerUserWithIAMFullAccess_62fe5c9521f53d70/{{SessionName}}"
          },
          "sensitive_attributes": [],
          "private": "eyJlMmJmYjczMC1lY2FhLTExZTYtOGY4OC0zNDM2M2JjN2M0YzAiOnsiY3JlYXRlIjo2MDAwMDAwMDAwMDAsImRlbGV0ZSI6NjAwMDAwMDAwMDAwfX0=",
          "dependencies": [
            "module.eks.aws_cloudwatch_log_group.this",
            "module.eks.aws_eks_cluster.this",
            "module.eks.aws_iam_policy.cni_ipv6_policy",
            "module.eks.aws_iam_role.eks_auto",
            "module.eks.aws_iam_role.this",
            "module.eks.aws_iam_role_policy_attachment.this",
            "module.eks.aws_security_group.cluster",
            "module.eks.aws_security_group.node",
            "module.eks.aws_security_group_rule.cluster",
            "module.eks.aws_security_group_rule.node",
            "module.eks.data.aws_caller_identity.current",
            "module.eks.data.aws_iam_policy_document.assume_role_policy",
            "module.eks.data.aws_iam_policy_document.cni_ipv6_policy",
            "module.eks.data.aws_iam_policy_document.node_assume_role_policy",
            "module.eks.data.aws_iam_session_context.current",
            "module.eks.data.aws_partition.current",
            "module.eks.module.kms.aws_kms_external_key.this",
            "module.eks.module.kms.aws_kms_key.this",
            "module.eks.module.kms.aws_kms_replica_external_key.this",
            "module.eks.module.kms.aws_kms_replica_key.this",
            "module.eks.module.kms.data.aws_caller_identity.current",
            "module.eks.module.kms.data.aws_iam_policy_document.this",
            "module.eks.module.kms.data.aws_partition.current"
          ]
        }
      ]
    },
    {
      "module": "module.eks",
      "mode": "managed",
      "type": "aws_eks_access_policy_association",
      "name": "this",
      "provider": "provider[\"registry.terraform.io/hashicorp/aws\"]",
      "instances": [
        {
          "index_key": "cluster_creator_admin",
          "schema_version": 0,
          "attributes": {
            "access_scope": [
              {
                "namespaces": [],
                "type": "cluster"
              }
            ],
            "associated_at": "2025-03-19 06:06:42.349 +0000 UTC",
            "cluster_name": "kuberay-cluster",
            "id": "kuberay-cluster#arn:aws:iam::626635410672:role/aws-reserved/sso.amazonaws.com/AWSReservedSSO_PowerUserWithIAMFullAccess_62fe5c9521f53d70#arn:aws:eks::aws:cluster-access-policy/AmazonEKSClusterAdminPolicy",
            "modified_at": "2025-03-19 06:06:42.349 +0000 UTC",
            "policy_arn": "arn:aws:eks::aws:cluster-access-policy/AmazonEKSClusterAdminPolicy",
            "principal_arn": "arn:aws:iam::626635410672:role/aws-reserved/sso.amazonaws.com/AWSReservedSSO_PowerUserWithIAMFullAccess_62fe5c9521f53d70",
            "timeouts": null
          },
          "sensitive_attributes": [],
          "private": "eyJlMmJmYjczMC1lY2FhLTExZTYtOGY4OC0zNDM2M2JjN2M0YzAiOnsiY3JlYXRlIjo2MDAwMDAwMDAwMDAsImRlbGV0ZSI6NjAwMDAwMDAwMDAwfX0=",
          "dependencies": [
            "module.eks.aws_cloudwatch_log_group.this",
            "module.eks.aws_eks_access_entry.this",
            "module.eks.aws_eks_cluster.this",
            "module.eks.aws_iam_policy.cni_ipv6_policy",
            "module.eks.aws_iam_role.eks_auto",
            "module.eks.aws_iam_role.this",
            "module.eks.aws_iam_role_policy_attachment.this",
            "module.eks.aws_security_group.cluster",
            "module.eks.aws_security_group.node",
            "module.eks.aws_security_group_rule.cluster",
            "module.eks.aws_security_group_rule.node",
            "module.eks.data.aws_caller_identity.current",
            "module.eks.data.aws_iam_policy_document.assume_role_policy",
            "module.eks.data.aws_iam_policy_document.cni_ipv6_policy",
            "module.eks.data.aws_iam_policy_document.node_assume_role_policy",
            "module.eks.data.aws_iam_session_context.current",
            "module.eks.data.aws_partition.current",
            "module.eks.module.kms.aws_kms_external_key.this",
            "module.eks.module.kms.aws_kms_key.this",
            "module.eks.module.kms.aws_kms_replica_external_key.this",
            "module.eks.module.kms.aws_kms_replica_key.this",
            "module.eks.module.kms.data.aws_caller_identity.current",
            "module.eks.module.kms.data.aws_iam_policy_document.this",
            "module.eks.module.kms.data.aws_partition.current"
          ]
        }
      ]
    },
    {
      "module": "module.eks",
      "mode": "managed",
      "type": "aws_eks_cluster",
      "name": "this",
      "provider": "provider[\"registry.terraform.io/hashicorp/aws\"]",
      "instances": [
        {
          "index_key": 0,
          "schema_version": 1,
          "attributes": {
            "access_config": [
              {
                "authentication_mode": "API_AND_CONFIG_MAP",
                "bootstrap_cluster_creator_admin_permissions": false
              }
            ],
            "arn": "arn:aws:eks:us-east-1:626635410672:cluster/kuberay-cluster",
            "bootstrap_self_managed_addons": false,
            "certificate_authority": [
              {
                "data": "LS0tLS1CRUdJTiBDRVJUSUZJQ0FURS0tLS0tCk1JSURCVENDQWUyZ0F3SUJBZ0lJT0Zaa3JFS0RLTFF3RFFZSktvWklodmNOQVFFTEJRQXdGVEVUTUJFR0ExVUUKQXhNS2EzVmlaWEp1WlhSbGN6QWVGdzB5TlRBek1Ua3dOVFUwTkRGYUZ3MHpOVEF6TVRjd05UVTVOREZhTUJVeApFekFSQmdOVkJBTVRDbXQxWW1WeWJtVjBaWE13Z2dFaU1BMEdDU3FHU0liM0RRRUJBUVVBQTRJQkR3QXdnZ0VLCkFvSUJBUURUTHpxdEtLOVlhcmc5bDFOaWZEVHRjcjNzOVVGMldtLzd5STJ0YTdBM1Y3VVNMVTIvaHkzWjQzc00KOTlRSG43cGpYZVE2ajNObjdQeVlJK3ZBRHI3SHBjc0ViSW16S1hqQzJMSkZLUmE3WWRMckYySlpJOHRUN3J1SworTGRTaTFnUlNtTjJ2d2dXR3JOeE4va1QvOGF1ZklSd2gzLzdzMGxMWjhkL0RjYzBoay80SjNkQ2xmN2xqUlJZCkJjT3hGaEZoME9YaEJYRlpBMFYyNEdXRWdWUGpVajM0cFNjdC9zRDh4WERMZ2pPV2hpUi9TMDhEMHl2eHAzSXEKN0paUDRBOHBWZWsxRzJrVmtwNWlxOFplU3liVXBlTzBqaUVqVmw3SDNlbUdib3E4K25GckpVelNCRDJyNkIzcQpVRTdMVUFhcnVwMVNMOHBMMFNJUlA3QzlnbEozQWdNQkFBR2pXVEJYTUE0R0ExVWREd0VCL3dRRUF3SUNwREFQCkJnTlZIUk1CQWY4RUJUQURBUUgvTUIwR0ExVWREZ1FXQkJUQWx3eFpxeS85YnVmTUFkTXhIMEpCellBSWF6QVYKQmdOVkhSRUVEakFNZ2dwcmRXSmxjbTVsZEdWek1BMEdDU3FHU0liM0RRRUJDd1VBQTRJQkFRQ2JGZUY3WnlMSgphbk1wVEd6cFExeWpLZXM5dGs1V3BRMStBdnIvME43cVlRZmxNV043RVRkY3RGbUFWbC9Hd1NwVjJoWGZqcmNCCmxEdHpsMHhWZW1YdkNrQ1lMaGZBdHNKeEQ1SFdabVIrWTExWE5VWk9pR2tQT2tZeXlBNlJYNTZHck1LMmFLcUcKK3BEK3Urb0dQWEVtR2RjZXJsNTQ1Z0NTSVFSR3Z0dVN0a2xlcFlRNTVFbmtLT3R0ZE5rRVNjVmo5SmVEOXRIWQpTdzFYbk45SEpiM1ZmOUJpRVNhcVIxZDQ0OCs5bkpQdUpZRUNNZnRqS3hqVUV4WHhDQWlVRlRyMWlYL0R0YkNCCmduVklmb1JiSlRkL0xyY1VFVndDd1Mvb2w5Wm14WExKc1Y5aGhPaHl5TytpN1UxUmFJcmNGcE9WNWxQQVd1WWEKYXprV1lrZnYrZkNaCi0tLS0tRU5EIENFUlRJRklDQVRFLS0tLS0K"
              }
            ],
            "cluster_id": null,
            "compute_config": [
              {
                "enabled": true,
                "node_pools": ["general-purpose", "system"],
                "node_role_arn": "arn:aws:iam::626635410672:role/kuberay-cluster-eks-auto-20250319055314051700000004"
              }
            ],
            "created_at": "2025-03-19T05:53:37Z",
            "enabled_cluster_log_types": ["api", "audit", "authenticator"],
            "encryption_config": [
              {
                "provider": [
                  {
                    "key_arn": "arn:aws:kms:us-east-1:626635410672:key/350cc25b-b4f5-4b31-a1b3-7990fe30e7e9"
                  }
                ],
                "resources": ["secrets"]
              }
            ],
            "endpoint": "https://43F57D524E1E314DD4FF7107A16422D1.gr7.us-east-1.eks.amazonaws.com",
            "id": "kuberay-cluster",
            "identity": [
              {
                "oidc": [
                  {
                    "issuer": "https://oidc.eks.us-east-1.amazonaws.com/id/43F57D524E1E314DD4FF7107A16422D1"
                  }
                ]
              }
            ],
            "kubernetes_network_config": [
              {
                "elastic_load_balancing": [
                  {
                    "enabled": true
                  }
                ],
                "ip_family": "ipv4",
                "service_ipv4_cidr": "172.20.0.0/16",
                "service_ipv6_cidr": ""
              }
            ],
            "name": "kuberay-cluster",
            "outpost_config": [],
            "platform_version": "eks.29",
            "remote_network_config": [],
            "role_arn": "arn:aws:iam::626635410672:role/kuberay-cluster-cluster-20250319055314054700000005",
            "status": "ACTIVE",
            "storage_config": [
              {
                "block_storage": [
                  {
                    "enabled": true
                  }
                ]
              }
            ],
            "tags": {
              "terraform-aws-modules": "eks"
            },
            "tags_all": {
              "terraform-aws-modules": "eks"
            },
            "timeouts": {
              "create": null,
              "delete": null,
              "update": null
            },
            "upgrade_policy": [
              {
                "support_type": "EXTENDED"
              }
            ],
            "version": "1.30",
            "vpc_config": [
              {
                "cluster_security_group_id": "sg-0cbcee9f2cc25c26b",
                "endpoint_private_access": true,
                "endpoint_public_access": true,
                "public_access_cidrs": ["0.0.0.0/0"],
                "security_group_ids": ["sg-06f06773adf6149dc"],
                "subnet_ids": [
                  "subnet-014f97f0e19a2036d",
                  "subnet-01f10c9c0ff74d0f2",
                  "subnet-06cb3cc818ffb0036",
                  "subnet-0caf84911b331f38c"
                ],
                "vpc_id": "vpc-00dae4de42d9c984a"
              }
            ],
            "zonal_shift_config": []
          },
          "sensitive_attributes": [],
          "private": "eyJlMmJmYjczMC1lY2FhLTExZTYtOGY4OC0zNDM2M2JjN2M0YzAiOnsiY3JlYXRlIjoxODAwMDAwMDAwMDAwLCJkZWxldGUiOjkwMDAwMDAwMDAwMCwidXBkYXRlIjozNjAwMDAwMDAwMDAwfSwic2NoZW1hX3ZlcnNpb24iOiIxIn0=",
          "dependencies": [
            "module.eks.aws_cloudwatch_log_group.this",
            "module.eks.aws_iam_policy.cni_ipv6_policy",
            "module.eks.aws_iam_role.eks_auto",
            "module.eks.aws_iam_role.this",
            "module.eks.aws_iam_role_policy_attachment.this",
            "module.eks.aws_security_group.cluster",
            "module.eks.aws_security_group.node",
            "module.eks.aws_security_group_rule.cluster",
            "module.eks.aws_security_group_rule.node",
            "module.eks.data.aws_caller_identity.current",
            "module.eks.data.aws_iam_policy_document.assume_role_policy",
            "module.eks.data.aws_iam_policy_document.cni_ipv6_policy",
            "module.eks.data.aws_iam_policy_document.node_assume_role_policy",
            "module.eks.data.aws_iam_session_context.current",
            "module.eks.data.aws_partition.current",
            "module.eks.module.kms.aws_kms_external_key.this",
            "module.eks.module.kms.aws_kms_key.this",
            "module.eks.module.kms.aws_kms_replica_external_key.this",
            "module.eks.module.kms.aws_kms_replica_key.this",
            "module.eks.module.kms.data.aws_caller_identity.current",
            "module.eks.module.kms.data.aws_iam_policy_document.this",
            "module.eks.module.kms.data.aws_partition.current"
          ],
          "create_before_destroy": true
        }
      ]
    },
    {
      "module": "module.eks",
      "mode": "managed",
      "type": "aws_iam_openid_connect_provider",
      "name": "oidc_provider",
      "provider": "provider[\"registry.terraform.io/hashicorp/aws\"]",
      "instances": [
        {
          "index_key": 0,
          "schema_version": 0,
          "attributes": {
            "arn": "arn:aws:iam::626635410672:oidc-provider/oidc.eks.us-east-1.amazonaws.com/id/43F57D524E1E314DD4FF7107A16422D1",
            "client_id_list": ["sts.amazonaws.com"],
            "id": "arn:aws:iam::626635410672:oidc-provider/oidc.eks.us-east-1.amazonaws.com/id/43F57D524E1E314DD4FF7107A16422D1",
            "tags": {
              "Name": "kuberay-cluster-eks-irsa"
            },
            "tags_all": {
              "Name": "kuberay-cluster-eks-irsa"
            },
            "thumbprint_list": ["9e99a48a9960b14926bb7f3b02e22da2b0ab7280"],
            "url": "oidc.eks.us-east-1.amazonaws.com/id/43F57D524E1E314DD4FF7107A16422D1"
          },
          "sensitive_attributes": [],
          "private": "bnVsbA==",
          "dependencies": [
            "module.eks.aws_cloudwatch_log_group.this",
            "module.eks.aws_eks_cluster.this",
            "module.eks.aws_iam_policy.cni_ipv6_policy",
            "module.eks.aws_iam_role.eks_auto",
            "module.eks.aws_iam_role.this",
            "module.eks.aws_iam_role_policy_attachment.this",
            "module.eks.aws_security_group.cluster",
            "module.eks.aws_security_group.node",
            "module.eks.aws_security_group_rule.cluster",
            "module.eks.aws_security_group_rule.node",
            "module.eks.data.aws_caller_identity.current",
            "module.eks.data.aws_iam_policy_document.assume_role_policy",
            "module.eks.data.aws_iam_policy_document.cni_ipv6_policy",
            "module.eks.data.aws_iam_policy_document.node_assume_role_policy",
            "module.eks.data.aws_iam_session_context.current",
            "module.eks.data.aws_partition.current",
            "module.eks.data.tls_certificate.this",
            "module.eks.module.kms.aws_kms_external_key.this",
            "module.eks.module.kms.aws_kms_key.this",
            "module.eks.module.kms.aws_kms_replica_external_key.this",
            "module.eks.module.kms.aws_kms_replica_key.this",
            "module.eks.module.kms.data.aws_caller_identity.current",
            "module.eks.module.kms.data.aws_iam_policy_document.this",
            "module.eks.module.kms.data.aws_partition.current"
          ]
        }
      ]
    },
    {
      "module": "module.eks",
      "mode": "managed",
      "type": "aws_iam_policy",
      "name": "cluster_encryption",
      "provider": "provider[\"registry.terraform.io/hashicorp/aws\"]",
      "instances": [
        {
          "index_key": 0,
          "schema_version": 0,
          "attributes": {
            "arn": "arn:aws:iam::626635410672:policy/kuberay-cluster-cluster-ClusterEncryption2025031905533528470000000e",
            "attachment_count": 1,
            "description": "Cluster encryption policy to allow cluster role to utilize CMK provided",
            "id": "arn:aws:iam::626635410672:policy/kuberay-cluster-cluster-ClusterEncryption2025031905533528470000000e",
            "name": "kuberay-cluster-cluster-ClusterEncryption2025031905533528470000000e",
            "name_prefix": "kuberay-cluster-cluster-ClusterEncryption",
            "path": "/",
            "policy": "{\"Statement\":[{\"Action\":[\"kms:Encrypt\",\"kms:Decrypt\",\"kms:ListGrants\",\"kms:DescribeKey\"],\"Effect\":\"Allow\",\"Resource\":\"arn:aws:kms:us-east-1:626635410672:key/350cc25b-b4f5-4b31-a1b3-7990fe30e7e9\"}],\"Version\":\"2012-10-17\"}",
            "policy_id": "ANPAZDZTBRTYAIGTHNZLZ",
            "tags": {},
            "tags_all": {}
          },
          "sensitive_attributes": [],
          "private": "bnVsbA==",
          "dependencies": [
            "module.eks.aws_iam_role.this",
            "module.eks.data.aws_caller_identity.current",
            "module.eks.data.aws_iam_policy_document.assume_role_policy",
            "module.eks.data.aws_iam_session_context.current",
            "module.eks.module.kms.aws_kms_external_key.this",
            "module.eks.module.kms.aws_kms_key.this",
            "module.eks.module.kms.aws_kms_replica_external_key.this",
            "module.eks.module.kms.aws_kms_replica_key.this",
            "module.eks.module.kms.data.aws_caller_identity.current",
            "module.eks.module.kms.data.aws_iam_policy_document.this",
            "module.eks.module.kms.data.aws_partition.current"
          ]
        }
      ]
    },
    {
      "module": "module.eks",
      "mode": "managed",
      "type": "aws_iam_policy",
      "name": "custom",
      "provider": "provider[\"registry.terraform.io/hashicorp/aws\"]",
      "instances": [
        {
          "index_key": 0,
          "schema_version": 0,
          "attributes": {
            "arn": "arn:aws:iam::626635410672:policy/kuberay-cluster-cluster-20250319055314050200000002",
            "attachment_count": 1,
            "description": "",
            "id": "arn:aws:iam::626635410672:policy/kuberay-cluster-cluster-20250319055314050200000002",
            "name": "kuberay-cluster-cluster-20250319055314050200000002",
            "name_prefix": "kuberay-cluster-cluster-",
            "path": "/",
            "policy": "{\"Statement\":[{\"Action\":[\"ec2:RunInstances\",\"ec2:CreateLaunchTemplate\",\"ec2:CreateFleet\"],\"Condition\":{\"StringEquals\":{\"aws:RequestTag/eks:eks-cluster-name\":\"${aws:PrincipalTag/eks:eks-cluster-name}\"},\"StringLike\":{\"aws:RequestTag/eks:kubernetes-node-class-name\":\"*\",\"aws:RequestTag/eks:kubernetes-node-pool-name\":\"*\"}},\"Effect\":\"Allow\",\"Resource\":\"*\",\"Sid\":\"Compute\"},{\"Action\":[\"ec2:CreateVolume\",\"ec2:CreateSnapshot\"],\"Condition\":{\"StringEquals\":{\"aws:RequestTag/eks:eks-cluster-name\":\"${aws:PrincipalTag/eks:eks-cluster-name}\"}},\"Effect\":\"Allow\",\"Resource\":[\"arn:aws:ec2:*:*:volume/*\",\"arn:aws:ec2:*:*:snapshot/*\"],\"Sid\":\"Storage\"},{\"Action\":\"ec2:CreateNetworkInterface\",\"Condition\":{\"StringEquals\":{\"aws:RequestTag/eks:eks-cluster-name\":\"${aws:PrincipalTag/eks:eks-cluster-name}\",\"aws:RequestTag/eks:kubernetes-cni-node-name\":\"*\"}},\"Effect\":\"Allow\",\"Resource\":\"*\",\"Sid\":\"Networking\"},{\"Action\":[\"elasticloadbalancing:CreateTargetGroup\",\"elasticloadbalancing:CreateRule\",\"elasticloadbalancing:CreateLoadBalancer\",\"elasticloadbalancing:CreateListener\",\"ec2:CreateSecurityGroup\"],\"Condition\":{\"StringEquals\":{\"aws:RequestTag/eks:eks-cluster-name\":\"${aws:PrincipalTag/eks:eks-cluster-name}\"}},\"Effect\":\"Allow\",\"Resource\":\"*\",\"Sid\":\"LoadBalancer\"},{\"Action\":\"shield:CreateProtection\",\"Condition\":{\"StringEquals\":{\"aws:RequestTag/eks:eks-cluster-name\":\"${aws:PrincipalTag/eks:eks-cluster-name}\"}},\"Effect\":\"Allow\",\"Resource\":\"*\",\"Sid\":\"ShieldProtection\"},{\"Action\":\"shield:TagResource\",\"Condition\":{\"StringEquals\":{\"aws:RequestTag/eks:eks-cluster-name\":\"${aws:PrincipalTag/eks:eks-cluster-name}\"}},\"Effect\":\"Allow\",\"Resource\":\"arn:aws:shield::*:protection/*\",\"Sid\":\"ShieldTagResource\"}],\"Version\":\"2012-10-17\"}",
            "policy_id": "ANPAZDZTBRTYGAQO4LCGW",
            "tags": {},
            "tags_all": {}
          },
          "sensitive_attributes": [],
          "private": "bnVsbA==",
          "dependencies": [
            "module.eks.data.aws_iam_policy_document.custom",
            "module.eks.data.aws_partition.current"
          ]
        }
      ]
    },
    {
      "module": "module.eks",
      "mode": "managed",
      "type": "aws_iam_role",
      "name": "eks_auto",
      "provider": "provider[\"registry.terraform.io/hashicorp/aws\"]",
      "instances": [
        {
          "index_key": 0,
          "schema_version": 0,
          "attributes": {
            "arn": "arn:aws:iam::626635410672:role/kuberay-cluster-eks-auto-20250319055314051700000004",
            "assume_role_policy": "{\"Statement\":[{\"Action\":[\"sts:TagSession\",\"sts:AssumeRole\"],\"Effect\":\"Allow\",\"Principal\":{\"Service\":\"ec2.amazonaws.com\"},\"Sid\":\"EKSAutoNodeAssumeRole\"}],\"Version\":\"2012-10-17\"}",
            "create_date": "2025-03-19T05:53:14Z",
            "description": "",
            "force_detach_policies": true,
            "id": "kuberay-cluster-eks-auto-20250319055314051700000004",
            "inline_policy": [],
            "managed_policy_arns": [
              "arn:aws:iam::aws:policy/AmazonEC2ContainerRegistryPullOnly",
              "arn:aws:iam::aws:policy/AmazonEKSWorkerNodeMinimalPolicy"
            ],
            "max_session_duration": 3600,
            "name": "kuberay-cluster-eks-auto-20250319055314051700000004",
            "name_prefix": "kuberay-cluster-eks-auto-",
            "path": "/",
            "permissions_boundary": "",
            "tags": {},
            "tags_all": {},
            "unique_id": "AROAZDZTBRTYBV3ZHKML5"
          },
          "sensitive_attributes": [],
          "private": "bnVsbA==",
          "dependencies": [
            "module.eks.data.aws_iam_policy_document.node_assume_role_policy"
          ],
          "create_before_destroy": true
        }
      ]
    },
    {
      "module": "module.eks",
      "mode": "managed",
      "type": "aws_iam_role",
      "name": "this",
      "provider": "provider[\"registry.terraform.io/hashicorp/aws\"]",
      "instances": [
        {
          "index_key": 0,
          "schema_version": 0,
          "attributes": {
            "arn": "arn:aws:iam::626635410672:role/kuberay-cluster-cluster-20250319055314054700000005",
            "assume_role_policy": "{\"Statement\":[{\"Action\":[\"sts:TagSession\",\"sts:AssumeRole\"],\"Effect\":\"Allow\",\"Principal\":{\"Service\":\"eks.amazonaws.com\"},\"Sid\":\"EKSClusterAssumeRole\"}],\"Version\":\"2012-10-17\"}",
            "create_date": "2025-03-19T05:53:14Z",
            "description": "",
            "force_detach_policies": true,
            "id": "kuberay-cluster-cluster-20250319055314054700000005",
            "inline_policy": [],
            "managed_policy_arns": [
              "arn:aws:iam::626635410672:policy/kuberay-cluster-cluster-20250319055314050200000002",
              "arn:aws:iam::626635410672:policy/kuberay-cluster-cluster-ClusterEncryption2025031905533528470000000e",
              "arn:aws:iam::aws:policy/AmazonEKSBlockStoragePolicy",
              "arn:aws:iam::aws:policy/AmazonEKSClusterPolicy",
              "arn:aws:iam::aws:policy/AmazonEKSComputePolicy",
              "arn:aws:iam::aws:policy/AmazonEKSLoadBalancingPolicy",
              "arn:aws:iam::aws:policy/AmazonEKSNetworkingPolicy"
            ],
            "max_session_duration": 3600,
            "name": "kuberay-cluster-cluster-20250319055314054700000005",
            "name_prefix": "kuberay-cluster-cluster-",
            "path": "/",
            "permissions_boundary": "",
            "tags": {},
            "tags_all": {},
            "unique_id": "AROAZDZTBRTYKCKOCDAGM"
          },
          "sensitive_attributes": [],
          "private": "bnVsbA==",
          "dependencies": [
            "module.eks.data.aws_iam_policy_document.assume_role_policy"
          ],
          "create_before_destroy": true
        }
      ]
    },
    {
      "module": "module.eks",
      "mode": "managed",
      "type": "aws_iam_role_policy_attachment",
      "name": "cluster_encryption",
      "provider": "provider[\"registry.terraform.io/hashicorp/aws\"]",
      "instances": [
        {
          "index_key": 0,
          "schema_version": 0,
          "attributes": {
            "id": "kuberay-cluster-cluster-20250319055314054700000005-2025031905533557980000000f",
            "policy_arn": "arn:aws:iam::626635410672:policy/kuberay-cluster-cluster-ClusterEncryption2025031905533528470000000e",
            "role": "kuberay-cluster-cluster-20250319055314054700000005"
          },
          "sensitive_attributes": [],
          "private": "bnVsbA==",
          "dependencies": [
            "module.eks.aws_iam_policy.cluster_encryption",
            "module.eks.aws_iam_role.this",
            "module.eks.data.aws_caller_identity.current",
            "module.eks.data.aws_iam_policy_document.assume_role_policy",
            "module.eks.data.aws_iam_session_context.current",
            "module.eks.module.kms.aws_kms_external_key.this",
            "module.eks.module.kms.aws_kms_key.this",
            "module.eks.module.kms.aws_kms_replica_external_key.this",
            "module.eks.module.kms.aws_kms_replica_key.this",
            "module.eks.module.kms.data.aws_caller_identity.current",
            "module.eks.module.kms.data.aws_iam_policy_document.this",
            "module.eks.module.kms.data.aws_partition.current"
          ]
        }
      ]
    },
    {
      "module": "module.eks",
      "mode": "managed",
      "type": "aws_iam_role_policy_attachment",
      "name": "custom",
      "provider": "provider[\"registry.terraform.io/hashicorp/aws\"]",
      "instances": [
        {
          "index_key": 0,
          "schema_version": 0,
          "attributes": {
            "id": "kuberay-cluster-cluster-20250319055314054700000005-20250319055314344800000009",
            "policy_arn": "arn:aws:iam::626635410672:policy/kuberay-cluster-cluster-20250319055314050200000002",
            "role": "kuberay-cluster-cluster-20250319055314054700000005"
          },
          "sensitive_attributes": [],
          "private": "bnVsbA==",
          "dependencies": [
            "module.eks.aws_iam_policy.custom",
            "module.eks.aws_iam_role.this",
            "module.eks.data.aws_iam_policy_document.assume_role_policy",
            "module.eks.data.aws_iam_policy_document.custom",
            "module.eks.data.aws_partition.current"
          ]
        }
      ]
    },
    {
      "module": "module.eks",
      "mode": "managed",
      "type": "aws_iam_role_policy_attachment",
      "name": "eks_auto",
      "provider": "provider[\"registry.terraform.io/hashicorp/aws\"]",
      "instances": [
        {
          "index_key": "AmazonEC2ContainerRegistryPullOnly",
          "schema_version": 0,
          "attributes": {
            "id": "kuberay-cluster-eks-auto-20250319055314051700000004-20250319055314306100000007",
            "policy_arn": "arn:aws:iam::aws:policy/AmazonEC2ContainerRegistryPullOnly",
            "role": "kuberay-cluster-eks-auto-20250319055314051700000004"
          },
          "sensitive_attributes": [],
          "private": "bnVsbA==",
          "dependencies": [
            "module.eks.aws_iam_role.eks_auto",
            "module.eks.data.aws_iam_policy_document.node_assume_role_policy",
            "module.eks.data.aws_partition.current"
          ]
        },
        {
          "index_key": "AmazonEKSWorkerNodeMinimalPolicy",
          "schema_version": 0,
          "attributes": {
            "id": "kuberay-cluster-eks-auto-20250319055314051700000004-20250319055314304100000006",
            "policy_arn": "arn:aws:iam::aws:policy/AmazonEKSWorkerNodeMinimalPolicy",
            "role": "kuberay-cluster-eks-auto-20250319055314051700000004"
          },
          "sensitive_attributes": [],
          "private": "bnVsbA==",
          "dependencies": [
            "module.eks.aws_iam_role.eks_auto",
            "module.eks.data.aws_iam_policy_document.node_assume_role_policy",
            "module.eks.data.aws_partition.current"
          ]
        }
      ]
    },
    {
      "module": "module.eks",
      "mode": "managed",
      "type": "aws_iam_role_policy_attachment",
      "name": "this",
      "provider": "provider[\"registry.terraform.io/hashicorp/aws\"]",
      "instances": [
        {
          "index_key": "AmazonEKSBlockStoragePolicy",
          "schema_version": 0,
          "attributes": {
            "id": "kuberay-cluster-cluster-20250319055314054700000005-2025031905531435600000000c",
            "policy_arn": "arn:aws:iam::aws:policy/AmazonEKSBlockStoragePolicy",
            "role": "kuberay-cluster-cluster-20250319055314054700000005"
          },
          "sensitive_attributes": [],
          "private": "bnVsbA==",
          "dependencies": [
            "module.eks.aws_iam_role.this",
            "module.eks.data.aws_iam_policy_document.assume_role_policy",
            "module.eks.data.aws_partition.current"
          ],
          "create_before_destroy": true
        },
        {
          "index_key": "AmazonEKSClusterPolicy",
          "schema_version": 0,
          "attributes": {
            "id": "kuberay-cluster-cluster-20250319055314054700000005-2025031905531435210000000b",
            "policy_arn": "arn:aws:iam::aws:policy/AmazonEKSClusterPolicy",
            "role": "kuberay-cluster-cluster-20250319055314054700000005"
          },
          "sensitive_attributes": [],
          "private": "bnVsbA==",
          "dependencies": [
            "module.eks.aws_iam_role.this",
            "module.eks.data.aws_iam_policy_document.assume_role_policy",
            "module.eks.data.aws_partition.current"
          ],
          "create_before_destroy": true
        },
        {
          "index_key": "AmazonEKSComputePolicy",
          "schema_version": 0,
          "attributes": {
            "id": "kuberay-cluster-cluster-20250319055314054700000005-2025031905531434870000000a",
            "policy_arn": "arn:aws:iam::aws:policy/AmazonEKSComputePolicy",
            "role": "kuberay-cluster-cluster-20250319055314054700000005"
          },
          "sensitive_attributes": [],
          "private": "bnVsbA==",
          "dependencies": [
            "module.eks.aws_iam_role.this",
            "module.eks.data.aws_iam_policy_document.assume_role_policy",
            "module.eks.data.aws_partition.current"
          ],
          "create_before_destroy": true
        },
        {
          "index_key": "AmazonEKSLoadBalancingPolicy",
          "schema_version": 0,
          "attributes": {
            "id": "kuberay-cluster-cluster-20250319055314054700000005-20250319055314338600000008",
            "policy_arn": "arn:aws:iam::aws:policy/AmazonEKSLoadBalancingPolicy",
            "role": "kuberay-cluster-cluster-20250319055314054700000005"
          },
          "sensitive_attributes": [],
          "private": "bnVsbA==",
          "dependencies": [
            "module.eks.aws_iam_role.this",
            "module.eks.data.aws_iam_policy_document.assume_role_policy",
            "module.eks.data.aws_partition.current"
          ],
          "create_before_destroy": true
        },
        {
          "index_key": "AmazonEKSNetworkingPolicy",
          "schema_version": 0,
          "attributes": {
            "id": "kuberay-cluster-cluster-20250319055314054700000005-2025031905531440330000000d",
            "policy_arn": "arn:aws:iam::aws:policy/AmazonEKSNetworkingPolicy",
            "role": "kuberay-cluster-cluster-20250319055314054700000005"
          },
          "sensitive_attributes": [],
          "private": "bnVsbA==",
          "dependencies": [
            "module.eks.aws_iam_role.this",
            "module.eks.data.aws_iam_policy_document.assume_role_policy",
            "module.eks.data.aws_partition.current"
          ],
          "create_before_destroy": true
        }
      ]
    },
    {
      "module": "module.eks",
      "mode": "managed",
      "type": "aws_security_group",
      "name": "cluster",
      "provider": "provider[\"registry.terraform.io/hashicorp/aws\"]",
      "instances": [
        {
          "index_key": 0,
          "schema_version": 1,
          "attributes": {
            "arn": "arn:aws:ec2:us-east-1:626635410672:security-group/sg-06f06773adf6149dc",
            "description": "EKS cluster security group",
            "egress": [],
            "id": "sg-06f06773adf6149dc",
            "ingress": [
              {
                "cidr_blocks": [],
                "description": "Node groups to cluster API",
                "from_port": 443,
                "ipv6_cidr_blocks": [],
                "prefix_list_ids": [],
                "protocol": "tcp",
                "security_groups": ["sg-0eb53679a8dee12cc"],
                "self": false,
                "to_port": 443
              },
              {
                "cidr_blocks": [],
                "description": "allow bastian host",
                "from_port": 443,
                "ipv6_cidr_blocks": [],
                "prefix_list_ids": [],
                "protocol": "tcp",
                "security_groups": ["sg-0bb6e0377108d908d"],
                "self": false,
                "to_port": 443
              }
            ],
            "name": "kuberay-cluster-cluster-20250319055314050600000003",
            "name_prefix": "kuberay-cluster-cluster-",
            "owner_id": "626635410672",
            "revoke_rules_on_delete": false,
            "tags": {
              "Name": "kuberay-cluster-cluster"
            },
            "tags_all": {
              "Name": "kuberay-cluster-cluster"
            },
            "timeouts": null,
            "vpc_id": "vpc-00dae4de42d9c984a"
          },
          "sensitive_attributes": [],
          "private": "eyJlMmJmYjczMC1lY2FhLTExZTYtOGY4OC0zNDM2M2JjN2M0YzAiOnsiY3JlYXRlIjo2MDAwMDAwMDAwMDAsImRlbGV0ZSI6OTAwMDAwMDAwMDAwfSwic2NoZW1hX3ZlcnNpb24iOiIxIn0=",
          "create_before_destroy": true
        }
      ]
    },
    {
      "module": "module.eks",
      "mode": "managed",
      "type": "aws_security_group",
      "name": "node",
      "provider": "provider[\"registry.terraform.io/hashicorp/aws\"]",
      "instances": [
        {
          "index_key": 0,
          "schema_version": 1,
          "attributes": {
            "arn": "arn:aws:ec2:us-east-1:626635410672:security-group/sg-0eb53679a8dee12cc",
            "description": "EKS node shared security group",
            "egress": [
              {
                "cidr_blocks": ["0.0.0.0/0"],
                "description": "Allow all egress",
                "from_port": 0,
                "ipv6_cidr_blocks": [],
                "prefix_list_ids": [],
                "protocol": "-1",
                "security_groups": [],
                "self": false,
                "to_port": 0
              }
            ],
            "id": "sg-0eb53679a8dee12cc",
            "ingress": [
              {
                "cidr_blocks": [],
                "description": "Cluster API to node 4443/tcp webhook",
                "from_port": 4443,
                "ipv6_cidr_blocks": [],
                "prefix_list_ids": [],
                "protocol": "tcp",
                "security_groups": ["sg-06f06773adf6149dc"],
                "self": false,
                "to_port": 4443
              },
              {
                "cidr_blocks": [],
                "description": "Cluster API to node 6443/tcp webhook",
                "from_port": 6443,
                "ipv6_cidr_blocks": [],
                "prefix_list_ids": [],
                "protocol": "tcp",
                "security_groups": ["sg-06f06773adf6149dc"],
                "self": false,
                "to_port": 6443
              },
              {
                "cidr_blocks": [],
                "description": "Cluster API to node 8443/tcp webhook",
                "from_port": 8443,
                "ipv6_cidr_blocks": [],
                "prefix_list_ids": [],
                "protocol": "tcp",
                "security_groups": ["sg-06f06773adf6149dc"],
                "self": false,
                "to_port": 8443
              },
              {
                "cidr_blocks": [],
                "description": "Cluster API to node 9443/tcp webhook",
                "from_port": 9443,
                "ipv6_cidr_blocks": [],
                "prefix_list_ids": [],
                "protocol": "tcp",
                "security_groups": ["sg-06f06773adf6149dc"],
                "self": false,
                "to_port": 9443
              },
              {
                "cidr_blocks": [],
                "description": "Cluster API to node groups",
                "from_port": 443,
                "ipv6_cidr_blocks": [],
                "prefix_list_ids": [],
                "protocol": "tcp",
                "security_groups": ["sg-06f06773adf6149dc"],
                "self": false,
                "to_port": 443
              },
              {
                "cidr_blocks": [],
                "description": "Cluster API to node kubelets",
                "from_port": 10250,
                "ipv6_cidr_blocks": [],
                "prefix_list_ids": [],
                "protocol": "tcp",
                "security_groups": ["sg-06f06773adf6149dc"],
                "self": false,
                "to_port": 10250
              },
              {
                "cidr_blocks": [],
                "description": "Node to node CoreDNS UDP",
                "from_port": 53,
                "ipv6_cidr_blocks": [],
                "prefix_list_ids": [],
                "protocol": "udp",
                "security_groups": [],
                "self": true,
                "to_port": 53
              },
              {
                "cidr_blocks": [],
                "description": "Node to node CoreDNS",
                "from_port": 53,
                "ipv6_cidr_blocks": [],
                "prefix_list_ids": [],
                "protocol": "tcp",
                "security_groups": [],
                "self": true,
                "to_port": 53
              },
              {
                "cidr_blocks": [],
                "description": "Node to node ingress on ephemeral ports",
                "from_port": 1025,
                "ipv6_cidr_blocks": [],
                "prefix_list_ids": [],
                "protocol": "tcp",
                "security_groups": [],
                "self": true,
                "to_port": 65535
              }
            ],
            "name": "kuberay-cluster-node-20250319055314048700000001",
            "name_prefix": "kuberay-cluster-node-",
            "owner_id": "626635410672",
            "revoke_rules_on_delete": false,
            "tags": {
              "Name": "kuberay-cluster-node",
              "kubernetes.io/cluster/kuberay-cluster": "owned"
            },
            "tags_all": {
              "Name": "kuberay-cluster-node",
              "kubernetes.io/cluster/kuberay-cluster": "owned"
            },
            "timeouts": null,
            "vpc_id": "vpc-00dae4de42d9c984a"
          },
          "sensitive_attributes": [],
          "private": "eyJlMmJmYjczMC1lY2FhLTExZTYtOGY4OC0zNDM2M2JjN2M0YzAiOnsiY3JlYXRlIjo2MDAwMDAwMDAwMDAsImRlbGV0ZSI6OTAwMDAwMDAwMDAwfSwic2NoZW1hX3ZlcnNpb24iOiIxIn0=",
          "create_before_destroy": true
        }
      ]
    },
    {
      "module": "module.eks",
      "mode": "managed",
      "type": "aws_security_group_rule",
      "name": "cluster",
      "provider": "provider[\"registry.terraform.io/hashicorp/aws\"]",
      "instances": [
        {
          "index_key": "ingress_nodes_443",
          "schema_version": 2,
          "attributes": {
            "cidr_blocks": null,
            "description": "Node groups to cluster API",
            "from_port": 443,
            "id": "sgrule-2210442135",
            "ipv6_cidr_blocks": null,
            "prefix_list_ids": null,
            "protocol": "tcp",
            "security_group_id": "sg-06f06773adf6149dc",
            "security_group_rule_id": "sgr-00298e02119b857e8",
            "self": false,
            "source_security_group_id": "sg-0eb53679a8dee12cc",
            "timeouts": null,
            "to_port": 443,
            "type": "ingress"
          },
          "sensitive_attributes": [],
          "private": "eyJlMmJmYjczMC1lY2FhLTExZTYtOGY4OC0zNDM2M2JjN2M0YzAiOnsiY3JlYXRlIjozMDAwMDAwMDAwMDB9LCJzY2hlbWFfdmVyc2lvbiI6IjIifQ==",
          "dependencies": [
            "module.eks.aws_security_group.cluster",
            "module.eks.aws_security_group.node"
          ],
          "create_before_destroy": true
        }
      ]
    },
    {
      "module": "module.eks",
      "mode": "managed",
      "type": "aws_security_group_rule",
      "name": "node",
      "provider": "provider[\"registry.terraform.io/hashicorp/aws\"]",
      "instances": [
        {
          "index_key": "egress_all",
          "schema_version": 2,
          "attributes": {
            "cidr_blocks": ["0.0.0.0/0"],
            "description": "Allow all egress",
            "from_port": 0,
            "id": "sgrule-1127157864",
            "ipv6_cidr_blocks": null,
            "prefix_list_ids": [],
            "protocol": "-1",
            "security_group_id": "sg-0eb53679a8dee12cc",
            "security_group_rule_id": "sgr-0dc157d8384602f0d",
            "self": false,
            "source_security_group_id": null,
            "timeouts": null,
            "to_port": 0,
            "type": "egress"
          },
          "sensitive_attributes": [],
          "private": "eyJlMmJmYjczMC1lY2FhLTExZTYtOGY4OC0zNDM2M2JjN2M0YzAiOnsiY3JlYXRlIjozMDAwMDAwMDAwMDB9LCJzY2hlbWFfdmVyc2lvbiI6IjIifQ==",
          "dependencies": [
            "module.eks.aws_security_group.cluster",
            "module.eks.aws_security_group.node"
          ],
          "create_before_destroy": true
        },
        {
          "index_key": "ingress_cluster_443",
          "schema_version": 2,
          "attributes": {
            "cidr_blocks": null,
            "description": "Cluster API to node groups",
            "from_port": 443,
            "id": "sgrule-610947057",
            "ipv6_cidr_blocks": null,
            "prefix_list_ids": [],
            "protocol": "tcp",
            "security_group_id": "sg-0eb53679a8dee12cc",
            "security_group_rule_id": "sgr-0724652e8a1ba2e70",
            "self": false,
            "source_security_group_id": "sg-06f06773adf6149dc",
            "timeouts": null,
            "to_port": 443,
            "type": "ingress"
          },
          "sensitive_attributes": [],
          "private": "eyJlMmJmYjczMC1lY2FhLTExZTYtOGY4OC0zNDM2M2JjN2M0YzAiOnsiY3JlYXRlIjozMDAwMDAwMDAwMDB9LCJzY2hlbWFfdmVyc2lvbiI6IjIifQ==",
          "dependencies": [
            "module.eks.aws_security_group.cluster",
            "module.eks.aws_security_group.node"
          ],
          "create_before_destroy": true
        },
        {
          "index_key": "ingress_cluster_4443_webhook",
          "schema_version": 2,
          "attributes": {
            "cidr_blocks": null,
            "description": "Cluster API to node 4443/tcp webhook",
            "from_port": 4443,
            "id": "sgrule-2254861231",
            "ipv6_cidr_blocks": null,
            "prefix_list_ids": [],
            "protocol": "tcp",
            "security_group_id": "sg-0eb53679a8dee12cc",
            "security_group_rule_id": "sgr-05c441a281b6f5bac",
            "self": false,
            "source_security_group_id": "sg-06f06773adf6149dc",
            "timeouts": null,
            "to_port": 4443,
            "type": "ingress"
          },
          "sensitive_attributes": [],
          "private": "eyJlMmJmYjczMC1lY2FhLTExZTYtOGY4OC0zNDM2M2JjN2M0YzAiOnsiY3JlYXRlIjozMDAwMDAwMDAwMDB9LCJzY2hlbWFfdmVyc2lvbiI6IjIifQ==",
          "dependencies": [
            "module.eks.aws_security_group.cluster",
            "module.eks.aws_security_group.node"
          ],
          "create_before_destroy": true
        },
        {
          "index_key": "ingress_cluster_6443_webhook",
          "schema_version": 2,
          "attributes": {
            "cidr_blocks": null,
            "description": "Cluster API to node 6443/tcp webhook",
            "from_port": 6443,
            "id": "sgrule-1327764537",
            "ipv6_cidr_blocks": null,
            "prefix_list_ids": [],
            "protocol": "tcp",
            "security_group_id": "sg-0eb53679a8dee12cc",
            "security_group_rule_id": "sgr-0600195bd0eb0e698",
            "self": false,
            "source_security_group_id": "sg-06f06773adf6149dc",
            "timeouts": null,
            "to_port": 6443,
            "type": "ingress"
          },
          "sensitive_attributes": [],
          "private": "eyJlMmJmYjczMC1lY2FhLTExZTYtOGY4OC0zNDM2M2JjN2M0YzAiOnsiY3JlYXRlIjozMDAwMDAwMDAwMDB9LCJzY2hlbWFfdmVyc2lvbiI6IjIifQ==",
          "dependencies": [
            "module.eks.aws_security_group.cluster",
            "module.eks.aws_security_group.node"
          ],
          "create_before_destroy": true
        },
        {
          "index_key": "ingress_cluster_8443_webhook",
          "schema_version": 2,
          "attributes": {
            "cidr_blocks": null,
            "description": "Cluster API to node 8443/tcp webhook",
            "from_port": 8443,
            "id": "sgrule-1551378456",
            "ipv6_cidr_blocks": null,
            "prefix_list_ids": [],
            "protocol": "tcp",
            "security_group_id": "sg-0eb53679a8dee12cc",
            "security_group_rule_id": "sgr-0912e7858e634c768",
            "self": false,
            "source_security_group_id": "sg-06f06773adf6149dc",
            "timeouts": null,
            "to_port": 8443,
            "type": "ingress"
          },
          "sensitive_attributes": [],
          "private": "eyJlMmJmYjczMC1lY2FhLTExZTYtOGY4OC0zNDM2M2JjN2M0YzAiOnsiY3JlYXRlIjozMDAwMDAwMDAwMDB9LCJzY2hlbWFfdmVyc2lvbiI6IjIifQ==",
          "dependencies": [
            "module.eks.aws_security_group.cluster",
            "module.eks.aws_security_group.node"
          ],
          "create_before_destroy": true
        },
        {
          "index_key": "ingress_cluster_9443_webhook",
          "schema_version": 2,
          "attributes": {
            "cidr_blocks": null,
            "description": "Cluster API to node 9443/tcp webhook",
            "from_port": 9443,
            "id": "sgrule-953752531",
            "ipv6_cidr_blocks": null,
            "prefix_list_ids": [],
            "protocol": "tcp",
            "security_group_id": "sg-0eb53679a8dee12cc",
            "security_group_rule_id": "sgr-07b97f31a0bf239d1",
            "self": false,
            "source_security_group_id": "sg-06f06773adf6149dc",
            "timeouts": null,
            "to_port": 9443,
            "type": "ingress"
          },
          "sensitive_attributes": [],
          "private": "eyJlMmJmYjczMC1lY2FhLTExZTYtOGY4OC0zNDM2M2JjN2M0YzAiOnsiY3JlYXRlIjozMDAwMDAwMDAwMDB9LCJzY2hlbWFfdmVyc2lvbiI6IjIifQ==",
          "dependencies": [
            "module.eks.aws_security_group.cluster",
            "module.eks.aws_security_group.node"
          ],
          "create_before_destroy": true
        },
        {
          "index_key": "ingress_cluster_kubelet",
          "schema_version": 2,
          "attributes": {
            "cidr_blocks": null,
            "description": "Cluster API to node kubelets",
            "from_port": 10250,
            "id": "sgrule-911673968",
            "ipv6_cidr_blocks": null,
            "prefix_list_ids": [],
            "protocol": "tcp",
            "security_group_id": "sg-0eb53679a8dee12cc",
            "security_group_rule_id": "sgr-09ea2d92aeebf55ce",
            "self": false,
            "source_security_group_id": "sg-06f06773adf6149dc",
            "timeouts": null,
            "to_port": 10250,
            "type": "ingress"
          },
          "sensitive_attributes": [],
          "private": "eyJlMmJmYjczMC1lY2FhLTExZTYtOGY4OC0zNDM2M2JjN2M0YzAiOnsiY3JlYXRlIjozMDAwMDAwMDAwMDB9LCJzY2hlbWFfdmVyc2lvbiI6IjIifQ==",
          "dependencies": [
            "module.eks.aws_security_group.cluster",
            "module.eks.aws_security_group.node"
          ],
          "create_before_destroy": true
        },
        {
          "index_key": "ingress_nodes_ephemeral",
          "schema_version": 2,
          "attributes": {
            "cidr_blocks": null,
            "description": "Node to node ingress on ephemeral ports",
            "from_port": 1025,
            "id": "sgrule-4115234450",
            "ipv6_cidr_blocks": null,
            "prefix_list_ids": [],
            "protocol": "tcp",
            "security_group_id": "sg-0eb53679a8dee12cc",
            "security_group_rule_id": "sgr-0e0045b25d6dbc1fe",
            "self": true,
            "source_security_group_id": null,
            "timeouts": null,
            "to_port": 65535,
            "type": "ingress"
          },
          "sensitive_attributes": [],
          "private": "eyJlMmJmYjczMC1lY2FhLTExZTYtOGY4OC0zNDM2M2JjN2M0YzAiOnsiY3JlYXRlIjozMDAwMDAwMDAwMDB9LCJzY2hlbWFfdmVyc2lvbiI6IjIifQ==",
          "dependencies": [
            "module.eks.aws_security_group.cluster",
            "module.eks.aws_security_group.node"
          ],
          "create_before_destroy": true
        },
        {
          "index_key": "ingress_self_coredns_tcp",
          "schema_version": 2,
          "attributes": {
            "cidr_blocks": null,
            "description": "Node to node CoreDNS",
            "from_port": 53,
            "id": "sgrule-2468959727",
            "ipv6_cidr_blocks": null,
            "prefix_list_ids": [],
            "protocol": "tcp",
            "security_group_id": "sg-0eb53679a8dee12cc",
            "security_group_rule_id": "sgr-07fbae5e073d62264",
            "self": true,
            "source_security_group_id": null,
            "timeouts": null,
            "to_port": 53,
            "type": "ingress"
          },
          "sensitive_attributes": [],
          "private": "eyJlMmJmYjczMC1lY2FhLTExZTYtOGY4OC0zNDM2M2JjN2M0YzAiOnsiY3JlYXRlIjozMDAwMDAwMDAwMDB9LCJzY2hlbWFfdmVyc2lvbiI6IjIifQ==",
          "dependencies": [
            "module.eks.aws_security_group.cluster",
            "module.eks.aws_security_group.node"
          ],
          "create_before_destroy": true
        },
        {
          "index_key": "ingress_self_coredns_udp",
          "schema_version": 2,
          "attributes": {
            "cidr_blocks": null,
            "description": "Node to node CoreDNS UDP",
            "from_port": 53,
            "id": "sgrule-930543104",
            "ipv6_cidr_blocks": null,
            "prefix_list_ids": [],
            "protocol": "udp",
            "security_group_id": "sg-0eb53679a8dee12cc",
            "security_group_rule_id": "sgr-0d4ddc1cc67739209",
            "self": true,
            "source_security_group_id": null,
            "timeouts": null,
            "to_port": 53,
            "type": "ingress"
          },
          "sensitive_attributes": [],
          "private": "eyJlMmJmYjczMC1lY2FhLTExZTYtOGY4OC0zNDM2M2JjN2M0YzAiOnsiY3JlYXRlIjozMDAwMDAwMDAwMDB9LCJzY2hlbWFfdmVyc2lvbiI6IjIifQ==",
          "dependencies": [
            "module.eks.aws_security_group.cluster",
            "module.eks.aws_security_group.node"
          ],
          "create_before_destroy": true
        }
      ]
    },
    {
      "module": "module.eks",
      "mode": "managed",
      "type": "time_sleep",
      "name": "this",
      "provider": "provider[\"registry.terraform.io/hashicorp/time\"]",
      "instances": [
        {
          "index_key": 0,
          "schema_version": 0,
          "attributes": {
            "create_duration": "30s",
            "destroy_duration": null,
            "id": "2025-03-19T06:07:11Z",
            "triggers": {
              "cluster_certificate_authority_data": "LS0tLS1CRUdJTiBDRVJUSUZJQ0FURS0tLS0tCk1JSURCVENDQWUyZ0F3SUJBZ0lJT0Zaa3JFS0RLTFF3RFFZSktvWklodmNOQVFFTEJRQXdGVEVUTUJFR0ExVUUKQXhNS2EzVmlaWEp1WlhSbGN6QWVGdzB5TlRBek1Ua3dOVFUwTkRGYUZ3MHpOVEF6TVRjd05UVTVOREZhTUJVeApFekFSQmdOVkJBTVRDbXQxWW1WeWJtVjBaWE13Z2dFaU1BMEdDU3FHU0liM0RRRUJBUVVBQTRJQkR3QXdnZ0VLCkFvSUJBUURUTHpxdEtLOVlhcmc5bDFOaWZEVHRjcjNzOVVGMldtLzd5STJ0YTdBM1Y3VVNMVTIvaHkzWjQzc00KOTlRSG43cGpYZVE2ajNObjdQeVlJK3ZBRHI3SHBjc0ViSW16S1hqQzJMSkZLUmE3WWRMckYySlpJOHRUN3J1SworTGRTaTFnUlNtTjJ2d2dXR3JOeE4va1QvOGF1ZklSd2gzLzdzMGxMWjhkL0RjYzBoay80SjNkQ2xmN2xqUlJZCkJjT3hGaEZoME9YaEJYRlpBMFYyNEdXRWdWUGpVajM0cFNjdC9zRDh4WERMZ2pPV2hpUi9TMDhEMHl2eHAzSXEKN0paUDRBOHBWZWsxRzJrVmtwNWlxOFplU3liVXBlTzBqaUVqVmw3SDNlbUdib3E4K25GckpVelNCRDJyNkIzcQpVRTdMVUFhcnVwMVNMOHBMMFNJUlA3QzlnbEozQWdNQkFBR2pXVEJYTUE0R0ExVWREd0VCL3dRRUF3SUNwREFQCkJnTlZIUk1CQWY4RUJUQURBUUgvTUIwR0ExVWREZ1FXQkJUQWx3eFpxeS85YnVmTUFkTXhIMEpCellBSWF6QVYKQmdOVkhSRUVEakFNZ2dwcmRXSmxjbTVsZEdWek1BMEdDU3FHU0liM0RRRUJDd1VBQTRJQkFRQ2JGZUY3WnlMSgphbk1wVEd6cFExeWpLZXM5dGs1V3BRMStBdnIvME43cVlRZmxNV043RVRkY3RGbUFWbC9Hd1NwVjJoWGZqcmNCCmxEdHpsMHhWZW1YdkNrQ1lMaGZBdHNKeEQ1SFdabVIrWTExWE5VWk9pR2tQT2tZeXlBNlJYNTZHck1LMmFLcUcKK3BEK3Urb0dQWEVtR2RjZXJsNTQ1Z0NTSVFSR3Z0dVN0a2xlcFlRNTVFbmtLT3R0ZE5rRVNjVmo5SmVEOXRIWQpTdzFYbk45SEpiM1ZmOUJpRVNhcVIxZDQ0OCs5bkpQdUpZRUNNZnRqS3hqVUV4WHhDQWlVRlRyMWlYL0R0YkNCCmduVklmb1JiSlRkL0xyY1VFVndDd1Mvb2w5Wm14WExKc1Y5aGhPaHl5TytpN1UxUmFJcmNGcE9WNWxQQVd1WWEKYXprV1lrZnYrZkNaCi0tLS0tRU5EIENFUlRJRklDQVRFLS0tLS0K",
              "cluster_endpoint": "https://43F57D524E1E314DD4FF7107A16422D1.gr7.us-east-1.eks.amazonaws.com",
              "cluster_name": "kuberay-cluster",
              "cluster_service_cidr": "172.20.0.0/16",
              "cluster_version": "1.30"
            }
          },
          "sensitive_attributes": [],
          "dependencies": [
            "module.eks.aws_cloudwatch_log_group.this",
            "module.eks.aws_eks_cluster.this",
            "module.eks.aws_iam_policy.cni_ipv6_policy",
            "module.eks.aws_iam_role.eks_auto",
            "module.eks.aws_iam_role.this",
            "module.eks.aws_iam_role_policy_attachment.this",
            "module.eks.aws_security_group.cluster",
            "module.eks.aws_security_group.node",
            "module.eks.aws_security_group_rule.cluster",
            "module.eks.aws_security_group_rule.node",
            "module.eks.data.aws_caller_identity.current",
            "module.eks.data.aws_iam_policy_document.assume_role_policy",
            "module.eks.data.aws_iam_policy_document.cni_ipv6_policy",
            "module.eks.data.aws_iam_policy_document.node_assume_role_policy",
            "module.eks.data.aws_iam_session_context.current",
            "module.eks.data.aws_partition.current",
            "module.eks.module.kms.aws_kms_external_key.this",
            "module.eks.module.kms.aws_kms_key.this",
            "module.eks.module.kms.aws_kms_replica_external_key.this",
            "module.eks.module.kms.aws_kms_replica_key.this",
            "module.eks.module.kms.data.aws_caller_identity.current",
            "module.eks.module.kms.data.aws_iam_policy_document.this",
            "module.eks.module.kms.data.aws_partition.current"
          ],
          "create_before_destroy": true
        }
      ]
    },
    {
      "module": "module.eks.module.kms",
      "mode": "data",
      "type": "aws_caller_identity",
      "name": "current",
      "provider": "provider[\"registry.terraform.io/hashicorp/aws\"]",
      "instances": [
        {
          "index_key": 0,
          "schema_version": 0,
          "attributes": {
            "account_id": "626635410672",
            "arn": "arn:aws:sts::626635410672:assumed-role/AWSReservedSSO_PowerUserWithIAMFullAccess_62fe5c9521f53d70/rohit@onebyzero.ai",
            "id": "626635410672",
            "user_id": "AROAZDZTBRTYJGZZNJSO4:rohit@onebyzero.ai"
          },
          "sensitive_attributes": []
        }
      ]
    },
    {
      "module": "module.eks.module.kms",
      "mode": "data",
      "type": "aws_iam_policy_document",
      "name": "this",
      "provider": "provider[\"registry.terraform.io/hashicorp/aws\"]",
      "instances": [
        {
          "index_key": 0,
          "schema_version": 0,
          "attributes": {
            "id": "283854596",
            "json": "{\n  \"Version\": \"2012-10-17\",\n  \"Statement\": [\n    {\n      \"Sid\": \"Default\",\n      \"Effect\": \"Allow\",\n      \"Action\": \"kms:*\",\n      \"Resource\": \"*\",\n      \"Principal\": {\n        \"AWS\": \"arn:aws:iam::626635410672:root\"\n      }\n    },\n    {\n      \"Sid\": \"KeyAdministration\",\n      \"Effect\": \"Allow\",\n      \"Action\": [\n        \"kms:Update*\",\n        \"kms:UntagResource\",\n        \"kms:TagResource\",\n        \"kms:ScheduleKeyDeletion\",\n        \"kms:Revoke*\",\n        \"kms:ReplicateKey\",\n        \"kms:Put*\",\n        \"kms:List*\",\n        \"kms:ImportKeyMaterial\",\n        \"kms:Get*\",\n        \"kms:Enable*\",\n        \"kms:Disable*\",\n        \"kms:Describe*\",\n        \"kms:Delete*\",\n        \"kms:Create*\",\n        \"kms:CancelKeyDeletion\"\n      ],\n      \"Resource\": \"*\",\n      \"Principal\": {\n        \"AWS\": \"arn:aws:iam::626635410672:role/aws-reserved/sso.amazonaws.com/AWSReservedSSO_PowerUserWithIAMFullAccess_62fe5c9521f53d70\"\n      }\n    },\n    {\n      \"Sid\": \"KeyUsage\",\n      \"Effect\": \"Allow\",\n      \"Action\": [\n        \"kms:ReEncrypt*\",\n        \"kms:GenerateDataKey*\",\n        \"kms:Encrypt\",\n        \"kms:DescribeKey\",\n        \"kms:Decrypt\"\n      ],\n      \"Resource\": \"*\",\n      \"Principal\": {\n        \"AWS\": \"arn:aws:iam::626635410672:role/kuberay-cluster-cluster-20250319055314054700000005\"\n      }\n    }\n  ]\n}",
            "minified_json": "{\"Version\":\"2012-10-17\",\"Statement\":[{\"Sid\":\"Default\",\"Effect\":\"Allow\",\"Action\":\"kms:*\",\"Resource\":\"*\",\"Principal\":{\"AWS\":\"arn:aws:iam::626635410672:root\"}},{\"Sid\":\"KeyAdministration\",\"Effect\":\"Allow\",\"Action\":[\"kms:Update*\",\"kms:UntagResource\",\"kms:TagResource\",\"kms:ScheduleKeyDeletion\",\"kms:Revoke*\",\"kms:ReplicateKey\",\"kms:Put*\",\"kms:List*\",\"kms:ImportKeyMaterial\",\"kms:Get*\",\"kms:Enable*\",\"kms:Disable*\",\"kms:Describe*\",\"kms:Delete*\",\"kms:Create*\",\"kms:CancelKeyDeletion\"],\"Resource\":\"*\",\"Principal\":{\"AWS\":\"arn:aws:iam::626635410672:role/aws-reserved/sso.amazonaws.com/AWSReservedSSO_PowerUserWithIAMFullAccess_62fe5c9521f53d70\"}},{\"Sid\":\"KeyUsage\",\"Effect\":\"Allow\",\"Action\":[\"kms:ReEncrypt*\",\"kms:GenerateDataKey*\",\"kms:Encrypt\",\"kms:DescribeKey\",\"kms:Decrypt\"],\"Resource\":\"*\",\"Principal\":{\"AWS\":\"arn:aws:iam::626635410672:role/kuberay-cluster-cluster-20250319055314054700000005\"}}]}",
            "override_json": null,
            "override_policy_documents": null,
            "policy_id": null,
            "source_json": null,
            "source_policy_documents": null,
            "statement": [
              {
                "actions": ["kms:*"],
                "condition": [],
                "effect": "Allow",
                "not_actions": [],
                "not_principals": [],
                "not_resources": [],
                "principals": [
                  {
                    "identifiers": ["arn:aws:iam::626635410672:root"],
                    "type": "AWS"
                  }
                ],
                "resources": ["*"],
                "sid": "Default"
              },
              {
                "actions": [
                  "kms:CancelKeyDeletion",
                  "kms:Create*",
                  "kms:Delete*",
                  "kms:Describe*",
                  "kms:Disable*",
                  "kms:Enable*",
                  "kms:Get*",
                  "kms:ImportKeyMaterial",
                  "kms:List*",
                  "kms:Put*",
                  "kms:ReplicateKey",
                  "kms:Revoke*",
                  "kms:ScheduleKeyDeletion",
                  "kms:TagResource",
                  "kms:UntagResource",
                  "kms:Update*"
                ],
                "condition": [],
                "effect": "Allow",
                "not_actions": [],
                "not_principals": [],
                "not_resources": [],
                "principals": [
                  {
                    "identifiers": [
                      "arn:aws:iam::626635410672:role/aws-reserved/sso.amazonaws.com/AWSReservedSSO_PowerUserWithIAMFullAccess_62fe5c9521f53d70"
                    ],
                    "type": "AWS"
                  }
                ],
                "resources": ["*"],
                "sid": "KeyAdministration"
              },
              {
                "actions": [
                  "kms:Decrypt",
                  "kms:DescribeKey",
                  "kms:Encrypt",
                  "kms:GenerateDataKey*",
                  "kms:ReEncrypt*"
                ],
                "condition": [],
                "effect": "Allow",
                "not_actions": [],
                "not_principals": [],
                "not_resources": [],
                "principals": [
                  {
                    "identifiers": [
                      "arn:aws:iam::626635410672:role/kuberay-cluster-cluster-20250319055314054700000005"
                    ],
                    "type": "AWS"
                  }
                ],
                "resources": ["*"],
                "sid": "KeyUsage"
              }
            ],
            "version": "2012-10-17"
          },
          "sensitive_attributes": []
        }
      ]
    },
    {
      "module": "module.eks.module.kms",
      "mode": "data",
      "type": "aws_partition",
      "name": "current",
      "provider": "provider[\"registry.terraform.io/hashicorp/aws\"]",
      "instances": [
        {
          "index_key": 0,
          "schema_version": 0,
          "attributes": {
            "dns_suffix": "amazonaws.com",
            "id": "aws",
            "partition": "aws",
            "reverse_dns_prefix": "com.amazonaws"
          },
          "sensitive_attributes": []
        }
      ]
    },
    {
      "module": "module.eks.module.kms",
      "mode": "managed",
      "type": "aws_kms_alias",
      "name": "this",
      "provider": "provider[\"registry.terraform.io/hashicorp/aws\"]",
      "instances": [
        {
          "index_key": "cluster",
          "schema_version": 0,
          "attributes": {
            "arn": "arn:aws:kms:us-east-1:626635410672:alias/eks/kuberay-cluster",
            "id": "alias/eks/kuberay-cluster",
            "name": "alias/eks/kuberay-cluster",
            "name_prefix": "",
            "target_key_arn": "arn:aws:kms:us-east-1:626635410672:key/350cc25b-b4f5-4b31-a1b3-7990fe30e7e9",
            "target_key_id": "350cc25b-b4f5-4b31-a1b3-7990fe30e7e9"
          },
          "sensitive_attributes": [],
          "private": "bnVsbA==",
          "dependencies": [
            "module.eks.aws_iam_role.this",
            "module.eks.data.aws_caller_identity.current",
            "module.eks.data.aws_iam_policy_document.assume_role_policy",
            "module.eks.data.aws_iam_session_context.current",
            "module.eks.module.kms.aws_kms_external_key.this",
            "module.eks.module.kms.aws_kms_key.this",
            "module.eks.module.kms.aws_kms_replica_external_key.this",
            "module.eks.module.kms.aws_kms_replica_key.this",
            "module.eks.module.kms.data.aws_caller_identity.current",
            "module.eks.module.kms.data.aws_iam_policy_document.this",
            "module.eks.module.kms.data.aws_partition.current"
          ]
        }
      ]
    },
    {
      "module": "module.eks.module.kms",
      "mode": "managed",
      "type": "aws_kms_key",
      "name": "this",
      "provider": "provider[\"registry.terraform.io/hashicorp/aws\"]",
      "instances": [
        {
          "index_key": 0,
          "schema_version": 0,
          "attributes": {
            "arn": "arn:aws:kms:us-east-1:626635410672:key/350cc25b-b4f5-4b31-a1b3-7990fe30e7e9",
            "bypass_policy_lockout_safety_check": false,
            "custom_key_store_id": "",
            "customer_master_key_spec": "SYMMETRIC_DEFAULT",
            "deletion_window_in_days": null,
            "description": "kuberay-cluster cluster encryption key",
            "enable_key_rotation": true,
            "id": "350cc25b-b4f5-4b31-a1b3-7990fe30e7e9",
            "is_enabled": true,
            "key_id": "350cc25b-b4f5-4b31-a1b3-7990fe30e7e9",
            "key_usage": "ENCRYPT_DECRYPT",
            "multi_region": false,
            "policy": "{\"Statement\":[{\"Action\":\"kms:*\",\"Effect\":\"Allow\",\"Principal\":{\"AWS\":\"arn:aws:iam::626635410672:root\"},\"Resource\":\"*\",\"Sid\":\"Default\"},{\"Action\":[\"kms:Update*\",\"kms:UntagResource\",\"kms:TagResource\",\"kms:ScheduleKeyDeletion\",\"kms:Revoke*\",\"kms:ReplicateKey\",\"kms:Put*\",\"kms:List*\",\"kms:ImportKeyMaterial\",\"kms:Get*\",\"kms:Enable*\",\"kms:Disable*\",\"kms:Describe*\",\"kms:Delete*\",\"kms:Create*\",\"kms:CancelKeyDeletion\"],\"Effect\":\"Allow\",\"Principal\":{\"AWS\":\"arn:aws:iam::626635410672:role/aws-reserved/sso.amazonaws.com/AWSReservedSSO_PowerUserWithIAMFullAccess_62fe5c9521f53d70\"},\"Resource\":\"*\",\"Sid\":\"KeyAdministration\"},{\"Action\":[\"kms:ReEncrypt*\",\"kms:GenerateDataKey*\",\"kms:Encrypt\",\"kms:DescribeKey\",\"kms:Decrypt\"],\"Effect\":\"Allow\",\"Principal\":{\"AWS\":\"arn:aws:iam::626635410672:role/kuberay-cluster-cluster-20250319055314054700000005\"},\"Resource\":\"*\",\"Sid\":\"KeyUsage\"}],\"Version\":\"2012-10-17\"}",
            "rotation_period_in_days": 365,
            "tags": {
              "terraform-aws-modules": "eks"
            },
            "tags_all": {
              "terraform-aws-modules": "eks"
            },
            "timeouts": null,
            "xks_key_id": ""
          },
          "sensitive_attributes": [],
          "private": "eyJlMmJmYjczMC1lY2FhLTExZTYtOGY4OC0zNDM2M2JjN2M0YzAiOnsiY3JlYXRlIjoxMjAwMDAwMDAwMDB9fQ==",
          "dependencies": [
            "module.eks.aws_iam_role.this",
            "module.eks.data.aws_caller_identity.current",
            "module.eks.data.aws_iam_policy_document.assume_role_policy",
            "module.eks.data.aws_iam_session_context.current",
            "module.eks.module.kms.data.aws_caller_identity.current",
            "module.eks.module.kms.data.aws_iam_policy_document.this",
            "module.eks.module.kms.data.aws_partition.current"
          ],
          "create_before_destroy": true
        }
      ]
    },
    {
      "module": "module.eks_blueprints_addons",
      "mode": "data",
      "type": "aws_caller_identity",
      "name": "current",
      "provider": "provider[\"registry.terraform.io/hashicorp/aws\"]",
      "instances": [
        {
          "schema_version": 0,
          "attributes": {
            "account_id": "626635410672",
            "arn": "arn:aws:sts::626635410672:assumed-role/AWSReservedSSO_PowerUserWithIAMFullAccess_62fe5c9521f53d70/rohit@onebyzero.ai",
            "id": "626635410672",
            "user_id": "AROAZDZTBRTYJGZZNJSO4:rohit@onebyzero.ai"
          },
          "sensitive_attributes": []
        }
      ]
    },
    {
      "module": "module.eks_blueprints_addons",
      "mode": "data",
      "type": "aws_partition",
      "name": "current",
      "provider": "provider[\"registry.terraform.io/hashicorp/aws\"]",
      "instances": [
        {
          "schema_version": 0,
          "attributes": {
            "dns_suffix": "amazonaws.com",
            "id": "aws",
            "partition": "aws",
            "reverse_dns_prefix": "com.amazonaws"
          },
          "sensitive_attributes": []
        }
      ]
    },
    {
      "module": "module.eks_blueprints_addons",
      "mode": "data",
      "type": "aws_region",
      "name": "current",
      "provider": "provider[\"registry.terraform.io/hashicorp/aws\"]",
      "instances": [
        {
          "schema_version": 0,
          "attributes": {
            "description": "US East (N. Virginia)",
            "endpoint": "ec2.us-east-1.amazonaws.com",
            "id": "us-east-1",
            "name": "us-east-1"
          },
          "sensitive_attributes": []
        }
      ]
    },
    {
      "module": "module.eks_blueprints_addons",
      "mode": "managed",
      "type": "aws_cloudformation_stack",
      "name": "usage_telemetry",
      "provider": "provider[\"registry.terraform.io/hashicorp/aws\"]",
      "instances": [
        {
          "index_key": 0,
          "schema_version": 0,
          "attributes": {
            "capabilities": null,
            "disable_rollback": false,
            "iam_role_arn": "",
            "id": "arn:aws:cloudformation:us-east-1:626635410672:stack/kuberay-cluster-962c/54a72970-0488-11f0-92c1-0affed83847b",
            "name": "kuberay-cluster-962c",
            "notification_arns": null,
            "on_failure": "DO_NOTHING",
            "outputs": {},
            "parameters": {},
            "policy_body": null,
            "policy_url": null,
            "tags": {},
            "tags_all": {},
            "template_body": "{\"AWSTemplateFormatVersion\":\"2010-09-09\",\"Description\":\"Usage telemetry for EKS Blueprints. (qs-1ubotj5kl)\",\"Resources\":{\"EmptyResource\":{\"Type\":\"AWS::CloudFormation::WaitConditionHandle\"}}}",
            "template_url": null,
            "timeout_in_minutes": 0,
            "timeouts": null
          },
          "sensitive_attributes": [
            [
              {
                "type": "get_attr",
                "value": "name"
              }
            ]
          ],
          "private": "eyJlMmJmYjczMC1lY2FhLTExZTYtOGY4OC0zNDM2M2JjN2M0YzAiOnsiY3JlYXRlIjoxODAwMDAwMDAwMDAwLCJkZWxldGUiOjE4MDAwMDAwMDAwMDAsInVwZGF0ZSI6MTgwMDAwMDAwMDAwMH19",
          "dependencies": [
            "module.eks.aws_cloudwatch_log_group.this",
            "module.eks.aws_eks_access_entry.this",
            "module.eks.aws_eks_access_policy_association.this",
            "module.eks.aws_eks_cluster.this",
            "module.eks.aws_iam_policy.cni_ipv6_policy",
            "module.eks.aws_iam_role.eks_auto",
            "module.eks.aws_iam_role.this",
            "module.eks.aws_iam_role_policy_attachment.this",
            "module.eks.aws_security_group.cluster",
            "module.eks.aws_security_group.node",
            "module.eks.aws_security_group_rule.cluster",
            "module.eks.aws_security_group_rule.node",
            "module.eks.data.aws_caller_identity.current",
            "module.eks.data.aws_iam_policy_document.assume_role_policy",
            "module.eks.data.aws_iam_policy_document.cni_ipv6_policy",
            "module.eks.data.aws_iam_policy_document.node_assume_role_policy",
            "module.eks.data.aws_iam_session_context.current",
            "module.eks.data.aws_partition.current",
            "module.eks.module.kms.aws_kms_external_key.this",
            "module.eks.module.kms.aws_kms_key.this",
            "module.eks.module.kms.aws_kms_replica_external_key.this",
            "module.eks.module.kms.aws_kms_replica_key.this",
            "module.eks.module.kms.data.aws_caller_identity.current",
            "module.eks.module.kms.data.aws_iam_policy_document.this",
            "module.eks.module.kms.data.aws_partition.current",
            "module.eks_blueprints_addons.random_bytes.this"
          ]
        }
      ]
    },
    {
      "module": "module.eks_blueprints_addons",
      "mode": "managed",
      "type": "helm_release",
      "name": "this",
      "provider": "provider[\"registry.terraform.io/hashicorp/helm\"]",
      "instances": [
        {
          "index_key": "kuberay-operator",
          "schema_version": 1,
          "attributes": {
            "atomic": false,
            "chart": "kuberay-operator",
            "cleanup_on_fail": false,
            "create_namespace": true,
            "dependency_update": false,
            "description": null,
            "devel": null,
            "disable_crd_hooks": false,
            "disable_openapi_validation": false,
            "disable_webhooks": false,
            "force_update": false,
            "id": "kuberay-operator",
            "keyring": null,
            "lint": false,
            "manifest": null,
            "max_history": 0,
            "metadata": [
              {
                "app_version": "",
                "chart": "kuberay-operator",
                "first_deployed": 1742365802,
                "last_deployed": 1742365802,
                "name": "kuberay-operator",
                "namespace": "kuberay-operator",
                "notes": "",
                "revision": 1,
                "values": "{}",
                "version": "1.2.2"
              }
            ],
            "name": "kuberay-operator",
            "namespace": "kuberay-operator",
            "pass_credentials": false,
            "postrender": [],
            "recreate_pods": false,
            "render_subchart_notes": true,
            "replace": false,
            "repository": "https://ray-project.github.io/kuberay-helm/",
            "repository_ca_file": null,
            "repository_cert_file": null,
            "repository_key_file": null,
            "repository_password": null,
            "repository_username": null,
            "reset_values": false,
            "reuse_values": false,
            "set": [],
            "set_list": [],
            "set_sensitive": [],
            "skip_crds": false,
            "status": "deployed",
            "timeout": 300,
            "upgrade_install": null,
            "values": [],
            "verify": false,
            "version": "1.2.2",
            "wait": false,
            "wait_for_jobs": false
          },
          "sensitive_attributes": [
            [
              {
                "type": "get_attr",
                "value": "repository_password"
              }
            ]
          ],
          "private": "eyJzY2hlbWFfdmVyc2lvbiI6IjEifQ==",
          "dependencies": [
            "module.eks.aws_cloudwatch_log_group.this",
            "module.eks.aws_eks_access_entry.this",
            "module.eks.aws_eks_access_policy_association.this",
            "module.eks.aws_eks_cluster.this",
            "module.eks.aws_iam_openid_connect_provider.oidc_provider",
            "module.eks.aws_iam_policy.cni_ipv6_policy",
            "module.eks.aws_iam_role.eks_auto",
            "module.eks.aws_iam_role.this",
            "module.eks.aws_iam_role_policy_attachment.this",
            "module.eks.aws_security_group.cluster",
            "module.eks.aws_security_group.node",
            "module.eks.aws_security_group_rule.cluster",
            "module.eks.aws_security_group_rule.node",
            "module.eks.data.aws_caller_identity.current",
            "module.eks.data.aws_iam_policy_document.assume_role_policy",
            "module.eks.data.aws_iam_policy_document.cni_ipv6_policy",
            "module.eks.data.aws_iam_policy_document.node_assume_role_policy",
            "module.eks.data.aws_iam_session_context.current",
            "module.eks.data.aws_partition.current",
            "module.eks.data.tls_certificate.this",
            "module.eks.module.kms.aws_kms_external_key.this",
            "module.eks.module.kms.aws_kms_key.this",
            "module.eks.module.kms.aws_kms_replica_external_key.this",
            "module.eks.module.kms.aws_kms_replica_key.this",
            "module.eks.module.kms.data.aws_caller_identity.current",
            "module.eks.module.kms.data.aws_iam_policy_document.this",
            "module.eks.module.kms.data.aws_partition.current",
            "module.eks_blueprints_addons.aws_eks_addon.this",
            "module.eks_blueprints_addons.data.aws_eks_addon_version.this",
            "module.eks_blueprints_addons.module.cert_manager.aws_iam_role.this",
            "module.eks_blueprints_addons.module.cert_manager.data.aws_caller_identity.current",
            "module.eks_blueprints_addons.module.cert_manager.data.aws_iam_policy_document.assume",
            "module.eks_blueprints_addons.module.cert_manager.data.aws_partition.current",
            "module.eks_blueprints_addons.module.cert_manager.helm_release.this",
            "module.eks_blueprints_addons.time_sleep.this"
          ]
        }
      ]
    },
    {
      "module": "module.eks_blueprints_addons",
      "mode": "managed",
      "type": "random_bytes",
      "name": "this",
      "provider": "provider[\"registry.terraform.io/hashicorp/random\"]",
      "instances": [
        {
          "schema_version": 0,
          "attributes": {
            "base64": "liw=",
            "hex": "962c",
            "keepers": null,
            "length": 2
          },
          "sensitive_attributes": [
            [
              {
                "type": "get_attr",
                "value": "base64"
              }
            ],
            [
              {
                "type": "get_attr",
                "value": "hex"
              }
            ]
          ]
        }
      ]
    },
    {
      "module": "module.eks_blueprints_addons",
      "mode": "managed",
      "type": "time_sleep",
      "name": "this",
      "provider": "provider[\"registry.terraform.io/hashicorp/time\"]",
      "instances": [
        {
          "schema_version": 0,
          "attributes": {
            "create_duration": "30s",
            "destroy_duration": null,
            "id": "2025-03-19T06:07:13Z",
            "triggers": {
              "cluster_endpoint": "https://43F57D524E1E314DD4FF7107A16422D1.gr7.us-east-1.eks.amazonaws.com",
              "cluster_name": "kuberay-cluster",
              "custom": "",
              "oidc_provider_arn": "arn:aws:iam::626635410672:oidc-provider/oidc.eks.us-east-1.amazonaws.com/id/43F57D524E1E314DD4FF7107A16422D1"
            }
          },
          "sensitive_attributes": [],
          "dependencies": [
            "module.eks.aws_cloudwatch_log_group.this",
            "module.eks.aws_eks_access_entry.this",
            "module.eks.aws_eks_access_policy_association.this",
            "module.eks.aws_eks_cluster.this",
            "module.eks.aws_iam_openid_connect_provider.oidc_provider",
            "module.eks.aws_iam_policy.cni_ipv6_policy",
            "module.eks.aws_iam_role.eks_auto",
            "module.eks.aws_iam_role.this",
            "module.eks.aws_iam_role_policy_attachment.this",
            "module.eks.aws_security_group.cluster",
            "module.eks.aws_security_group.node",
            "module.eks.aws_security_group_rule.cluster",
            "module.eks.aws_security_group_rule.node",
            "module.eks.data.aws_caller_identity.current",
            "module.eks.data.aws_iam_policy_document.assume_role_policy",
            "module.eks.data.aws_iam_policy_document.cni_ipv6_policy",
            "module.eks.data.aws_iam_policy_document.node_assume_role_policy",
            "module.eks.data.aws_iam_session_context.current",
            "module.eks.data.aws_partition.current",
            "module.eks.data.tls_certificate.this",
            "module.eks.module.kms.aws_kms_external_key.this",
            "module.eks.module.kms.aws_kms_key.this",
            "module.eks.module.kms.aws_kms_replica_external_key.this",
            "module.eks.module.kms.aws_kms_replica_key.this",
            "module.eks.module.kms.data.aws_caller_identity.current",
            "module.eks.module.kms.data.aws_iam_policy_document.this",
            "module.eks.module.kms.data.aws_partition.current"
          ]
        }
      ]
    },
    {
      "module": "module.eks_blueprints_addons.module.kube_prometheus_stack",
      "mode": "managed",
      "type": "helm_release",
      "name": "this",
      "provider": "provider[\"registry.terraform.io/hashicorp/helm\"]",
      "instances": [
        {
          "index_key": 0,
          "schema_version": 1,
          "attributes": {
            "atomic": false,
            "chart": "kube-prometheus-stack",
            "cleanup_on_fail": false,
            "create_namespace": true,
            "dependency_update": false,
            "description": "A Helm chart to install the Kube Prometheus Stack",
            "devel": null,
            "disable_crd_hooks": false,
            "disable_openapi_validation": false,
            "disable_webhooks": false,
            "force_update": false,
            "id": "kube-prometheus-stack",
            "keyring": null,
            "lint": false,
            "manifest": null,
            "max_history": 0,
            "metadata": [
              {
                "app_version": "v0.66.0",
                "chart": "kube-prometheus-stack",
                "first_deployed": 1742365797,
                "last_deployed": 1742365797,
                "name": "kube-prometheus-stack",
                "namespace": "kube-prometheus-stack",
                "notes": "kube-state-metrics is a simple service that listens to the Kubernetes API server and generates metrics about the state of the objects.\nThe exposed metrics can be found here:\nhttps://github.com/kubernetes/kube-state-metrics/blob/master/docs/README.md#exposed-metrics\n\nThe metrics are exported on the HTTP endpoint /metrics on the listening port.\nIn your case, kube-prometheus-stack-kube-state-metrics.kube-prometheus-stack.svc.cluster.local:8080/metrics\n\nThey are served either as plaintext or protobuf depending on the Accept header.\nThey are designed to be consumed either by Prometheus itself or by a scraper that is compatible with scraping a Prometheus client endpoint.\n\n1. Get the application URL by running these commands:\n  export POD_NAME=$(kubectl get pods --namespace kube-prometheus-stack -l \"app.kubernetes.io/name=prometheus-node-exporter,app.kubernetes.io/instance=kube-prometheus-stack\" -o jsonpath=\"{.items[0].metadata.name}\")\n  echo \"Visit http://127.0.0.1:9100 to use your application\"\n  kubectl port-forward --namespace kube-prometheus-stack $POD_NAME 9100\nkube-prometheus-stack has been installed. Check its status by running:\n  kubectl --namespace kube-prometheus-stack get pods -l \"release=kube-prometheus-stack\"\n\nVisit https://github.com/prometheus-operator/kube-prometheus for instructions on how to create \u0026 configure Alertmanager and Prometheus instances using the Operator.\n\n1. Get your 'admin' user password by running:\n\n   kubectl get secret --namespace kube-prometheus-stack kube-prometheus-stack-grafana -o jsonpath=\"{.data.admin-password}\" | base64 --decode ; echo\n\n\n2. The Grafana server can be accessed via port 80 on the following DNS name from within your cluster:\n\n   kube-prometheus-stack-grafana.kube-prometheus-stack.svc.cluster.local\n\n   Get the Grafana URL to visit by running these commands in the same shell:\n     export POD_NAME=$(kubectl get pods --namespace kube-prometheus-stack -l \"app.kubernetes.io/name=grafana,app.kubernetes.io/instance=kube-prometheus-stack\" -o jsonpath=\"{.items[0].metadata.name}\")\n     kubectl --namespace kube-prometheus-stack port-forward $POD_NAME 3000\n\n3. Login with the password from step 1 and the username: admin\n#################################################################################\n######   WARNING: Persistence is disabled!!! You will lose your data when   #####\n######            the Grafana pod is terminated.                            #####\n#################################################################################\n",
                "revision": 1,
                "values": "{}",
                "version": "48.2.3"
              }
            ],
            "name": "kube-prometheus-stack",
            "namespace": "kube-prometheus-stack",
            "pass_credentials": false,
            "postrender": [],
            "recreate_pods": false,
            "render_subchart_notes": true,
            "replace": false,
            "repository": "https://prometheus-community.github.io/helm-charts",
            "repository_ca_file": null,
            "repository_cert_file": null,
            "repository_key_file": null,
            "repository_password": null,
            "repository_username": null,
            "reset_values": false,
            "reuse_values": false,
            "set": [],
            "set_list": [],
            "set_sensitive": [],
            "skip_crds": false,
            "status": "deployed",
            "timeout": 300,
            "upgrade_install": null,
            "values": [],
            "verify": false,
            "version": "48.2.3",
            "wait": false,
            "wait_for_jobs": false
          },
          "sensitive_attributes": [
            [
              {
                "type": "get_attr",
                "value": "repository_password"
              }
            ]
          ],
          "private": "eyJzY2hlbWFfdmVyc2lvbiI6IjEifQ==",
          "dependencies": [
            "module.eks.aws_cloudwatch_log_group.this",
            "module.eks.aws_eks_access_entry.this",
            "module.eks.aws_eks_access_policy_association.this",
            "module.eks.aws_eks_cluster.this",
            "module.eks.aws_iam_policy.cni_ipv6_policy",
            "module.eks.aws_iam_role.eks_auto",
            "module.eks.aws_iam_role.this",
            "module.eks.aws_iam_role_policy_attachment.this",
            "module.eks.aws_security_group.cluster",
            "module.eks.aws_security_group.node",
            "module.eks.aws_security_group_rule.cluster",
            "module.eks.aws_security_group_rule.node",
            "module.eks.data.aws_caller_identity.current",
            "module.eks.data.aws_iam_policy_document.assume_role_policy",
            "module.eks.data.aws_iam_policy_document.cni_ipv6_policy",
            "module.eks.data.aws_iam_policy_document.node_assume_role_policy",
            "module.eks.data.aws_iam_session_context.current",
            "module.eks.data.aws_partition.current",
            "module.eks.module.kms.aws_kms_external_key.this",
            "module.eks.module.kms.aws_kms_key.this",
            "module.eks.module.kms.aws_kms_replica_external_key.this",
            "module.eks.module.kms.aws_kms_replica_key.this",
            "module.eks.module.kms.data.aws_caller_identity.current",
            "module.eks.module.kms.data.aws_iam_policy_document.this",
            "module.eks.module.kms.data.aws_partition.current",
            "module.eks_blueprints_addons.module.kube_prometheus_stack.aws_iam_role.this",
            "module.eks_blueprints_addons.module.kube_prometheus_stack.data.aws_caller_identity.current",
            "module.eks_blueprints_addons.module.kube_prometheus_stack.data.aws_iam_policy_document.assume",
            "module.eks_blueprints_addons.module.kube_prometheus_stack.data.aws_partition.current"
          ]
        }
      ]
    }
  ],
  "check_results": [
    {
      "object_kind": "var",
      "config_addr": "module.eks.module.self_managed_node_group.var.platform",
      "status": "pass",
      "objects": null
    },
    {
      "object_kind": "resource",
      "config_addr": "module.eks.module.self_managed_node_group.module.user_data.null_resource.validate_cluster_service_cidr",
      "status": "pass",
      "objects": null
    },
    {
      "object_kind": "resource",
      "config_addr": "module.eks.module.eks_managed_node_group.module.user_data.null_resource.validate_cluster_service_cidr",
      "status": "pass",
      "objects": null
    }
  ]
}
